{
  "version": 4,
  "terraform_version": "1.2.9",
  "serial": 111,
  "lineage": "41ba4918-08ab-ecca-52cf-4b3e7d22a871",
  "outputs": {
    "config": {
      "value": "{\n    \"access_groups\": [],\n    \"appid\": {\n        \"keys\": [\n            \"slz-appid-key\"\n        ],\n        \"name\": \"slz-appid\",\n        \"resource_group\": \"jaffasx-01-service-rg\",\n        \"use_appid\": false,\n        \"use_data\": false\n    },\n    \"atracker\": {\n        \"add_route\": true,\n        \"collector_bucket_name\": \"atracker-bucket\",\n        \"receive_global_events\": true,\n        \"resource_group\": \"jaffasx-01-service-rg\"\n    },\n    \"clusters\": [],\n    \"cos\": [\n        {\n            \"buckets\": [\n                {\n                    \"endpoint_type\": \"public\",\n                    \"force_delete\": true,\n                    \"kms_key\": \"jaffasx-01-atracker-key\",\n                    \"name\": \"atracker-bucket\",\n                    \"storage_class\": \"standard\"\n                }\n            ],\n            \"keys\": [\n                {\n                    \"enable_HMAC\": false,\n                    \"name\": \"cos-bind-key\",\n                    \"role\": \"Writer\"\n                }\n            ],\n            \"name\": \"atracker-cos\",\n            \"plan\": \"standard\",\n            \"random_suffix\": true,\n            \"resource_group\": \"jaffasx-01-service-rg\",\n            \"use_data\": false\n        },\n        {\n            \"buckets\": [\n                {\n                    \"endpoint_type\": \"public\",\n                    \"force_delete\": true,\n                    \"kms_key\": \"jaffasx-01-slz-key\",\n                    \"name\": \"management-bucket\",\n                    \"storage_class\": \"standard\"\n                },\n                {\n                    \"endpoint_type\": \"public\",\n                    \"force_delete\": true,\n                    \"kms_key\": \"jaffasx-01-slz-key\",\n                    \"name\": \"workload-bucket\",\n                    \"storage_class\": \"standard\"\n                }\n            ],\n            \"keys\": [],\n            \"name\": \"cos\",\n            \"plan\": \"standard\",\n            \"random_suffix\": true,\n            \"resource_group\": \"jaffasx-01-service-rg\",\n            \"use_data\": false\n        }\n    ],\n    \"enable_transit_gateway\": true,\n    \"f5_template_data\": {\n        \"app_id\": \"null\",\n        \"as3_declaration_url\": \"null\",\n        \"byol_license_basekey\": null,\n        \"do_declaration_url\": \"null\",\n        \"license_host\": null,\n        \"license_password\": null,\n        \"license_pool\": null,\n        \"license_sku_keyword_1\": null,\n        \"license_sku_keyword_2\": null,\n        \"license_type\": \"none\",\n        \"license_unit_of_measure\": \"hourly\",\n        \"license_username\": null,\n        \"phone_home_url\": \"null\",\n        \"template_source\": \"f5devcentral/ibmcloud_schematics_bigip_multinic_declared\",\n        \"template_version\": \"20210201\",\n        \"tgactive_url\": \"\",\n        \"tgrefresh_url\": \"null\",\n        \"tgstandby_url\": \"null\",\n        \"tmos_admin_password\": null,\n        \"ts_declaration_url\": \"null\"\n    },\n    \"f5_vsi\": [],\n    \"iam_account_settings\": {\n        \"enable\": false\n    },\n    \"key_management\": {\n        \"keys\": [\n            {\n                \"key_ring\": \"jaffasx-01-slz-ring\",\n                \"name\": \"jaffasx-01-slz-key\",\n                \"policies\": {\n                    \"rotation\": {\n                        \"interval_month\": 12\n                    }\n                },\n                \"root_key\": true\n            },\n            {\n                \"key_ring\": \"jaffasx-01-slz-ring\",\n                \"name\": \"jaffasx-01-atracker-key\",\n                \"policies\": {\n                    \"rotation\": {\n                        \"interval_month\": 12\n                    }\n                },\n                \"root_key\": true\n            },\n            {\n                \"key_ring\": \"jaffasx-01-slz-ring\",\n                \"name\": \"jaffasx-01-vsi-volume-key\",\n                \"policies\": {\n                    \"rotation\": {\n                        \"interval_month\": 12\n                    }\n                },\n                \"root_key\": true\n            }\n        ],\n        \"name\": \"jaffasx-01-slz-kms\",\n        \"resource_group\": \"jaffasx-01-service-rg\",\n        \"use_hs_crypto\": false\n    },\n    \"network_cidr\": \"10.0.0.0/8\",\n    \"resource_groups\": [\n        {\n            \"create\": true,\n            \"name\": \"jaffasx-01-service-rg\"\n        },\n        {\n            \"create\": true,\n            \"name\": \"jaffasx-01-management-rg\"\n        },\n        {\n            \"create\": true,\n            \"name\": \"jaffasx-01-workload-rg\"\n        }\n    ],\n    \"secrets_manager\": {\n        \"kms_key_name\": null,\n        \"name\": null,\n        \"resource_group\": null,\n        \"use_secrets_manager\": false\n    },\n    \"security_compliance_center\": {\n        \"collector_description\": null,\n        \"collector_passphrase\": null,\n        \"enable_scc\": false,\n        \"is_public\": false,\n        \"location_id\": \"us\",\n        \"scope_description\": null,\n        \"scope_name\": \"scope\"\n    },\n    \"security_groups\": [\n        {\n            \"name\": \"management-vpe-sg\",\n            \"resource_group\": \"jaffasx-01-management-rg\",\n            \"rules\": [\n                {\n                    \"direction\": \"inbound\",\n                    \"name\": \"allow-ibm-inbound\",\n                    \"source\": \"161.26.0.0/16\",\n                    \"tcp\": {\n                        \"port_max\": null,\n                        \"port_min\": null\n                    }\n                },\n                {\n                    \"direction\": \"inbound\",\n                    \"name\": \"allow-vpc-inbound\",\n                    \"source\": \"10.0.0.0/8\",\n                    \"tcp\": {\n                        \"port_max\": null,\n                        \"port_min\": null\n                    }\n                },\n                {\n                    \"direction\": \"outbound\",\n                    \"name\": \"allow-vpc-outbound\",\n                    \"source\": \"10.0.0.0/8\",\n                    \"tcp\": {\n                        \"port_max\": null,\n                        \"port_min\": null\n                    }\n                },\n                {\n                    \"direction\": \"outbound\",\n                    \"name\": \"allow-ibm-tcp-53-outbound\",\n                    \"source\": \"161.26.0.0/16\",\n                    \"tcp\": {\n                        \"port_max\": 53,\n                        \"port_min\": 53\n                    }\n                },\n                {\n                    \"direction\": \"outbound\",\n                    \"name\": \"allow-ibm-tcp-80-outbound\",\n                    \"source\": \"161.26.0.0/16\",\n                    \"tcp\": {\n                        \"port_max\": 80,\n                        \"port_min\": 80\n                    }\n                },\n                {\n                    \"direction\": \"outbound\",\n                    \"name\": \"allow-ibm-tcp-443-outbound\",\n                    \"source\": \"161.26.0.0/16\",\n                    \"tcp\": {\n                        \"port_max\": 443,\n                        \"port_min\": 443\n                    }\n                }\n            ],\n            \"vpc_name\": \"management\"\n        },\n        {\n            \"name\": \"workload-vpe-sg\",\n            \"resource_group\": \"jaffasx-01-workload-rg\",\n            \"rules\": [\n                {\n                    \"direction\": \"inbound\",\n                    \"name\": \"allow-ibm-inbound\",\n                    \"source\": \"161.26.0.0/16\",\n                    \"tcp\": {\n                        \"port_max\": null,\n                        \"port_min\": null\n                    }\n                },\n                {\n                    \"direction\": \"inbound\",\n                    \"name\": \"allow-vpc-inbound\",\n                    \"source\": \"10.0.0.0/8\",\n                    \"tcp\": {\n                        \"port_max\": null,\n                        \"port_min\": null\n                    }\n                },\n                {\n                    \"direction\": \"outbound\",\n                    \"name\": \"allow-vpc-outbound\",\n                    \"source\": \"10.0.0.0/8\",\n                    \"tcp\": {\n                        \"port_max\": null,\n                        \"port_min\": null\n                    }\n                },\n                {\n                    \"direction\": \"outbound\",\n                    \"name\": \"allow-ibm-tcp-53-outbound\",\n                    \"source\": \"161.26.0.0/16\",\n                    \"tcp\": {\n                        \"port_max\": 53,\n                        \"port_min\": 53\n                    }\n                },\n                {\n                    \"direction\": \"outbound\",\n                    \"name\": \"allow-ibm-tcp-80-outbound\",\n                    \"source\": \"161.26.0.0/16\",\n                    \"tcp\": {\n                        \"port_max\": 80,\n                        \"port_min\": 80\n                    }\n                },\n                {\n                    \"direction\": \"outbound\",\n                    \"name\": \"allow-ibm-tcp-443-outbound\",\n                    \"source\": \"161.26.0.0/16\",\n                    \"tcp\": {\n                        \"port_max\": 443,\n                        \"port_min\": 443\n                    }\n                }\n            ],\n            \"vpc_name\": \"workload\"\n        }\n    ],\n    \"service_endpoints\": \"private\",\n    \"ssh_keys\": [\n        {\n            \"name\": \"ssh-key\",\n            \"public_key\": \"ssh-rsa AAAAB3NzaC1yc2EAAAADAQABAAABgQCvQXV3yg/4Lu/o9mEMfXiwP2Nbkfn38VFBIK1jXvahGfvVKWEggD/5YqK+S4VUWvWN91+7s6CL0iYvtgY9whTgBkYiEG0enpsTJZD63g9ROkb8JuedYzdUe4M/OAJGr7YRxcPpufG77TDGzOAF1G5lHs3OUNZXDgRtzLSTqriRdxwmjlvTHYIVr6nYjpTqCrG5ErWCsImNooMjmbk7KLnVSTfxcCuSThVcq9HdwumdFZQc1hM4cnrj00JhXbrBbMSnr9fdcSMyffSyGYAbFbZn08rMcLLAXKGN0+FA2gLmmi8sUFOO/4aBE91glsb2a0k9IuOEoq5CcbDP+5D2356vSxJUMMIXG8w/3nweWNPrFqq9v59GDEiqzjZ0ditqAhzAloWrZ+XbtSdSvtLWnWAATx0s0YyvZ061voPjtG/YJ7MkHA0OaJHlSuFW5ABxconjtv4tedX0vG9hYqhgoX7DOWNRNBpvQKi3TKAnbvVhb36aXdfaHyx4sRaw13y/m+0= jaffas@Jaffas-MBPterr\"\n        }\n    ],\n    \"teleport_config\": {\n        \"app_id_key_name\": \"slz-appid-key\",\n        \"claims_to_roles\": [\n            {\n                \"email\": null,\n                \"roles\": [\n                    \"teleport-admin\"\n                ]\n            }\n        ],\n        \"cos_bucket_name\": \"bastion-bucket\",\n        \"cos_key_name\": \"bastion-key\",\n        \"domain\": null,\n        \"hostname\": null,\n        \"https_cert\": null,\n        \"https_key\": null,\n        \"message_of_the_day\": null,\n        \"teleport_license\": null,\n        \"teleport_version\": \"7.1.0\"\n    },\n    \"teleport_vsi\": [],\n    \"transit_gateway_connections\": [\n        \"management\",\n        \"workload\"\n    ],\n    \"transit_gateway_resource_group\": \"jaffasx-01-service-rg\",\n    \"virtual_private_endpoints\": [\n        {\n            \"resource_group\": \"jaffasx-01-service-rg\",\n            \"service_name\": \"cos\",\n            \"service_type\": \"cloud-object-storage\",\n            \"vpcs\": [\n                {\n                    \"name\": \"management\",\n                    \"security_group_name\": \"management-vpe-sg\",\n                    \"subnets\": [\n                        \"vpe-zone-1\",\n                        \"vpe-zone-2\",\n                        \"vpe-zone-3\"\n                    ]\n                },\n                {\n                    \"name\": \"workload\",\n                    \"security_group_name\": \"workload-vpe-sg\",\n                    \"subnets\": [\n                        \"vpe-zone-1\",\n                        \"vpe-zone-2\",\n                        \"vpe-zone-3\"\n                    ]\n                }\n            ]\n        }\n    ],\n    \"vpc_placement_groups\": [],\n    \"vpcs\": [\n        {\n            \"address_prefixes\": {\n                \"zone-1\": [],\n                \"zone-2\": [],\n                \"zone-3\": []\n            },\n            \"default_security_group_rules\": [],\n            \"flow_logs_bucket_name\": \"management-bucket\",\n            \"network_acls\": [\n                {\n                    \"add_cluster_rules\": false,\n                    \"name\": \"management-acl\",\n                    \"rules\": [\n                        {\n                            \"action\": \"allow\",\n                            \"destination\": \"10.0.0.0/8\",\n                            \"direction\": \"inbound\",\n                            \"name\": \"allow-ibm-inbound\",\n                            \"source\": \"161.26.0.0/16\",\n                            \"tcp\": {\n                                \"port_max\": null,\n                                \"port_min\": null\n                            }\n                        },\n                        {\n                            \"action\": \"allow\",\n                            \"destination\": \"10.0.0.0/8\",\n                            \"direction\": \"inbound\",\n                            \"name\": \"allow-all-network-inbound\",\n                            \"source\": \"10.0.0.0/8\",\n                            \"tcp\": {\n                                \"port_max\": null,\n                                \"port_min\": null\n                            }\n                        },\n                        {\n                            \"action\": \"allow\",\n                            \"destination\": \"0.0.0.0/0\",\n                            \"direction\": \"outbound\",\n                            \"name\": \"allow-all-outbound\",\n                            \"source\": \"0.0.0.0/0\",\n                            \"tcp\": {\n                                \"port_max\": null,\n                                \"port_min\": null\n                            }\n                        }\n                    ]\n                }\n            ],\n            \"prefix\": \"management\",\n            \"resource_group\": \"jaffasx-01-management-rg\",\n            \"subnets\": {\n                \"zone-1\": [\n                    {\n                        \"acl_name\": \"management-acl\",\n                        \"cidr\": \"10.10.20.0/24\",\n                        \"name\": \"vpe-zone-1\",\n                        \"public_gateway\": null\n                    },\n                    {\n                        \"acl_name\": \"management-acl\",\n                        \"cidr\": \"10.10.30.0/24\",\n                        \"name\": \"vpn-zone-1\",\n                        \"public_gateway\": null\n                    },\n                    {\n                        \"acl_name\": \"management-acl\",\n                        \"cidr\": \"10.10.10.0/24\",\n                        \"name\": \"vsi-zone-1\",\n                        \"public_gateway\": null\n                    }\n                ],\n                \"zone-2\": [\n                    {\n                        \"acl_name\": \"management-acl\",\n                        \"cidr\": \"10.20.20.0/24\",\n                        \"name\": \"vpe-zone-2\",\n                        \"public_gateway\": null\n                    },\n                    {\n                        \"acl_name\": \"management-acl\",\n                        \"cidr\": \"10.20.10.0/24\",\n                        \"name\": \"vsi-zone-2\",\n                        \"public_gateway\": null\n                    }\n                ],\n                \"zone-3\": [\n                    {\n                        \"acl_name\": \"management-acl\",\n                        \"cidr\": \"10.30.20.0/24\",\n                        \"name\": \"vpe-zone-3\",\n                        \"public_gateway\": null\n                    },\n                    {\n                        \"acl_name\": \"management-acl\",\n                        \"cidr\": \"10.30.10.0/24\",\n                        \"name\": \"vsi-zone-3\",\n                        \"public_gateway\": null\n                    }\n                ]\n            },\n            \"use_public_gateways\": {\n                \"zone-1\": false,\n                \"zone-2\": false,\n                \"zone-3\": false\n            }\n        },\n        {\n            \"address_prefixes\": {\n                \"zone-1\": [],\n                \"zone-2\": [],\n                \"zone-3\": []\n            },\n            \"default_security_group_rules\": [],\n            \"flow_logs_bucket_name\": \"workload-bucket\",\n            \"network_acls\": [\n                {\n                    \"add_cluster_rules\": false,\n                    \"name\": \"workload-acl\",\n                    \"rules\": [\n                        {\n                            \"action\": \"allow\",\n                            \"destination\": \"10.0.0.0/8\",\n                            \"direction\": \"inbound\",\n                            \"name\": \"allow-ibm-inbound\",\n                            \"source\": \"161.26.0.0/16\",\n                            \"tcp\": {\n                                \"port_max\": null,\n                                \"port_min\": null\n                            }\n                        },\n                        {\n                            \"action\": \"allow\",\n                            \"destination\": \"10.0.0.0/8\",\n                            \"direction\": \"inbound\",\n                            \"name\": \"allow-all-network-inbound\",\n                            \"source\": \"10.0.0.0/8\",\n                            \"tcp\": {\n                                \"port_max\": null,\n                                \"port_min\": null\n                            }\n                        },\n                        {\n                            \"action\": \"allow\",\n                            \"destination\": \"0.0.0.0/0\",\n                            \"direction\": \"outbound\",\n                            \"name\": \"allow-all-outbound\",\n                            \"source\": \"0.0.0.0/0\",\n                            \"tcp\": {\n                                \"port_max\": null,\n                                \"port_min\": null\n                            }\n                        }\n                    ]\n                }\n            ],\n            \"prefix\": \"workload\",\n            \"resource_group\": \"jaffasx-01-workload-rg\",\n            \"subnets\": {\n                \"zone-1\": [\n                    {\n                        \"acl_name\": \"workload-acl\",\n                        \"cidr\": \"10.40.20.0/24\",\n                        \"name\": \"vpe-zone-1\",\n                        \"public_gateway\": null\n                    },\n                    {\n                        \"acl_name\": \"workload-acl\",\n                        \"cidr\": \"10.40.10.0/24\",\n                        \"name\": \"vsi-zone-1\",\n                        \"public_gateway\": null\n                    }\n                ],\n                \"zone-2\": [\n                    {\n                        \"acl_name\": \"workload-acl\",\n                        \"cidr\": \"10.50.20.0/24\",\n                        \"name\": \"vpe-zone-2\",\n                        \"public_gateway\": null\n                    },\n                    {\n                        \"acl_name\": \"workload-acl\",\n                        \"cidr\": \"10.50.10.0/24\",\n                        \"name\": \"vsi-zone-2\",\n                        \"public_gateway\": null\n                    }\n                ],\n                \"zone-3\": [\n                    {\n                        \"acl_name\": \"workload-acl\",\n                        \"cidr\": \"10.60.20.0/24\",\n                        \"name\": \"vpe-zone-3\",\n                        \"public_gateway\": null\n                    },\n                    {\n                        \"acl_name\": \"workload-acl\",\n                        \"cidr\": \"10.60.10.0/24\",\n                        \"name\": \"vsi-zone-3\",\n                        \"public_gateway\": null\n                    }\n                ]\n            },\n            \"use_public_gateways\": {\n                \"zone-1\": false,\n                \"zone-2\": false,\n                \"zone-3\": false\n            }\n        }\n    ],\n    \"vpn_gateways\": [\n        {\n            \"connections\": [],\n            \"name\": \"management-gateway\",\n            \"resource_group\": \"jaffasx-01-management-rg\",\n            \"subnet_name\": \"vpn-zone-1\",\n            \"vpc_name\": \"management\"\n        }\n    ],\n    \"vsi\": [\n        {\n            \"boot_volume_encryption_key_name\": \"jaffasx-01-vsi-volume-key\",\n            \"image_name\": \"ibm-ubuntu-18-04-6-minimal-amd64-2\",\n            \"machine_type\": \"cx2-4x8\",\n            \"name\": \"management-server\",\n            \"resource_group\": \"jaffasx-01-management-rg\",\n            \"security_group\": {\n                \"name\": \"jaffasx-01-management\",\n                \"rules\": [\n                    {\n                        \"direction\": \"inbound\",\n                        \"name\": \"allow-ibm-inbound\",\n                        \"source\": \"161.26.0.0/16\"\n                    },\n                    {\n                        \"direction\": \"inbound\",\n                        \"name\": \"allow-vpc-inbound\",\n                        \"source\": \"10.0.0.0/8\"\n                    },\n                    {\n                        \"direction\": \"outbound\",\n                        \"name\": \"allow-vpc-outbound\",\n                        \"source\": \"10.0.0.0/8\"\n                    },\n                    {\n                        \"direction\": \"outbound\",\n                        \"name\": \"allow-ibm-tcp-53-outbound\",\n                        \"source\": \"161.26.0.0/16\",\n                        \"tcp\": {\n                            \"port_max\": 53,\n                            \"port_min\": 53\n                        }\n                    },\n                    {\n                        \"direction\": \"outbound\",\n                        \"name\": \"allow-ibm-tcp-80-outbound\",\n                        \"source\": \"161.26.0.0/16\",\n                        \"tcp\": {\n                            \"port_max\": 80,\n                            \"port_min\": 80\n                        }\n                    },\n                    {\n                        \"direction\": \"outbound\",\n                        \"name\": \"allow-ibm-tcp-443-outbound\",\n                        \"source\": \"161.26.0.0/16\",\n                        \"tcp\": {\n                            \"port_max\": 443,\n                            \"port_min\": 443\n                        }\n                    }\n                ],\n                \"vpc_name\": \"management\"\n            },\n            \"ssh_keys\": [\n                \"ssh-key\"\n            ],\n            \"subnet_names\": [\n                \"vsi-zone-1\",\n                \"vsi-zone-2\",\n                \"vsi-zone-3\"\n            ],\n            \"vpc_name\": \"management\",\n            \"vsi_per_subnet\": 1\n        },\n        {\n            \"boot_volume_encryption_key_name\": \"jaffasx-01-vsi-volume-key\",\n            \"image_name\": \"ibm-ubuntu-18-04-6-minimal-amd64-2\",\n            \"machine_type\": \"cx2-4x8\",\n            \"name\": \"workload-server\",\n            \"resource_group\": \"jaffasx-01-workload-rg\",\n            \"security_group\": {\n                \"name\": \"jaffasx-01-workload\",\n                \"rules\": [\n                    {\n                        \"direction\": \"inbound\",\n                        \"name\": \"allow-ibm-inbound\",\n                        \"source\": \"161.26.0.0/16\"\n                    },\n                    {\n                        \"direction\": \"inbound\",\n                        \"name\": \"allow-vpc-inbound\",\n                        \"source\": \"10.0.0.0/8\"\n                    },\n                    {\n                        \"direction\": \"outbound\",\n                        \"name\": \"allow-vpc-outbound\",\n                        \"source\": \"10.0.0.0/8\"\n                    },\n                    {\n                        \"direction\": \"outbound\",\n                        \"name\": \"allow-ibm-tcp-53-outbound\",\n                        \"source\": \"161.26.0.0/16\",\n                        \"tcp\": {\n                            \"port_max\": 53,\n                            \"port_min\": 53\n                        }\n                    },\n                    {\n                        \"direction\": \"outbound\",\n                        \"name\": \"allow-ibm-tcp-80-outbound\",\n                        \"source\": \"161.26.0.0/16\",\n                        \"tcp\": {\n                            \"port_max\": 80,\n                            \"port_min\": 80\n                        }\n                    },\n                    {\n                        \"direction\": \"outbound\",\n                        \"name\": \"allow-ibm-tcp-443-outbound\",\n                        \"source\": \"161.26.0.0/16\",\n                        \"tcp\": {\n                            \"port_max\": 443,\n                            \"port_min\": 443\n                        }\n                    }\n                ],\n                \"vpc_name\": \"management\"\n            },\n            \"ssh_keys\": [\n                \"ssh-key\"\n            ],\n            \"subnet_names\": [\n                \"vsi-zone-1\",\n                \"vsi-zone-2\",\n                \"vsi-zone-3\"\n            ],\n            \"vpc_name\": \"workload\",\n            \"vsi_per_subnet\": 1\n        }\n    ],\n    \"wait_till\": \"IngressReady\"\n}",
      "type": "string"
    }
  },
  "resources": [
    {
      "module": "module.landing_zone",
      "mode": "data",
      "type": "external",
      "name": "format_output",
      "provider": "provider[\"registry.terraform.io/hashicorp/external\"]",
      "instances": [
        {
          "schema_version": 0,
          "attributes": {
            "id": "-",
            "program": [
              "python3",
              ".terraform/modules/landing_zone/patterns/vsi/scripts/output.py",
              "\"{\"access_groups\":[],\"appid\":{\"keys\":[\"slz-appid-key\"],\"name\":\"slz-appid\",\"resource_group\":\"jaffasx-01-service-rg\",\"use_appid\":false,\"use_data\":false},\"atracker\":{\"add_route\":true,\"collector_bucket_name\":\"atracker-bucket\",\"receive_global_events\":true,\"resource_group\":\"jaffasx-01-service-rg\"},\"clusters\":[],\"cos\":[{\"buckets\":[{\"endpoint_type\":\"public\",\"force_delete\":true,\"kms_key\":\"jaffasx-01-atracker-key\",\"name\":\"atracker-bucket\",\"storage_class\":\"standard\"}],\"keys\":[{\"enable_HMAC\":false,\"name\":\"cos-bind-key\",\"role\":\"Writer\"}],\"name\":\"atracker-cos\",\"plan\":\"standard\",\"random_suffix\":true,\"resource_group\":\"jaffasx-01-service-rg\",\"use_data\":false},{\"buckets\":[{\"endpoint_type\":\"public\",\"force_delete\":true,\"kms_key\":\"jaffasx-01-slz-key\",\"name\":\"management-bucket\",\"storage_class\":\"standard\"},{\"endpoint_type\":\"public\",\"force_delete\":true,\"kms_key\":\"jaffasx-01-slz-key\",\"name\":\"workload-bucket\",\"storage_class\":\"standard\"}],\"keys\":[],\"name\":\"cos\",\"plan\":\"standard\",\"random_suffix\":true,\"resource_group\":\"jaffasx-01-service-rg\",\"use_data\":false}],\"enable_transit_gateway\":true,\"f5_template_data\":{\"app_id\":\"null\",\"as3_declaration_url\":\"null\",\"byol_license_basekey\":null,\"do_declaration_url\":\"null\",\"license_host\":null,\"license_password\":null,\"license_pool\":null,\"license_sku_keyword_1\":null,\"license_sku_keyword_2\":null,\"license_type\":\"none\",\"license_unit_of_measure\":\"hourly\",\"license_username\":null,\"phone_home_url\":\"null\",\"template_source\":\"f5devcentral/ibmcloud_schematics_bigip_multinic_declared\",\"template_version\":\"20210201\",\"tgactive_url\":\"\",\"tgrefresh_url\":\"null\",\"tgstandby_url\":\"null\",\"tmos_admin_password\":null,\"ts_declaration_url\":\"null\"},\"f5_vsi\":[],\"iam_account_settings\":{\"enable\":false},\"key_management\":{\"keys\":[{\"key_ring\":\"jaffasx-01-slz-ring\",\"name\":\"jaffasx-01-slz-key\",\"policies\":{\"rotation\":{\"interval_month\":12}},\"root_key\":true},{\"key_ring\":\"jaffasx-01-slz-ring\",\"name\":\"jaffasx-01-atracker-key\",\"policies\":{\"rotation\":{\"interval_month\":12}},\"root_key\":true},{\"key_ring\":\"jaffasx-01-slz-ring\",\"name\":\"jaffasx-01-vsi-volume-key\",\"policies\":{\"rotation\":{\"interval_month\":12}},\"root_key\":true}],\"name\":\"jaffasx-01-slz-kms\",\"resource_group\":\"jaffasx-01-service-rg\",\"use_hs_crypto\":false},\"network_cidr\":\"10.0.0.0/8\",\"resource_groups\":[{\"create\":true,\"name\":\"jaffasx-01-service-rg\"},{\"create\":true,\"name\":\"jaffasx-01-management-rg\"},{\"create\":true,\"name\":\"jaffasx-01-workload-rg\"}],\"secrets_manager\":{\"kms_key_name\":null,\"name\":null,\"resource_group\":null,\"use_secrets_manager\":false},\"security_compliance_center\":{\"collector_description\":null,\"collector_passphrase\":null,\"enable_scc\":false,\"is_public\":false,\"location_id\":\"us\",\"scope_description\":null,\"scope_name\":\"scope\"},\"security_groups\":[{\"name\":\"management-vpe-sg\",\"resource_group\":\"jaffasx-01-management-rg\",\"rules\":[{\"direction\":\"inbound\",\"name\":\"allow-ibm-inbound\",\"source\":\"161.26.0.0/16\",\"tcp\":{\"port_max\":null,\"port_min\":null}},{\"direction\":\"inbound\",\"name\":\"allow-vpc-inbound\",\"source\":\"10.0.0.0/8\",\"tcp\":{\"port_max\":null,\"port_min\":null}},{\"direction\":\"outbound\",\"name\":\"allow-vpc-outbound\",\"source\":\"10.0.0.0/8\",\"tcp\":{\"port_max\":null,\"port_min\":null}},{\"direction\":\"outbound\",\"name\":\"allow-ibm-tcp-53-outbound\",\"source\":\"161.26.0.0/16\",\"tcp\":{\"port_max\":53,\"port_min\":53}},{\"direction\":\"outbound\",\"name\":\"allow-ibm-tcp-80-outbound\",\"source\":\"161.26.0.0/16\",\"tcp\":{\"port_max\":80,\"port_min\":80}},{\"direction\":\"outbound\",\"name\":\"allow-ibm-tcp-443-outbound\",\"source\":\"161.26.0.0/16\",\"tcp\":{\"port_max\":443,\"port_min\":443}}],\"vpc_name\":\"management\"},{\"name\":\"workload-vpe-sg\",\"resource_group\":\"jaffasx-01-workload-rg\",\"rules\":[{\"direction\":\"inbound\",\"name\":\"allow-ibm-inbound\",\"source\":\"161.26.0.0/16\",\"tcp\":{\"port_max\":null,\"port_min\":null}},{\"direction\":\"inbound\",\"name\":\"allow-vpc-inbound\",\"source\":\"10.0.0.0/8\",\"tcp\":{\"port_max\":null,\"port_min\":null}},{\"direction\":\"outbound\",\"name\":\"allow-vpc-outbound\",\"source\":\"10.0.0.0/8\",\"tcp\":{\"port_max\":null,\"port_min\":null}},{\"direction\":\"outbound\",\"name\":\"allow-ibm-tcp-53-outbound\",\"source\":\"161.26.0.0/16\",\"tcp\":{\"port_max\":53,\"port_min\":53}},{\"direction\":\"outbound\",\"name\":\"allow-ibm-tcp-80-outbound\",\"source\":\"161.26.0.0/16\",\"tcp\":{\"port_max\":80,\"port_min\":80}},{\"direction\":\"outbound\",\"name\":\"allow-ibm-tcp-443-outbound\",\"source\":\"161.26.0.0/16\",\"tcp\":{\"port_max\":443,\"port_min\":443}}],\"vpc_name\":\"workload\"}],\"service_endpoints\":\"private\",\"ssh_keys\":[{\"name\":\"ssh-key\",\"public_key\":\"ssh-rsa AAAAB3NzaC1yc2EAAAADAQABAAABgQCvQXV3yg/4Lu/o9mEMfXiwP2Nbkfn38VFBIK1jXvahGfvVKWEggD/5YqK+S4VUWvWN91+7s6CL0iYvtgY9whTgBkYiEG0enpsTJZD63g9ROkb8JuedYzdUe4M/OAJGr7YRxcPpufG77TDGzOAF1G5lHs3OUNZXDgRtzLSTqriRdxwmjlvTHYIVr6nYjpTqCrG5ErWCsImNooMjmbk7KLnVSTfxcCuSThVcq9HdwumdFZQc1hM4cnrj00JhXbrBbMSnr9fdcSMyffSyGYAbFbZn08rMcLLAXKGN0+FA2gLmmi8sUFOO/4aBE91glsb2a0k9IuOEoq5CcbDP+5D2356vSxJUMMIXG8w/3nweWNPrFqq9v59GDEiqzjZ0ditqAhzAloWrZ+XbtSdSvtLWnWAATx0s0YyvZ061voPjtG/YJ7MkHA0OaJHlSuFW5ABxconjtv4tedX0vG9hYqhgoX7DOWNRNBpvQKi3TKAnbvVhb36aXdfaHyx4sRaw13y/m+0= jaffas@Jaffas-MBPterr\"}],\"teleport_config\":{\"app_id_key_name\":\"slz-appid-key\",\"claims_to_roles\":[{\"email\":null,\"roles\":[\"teleport-admin\"]}],\"cos_bucket_name\":\"bastion-bucket\",\"cos_key_name\":\"bastion-key\",\"domain\":null,\"hostname\":null,\"https_cert\":null,\"https_key\":null,\"message_of_the_day\":null,\"teleport_license\":null,\"teleport_version\":\"7.1.0\"},\"teleport_vsi\":[],\"transit_gateway_connections\":[\"management\",\"workload\"],\"transit_gateway_resource_group\":\"jaffasx-01-service-rg\",\"virtual_private_endpoints\":[{\"resource_group\":\"jaffasx-01-service-rg\",\"service_name\":\"cos\",\"service_type\":\"cloud-object-storage\",\"vpcs\":[{\"name\":\"management\",\"security_group_name\":\"management-vpe-sg\",\"subnets\":[\"vpe-zone-1\",\"vpe-zone-2\",\"vpe-zone-3\"]},{\"name\":\"workload\",\"security_group_name\":\"workload-vpe-sg\",\"subnets\":[\"vpe-zone-1\",\"vpe-zone-2\",\"vpe-zone-3\"]}]}],\"vpc_placement_groups\":[],\"vpcs\":[{\"address_prefixes\":{\"zone-1\":[],\"zone-2\":[],\"zone-3\":[]},\"default_security_group_rules\":[],\"flow_logs_bucket_name\":\"management-bucket\",\"network_acls\":[{\"add_cluster_rules\":false,\"name\":\"management-acl\",\"rules\":[{\"action\":\"allow\",\"destination\":\"10.0.0.0/8\",\"direction\":\"inbound\",\"name\":\"allow-ibm-inbound\",\"source\":\"161.26.0.0/16\",\"tcp\":{\"port_max\":null,\"port_min\":null}},{\"action\":\"allow\",\"destination\":\"10.0.0.0/8\",\"direction\":\"inbound\",\"name\":\"allow-all-network-inbound\",\"source\":\"10.0.0.0/8\",\"tcp\":{\"port_max\":null,\"port_min\":null}},{\"action\":\"allow\",\"destination\":\"0.0.0.0/0\",\"direction\":\"outbound\",\"name\":\"allow-all-outbound\",\"source\":\"0.0.0.0/0\",\"tcp\":{\"port_max\":null,\"port_min\":null}}]}],\"prefix\":\"management\",\"resource_group\":\"jaffasx-01-management-rg\",\"subnets\":{\"zone-1\":[{\"acl_name\":\"management-acl\",\"cidr\":\"10.10.20.0/24\",\"name\":\"vpe-zone-1\",\"public_gateway\":null},{\"acl_name\":\"management-acl\",\"cidr\":\"10.10.30.0/24\",\"name\":\"vpn-zone-1\",\"public_gateway\":null},{\"acl_name\":\"management-acl\",\"cidr\":\"10.10.10.0/24\",\"name\":\"vsi-zone-1\",\"public_gateway\":null}],\"zone-2\":[{\"acl_name\":\"management-acl\",\"cidr\":\"10.20.20.0/24\",\"name\":\"vpe-zone-2\",\"public_gateway\":null},{\"acl_name\":\"management-acl\",\"cidr\":\"10.20.10.0/24\",\"name\":\"vsi-zone-2\",\"public_gateway\":null}],\"zone-3\":[{\"acl_name\":\"management-acl\",\"cidr\":\"10.30.20.0/24\",\"name\":\"vpe-zone-3\",\"public_gateway\":null},{\"acl_name\":\"management-acl\",\"cidr\":\"10.30.10.0/24\",\"name\":\"vsi-zone-3\",\"public_gateway\":null}]},\"use_public_gateways\":{\"zone-1\":false,\"zone-2\":false,\"zone-3\":false}},{\"address_prefixes\":{\"zone-1\":[],\"zone-2\":[],\"zone-3\":[]},\"default_security_group_rules\":[],\"flow_logs_bucket_name\":\"workload-bucket\",\"network_acls\":[{\"add_cluster_rules\":false,\"name\":\"workload-acl\",\"rules\":[{\"action\":\"allow\",\"destination\":\"10.0.0.0/8\",\"direction\":\"inbound\",\"name\":\"allow-ibm-inbound\",\"source\":\"161.26.0.0/16\",\"tcp\":{\"port_max\":null,\"port_min\":null}},{\"action\":\"allow\",\"destination\":\"10.0.0.0/8\",\"direction\":\"inbound\",\"name\":\"allow-all-network-inbound\",\"source\":\"10.0.0.0/8\",\"tcp\":{\"port_max\":null,\"port_min\":null}},{\"action\":\"allow\",\"destination\":\"0.0.0.0/0\",\"direction\":\"outbound\",\"name\":\"allow-all-outbound\",\"source\":\"0.0.0.0/0\",\"tcp\":{\"port_max\":null,\"port_min\":null}}]}],\"prefix\":\"workload\",\"resource_group\":\"jaffasx-01-workload-rg\",\"subnets\":{\"zone-1\":[{\"acl_name\":\"workload-acl\",\"cidr\":\"10.40.20.0/24\",\"name\":\"vpe-zone-1\",\"public_gateway\":null},{\"acl_name\":\"workload-acl\",\"cidr\":\"10.40.10.0/24\",\"name\":\"vsi-zone-1\",\"public_gateway\":null}],\"zone-2\":[{\"acl_name\":\"workload-acl\",\"cidr\":\"10.50.20.0/24\",\"name\":\"vpe-zone-2\",\"public_gateway\":null},{\"acl_name\":\"workload-acl\",\"cidr\":\"10.50.10.0/24\",\"name\":\"vsi-zone-2\",\"public_gateway\":null}],\"zone-3\":[{\"acl_name\":\"workload-acl\",\"cidr\":\"10.60.20.0/24\",\"name\":\"vpe-zone-3\",\"public_gateway\":null},{\"acl_name\":\"workload-acl\",\"cidr\":\"10.60.10.0/24\",\"name\":\"vsi-zone-3\",\"public_gateway\":null}]},\"use_public_gateways\":{\"zone-1\":false,\"zone-2\":false,\"zone-3\":false}}],\"vpn_gateways\":[{\"connections\":[],\"name\":\"management-gateway\",\"resource_group\":\"jaffasx-01-management-rg\",\"subnet_name\":\"vpn-zone-1\",\"vpc_name\":\"management\"}],\"vsi\":[{\"boot_volume_encryption_key_name\":\"jaffasx-01-vsi-volume-key\",\"image_name\":\"ibm-ubuntu-18-04-6-minimal-amd64-2\",\"machine_type\":\"cx2-4x8\",\"name\":\"management-server\",\"resource_group\":\"jaffasx-01-management-rg\",\"security_group\":{\"name\":\"jaffasx-01-management\",\"rules\":[{\"direction\":\"inbound\",\"name\":\"allow-ibm-inbound\",\"source\":\"161.26.0.0/16\"},{\"direction\":\"inbound\",\"name\":\"allow-vpc-inbound\",\"source\":\"10.0.0.0/8\"},{\"direction\":\"outbound\",\"name\":\"allow-vpc-outbound\",\"source\":\"10.0.0.0/8\"},{\"direction\":\"outbound\",\"name\":\"allow-ibm-tcp-53-outbound\",\"source\":\"161.26.0.0/16\",\"tcp\":{\"port_max\":53,\"port_min\":53}},{\"direction\":\"outbound\",\"name\":\"allow-ibm-tcp-80-outbound\",\"source\":\"161.26.0.0/16\",\"tcp\":{\"port_max\":80,\"port_min\":80}},{\"direction\":\"outbound\",\"name\":\"allow-ibm-tcp-443-outbound\",\"source\":\"161.26.0.0/16\",\"tcp\":{\"port_max\":443,\"port_min\":443}}],\"vpc_name\":\"management\"},\"ssh_keys\":[\"ssh-key\"],\"subnet_names\":[\"vsi-zone-1\",\"vsi-zone-2\",\"vsi-zone-3\"],\"vpc_name\":\"management\",\"vsi_per_subnet\":1},{\"boot_volume_encryption_key_name\":\"jaffasx-01-vsi-volume-key\",\"image_name\":\"ibm-ubuntu-18-04-6-minimal-amd64-2\",\"machine_type\":\"cx2-4x8\",\"name\":\"workload-server\",\"resource_group\":\"jaffasx-01-workload-rg\",\"security_group\":{\"name\":\"jaffasx-01-workload\",\"rules\":[{\"direction\":\"inbound\",\"name\":\"allow-ibm-inbound\",\"source\":\"161.26.0.0/16\"},{\"direction\":\"inbound\",\"name\":\"allow-vpc-inbound\",\"source\":\"10.0.0.0/8\"},{\"direction\":\"outbound\",\"name\":\"allow-vpc-outbound\",\"source\":\"10.0.0.0/8\"},{\"direction\":\"outbound\",\"name\":\"allow-ibm-tcp-53-outbound\",\"source\":\"161.26.0.0/16\",\"tcp\":{\"port_max\":53,\"port_min\":53}},{\"direction\":\"outbound\",\"name\":\"allow-ibm-tcp-80-outbound\",\"source\":\"161.26.0.0/16\",\"tcp\":{\"port_max\":80,\"port_min\":80}},{\"direction\":\"outbound\",\"name\":\"allow-ibm-tcp-443-outbound\",\"source\":\"161.26.0.0/16\",\"tcp\":{\"port_max\":443,\"port_min\":443}}],\"vpc_name\":\"management\"},\"ssh_keys\":[\"ssh-key\"],\"subnet_names\":[\"vsi-zone-1\",\"vsi-zone-2\",\"vsi-zone-3\"],\"vpc_name\":\"workload\",\"vsi_per_subnet\":1}],\"wait_till\":\"IngressReady\"}\""
            ],
            "query": null,
            "result": {
              "data": "{\n    \"access_groups\": [],\n    \"appid\": {\n        \"keys\": [\n            \"slz-appid-key\"\n        ],\n        \"name\": \"slz-appid\",\n        \"resource_group\": \"jaffasx-01-service-rg\",\n        \"use_appid\": false,\n        \"use_data\": false\n    },\n    \"atracker\": {\n        \"add_route\": true,\n        \"collector_bucket_name\": \"atracker-bucket\",\n        \"receive_global_events\": true,\n        \"resource_group\": \"jaffasx-01-service-rg\"\n    },\n    \"clusters\": [],\n    \"cos\": [\n        {\n            \"buckets\": [\n                {\n                    \"endpoint_type\": \"public\",\n                    \"force_delete\": true,\n                    \"kms_key\": \"jaffasx-01-atracker-key\",\n                    \"name\": \"atracker-bucket\",\n                    \"storage_class\": \"standard\"\n                }\n            ],\n            \"keys\": [\n                {\n                    \"enable_HMAC\": false,\n                    \"name\": \"cos-bind-key\",\n                    \"role\": \"Writer\"\n                }\n            ],\n            \"name\": \"atracker-cos\",\n            \"plan\": \"standard\",\n            \"random_suffix\": true,\n            \"resource_group\": \"jaffasx-01-service-rg\",\n            \"use_data\": false\n        },\n        {\n            \"buckets\": [\n                {\n                    \"endpoint_type\": \"public\",\n                    \"force_delete\": true,\n                    \"kms_key\": \"jaffasx-01-slz-key\",\n                    \"name\": \"management-bucket\",\n                    \"storage_class\": \"standard\"\n                },\n                {\n                    \"endpoint_type\": \"public\",\n                    \"force_delete\": true,\n                    \"kms_key\": \"jaffasx-01-slz-key\",\n                    \"name\": \"workload-bucket\",\n                    \"storage_class\": \"standard\"\n                }\n            ],\n            \"keys\": [],\n            \"name\": \"cos\",\n            \"plan\": \"standard\",\n            \"random_suffix\": true,\n            \"resource_group\": \"jaffasx-01-service-rg\",\n            \"use_data\": false\n        }\n    ],\n    \"enable_transit_gateway\": true,\n    \"f5_template_data\": {\n        \"app_id\": \"null\",\n        \"as3_declaration_url\": \"null\",\n        \"byol_license_basekey\": null,\n        \"do_declaration_url\": \"null\",\n        \"license_host\": null,\n        \"license_password\": null,\n        \"license_pool\": null,\n        \"license_sku_keyword_1\": null,\n        \"license_sku_keyword_2\": null,\n        \"license_type\": \"none\",\n        \"license_unit_of_measure\": \"hourly\",\n        \"license_username\": null,\n        \"phone_home_url\": \"null\",\n        \"template_source\": \"f5devcentral/ibmcloud_schematics_bigip_multinic_declared\",\n        \"template_version\": \"20210201\",\n        \"tgactive_url\": \"\",\n        \"tgrefresh_url\": \"null\",\n        \"tgstandby_url\": \"null\",\n        \"tmos_admin_password\": null,\n        \"ts_declaration_url\": \"null\"\n    },\n    \"f5_vsi\": [],\n    \"iam_account_settings\": {\n        \"enable\": false\n    },\n    \"key_management\": {\n        \"keys\": [\n            {\n                \"key_ring\": \"jaffasx-01-slz-ring\",\n                \"name\": \"jaffasx-01-slz-key\",\n                \"policies\": {\n                    \"rotation\": {\n                        \"interval_month\": 12\n                    }\n                },\n                \"root_key\": true\n            },\n            {\n                \"key_ring\": \"jaffasx-01-slz-ring\",\n                \"name\": \"jaffasx-01-atracker-key\",\n                \"policies\": {\n                    \"rotation\": {\n                        \"interval_month\": 12\n                    }\n                },\n                \"root_key\": true\n            },\n            {\n                \"key_ring\": \"jaffasx-01-slz-ring\",\n                \"name\": \"jaffasx-01-vsi-volume-key\",\n                \"policies\": {\n                    \"rotation\": {\n                        \"interval_month\": 12\n                    }\n                },\n                \"root_key\": true\n            }\n        ],\n        \"name\": \"jaffasx-01-slz-kms\",\n        \"resource_group\": \"jaffasx-01-service-rg\",\n        \"use_hs_crypto\": false\n    },\n    \"network_cidr\": \"10.0.0.0/8\",\n    \"resource_groups\": [\n        {\n            \"create\": true,\n            \"name\": \"jaffasx-01-service-rg\"\n        },\n        {\n            \"create\": true,\n            \"name\": \"jaffasx-01-management-rg\"\n        },\n        {\n            \"create\": true,\n            \"name\": \"jaffasx-01-workload-rg\"\n        }\n    ],\n    \"secrets_manager\": {\n        \"kms_key_name\": null,\n        \"name\": null,\n        \"resource_group\": null,\n        \"use_secrets_manager\": false\n    },\n    \"security_compliance_center\": {\n        \"collector_description\": null,\n        \"collector_passphrase\": null,\n        \"enable_scc\": false,\n        \"is_public\": false,\n        \"location_id\": \"us\",\n        \"scope_description\": null,\n        \"scope_name\": \"scope\"\n    },\n    \"security_groups\": [\n        {\n            \"name\": \"management-vpe-sg\",\n            \"resource_group\": \"jaffasx-01-management-rg\",\n            \"rules\": [\n                {\n                    \"direction\": \"inbound\",\n                    \"name\": \"allow-ibm-inbound\",\n                    \"source\": \"161.26.0.0/16\",\n                    \"tcp\": {\n                        \"port_max\": null,\n                        \"port_min\": null\n                    }\n                },\n                {\n                    \"direction\": \"inbound\",\n                    \"name\": \"allow-vpc-inbound\",\n                    \"source\": \"10.0.0.0/8\",\n                    \"tcp\": {\n                        \"port_max\": null,\n                        \"port_min\": null\n                    }\n                },\n                {\n                    \"direction\": \"outbound\",\n                    \"name\": \"allow-vpc-outbound\",\n                    \"source\": \"10.0.0.0/8\",\n                    \"tcp\": {\n                        \"port_max\": null,\n                        \"port_min\": null\n                    }\n                },\n                {\n                    \"direction\": \"outbound\",\n                    \"name\": \"allow-ibm-tcp-53-outbound\",\n                    \"source\": \"161.26.0.0/16\",\n                    \"tcp\": {\n                        \"port_max\": 53,\n                        \"port_min\": 53\n                    }\n                },\n                {\n                    \"direction\": \"outbound\",\n                    \"name\": \"allow-ibm-tcp-80-outbound\",\n                    \"source\": \"161.26.0.0/16\",\n                    \"tcp\": {\n                        \"port_max\": 80,\n                        \"port_min\": 80\n                    }\n                },\n                {\n                    \"direction\": \"outbound\",\n                    \"name\": \"allow-ibm-tcp-443-outbound\",\n                    \"source\": \"161.26.0.0/16\",\n                    \"tcp\": {\n                        \"port_max\": 443,\n                        \"port_min\": 443\n                    }\n                }\n            ],\n            \"vpc_name\": \"management\"\n        },\n        {\n            \"name\": \"workload-vpe-sg\",\n            \"resource_group\": \"jaffasx-01-workload-rg\",\n            \"rules\": [\n                {\n                    \"direction\": \"inbound\",\n                    \"name\": \"allow-ibm-inbound\",\n                    \"source\": \"161.26.0.0/16\",\n                    \"tcp\": {\n                        \"port_max\": null,\n                        \"port_min\": null\n                    }\n                },\n                {\n                    \"direction\": \"inbound\",\n                    \"name\": \"allow-vpc-inbound\",\n                    \"source\": \"10.0.0.0/8\",\n                    \"tcp\": {\n                        \"port_max\": null,\n                        \"port_min\": null\n                    }\n                },\n                {\n                    \"direction\": \"outbound\",\n                    \"name\": \"allow-vpc-outbound\",\n                    \"source\": \"10.0.0.0/8\",\n                    \"tcp\": {\n                        \"port_max\": null,\n                        \"port_min\": null\n                    }\n                },\n                {\n                    \"direction\": \"outbound\",\n                    \"name\": \"allow-ibm-tcp-53-outbound\",\n                    \"source\": \"161.26.0.0/16\",\n                    \"tcp\": {\n                        \"port_max\": 53,\n                        \"port_min\": 53\n                    }\n                },\n                {\n                    \"direction\": \"outbound\",\n                    \"name\": \"allow-ibm-tcp-80-outbound\",\n                    \"source\": \"161.26.0.0/16\",\n                    \"tcp\": {\n                        \"port_max\": 80,\n                        \"port_min\": 80\n                    }\n                },\n                {\n                    \"direction\": \"outbound\",\n                    \"name\": \"allow-ibm-tcp-443-outbound\",\n                    \"source\": \"161.26.0.0/16\",\n                    \"tcp\": {\n                        \"port_max\": 443,\n                        \"port_min\": 443\n                    }\n                }\n            ],\n            \"vpc_name\": \"workload\"\n        }\n    ],\n    \"service_endpoints\": \"private\",\n    \"ssh_keys\": [\n        {\n            \"name\": \"ssh-key\",\n            \"public_key\": \"ssh-rsa AAAAB3NzaC1yc2EAAAADAQABAAABgQCvQXV3yg/4Lu/o9mEMfXiwP2Nbkfn38VFBIK1jXvahGfvVKWEggD/5YqK+S4VUWvWN91+7s6CL0iYvtgY9whTgBkYiEG0enpsTJZD63g9ROkb8JuedYzdUe4M/OAJGr7YRxcPpufG77TDGzOAF1G5lHs3OUNZXDgRtzLSTqriRdxwmjlvTHYIVr6nYjpTqCrG5ErWCsImNooMjmbk7KLnVSTfxcCuSThVcq9HdwumdFZQc1hM4cnrj00JhXbrBbMSnr9fdcSMyffSyGYAbFbZn08rMcLLAXKGN0+FA2gLmmi8sUFOO/4aBE91glsb2a0k9IuOEoq5CcbDP+5D2356vSxJUMMIXG8w/3nweWNPrFqq9v59GDEiqzjZ0ditqAhzAloWrZ+XbtSdSvtLWnWAATx0s0YyvZ061voPjtG/YJ7MkHA0OaJHlSuFW5ABxconjtv4tedX0vG9hYqhgoX7DOWNRNBpvQKi3TKAnbvVhb36aXdfaHyx4sRaw13y/m+0= jaffas@Jaffas-MBPterr\"\n        }\n    ],\n    \"teleport_config\": {\n        \"app_id_key_name\": \"slz-appid-key\",\n        \"claims_to_roles\": [\n            {\n                \"email\": null,\n                \"roles\": [\n                    \"teleport-admin\"\n                ]\n            }\n        ],\n        \"cos_bucket_name\": \"bastion-bucket\",\n        \"cos_key_name\": \"bastion-key\",\n        \"domain\": null,\n        \"hostname\": null,\n        \"https_cert\": null,\n        \"https_key\": null,\n        \"message_of_the_day\": null,\n        \"teleport_license\": null,\n        \"teleport_version\": \"7.1.0\"\n    },\n    \"teleport_vsi\": [],\n    \"transit_gateway_connections\": [\n        \"management\",\n        \"workload\"\n    ],\n    \"transit_gateway_resource_group\": \"jaffasx-01-service-rg\",\n    \"virtual_private_endpoints\": [\n        {\n            \"resource_group\": \"jaffasx-01-service-rg\",\n            \"service_name\": \"cos\",\n            \"service_type\": \"cloud-object-storage\",\n            \"vpcs\": [\n                {\n                    \"name\": \"management\",\n                    \"security_group_name\": \"management-vpe-sg\",\n                    \"subnets\": [\n                        \"vpe-zone-1\",\n                        \"vpe-zone-2\",\n                        \"vpe-zone-3\"\n                    ]\n                },\n                {\n                    \"name\": \"workload\",\n                    \"security_group_name\": \"workload-vpe-sg\",\n                    \"subnets\": [\n                        \"vpe-zone-1\",\n                        \"vpe-zone-2\",\n                        \"vpe-zone-3\"\n                    ]\n                }\n            ]\n        }\n    ],\n    \"vpc_placement_groups\": [],\n    \"vpcs\": [\n        {\n            \"address_prefixes\": {\n                \"zone-1\": [],\n                \"zone-2\": [],\n                \"zone-3\": []\n            },\n            \"default_security_group_rules\": [],\n            \"flow_logs_bucket_name\": \"management-bucket\",\n            \"network_acls\": [\n                {\n                    \"add_cluster_rules\": false,\n                    \"name\": \"management-acl\",\n                    \"rules\": [\n                        {\n                            \"action\": \"allow\",\n                            \"destination\": \"10.0.0.0/8\",\n                            \"direction\": \"inbound\",\n                            \"name\": \"allow-ibm-inbound\",\n                            \"source\": \"161.26.0.0/16\",\n                            \"tcp\": {\n                                \"port_max\": null,\n                                \"port_min\": null\n                            }\n                        },\n                        {\n                            \"action\": \"allow\",\n                            \"destination\": \"10.0.0.0/8\",\n                            \"direction\": \"inbound\",\n                            \"name\": \"allow-all-network-inbound\",\n                            \"source\": \"10.0.0.0/8\",\n                            \"tcp\": {\n                                \"port_max\": null,\n                                \"port_min\": null\n                            }\n                        },\n                        {\n                            \"action\": \"allow\",\n                            \"destination\": \"0.0.0.0/0\",\n                            \"direction\": \"outbound\",\n                            \"name\": \"allow-all-outbound\",\n                            \"source\": \"0.0.0.0/0\",\n                            \"tcp\": {\n                                \"port_max\": null,\n                                \"port_min\": null\n                            }\n                        }\n                    ]\n                }\n            ],\n            \"prefix\": \"management\",\n            \"resource_group\": \"jaffasx-01-management-rg\",\n            \"subnets\": {\n                \"zone-1\": [\n                    {\n                        \"acl_name\": \"management-acl\",\n                        \"cidr\": \"10.10.20.0/24\",\n                        \"name\": \"vpe-zone-1\",\n                        \"public_gateway\": null\n                    },\n                    {\n                        \"acl_name\": \"management-acl\",\n                        \"cidr\": \"10.10.30.0/24\",\n                        \"name\": \"vpn-zone-1\",\n                        \"public_gateway\": null\n                    },\n                    {\n                        \"acl_name\": \"management-acl\",\n                        \"cidr\": \"10.10.10.0/24\",\n                        \"name\": \"vsi-zone-1\",\n                        \"public_gateway\": null\n                    }\n                ],\n                \"zone-2\": [\n                    {\n                        \"acl_name\": \"management-acl\",\n                        \"cidr\": \"10.20.20.0/24\",\n                        \"name\": \"vpe-zone-2\",\n                        \"public_gateway\": null\n                    },\n                    {\n                        \"acl_name\": \"management-acl\",\n                        \"cidr\": \"10.20.10.0/24\",\n                        \"name\": \"vsi-zone-2\",\n                        \"public_gateway\": null\n                    }\n                ],\n                \"zone-3\": [\n                    {\n                        \"acl_name\": \"management-acl\",\n                        \"cidr\": \"10.30.20.0/24\",\n                        \"name\": \"vpe-zone-3\",\n                        \"public_gateway\": null\n                    },\n                    {\n                        \"acl_name\": \"management-acl\",\n                        \"cidr\": \"10.30.10.0/24\",\n                        \"name\": \"vsi-zone-3\",\n                        \"public_gateway\": null\n                    }\n                ]\n            },\n            \"use_public_gateways\": {\n                \"zone-1\": false,\n                \"zone-2\": false,\n                \"zone-3\": false\n            }\n        },\n        {\n            \"address_prefixes\": {\n                \"zone-1\": [],\n                \"zone-2\": [],\n                \"zone-3\": []\n            },\n            \"default_security_group_rules\": [],\n            \"flow_logs_bucket_name\": \"workload-bucket\",\n            \"network_acls\": [\n                {\n                    \"add_cluster_rules\": false,\n                    \"name\": \"workload-acl\",\n                    \"rules\": [\n                        {\n                            \"action\": \"allow\",\n                            \"destination\": \"10.0.0.0/8\",\n                            \"direction\": \"inbound\",\n                            \"name\": \"allow-ibm-inbound\",\n                            \"source\": \"161.26.0.0/16\",\n                            \"tcp\": {\n                                \"port_max\": null,\n                                \"port_min\": null\n                            }\n                        },\n                        {\n                            \"action\": \"allow\",\n                            \"destination\": \"10.0.0.0/8\",\n                            \"direction\": \"inbound\",\n                            \"name\": \"allow-all-network-inbound\",\n                            \"source\": \"10.0.0.0/8\",\n                            \"tcp\": {\n                                \"port_max\": null,\n                                \"port_min\": null\n                            }\n                        },\n                        {\n                            \"action\": \"allow\",\n                            \"destination\": \"0.0.0.0/0\",\n                            \"direction\": \"outbound\",\n                            \"name\": \"allow-all-outbound\",\n                            \"source\": \"0.0.0.0/0\",\n                            \"tcp\": {\n                                \"port_max\": null,\n                                \"port_min\": null\n                            }\n                        }\n                    ]\n                }\n            ],\n            \"prefix\": \"workload\",\n            \"resource_group\": \"jaffasx-01-workload-rg\",\n            \"subnets\": {\n                \"zone-1\": [\n                    {\n                        \"acl_name\": \"workload-acl\",\n                        \"cidr\": \"10.40.20.0/24\",\n                        \"name\": \"vpe-zone-1\",\n                        \"public_gateway\": null\n                    },\n                    {\n                        \"acl_name\": \"workload-acl\",\n                        \"cidr\": \"10.40.10.0/24\",\n                        \"name\": \"vsi-zone-1\",\n                        \"public_gateway\": null\n                    }\n                ],\n                \"zone-2\": [\n                    {\n                        \"acl_name\": \"workload-acl\",\n                        \"cidr\": \"10.50.20.0/24\",\n                        \"name\": \"vpe-zone-2\",\n                        \"public_gateway\": null\n                    },\n                    {\n                        \"acl_name\": \"workload-acl\",\n                        \"cidr\": \"10.50.10.0/24\",\n                        \"name\": \"vsi-zone-2\",\n                        \"public_gateway\": null\n                    }\n                ],\n                \"zone-3\": [\n                    {\n                        \"acl_name\": \"workload-acl\",\n                        \"cidr\": \"10.60.20.0/24\",\n                        \"name\": \"vpe-zone-3\",\n                        \"public_gateway\": null\n                    },\n                    {\n                        \"acl_name\": \"workload-acl\",\n                        \"cidr\": \"10.60.10.0/24\",\n                        \"name\": \"vsi-zone-3\",\n                        \"public_gateway\": null\n                    }\n                ]\n            },\n            \"use_public_gateways\": {\n                \"zone-1\": false,\n                \"zone-2\": false,\n                \"zone-3\": false\n            }\n        }\n    ],\n    \"vpn_gateways\": [\n        {\n            \"connections\": [],\n            \"name\": \"management-gateway\",\n            \"resource_group\": \"jaffasx-01-management-rg\",\n            \"subnet_name\": \"vpn-zone-1\",\n            \"vpc_name\": \"management\"\n        }\n    ],\n    \"vsi\": [\n        {\n            \"boot_volume_encryption_key_name\": \"jaffasx-01-vsi-volume-key\",\n            \"image_name\": \"ibm-ubuntu-18-04-6-minimal-amd64-2\",\n            \"machine_type\": \"cx2-4x8\",\n            \"name\": \"management-server\",\n            \"resource_group\": \"jaffasx-01-management-rg\",\n            \"security_group\": {\n                \"name\": \"jaffasx-01-management\",\n                \"rules\": [\n                    {\n                        \"direction\": \"inbound\",\n                        \"name\": \"allow-ibm-inbound\",\n                        \"source\": \"161.26.0.0/16\"\n                    },\n                    {\n                        \"direction\": \"inbound\",\n                        \"name\": \"allow-vpc-inbound\",\n                        \"source\": \"10.0.0.0/8\"\n                    },\n                    {\n                        \"direction\": \"outbound\",\n                        \"name\": \"allow-vpc-outbound\",\n                        \"source\": \"10.0.0.0/8\"\n                    },\n                    {\n                        \"direction\": \"outbound\",\n                        \"name\": \"allow-ibm-tcp-53-outbound\",\n                        \"source\": \"161.26.0.0/16\",\n                        \"tcp\": {\n                            \"port_max\": 53,\n                            \"port_min\": 53\n                        }\n                    },\n                    {\n                        \"direction\": \"outbound\",\n                        \"name\": \"allow-ibm-tcp-80-outbound\",\n                        \"source\": \"161.26.0.0/16\",\n                        \"tcp\": {\n                            \"port_max\": 80,\n                            \"port_min\": 80\n                        }\n                    },\n                    {\n                        \"direction\": \"outbound\",\n                        \"name\": \"allow-ibm-tcp-443-outbound\",\n                        \"source\": \"161.26.0.0/16\",\n                        \"tcp\": {\n                            \"port_max\": 443,\n                            \"port_min\": 443\n                        }\n                    }\n                ],\n                \"vpc_name\": \"management\"\n            },\n            \"ssh_keys\": [\n                \"ssh-key\"\n            ],\n            \"subnet_names\": [\n                \"vsi-zone-1\",\n                \"vsi-zone-2\",\n                \"vsi-zone-3\"\n            ],\n            \"vpc_name\": \"management\",\n            \"vsi_per_subnet\": 1\n        },\n        {\n            \"boot_volume_encryption_key_name\": \"jaffasx-01-vsi-volume-key\",\n            \"image_name\": \"ibm-ubuntu-18-04-6-minimal-amd64-2\",\n            \"machine_type\": \"cx2-4x8\",\n            \"name\": \"workload-server\",\n            \"resource_group\": \"jaffasx-01-workload-rg\",\n            \"security_group\": {\n                \"name\": \"jaffasx-01-workload\",\n                \"rules\": [\n                    {\n                        \"direction\": \"inbound\",\n                        \"name\": \"allow-ibm-inbound\",\n                        \"source\": \"161.26.0.0/16\"\n                    },\n                    {\n                        \"direction\": \"inbound\",\n                        \"name\": \"allow-vpc-inbound\",\n                        \"source\": \"10.0.0.0/8\"\n                    },\n                    {\n                        \"direction\": \"outbound\",\n                        \"name\": \"allow-vpc-outbound\",\n                        \"source\": \"10.0.0.0/8\"\n                    },\n                    {\n                        \"direction\": \"outbound\",\n                        \"name\": \"allow-ibm-tcp-53-outbound\",\n                        \"source\": \"161.26.0.0/16\",\n                        \"tcp\": {\n                            \"port_max\": 53,\n                            \"port_min\": 53\n                        }\n                    },\n                    {\n                        \"direction\": \"outbound\",\n                        \"name\": \"allow-ibm-tcp-80-outbound\",\n                        \"source\": \"161.26.0.0/16\",\n                        \"tcp\": {\n                            \"port_max\": 80,\n                            \"port_min\": 80\n                        }\n                    },\n                    {\n                        \"direction\": \"outbound\",\n                        \"name\": \"allow-ibm-tcp-443-outbound\",\n                        \"source\": \"161.26.0.0/16\",\n                        \"tcp\": {\n                            \"port_max\": 443,\n                            \"port_min\": 443\n                        }\n                    }\n                ],\n                \"vpc_name\": \"management\"\n            },\n            \"ssh_keys\": [\n                \"ssh-key\"\n            ],\n            \"subnet_names\": [\n                \"vsi-zone-1\",\n                \"vsi-zone-2\",\n                \"vsi-zone-3\"\n            ],\n            \"vpc_name\": \"workload\",\n            \"vsi_per_subnet\": 1\n        }\n    ],\n    \"wait_till\": \"IngressReady\"\n}"
            },
            "working_dir": null
          },
          "sensitive_attributes": [
            [
              {
                "type": "get_attr",
                "value": "program"
              },
              {
                "type": "index",
                "value": {
                  "value": 2,
                  "type": "number"
                }
              }
            ]
          ]
        }
      ]
    },
    {
      "module": "module.landing_zone.module.landing_zone",
      "mode": "data",
      "type": "ibm_container_cluster_versions",
      "name": "cluster_versions",
      "provider": "module.landing_zone.provider[\"registry.terraform.io/ibm-cloud/ibm\"]",
      "instances": [
        {
          "schema_version": 0,
          "attributes": {
            "account_guid": null,
            "id": "2022-11-23 10:10:56.283098 +0000 UTC",
            "org_guid": null,
            "region": null,
            "resource_group_id": null,
            "space_guid": null,
            "valid_kube_versions": [
              "1.22.16",
              "1.23.14",
              "1.24.8",
              "1.25.4"
            ],
            "valid_openshift_versions": [
              "4.7.59",
              "4.8.52",
              "4.9.51",
              "4.10.39",
              "4.11.12"
            ]
          },
          "sensitive_attributes": []
        }
      ]
    },
    {
      "module": "module.landing_zone.module.landing_zone",
      "mode": "data",
      "type": "ibm_is_image",
      "name": "image",
      "provider": "module.landing_zone.provider[\"registry.terraform.io/ibm-cloud/ibm\"]",
      "instances": [
        {
          "index_key": "jaffasx-01-management-server",
          "schema_version": 0,
          "attributes": {
            "architecture": "amd64",
            "checksum": "a658a3d25646b45d3ff5186479c92239ed455ae8f470cc3a1bf6c76be66c1576",
            "crn": "crn:v1:bluemix:public:is:us-south:a/811f8abfbd32425597dc7ba40da98fa6::image:r006-35668c13-c034-43b2-b0a1-2994b9044cec",
            "encryption": "none",
            "encryption_key": null,
            "id": "r006-35668c13-c034-43b2-b0a1-2994b9044cec",
            "identifier": null,
            "name": "ibm-ubuntu-18-04-6-minimal-amd64-2",
            "os": "ubuntu-18-04-amd64",
            "source_volume": null,
            "status": "deprecated",
            "visibility": "public"
          },
          "sensitive_attributes": []
        },
        {
          "index_key": "jaffasx-01-workload-server",
          "schema_version": 0,
          "attributes": {
            "architecture": "amd64",
            "checksum": "a658a3d25646b45d3ff5186479c92239ed455ae8f470cc3a1bf6c76be66c1576",
            "crn": "crn:v1:bluemix:public:is:us-south:a/811f8abfbd32425597dc7ba40da98fa6::image:r006-35668c13-c034-43b2-b0a1-2994b9044cec",
            "encryption": "none",
            "encryption_key": null,
            "id": "r006-35668c13-c034-43b2-b0a1-2994b9044cec",
            "identifier": null,
            "name": "ibm-ubuntu-18-04-6-minimal-amd64-2",
            "os": "ubuntu-18-04-amd64",
            "source_volume": null,
            "status": "deprecated",
            "visibility": "public"
          },
          "sensitive_attributes": []
        }
      ]
    },
    {
      "module": "module.landing_zone.module.landing_zone",
      "mode": "data",
      "type": "ibm_resource_group",
      "name": "resource_groups",
      "provider": "module.landing_zone.provider[\"registry.terraform.io/ibm-cloud/ibm\"]",
      "instances": []
    },
    {
      "module": "module.landing_zone.module.landing_zone",
      "mode": "data",
      "type": "ibm_resource_instance",
      "name": "cos",
      "provider": "module.landing_zone.provider[\"registry.terraform.io/ibm-cloud/ibm\"]",
      "instances": []
    },
    {
      "module": "module.landing_zone.module.landing_zone",
      "mode": "managed",
      "type": "ibm_atracker_route",
      "name": "atracker_route",
      "provider": "module.landing_zone.provider[\"registry.terraform.io/ibm-cloud/ibm\"]",
      "instances": []
    },
    {
      "module": "module.landing_zone.module.landing_zone",
      "mode": "managed",
      "type": "ibm_atracker_target",
      "name": "atracker_target",
      "provider": "module.landing_zone.provider[\"registry.terraform.io/ibm-cloud/ibm\"]",
      "instances": []
    },
    {
      "module": "module.landing_zone.module.landing_zone",
      "mode": "managed",
      "type": "ibm_iam_authorization_policy",
      "name": "policy",
      "provider": "module.landing_zone.provider[\"registry.terraform.io/ibm-cloud/ibm\"]",
      "instances": [
        {
          "index_key": "block-storage",
          "schema_version": 0,
          "attributes": {
            "description": "Allow block storage volumes to be encrypted by KMS instance",
            "id": "0eed1114-0aa1-4728-84bf-49a051f562e6",
            "resource_attributes": [
              {
                "name": "accountId",
                "operator": "stringEquals",
                "value": "e65910fa61ce9072d64902d03f3d4774"
              },
              {
                "name": "serviceInstance",
                "operator": "stringEquals",
                "value": "1628d3b4-92f6-4553-9998-4e433b56286d"
              },
              {
                "name": "serviceName",
                "operator": "stringEquals",
                "value": "kms"
              }
            ],
            "roles": [
              "Reader"
            ],
            "source_resource_group_id": "",
            "source_resource_instance_id": "",
            "source_resource_type": "",
            "source_service_account": "e65910fa61ce9072d64902d03f3d4774",
            "source_service_name": "server-protect",
            "subject_attributes": [
              {
                "name": "accountId",
                "value": "e65910fa61ce9072d64902d03f3d4774"
              },
              {
                "name": "serviceName",
                "value": "server-protect"
              }
            ],
            "target_resource_group_id": "",
            "target_resource_instance_id": "1628d3b4-92f6-4553-9998-4e433b56286d",
            "target_resource_type": "",
            "target_service_name": "kms",
            "transaction_id": "b6e5c061ca954c7d9fddb687e89f6a8b",
            "version": null
          },
          "sensitive_attributes": [],
          "private": "bnVsbA==",
          "dependencies": [
            "module.landing_zone.module.landing_zone.data.ibm_resource_group.resource_groups",
            "module.landing_zone.module.landing_zone.data.ibm_resource_instance.cos",
            "module.landing_zone.module.landing_zone.ibm_resource_group.resource_groups",
            "module.landing_zone.module.landing_zone.ibm_resource_instance.cos",
            "module.landing_zone.module.landing_zone.module.key_management.data.ibm_resource_instance.hpcs_instance",
            "module.landing_zone.module.landing_zone.module.key_management.data.ibm_resource_instance.kms",
            "module.landing_zone.module.landing_zone.module.key_management.ibm_resource_instance.kms",
            "module.landing_zone.module.landing_zone.random_string.random_cos_suffix"
          ]
        },
        {
          "index_key": "cos-atracker-cos-to-key-management",
          "schema_version": 0,
          "attributes": {
            "description": "Allow COS instance to read from KMS instance",
            "id": "8eebd19b-94e6-4e8b-8974-ddae6b86b77c",
            "resource_attributes": [
              {
                "name": "accountId",
                "operator": "stringEquals",
                "value": "e65910fa61ce9072d64902d03f3d4774"
              },
              {
                "name": "serviceInstance",
                "operator": "stringEquals",
                "value": "1628d3b4-92f6-4553-9998-4e433b56286d"
              },
              {
                "name": "serviceName",
                "operator": "stringEquals",
                "value": "kms"
              }
            ],
            "roles": [
              "Reader"
            ],
            "source_resource_group_id": "",
            "source_resource_instance_id": "d8fab7ab-dcc4-425d-ad9a-defb1636933e",
            "source_resource_type": "",
            "source_service_account": "e65910fa61ce9072d64902d03f3d4774",
            "source_service_name": "cloud-object-storage",
            "subject_attributes": [
              {
                "name": "accountId",
                "value": "e65910fa61ce9072d64902d03f3d4774"
              },
              {
                "name": "serviceInstance",
                "value": "d8fab7ab-dcc4-425d-ad9a-defb1636933e"
              },
              {
                "name": "serviceName",
                "value": "cloud-object-storage"
              }
            ],
            "target_resource_group_id": "",
            "target_resource_instance_id": "1628d3b4-92f6-4553-9998-4e433b56286d",
            "target_resource_type": "",
            "target_service_name": "kms",
            "transaction_id": "fabb5ddba4ba4a4c890276d8e284f1d2",
            "version": null
          },
          "sensitive_attributes": [],
          "private": "bnVsbA==",
          "dependencies": [
            "module.landing_zone.module.landing_zone.data.ibm_resource_group.resource_groups",
            "module.landing_zone.module.landing_zone.data.ibm_resource_instance.cos",
            "module.landing_zone.module.landing_zone.ibm_resource_group.resource_groups",
            "module.landing_zone.module.landing_zone.ibm_resource_instance.cos",
            "module.landing_zone.module.landing_zone.module.key_management.data.ibm_resource_instance.hpcs_instance",
            "module.landing_zone.module.landing_zone.module.key_management.data.ibm_resource_instance.kms",
            "module.landing_zone.module.landing_zone.module.key_management.ibm_resource_instance.kms",
            "module.landing_zone.module.landing_zone.random_string.random_cos_suffix"
          ]
        },
        {
          "index_key": "cos-cos-to-key-management",
          "schema_version": 0,
          "attributes": {
            "description": "Allow COS instance to read from KMS instance",
            "id": "e3ed7e3a-83c3-4f02-99c8-d6e114ba6318",
            "resource_attributes": [
              {
                "name": "accountId",
                "operator": "stringEquals",
                "value": "e65910fa61ce9072d64902d03f3d4774"
              },
              {
                "name": "serviceInstance",
                "operator": "stringEquals",
                "value": "1628d3b4-92f6-4553-9998-4e433b56286d"
              },
              {
                "name": "serviceName",
                "operator": "stringEquals",
                "value": "kms"
              }
            ],
            "roles": [
              "Reader"
            ],
            "source_resource_group_id": "",
            "source_resource_instance_id": "4c6a279c-2cda-4006-bea1-f90b98aafb83",
            "source_resource_type": "",
            "source_service_account": "e65910fa61ce9072d64902d03f3d4774",
            "source_service_name": "cloud-object-storage",
            "subject_attributes": [
              {
                "name": "accountId",
                "value": "e65910fa61ce9072d64902d03f3d4774"
              },
              {
                "name": "serviceInstance",
                "value": "4c6a279c-2cda-4006-bea1-f90b98aafb83"
              },
              {
                "name": "serviceName",
                "value": "cloud-object-storage"
              }
            ],
            "target_resource_group_id": "",
            "target_resource_instance_id": "1628d3b4-92f6-4553-9998-4e433b56286d",
            "target_resource_type": "",
            "target_service_name": "kms",
            "transaction_id": "4fcd94c610dd43eb8cbaa16a8c829ccd",
            "version": null
          },
          "sensitive_attributes": [],
          "private": "bnVsbA==",
          "dependencies": [
            "module.landing_zone.module.landing_zone.data.ibm_resource_group.resource_groups",
            "module.landing_zone.module.landing_zone.data.ibm_resource_instance.cos",
            "module.landing_zone.module.landing_zone.ibm_resource_group.resource_groups",
            "module.landing_zone.module.landing_zone.ibm_resource_instance.cos",
            "module.landing_zone.module.landing_zone.module.key_management.data.ibm_resource_instance.hpcs_instance",
            "module.landing_zone.module.landing_zone.module.key_management.data.ibm_resource_instance.kms",
            "module.landing_zone.module.landing_zone.module.key_management.ibm_resource_instance.kms",
            "module.landing_zone.module.landing_zone.random_string.random_cos_suffix"
          ]
        },
        {
          "index_key": "flow-logs-atracker-cos-cos",
          "schema_version": 0,
          "attributes": {
            "description": "Allow flow logs write access cloud object storage instance",
            "id": "09358fa3-0960-4c92-b31c-b59b92e07065",
            "resource_attributes": [
              {
                "name": "accountId",
                "operator": "stringEquals",
                "value": "e65910fa61ce9072d64902d03f3d4774"
              },
              {
                "name": "serviceInstance",
                "operator": "stringEquals",
                "value": "d8fab7ab-dcc4-425d-ad9a-defb1636933e"
              },
              {
                "name": "serviceName",
                "operator": "stringEquals",
                "value": "cloud-object-storage"
              }
            ],
            "roles": [
              "Writer"
            ],
            "source_resource_group_id": "",
            "source_resource_instance_id": "",
            "source_resource_type": "flow-log-collector",
            "source_service_account": "e65910fa61ce9072d64902d03f3d4774",
            "source_service_name": "is",
            "subject_attributes": [
              {
                "name": "accountId",
                "value": "e65910fa61ce9072d64902d03f3d4774"
              },
              {
                "name": "resourceType",
                "value": "flow-log-collector"
              },
              {
                "name": "serviceName",
                "value": "is"
              }
            ],
            "target_resource_group_id": "",
            "target_resource_instance_id": "d8fab7ab-dcc4-425d-ad9a-defb1636933e",
            "target_resource_type": "",
            "target_service_name": "cloud-object-storage",
            "transaction_id": "561df86adc374520b650ec05340d08eb",
            "version": null
          },
          "sensitive_attributes": [],
          "private": "bnVsbA==",
          "dependencies": [
            "module.landing_zone.module.landing_zone.data.ibm_resource_group.resource_groups",
            "module.landing_zone.module.landing_zone.data.ibm_resource_instance.cos",
            "module.landing_zone.module.landing_zone.ibm_resource_group.resource_groups",
            "module.landing_zone.module.landing_zone.ibm_resource_instance.cos",
            "module.landing_zone.module.landing_zone.module.key_management.data.ibm_resource_instance.hpcs_instance",
            "module.landing_zone.module.landing_zone.module.key_management.data.ibm_resource_instance.kms",
            "module.landing_zone.module.landing_zone.module.key_management.ibm_resource_instance.kms",
            "module.landing_zone.module.landing_zone.random_string.random_cos_suffix"
          ]
        },
        {
          "index_key": "flow-logs-cos-cos",
          "schema_version": 0,
          "attributes": {
            "description": "Allow flow logs write access cloud object storage instance",
            "id": "89941622-8521-44f3-9d97-bb1e2f461ce5",
            "resource_attributes": [
              {
                "name": "accountId",
                "operator": "stringEquals",
                "value": "e65910fa61ce9072d64902d03f3d4774"
              },
              {
                "name": "serviceInstance",
                "operator": "stringEquals",
                "value": "4c6a279c-2cda-4006-bea1-f90b98aafb83"
              },
              {
                "name": "serviceName",
                "operator": "stringEquals",
                "value": "cloud-object-storage"
              }
            ],
            "roles": [
              "Writer"
            ],
            "source_resource_group_id": "",
            "source_resource_instance_id": "",
            "source_resource_type": "flow-log-collector",
            "source_service_account": "e65910fa61ce9072d64902d03f3d4774",
            "source_service_name": "is",
            "subject_attributes": [
              {
                "name": "accountId",
                "value": "e65910fa61ce9072d64902d03f3d4774"
              },
              {
                "name": "resourceType",
                "value": "flow-log-collector"
              },
              {
                "name": "serviceName",
                "value": "is"
              }
            ],
            "target_resource_group_id": "",
            "target_resource_instance_id": "4c6a279c-2cda-4006-bea1-f90b98aafb83",
            "target_resource_type": "",
            "target_service_name": "cloud-object-storage",
            "transaction_id": "933f84098e69491b92dc467c24093f42",
            "version": null
          },
          "sensitive_attributes": [],
          "private": "bnVsbA==",
          "dependencies": [
            "module.landing_zone.module.landing_zone.data.ibm_resource_group.resource_groups",
            "module.landing_zone.module.landing_zone.data.ibm_resource_instance.cos",
            "module.landing_zone.module.landing_zone.ibm_resource_group.resource_groups",
            "module.landing_zone.module.landing_zone.ibm_resource_instance.cos",
            "module.landing_zone.module.landing_zone.module.key_management.data.ibm_resource_instance.hpcs_instance",
            "module.landing_zone.module.landing_zone.module.key_management.data.ibm_resource_instance.kms",
            "module.landing_zone.module.landing_zone.module.key_management.ibm_resource_instance.kms",
            "module.landing_zone.module.landing_zone.random_string.random_cos_suffix"
          ]
        }
      ]
    },
    {
      "module": "module.landing_zone.module.landing_zone",
      "mode": "managed",
      "type": "ibm_is_flow_log",
      "name": "flow_logs",
      "provider": "module.landing_zone.provider[\"registry.terraform.io/ibm-cloud/ibm\"]",
      "instances": []
    },
    {
      "module": "module.landing_zone.module.landing_zone",
      "mode": "managed",
      "type": "ibm_is_security_group",
      "name": "security_group",
      "provider": "module.landing_zone.provider[\"registry.terraform.io/ibm-cloud/ibm\"]",
      "instances": [
        {
          "index_key": "management-vpe-sg",
          "schema_version": 0,
          "attributes": {
            "crn": "crn:v1:bluemix:public:is:us-south:a/e65910fa61ce9072d64902d03f3d4774::security-group:r006-c5e26f00-14e6-4f92-aac0-135a46a2642b",
            "id": "r006-c5e26f00-14e6-4f92-aac0-135a46a2642b",
            "name": "management-vpe-sg",
            "resource_controller_url": "https://cloud.ibm.com/vpc-ext/network/securityGroups",
            "resource_crn": "crn:v1:bluemix:public:is:us-south:a/e65910fa61ce9072d64902d03f3d4774::security-group:r006-c5e26f00-14e6-4f92-aac0-135a46a2642b",
            "resource_group": "4c112b02f7424415b36a1480d7f15569",
            "resource_group_name": "jaffasx-01-management-rg",
            "resource_name": "management-vpe-sg",
            "rules": [],
            "tags": [],
            "timeouts": null,
            "vpc": "r006-81aef8a0-7234-4979-8d68-891f1c38ac90"
          },
          "sensitive_attributes": [],
          "private": "eyJlMmJmYjczMC1lY2FhLTExZTYtOGY4OC0zNDM2M2JjN2M0YzAiOnsiY3JlYXRlIjo2MDAwMDAwMDAwMDAsImRlbGV0ZSI6NjAwMDAwMDAwMDAwfX0=",
          "dependencies": [
            "module.landing_zone.module.landing_zone.data.ibm_resource_group.resource_groups",
            "module.landing_zone.module.landing_zone.ibm_resource_group.resource_groups",
            "module.landing_zone.module.landing_zone.module.vpc.ibm_is_network_acl.network_acl",
            "module.landing_zone.module.landing_zone.module.vpc.ibm_is_public_gateway.gateway",
            "module.landing_zone.module.landing_zone.module.vpc.ibm_is_security_group_rule.default_vpc_rule",
            "module.landing_zone.module.landing_zone.module.vpc.ibm_is_subnet.subnet",
            "module.landing_zone.module.landing_zone.module.vpc.ibm_is_vpc.vpc",
            "module.landing_zone.module.landing_zone.module.vpc.ibm_is_vpc_address_prefix.address_prefixes",
            "module.landing_zone.module.landing_zone.module.vpc.ibm_is_vpc_address_prefix.subnet_prefix",
            "module.landing_zone.module.landing_zone.module.vpc.ibm_is_vpc_route.route"
          ]
        },
        {
          "index_key": "workload-vpe-sg",
          "schema_version": 0,
          "attributes": {
            "crn": "crn:v1:bluemix:public:is:us-south:a/e65910fa61ce9072d64902d03f3d4774::security-group:r006-045f8219-a8ce-44e4-8947-d0e4ed021e14",
            "id": "r006-045f8219-a8ce-44e4-8947-d0e4ed021e14",
            "name": "workload-vpe-sg",
            "resource_controller_url": "https://cloud.ibm.com/vpc-ext/network/securityGroups",
            "resource_crn": "crn:v1:bluemix:public:is:us-south:a/e65910fa61ce9072d64902d03f3d4774::security-group:r006-045f8219-a8ce-44e4-8947-d0e4ed021e14",
            "resource_group": "045fcf0192ad49c9890b499875af4a82",
            "resource_group_name": "jaffasx-01-workload-rg",
            "resource_name": "workload-vpe-sg",
            "rules": [],
            "tags": [],
            "timeouts": null,
            "vpc": "r006-d8465333-260c-4e38-9519-e9f1eec2f3d5"
          },
          "sensitive_attributes": [],
          "private": "eyJlMmJmYjczMC1lY2FhLTExZTYtOGY4OC0zNDM2M2JjN2M0YzAiOnsiY3JlYXRlIjo2MDAwMDAwMDAwMDAsImRlbGV0ZSI6NjAwMDAwMDAwMDAwfX0=",
          "dependencies": [
            "module.landing_zone.module.landing_zone.data.ibm_resource_group.resource_groups",
            "module.landing_zone.module.landing_zone.ibm_resource_group.resource_groups",
            "module.landing_zone.module.landing_zone.module.vpc.ibm_is_network_acl.network_acl",
            "module.landing_zone.module.landing_zone.module.vpc.ibm_is_public_gateway.gateway",
            "module.landing_zone.module.landing_zone.module.vpc.ibm_is_security_group_rule.default_vpc_rule",
            "module.landing_zone.module.landing_zone.module.vpc.ibm_is_subnet.subnet",
            "module.landing_zone.module.landing_zone.module.vpc.ibm_is_vpc.vpc",
            "module.landing_zone.module.landing_zone.module.vpc.ibm_is_vpc_address_prefix.address_prefixes",
            "module.landing_zone.module.landing_zone.module.vpc.ibm_is_vpc_address_prefix.subnet_prefix",
            "module.landing_zone.module.landing_zone.module.vpc.ibm_is_vpc_route.route"
          ]
        }
      ]
    },
    {
      "module": "module.landing_zone.module.landing_zone",
      "mode": "managed",
      "type": "ibm_is_security_group_rule",
      "name": "security_group_rules",
      "provider": "module.landing_zone.provider[\"registry.terraform.io/ibm-cloud/ibm\"]",
      "instances": [
        {
          "index_key": "management-vpe-sg-allow-ibm-inbound",
          "schema_version": 0,
          "attributes": {
            "direction": "inbound",
            "group": "r006-c5e26f00-14e6-4f92-aac0-135a46a2642b",
            "icmp": [],
            "id": "r006-c5e26f00-14e6-4f92-aac0-135a46a2642b.r006-0177f78d-9cd1-459a-9332-758726f09836",
            "ip_version": "ipv4",
            "protocol": "all",
            "related_crn": "crn:v1:bluemix:public:is:us-south:a/e65910fa61ce9072d64902d03f3d4774::security-group:r006-c5e26f00-14e6-4f92-aac0-135a46a2642b",
            "remote": "161.26.0.0/16",
            "rule_id": "r006-0177f78d-9cd1-459a-9332-758726f09836",
            "tcp": [],
            "udp": []
          },
          "sensitive_attributes": [],
          "private": "bnVsbA==",
          "dependencies": [
            "module.landing_zone.module.landing_zone.data.ibm_resource_group.resource_groups",
            "module.landing_zone.module.landing_zone.ibm_is_security_group.security_group",
            "module.landing_zone.module.landing_zone.ibm_resource_group.resource_groups",
            "module.landing_zone.module.landing_zone.module.vpc.ibm_is_network_acl.network_acl",
            "module.landing_zone.module.landing_zone.module.vpc.ibm_is_public_gateway.gateway",
            "module.landing_zone.module.landing_zone.module.vpc.ibm_is_security_group_rule.default_vpc_rule",
            "module.landing_zone.module.landing_zone.module.vpc.ibm_is_subnet.subnet",
            "module.landing_zone.module.landing_zone.module.vpc.ibm_is_vpc.vpc",
            "module.landing_zone.module.landing_zone.module.vpc.ibm_is_vpc_address_prefix.address_prefixes",
            "module.landing_zone.module.landing_zone.module.vpc.ibm_is_vpc_address_prefix.subnet_prefix",
            "module.landing_zone.module.landing_zone.module.vpc.ibm_is_vpc_route.route"
          ]
        },
        {
          "index_key": "management-vpe-sg-allow-ibm-tcp-443-outbound",
          "schema_version": 0,
          "attributes": {
            "direction": "outbound",
            "group": "r006-c5e26f00-14e6-4f92-aac0-135a46a2642b",
            "icmp": [],
            "id": "r006-c5e26f00-14e6-4f92-aac0-135a46a2642b.r006-84f0e50a-f7e0-4a58-b780-f1f61856196a",
            "ip_version": "ipv4",
            "protocol": "tcp",
            "related_crn": "crn:v1:bluemix:public:is:us-south:a/e65910fa61ce9072d64902d03f3d4774::security-group:r006-c5e26f00-14e6-4f92-aac0-135a46a2642b",
            "remote": "161.26.0.0/16",
            "rule_id": "r006-84f0e50a-f7e0-4a58-b780-f1f61856196a",
            "tcp": [
              {
                "port_max": 443,
                "port_min": 443
              }
            ],
            "udp": []
          },
          "sensitive_attributes": [],
          "private": "bnVsbA==",
          "dependencies": [
            "module.landing_zone.module.landing_zone.data.ibm_resource_group.resource_groups",
            "module.landing_zone.module.landing_zone.ibm_is_security_group.security_group",
            "module.landing_zone.module.landing_zone.ibm_resource_group.resource_groups",
            "module.landing_zone.module.landing_zone.module.vpc.ibm_is_network_acl.network_acl",
            "module.landing_zone.module.landing_zone.module.vpc.ibm_is_public_gateway.gateway",
            "module.landing_zone.module.landing_zone.module.vpc.ibm_is_security_group_rule.default_vpc_rule",
            "module.landing_zone.module.landing_zone.module.vpc.ibm_is_subnet.subnet",
            "module.landing_zone.module.landing_zone.module.vpc.ibm_is_vpc.vpc",
            "module.landing_zone.module.landing_zone.module.vpc.ibm_is_vpc_address_prefix.address_prefixes",
            "module.landing_zone.module.landing_zone.module.vpc.ibm_is_vpc_address_prefix.subnet_prefix",
            "module.landing_zone.module.landing_zone.module.vpc.ibm_is_vpc_route.route"
          ]
        },
        {
          "index_key": "management-vpe-sg-allow-ibm-tcp-53-outbound",
          "schema_version": 0,
          "attributes": {
            "direction": "outbound",
            "group": "r006-c5e26f00-14e6-4f92-aac0-135a46a2642b",
            "icmp": [],
            "id": "r006-c5e26f00-14e6-4f92-aac0-135a46a2642b.r006-64370c2b-3524-4941-85d0-9fd9d4c01011",
            "ip_version": "ipv4",
            "protocol": "tcp",
            "related_crn": "crn:v1:bluemix:public:is:us-south:a/e65910fa61ce9072d64902d03f3d4774::security-group:r006-c5e26f00-14e6-4f92-aac0-135a46a2642b",
            "remote": "161.26.0.0/16",
            "rule_id": "r006-64370c2b-3524-4941-85d0-9fd9d4c01011",
            "tcp": [
              {
                "port_max": 53,
                "port_min": 53
              }
            ],
            "udp": []
          },
          "sensitive_attributes": [],
          "private": "bnVsbA==",
          "dependencies": [
            "module.landing_zone.module.landing_zone.data.ibm_resource_group.resource_groups",
            "module.landing_zone.module.landing_zone.ibm_is_security_group.security_group",
            "module.landing_zone.module.landing_zone.ibm_resource_group.resource_groups",
            "module.landing_zone.module.landing_zone.module.vpc.ibm_is_network_acl.network_acl",
            "module.landing_zone.module.landing_zone.module.vpc.ibm_is_public_gateway.gateway",
            "module.landing_zone.module.landing_zone.module.vpc.ibm_is_security_group_rule.default_vpc_rule",
            "module.landing_zone.module.landing_zone.module.vpc.ibm_is_subnet.subnet",
            "module.landing_zone.module.landing_zone.module.vpc.ibm_is_vpc.vpc",
            "module.landing_zone.module.landing_zone.module.vpc.ibm_is_vpc_address_prefix.address_prefixes",
            "module.landing_zone.module.landing_zone.module.vpc.ibm_is_vpc_address_prefix.subnet_prefix",
            "module.landing_zone.module.landing_zone.module.vpc.ibm_is_vpc_route.route"
          ]
        },
        {
          "index_key": "management-vpe-sg-allow-ibm-tcp-80-outbound",
          "schema_version": 0,
          "attributes": {
            "direction": "outbound",
            "group": "r006-c5e26f00-14e6-4f92-aac0-135a46a2642b",
            "icmp": [],
            "id": "r006-c5e26f00-14e6-4f92-aac0-135a46a2642b.r006-f911edc2-a58b-42c5-94f2-2d2ad0c70818",
            "ip_version": "ipv4",
            "protocol": "tcp",
            "related_crn": "crn:v1:bluemix:public:is:us-south:a/e65910fa61ce9072d64902d03f3d4774::security-group:r006-c5e26f00-14e6-4f92-aac0-135a46a2642b",
            "remote": "161.26.0.0/16",
            "rule_id": "r006-f911edc2-a58b-42c5-94f2-2d2ad0c70818",
            "tcp": [
              {
                "port_max": 80,
                "port_min": 80
              }
            ],
            "udp": []
          },
          "sensitive_attributes": [],
          "private": "bnVsbA==",
          "dependencies": [
            "module.landing_zone.module.landing_zone.data.ibm_resource_group.resource_groups",
            "module.landing_zone.module.landing_zone.ibm_is_security_group.security_group",
            "module.landing_zone.module.landing_zone.ibm_resource_group.resource_groups",
            "module.landing_zone.module.landing_zone.module.vpc.ibm_is_network_acl.network_acl",
            "module.landing_zone.module.landing_zone.module.vpc.ibm_is_public_gateway.gateway",
            "module.landing_zone.module.landing_zone.module.vpc.ibm_is_security_group_rule.default_vpc_rule",
            "module.landing_zone.module.landing_zone.module.vpc.ibm_is_subnet.subnet",
            "module.landing_zone.module.landing_zone.module.vpc.ibm_is_vpc.vpc",
            "module.landing_zone.module.landing_zone.module.vpc.ibm_is_vpc_address_prefix.address_prefixes",
            "module.landing_zone.module.landing_zone.module.vpc.ibm_is_vpc_address_prefix.subnet_prefix",
            "module.landing_zone.module.landing_zone.module.vpc.ibm_is_vpc_route.route"
          ]
        },
        {
          "index_key": "management-vpe-sg-allow-vpc-inbound",
          "schema_version": 0,
          "attributes": {
            "direction": "inbound",
            "group": "r006-c5e26f00-14e6-4f92-aac0-135a46a2642b",
            "icmp": [],
            "id": "r006-c5e26f00-14e6-4f92-aac0-135a46a2642b.r006-604368f4-16f6-41a4-8d59-4c07e5ae1d2d",
            "ip_version": "ipv4",
            "protocol": "all",
            "related_crn": "crn:v1:bluemix:public:is:us-south:a/e65910fa61ce9072d64902d03f3d4774::security-group:r006-c5e26f00-14e6-4f92-aac0-135a46a2642b",
            "remote": "10.0.0.0/8",
            "rule_id": "r006-604368f4-16f6-41a4-8d59-4c07e5ae1d2d",
            "tcp": [],
            "udp": []
          },
          "sensitive_attributes": [],
          "private": "bnVsbA==",
          "dependencies": [
            "module.landing_zone.module.landing_zone.data.ibm_resource_group.resource_groups",
            "module.landing_zone.module.landing_zone.ibm_is_security_group.security_group",
            "module.landing_zone.module.landing_zone.ibm_resource_group.resource_groups",
            "module.landing_zone.module.landing_zone.module.vpc.ibm_is_network_acl.network_acl",
            "module.landing_zone.module.landing_zone.module.vpc.ibm_is_public_gateway.gateway",
            "module.landing_zone.module.landing_zone.module.vpc.ibm_is_security_group_rule.default_vpc_rule",
            "module.landing_zone.module.landing_zone.module.vpc.ibm_is_subnet.subnet",
            "module.landing_zone.module.landing_zone.module.vpc.ibm_is_vpc.vpc",
            "module.landing_zone.module.landing_zone.module.vpc.ibm_is_vpc_address_prefix.address_prefixes",
            "module.landing_zone.module.landing_zone.module.vpc.ibm_is_vpc_address_prefix.subnet_prefix",
            "module.landing_zone.module.landing_zone.module.vpc.ibm_is_vpc_route.route"
          ]
        },
        {
          "index_key": "management-vpe-sg-allow-vpc-outbound",
          "schema_version": 0,
          "attributes": {
            "direction": "outbound",
            "group": "r006-c5e26f00-14e6-4f92-aac0-135a46a2642b",
            "icmp": [],
            "id": "r006-c5e26f00-14e6-4f92-aac0-135a46a2642b.r006-dfb50172-e5c5-42d9-80a6-a5dbd68bc890",
            "ip_version": "ipv4",
            "protocol": "all",
            "related_crn": "crn:v1:bluemix:public:is:us-south:a/e65910fa61ce9072d64902d03f3d4774::security-group:r006-c5e26f00-14e6-4f92-aac0-135a46a2642b",
            "remote": "10.0.0.0/8",
            "rule_id": "r006-dfb50172-e5c5-42d9-80a6-a5dbd68bc890",
            "tcp": [],
            "udp": []
          },
          "sensitive_attributes": [],
          "private": "bnVsbA==",
          "dependencies": [
            "module.landing_zone.module.landing_zone.data.ibm_resource_group.resource_groups",
            "module.landing_zone.module.landing_zone.ibm_is_security_group.security_group",
            "module.landing_zone.module.landing_zone.ibm_resource_group.resource_groups",
            "module.landing_zone.module.landing_zone.module.vpc.ibm_is_network_acl.network_acl",
            "module.landing_zone.module.landing_zone.module.vpc.ibm_is_public_gateway.gateway",
            "module.landing_zone.module.landing_zone.module.vpc.ibm_is_security_group_rule.default_vpc_rule",
            "module.landing_zone.module.landing_zone.module.vpc.ibm_is_subnet.subnet",
            "module.landing_zone.module.landing_zone.module.vpc.ibm_is_vpc.vpc",
            "module.landing_zone.module.landing_zone.module.vpc.ibm_is_vpc_address_prefix.address_prefixes",
            "module.landing_zone.module.landing_zone.module.vpc.ibm_is_vpc_address_prefix.subnet_prefix",
            "module.landing_zone.module.landing_zone.module.vpc.ibm_is_vpc_route.route"
          ]
        },
        {
          "index_key": "workload-vpe-sg-allow-ibm-inbound",
          "schema_version": 0,
          "attributes": {
            "direction": "inbound",
            "group": "r006-045f8219-a8ce-44e4-8947-d0e4ed021e14",
            "icmp": [],
            "id": "r006-045f8219-a8ce-44e4-8947-d0e4ed021e14.r006-2ec1cb54-8931-4e87-824c-f9ee7701b1f2",
            "ip_version": "ipv4",
            "protocol": "all",
            "related_crn": "crn:v1:bluemix:public:is:us-south:a/e65910fa61ce9072d64902d03f3d4774::security-group:r006-045f8219-a8ce-44e4-8947-d0e4ed021e14",
            "remote": "161.26.0.0/16",
            "rule_id": "r006-2ec1cb54-8931-4e87-824c-f9ee7701b1f2",
            "tcp": [],
            "udp": []
          },
          "sensitive_attributes": [],
          "private": "bnVsbA==",
          "dependencies": [
            "module.landing_zone.module.landing_zone.data.ibm_resource_group.resource_groups",
            "module.landing_zone.module.landing_zone.ibm_is_security_group.security_group",
            "module.landing_zone.module.landing_zone.ibm_resource_group.resource_groups",
            "module.landing_zone.module.landing_zone.module.vpc.ibm_is_network_acl.network_acl",
            "module.landing_zone.module.landing_zone.module.vpc.ibm_is_public_gateway.gateway",
            "module.landing_zone.module.landing_zone.module.vpc.ibm_is_security_group_rule.default_vpc_rule",
            "module.landing_zone.module.landing_zone.module.vpc.ibm_is_subnet.subnet",
            "module.landing_zone.module.landing_zone.module.vpc.ibm_is_vpc.vpc",
            "module.landing_zone.module.landing_zone.module.vpc.ibm_is_vpc_address_prefix.address_prefixes",
            "module.landing_zone.module.landing_zone.module.vpc.ibm_is_vpc_address_prefix.subnet_prefix",
            "module.landing_zone.module.landing_zone.module.vpc.ibm_is_vpc_route.route"
          ]
        },
        {
          "index_key": "workload-vpe-sg-allow-ibm-tcp-443-outbound",
          "schema_version": 0,
          "attributes": {
            "direction": "outbound",
            "group": "r006-045f8219-a8ce-44e4-8947-d0e4ed021e14",
            "icmp": [],
            "id": "r006-045f8219-a8ce-44e4-8947-d0e4ed021e14.r006-3b97a757-e79a-4fe1-85d1-ff60b7c5da1f",
            "ip_version": "ipv4",
            "protocol": "tcp",
            "related_crn": "crn:v1:bluemix:public:is:us-south:a/e65910fa61ce9072d64902d03f3d4774::security-group:r006-045f8219-a8ce-44e4-8947-d0e4ed021e14",
            "remote": "161.26.0.0/16",
            "rule_id": "r006-3b97a757-e79a-4fe1-85d1-ff60b7c5da1f",
            "tcp": [
              {
                "port_max": 443,
                "port_min": 443
              }
            ],
            "udp": []
          },
          "sensitive_attributes": [],
          "private": "bnVsbA==",
          "dependencies": [
            "module.landing_zone.module.landing_zone.data.ibm_resource_group.resource_groups",
            "module.landing_zone.module.landing_zone.ibm_is_security_group.security_group",
            "module.landing_zone.module.landing_zone.ibm_resource_group.resource_groups",
            "module.landing_zone.module.landing_zone.module.vpc.ibm_is_network_acl.network_acl",
            "module.landing_zone.module.landing_zone.module.vpc.ibm_is_public_gateway.gateway",
            "module.landing_zone.module.landing_zone.module.vpc.ibm_is_security_group_rule.default_vpc_rule",
            "module.landing_zone.module.landing_zone.module.vpc.ibm_is_subnet.subnet",
            "module.landing_zone.module.landing_zone.module.vpc.ibm_is_vpc.vpc",
            "module.landing_zone.module.landing_zone.module.vpc.ibm_is_vpc_address_prefix.address_prefixes",
            "module.landing_zone.module.landing_zone.module.vpc.ibm_is_vpc_address_prefix.subnet_prefix",
            "module.landing_zone.module.landing_zone.module.vpc.ibm_is_vpc_route.route"
          ]
        },
        {
          "index_key": "workload-vpe-sg-allow-ibm-tcp-53-outbound",
          "schema_version": 0,
          "attributes": {
            "direction": "outbound",
            "group": "r006-045f8219-a8ce-44e4-8947-d0e4ed021e14",
            "icmp": [],
            "id": "r006-045f8219-a8ce-44e4-8947-d0e4ed021e14.r006-85add6aa-5f00-4ee3-98f0-4cdd3beb0627",
            "ip_version": "ipv4",
            "protocol": "tcp",
            "related_crn": "crn:v1:bluemix:public:is:us-south:a/e65910fa61ce9072d64902d03f3d4774::security-group:r006-045f8219-a8ce-44e4-8947-d0e4ed021e14",
            "remote": "161.26.0.0/16",
            "rule_id": "r006-85add6aa-5f00-4ee3-98f0-4cdd3beb0627",
            "tcp": [
              {
                "port_max": 53,
                "port_min": 53
              }
            ],
            "udp": []
          },
          "sensitive_attributes": [],
          "private": "bnVsbA==",
          "dependencies": [
            "module.landing_zone.module.landing_zone.data.ibm_resource_group.resource_groups",
            "module.landing_zone.module.landing_zone.ibm_is_security_group.security_group",
            "module.landing_zone.module.landing_zone.ibm_resource_group.resource_groups",
            "module.landing_zone.module.landing_zone.module.vpc.ibm_is_network_acl.network_acl",
            "module.landing_zone.module.landing_zone.module.vpc.ibm_is_public_gateway.gateway",
            "module.landing_zone.module.landing_zone.module.vpc.ibm_is_security_group_rule.default_vpc_rule",
            "module.landing_zone.module.landing_zone.module.vpc.ibm_is_subnet.subnet",
            "module.landing_zone.module.landing_zone.module.vpc.ibm_is_vpc.vpc",
            "module.landing_zone.module.landing_zone.module.vpc.ibm_is_vpc_address_prefix.address_prefixes",
            "module.landing_zone.module.landing_zone.module.vpc.ibm_is_vpc_address_prefix.subnet_prefix",
            "module.landing_zone.module.landing_zone.module.vpc.ibm_is_vpc_route.route"
          ]
        },
        {
          "index_key": "workload-vpe-sg-allow-ibm-tcp-80-outbound",
          "schema_version": 0,
          "attributes": {
            "direction": "outbound",
            "group": "r006-045f8219-a8ce-44e4-8947-d0e4ed021e14",
            "icmp": [],
            "id": "r006-045f8219-a8ce-44e4-8947-d0e4ed021e14.r006-8f06f3b8-af85-439c-b55e-db280dad5f62",
            "ip_version": "ipv4",
            "protocol": "tcp",
            "related_crn": "crn:v1:bluemix:public:is:us-south:a/e65910fa61ce9072d64902d03f3d4774::security-group:r006-045f8219-a8ce-44e4-8947-d0e4ed021e14",
            "remote": "161.26.0.0/16",
            "rule_id": "r006-8f06f3b8-af85-439c-b55e-db280dad5f62",
            "tcp": [
              {
                "port_max": 80,
                "port_min": 80
              }
            ],
            "udp": []
          },
          "sensitive_attributes": [],
          "private": "bnVsbA==",
          "dependencies": [
            "module.landing_zone.module.landing_zone.data.ibm_resource_group.resource_groups",
            "module.landing_zone.module.landing_zone.ibm_is_security_group.security_group",
            "module.landing_zone.module.landing_zone.ibm_resource_group.resource_groups",
            "module.landing_zone.module.landing_zone.module.vpc.ibm_is_network_acl.network_acl",
            "module.landing_zone.module.landing_zone.module.vpc.ibm_is_public_gateway.gateway",
            "module.landing_zone.module.landing_zone.module.vpc.ibm_is_security_group_rule.default_vpc_rule",
            "module.landing_zone.module.landing_zone.module.vpc.ibm_is_subnet.subnet",
            "module.landing_zone.module.landing_zone.module.vpc.ibm_is_vpc.vpc",
            "module.landing_zone.module.landing_zone.module.vpc.ibm_is_vpc_address_prefix.address_prefixes",
            "module.landing_zone.module.landing_zone.module.vpc.ibm_is_vpc_address_prefix.subnet_prefix",
            "module.landing_zone.module.landing_zone.module.vpc.ibm_is_vpc_route.route"
          ]
        },
        {
          "index_key": "workload-vpe-sg-allow-vpc-inbound",
          "schema_version": 0,
          "attributes": {
            "direction": "inbound",
            "group": "r006-045f8219-a8ce-44e4-8947-d0e4ed021e14",
            "icmp": [],
            "id": "r006-045f8219-a8ce-44e4-8947-d0e4ed021e14.r006-f37fde0e-c61a-492f-aa40-83dfd31a74c5",
            "ip_version": "ipv4",
            "protocol": "all",
            "related_crn": "crn:v1:bluemix:public:is:us-south:a/e65910fa61ce9072d64902d03f3d4774::security-group:r006-045f8219-a8ce-44e4-8947-d0e4ed021e14",
            "remote": "10.0.0.0/8",
            "rule_id": "r006-f37fde0e-c61a-492f-aa40-83dfd31a74c5",
            "tcp": [],
            "udp": []
          },
          "sensitive_attributes": [],
          "private": "bnVsbA==",
          "dependencies": [
            "module.landing_zone.module.landing_zone.data.ibm_resource_group.resource_groups",
            "module.landing_zone.module.landing_zone.ibm_is_security_group.security_group",
            "module.landing_zone.module.landing_zone.ibm_resource_group.resource_groups",
            "module.landing_zone.module.landing_zone.module.vpc.ibm_is_network_acl.network_acl",
            "module.landing_zone.module.landing_zone.module.vpc.ibm_is_public_gateway.gateway",
            "module.landing_zone.module.landing_zone.module.vpc.ibm_is_security_group_rule.default_vpc_rule",
            "module.landing_zone.module.landing_zone.module.vpc.ibm_is_subnet.subnet",
            "module.landing_zone.module.landing_zone.module.vpc.ibm_is_vpc.vpc",
            "module.landing_zone.module.landing_zone.module.vpc.ibm_is_vpc_address_prefix.address_prefixes",
            "module.landing_zone.module.landing_zone.module.vpc.ibm_is_vpc_address_prefix.subnet_prefix",
            "module.landing_zone.module.landing_zone.module.vpc.ibm_is_vpc_route.route"
          ]
        },
        {
          "index_key": "workload-vpe-sg-allow-vpc-outbound",
          "schema_version": 0,
          "attributes": {
            "direction": "outbound",
            "group": "r006-045f8219-a8ce-44e4-8947-d0e4ed021e14",
            "icmp": [],
            "id": "r006-045f8219-a8ce-44e4-8947-d0e4ed021e14.r006-8aef3c0d-ef08-46b5-a45c-aebffd92df5e",
            "ip_version": "ipv4",
            "protocol": "all",
            "related_crn": "crn:v1:bluemix:public:is:us-south:a/e65910fa61ce9072d64902d03f3d4774::security-group:r006-045f8219-a8ce-44e4-8947-d0e4ed021e14",
            "remote": "10.0.0.0/8",
            "rule_id": "r006-8aef3c0d-ef08-46b5-a45c-aebffd92df5e",
            "tcp": [],
            "udp": []
          },
          "sensitive_attributes": [],
          "private": "bnVsbA==",
          "dependencies": [
            "module.landing_zone.module.landing_zone.data.ibm_resource_group.resource_groups",
            "module.landing_zone.module.landing_zone.ibm_is_security_group.security_group",
            "module.landing_zone.module.landing_zone.ibm_resource_group.resource_groups",
            "module.landing_zone.module.landing_zone.module.vpc.ibm_is_network_acl.network_acl",
            "module.landing_zone.module.landing_zone.module.vpc.ibm_is_public_gateway.gateway",
            "module.landing_zone.module.landing_zone.module.vpc.ibm_is_security_group_rule.default_vpc_rule",
            "module.landing_zone.module.landing_zone.module.vpc.ibm_is_subnet.subnet",
            "module.landing_zone.module.landing_zone.module.vpc.ibm_is_vpc.vpc",
            "module.landing_zone.module.landing_zone.module.vpc.ibm_is_vpc_address_prefix.address_prefixes",
            "module.landing_zone.module.landing_zone.module.vpc.ibm_is_vpc_address_prefix.subnet_prefix",
            "module.landing_zone.module.landing_zone.module.vpc.ibm_is_vpc_route.route"
          ]
        }
      ]
    },
    {
      "module": "module.landing_zone.module.landing_zone",
      "mode": "managed",
      "type": "ibm_is_subnet_reserved_ip",
      "name": "ip",
      "provider": "module.landing_zone.provider[\"registry.terraform.io/ibm-cloud/ibm\"]",
      "instances": [
        {
          "index_key": "management-cos-gateway-vpe-zone-1-ip",
          "schema_version": 0,
          "attributes": {
            "address": "10.10.20.4",
            "auto_delete": false,
            "created_at": "2022-11-23T10:12:32.000Z",
            "href": "https://us-south.iaas.cloud.ibm.com/v1/subnets/0717-08adadc9-5f37-4a23-9cb9-284d3623f980/reserved_ips/0717-4e280bb5-9f3b-4125-95cd-2634cb87e89d",
            "id": "0717-08adadc9-5f37-4a23-9cb9-284d3623f980/0717-4e280bb5-9f3b-4125-95cd-2634cb87e89d",
            "lifecycle_state": "stable",
            "name": "sculptor-luncheon-remix-embellish",
            "owner": "user",
            "reserved_ip": "0717-4e280bb5-9f3b-4125-95cd-2634cb87e89d",
            "resource_type": "subnet_reserved_ip",
            "subnet": "0717-08adadc9-5f37-4a23-9cb9-284d3623f980",
            "target": null,
            "timeouts": null
          },
          "sensitive_attributes": [],
          "private": "eyJlMmJmYjczMC1lY2FhLTExZTYtOGY4OC0zNDM2M2JjN2M0YzAiOnsiY3JlYXRlIjo2MDAwMDAwMDAwMDAsImRlbGV0ZSI6NjAwMDAwMDAwMDAwfX0=",
          "dependencies": [
            "module.landing_zone.module.landing_zone.data.ibm_resource_group.resource_groups",
            "module.landing_zone.module.landing_zone.ibm_resource_group.resource_groups",
            "module.landing_zone.module.landing_zone.module.vpc.ibm_is_network_acl.network_acl",
            "module.landing_zone.module.landing_zone.module.vpc.ibm_is_public_gateway.gateway",
            "module.landing_zone.module.landing_zone.module.vpc.ibm_is_security_group_rule.default_vpc_rule",
            "module.landing_zone.module.landing_zone.module.vpc.ibm_is_subnet.subnet",
            "module.landing_zone.module.landing_zone.module.vpc.ibm_is_vpc.vpc",
            "module.landing_zone.module.landing_zone.module.vpc.ibm_is_vpc_address_prefix.address_prefixes",
            "module.landing_zone.module.landing_zone.module.vpc.ibm_is_vpc_address_prefix.subnet_prefix",
            "module.landing_zone.module.landing_zone.module.vpc.ibm_is_vpc_route.route"
          ]
        },
        {
          "index_key": "management-cos-gateway-vpe-zone-2-ip",
          "schema_version": 0,
          "attributes": {
            "address": "10.20.20.4",
            "auto_delete": false,
            "created_at": "2022-11-23T10:12:32.000Z",
            "href": "https://us-south.iaas.cloud.ibm.com/v1/subnets/0727-4ecae834-5334-423b-8706-f7c791ade68e/reserved_ips/0727-1829d16c-f30e-47f9-a6fc-558b4f4be867",
            "id": "0727-4ecae834-5334-423b-8706-f7c791ade68e/0727-1829d16c-f30e-47f9-a6fc-558b4f4be867",
            "lifecycle_state": "stable",
            "name": "graffiti-chunk-unknown-hardcore",
            "owner": "user",
            "reserved_ip": "0727-1829d16c-f30e-47f9-a6fc-558b4f4be867",
            "resource_type": "subnet_reserved_ip",
            "subnet": "0727-4ecae834-5334-423b-8706-f7c791ade68e",
            "target": null,
            "timeouts": null
          },
          "sensitive_attributes": [],
          "private": "eyJlMmJmYjczMC1lY2FhLTExZTYtOGY4OC0zNDM2M2JjN2M0YzAiOnsiY3JlYXRlIjo2MDAwMDAwMDAwMDAsImRlbGV0ZSI6NjAwMDAwMDAwMDAwfX0=",
          "dependencies": [
            "module.landing_zone.module.landing_zone.data.ibm_resource_group.resource_groups",
            "module.landing_zone.module.landing_zone.ibm_resource_group.resource_groups",
            "module.landing_zone.module.landing_zone.module.vpc.ibm_is_network_acl.network_acl",
            "module.landing_zone.module.landing_zone.module.vpc.ibm_is_public_gateway.gateway",
            "module.landing_zone.module.landing_zone.module.vpc.ibm_is_security_group_rule.default_vpc_rule",
            "module.landing_zone.module.landing_zone.module.vpc.ibm_is_subnet.subnet",
            "module.landing_zone.module.landing_zone.module.vpc.ibm_is_vpc.vpc",
            "module.landing_zone.module.landing_zone.module.vpc.ibm_is_vpc_address_prefix.address_prefixes",
            "module.landing_zone.module.landing_zone.module.vpc.ibm_is_vpc_address_prefix.subnet_prefix",
            "module.landing_zone.module.landing_zone.module.vpc.ibm_is_vpc_route.route"
          ]
        },
        {
          "index_key": "management-cos-gateway-vpe-zone-3-ip",
          "schema_version": 0,
          "attributes": {
            "address": "10.30.20.4",
            "auto_delete": false,
            "created_at": "2022-11-23T10:12:34.000Z",
            "href": "https://us-south.iaas.cloud.ibm.com/v1/subnets/0737-37980d0b-ff38-40cb-a369-5ea5fa62abaa/reserved_ips/0737-a55db52f-a2ea-4891-9e9b-bf373eef87a3",
            "id": "0737-37980d0b-ff38-40cb-a369-5ea5fa62abaa/0737-a55db52f-a2ea-4891-9e9b-bf373eef87a3",
            "lifecycle_state": "stable",
            "name": "scapegoat-remodeler-ivied-arose",
            "owner": "user",
            "reserved_ip": "0737-a55db52f-a2ea-4891-9e9b-bf373eef87a3",
            "resource_type": "subnet_reserved_ip",
            "subnet": "0737-37980d0b-ff38-40cb-a369-5ea5fa62abaa",
            "target": null,
            "timeouts": null
          },
          "sensitive_attributes": [],
          "private": "eyJlMmJmYjczMC1lY2FhLTExZTYtOGY4OC0zNDM2M2JjN2M0YzAiOnsiY3JlYXRlIjo2MDAwMDAwMDAwMDAsImRlbGV0ZSI6NjAwMDAwMDAwMDAwfX0=",
          "dependencies": [
            "module.landing_zone.module.landing_zone.data.ibm_resource_group.resource_groups",
            "module.landing_zone.module.landing_zone.ibm_resource_group.resource_groups",
            "module.landing_zone.module.landing_zone.module.vpc.ibm_is_network_acl.network_acl",
            "module.landing_zone.module.landing_zone.module.vpc.ibm_is_public_gateway.gateway",
            "module.landing_zone.module.landing_zone.module.vpc.ibm_is_security_group_rule.default_vpc_rule",
            "module.landing_zone.module.landing_zone.module.vpc.ibm_is_subnet.subnet",
            "module.landing_zone.module.landing_zone.module.vpc.ibm_is_vpc.vpc",
            "module.landing_zone.module.landing_zone.module.vpc.ibm_is_vpc_address_prefix.address_prefixes",
            "module.landing_zone.module.landing_zone.module.vpc.ibm_is_vpc_address_prefix.subnet_prefix",
            "module.landing_zone.module.landing_zone.module.vpc.ibm_is_vpc_route.route"
          ]
        },
        {
          "index_key": "workload-cos-gateway-vpe-zone-1-ip",
          "schema_version": 0,
          "attributes": {
            "address": "10.40.20.4",
            "auto_delete": false,
            "created_at": "2022-11-23T10:12:32.000Z",
            "href": "https://us-south.iaas.cloud.ibm.com/v1/subnets/0717-c58bc512-8e98-4136-8829-e916b3593e8c/reserved_ips/0717-4dd8eead-3caa-4556-8c6d-ccbf83cbfcb0",
            "id": "0717-c58bc512-8e98-4136-8829-e916b3593e8c/0717-4dd8eead-3caa-4556-8c6d-ccbf83cbfcb0",
            "lifecycle_state": "stable",
            "name": "busboy-tables-pug-gigahertz",
            "owner": "user",
            "reserved_ip": "0717-4dd8eead-3caa-4556-8c6d-ccbf83cbfcb0",
            "resource_type": "subnet_reserved_ip",
            "subnet": "0717-c58bc512-8e98-4136-8829-e916b3593e8c",
            "target": null,
            "timeouts": null
          },
          "sensitive_attributes": [],
          "private": "eyJlMmJmYjczMC1lY2FhLTExZTYtOGY4OC0zNDM2M2JjN2M0YzAiOnsiY3JlYXRlIjo2MDAwMDAwMDAwMDAsImRlbGV0ZSI6NjAwMDAwMDAwMDAwfX0=",
          "dependencies": [
            "module.landing_zone.module.landing_zone.data.ibm_resource_group.resource_groups",
            "module.landing_zone.module.landing_zone.ibm_resource_group.resource_groups",
            "module.landing_zone.module.landing_zone.module.vpc.ibm_is_network_acl.network_acl",
            "module.landing_zone.module.landing_zone.module.vpc.ibm_is_public_gateway.gateway",
            "module.landing_zone.module.landing_zone.module.vpc.ibm_is_security_group_rule.default_vpc_rule",
            "module.landing_zone.module.landing_zone.module.vpc.ibm_is_subnet.subnet",
            "module.landing_zone.module.landing_zone.module.vpc.ibm_is_vpc.vpc",
            "module.landing_zone.module.landing_zone.module.vpc.ibm_is_vpc_address_prefix.address_prefixes",
            "module.landing_zone.module.landing_zone.module.vpc.ibm_is_vpc_address_prefix.subnet_prefix",
            "module.landing_zone.module.landing_zone.module.vpc.ibm_is_vpc_route.route"
          ]
        },
        {
          "index_key": "workload-cos-gateway-vpe-zone-2-ip",
          "schema_version": 0,
          "attributes": {
            "address": "10.50.20.4",
            "auto_delete": false,
            "created_at": "2022-11-23T10:12:34.000Z",
            "href": "https://us-south.iaas.cloud.ibm.com/v1/subnets/0727-edbb5503-7a6f-464d-b64c-5af79770f883/reserved_ips/0727-be1c9795-0979-4810-b571-5b8844d4faa4",
            "id": "0727-edbb5503-7a6f-464d-b64c-5af79770f883/0727-be1c9795-0979-4810-b571-5b8844d4faa4",
            "lifecycle_state": "stable",
            "name": "mocker-yelp-patchwork-comic",
            "owner": "user",
            "reserved_ip": "0727-be1c9795-0979-4810-b571-5b8844d4faa4",
            "resource_type": "subnet_reserved_ip",
            "subnet": "0727-edbb5503-7a6f-464d-b64c-5af79770f883",
            "target": null,
            "timeouts": null
          },
          "sensitive_attributes": [],
          "private": "eyJlMmJmYjczMC1lY2FhLTExZTYtOGY4OC0zNDM2M2JjN2M0YzAiOnsiY3JlYXRlIjo2MDAwMDAwMDAwMDAsImRlbGV0ZSI6NjAwMDAwMDAwMDAwfX0=",
          "dependencies": [
            "module.landing_zone.module.landing_zone.data.ibm_resource_group.resource_groups",
            "module.landing_zone.module.landing_zone.ibm_resource_group.resource_groups",
            "module.landing_zone.module.landing_zone.module.vpc.ibm_is_network_acl.network_acl",
            "module.landing_zone.module.landing_zone.module.vpc.ibm_is_public_gateway.gateway",
            "module.landing_zone.module.landing_zone.module.vpc.ibm_is_security_group_rule.default_vpc_rule",
            "module.landing_zone.module.landing_zone.module.vpc.ibm_is_subnet.subnet",
            "module.landing_zone.module.landing_zone.module.vpc.ibm_is_vpc.vpc",
            "module.landing_zone.module.landing_zone.module.vpc.ibm_is_vpc_address_prefix.address_prefixes",
            "module.landing_zone.module.landing_zone.module.vpc.ibm_is_vpc_address_prefix.subnet_prefix",
            "module.landing_zone.module.landing_zone.module.vpc.ibm_is_vpc_route.route"
          ]
        },
        {
          "index_key": "workload-cos-gateway-vpe-zone-3-ip",
          "schema_version": 0,
          "attributes": {
            "address": "10.60.20.4",
            "auto_delete": false,
            "created_at": "2022-11-23T10:12:35.000Z",
            "href": "https://us-south.iaas.cloud.ibm.com/v1/subnets/0737-9e2ce979-2396-42ed-b70f-86aa1c9b78fc/reserved_ips/0737-04e7e669-8c36-4239-87ea-f2b2580ac7a5",
            "id": "0737-9e2ce979-2396-42ed-b70f-86aa1c9b78fc/0737-04e7e669-8c36-4239-87ea-f2b2580ac7a5",
            "lifecycle_state": "stable",
            "name": "onyx-banker-omit-sleeve",
            "owner": "user",
            "reserved_ip": "0737-04e7e669-8c36-4239-87ea-f2b2580ac7a5",
            "resource_type": "subnet_reserved_ip",
            "subnet": "0737-9e2ce979-2396-42ed-b70f-86aa1c9b78fc",
            "target": null,
            "timeouts": null
          },
          "sensitive_attributes": [],
          "private": "eyJlMmJmYjczMC1lY2FhLTExZTYtOGY4OC0zNDM2M2JjN2M0YzAiOnsiY3JlYXRlIjo2MDAwMDAwMDAwMDAsImRlbGV0ZSI6NjAwMDAwMDAwMDAwfX0=",
          "dependencies": [
            "module.landing_zone.module.landing_zone.data.ibm_resource_group.resource_groups",
            "module.landing_zone.module.landing_zone.ibm_resource_group.resource_groups",
            "module.landing_zone.module.landing_zone.module.vpc.ibm_is_network_acl.network_acl",
            "module.landing_zone.module.landing_zone.module.vpc.ibm_is_public_gateway.gateway",
            "module.landing_zone.module.landing_zone.module.vpc.ibm_is_security_group_rule.default_vpc_rule",
            "module.landing_zone.module.landing_zone.module.vpc.ibm_is_subnet.subnet",
            "module.landing_zone.module.landing_zone.module.vpc.ibm_is_vpc.vpc",
            "module.landing_zone.module.landing_zone.module.vpc.ibm_is_vpc_address_prefix.address_prefixes",
            "module.landing_zone.module.landing_zone.module.vpc.ibm_is_vpc_address_prefix.subnet_prefix",
            "module.landing_zone.module.landing_zone.module.vpc.ibm_is_vpc_route.route"
          ]
        }
      ]
    },
    {
      "module": "module.landing_zone.module.landing_zone",
      "mode": "managed",
      "type": "ibm_is_virtual_endpoint_gateway",
      "name": "endpoint_gateway",
      "provider": "module.landing_zone.provider[\"registry.terraform.io/ibm-cloud/ibm\"]",
      "instances": [
        {
          "index_key": "management-cos",
          "schema_version": 0,
          "attributes": {
            "created_at": "2022-11-23T10:12:48.000Z",
            "crn": "crn:v1:bluemix:public:is:us-south:a/e65910fa61ce9072d64902d03f3d4774::endpoint-gateway:r006-882fa438-b494-4c92-82c3-6913191db604",
            "health_state": "ok",
            "id": "r006-882fa438-b494-4c92-82c3-6913191db604",
            "ips": [],
            "lifecycle_state": "pending",
            "name": "jaffasx-01-management-cos",
            "resource_group": "94986acffea5461a89be6b00ada8afdd",
            "resource_type": "endpoint_gateway",
            "security_groups": [
              "r006-c5e26f00-14e6-4f92-aac0-135a46a2642b"
            ],
            "tags": [],
            "target": [
              {
                "crn": "crn:v1:bluemix:public:cloud-object-storage:global:::endpoint:s3.direct.us-south.cloud-object-storage.appdomain.cloud",
                "name": "",
                "resource_type": "provider_cloud_service"
              }
            ],
            "timeouts": null,
            "vpc": "r006-81aef8a0-7234-4979-8d68-891f1c38ac90"
          },
          "sensitive_attributes": [],
          "private": "eyJlMmJmYjczMC1lY2FhLTExZTYtOGY4OC0zNDM2M2JjN2M0YzAiOnsiY3JlYXRlIjoxODAwMDAwMDAwMDAwLCJkZWxldGUiOjE4MDAwMDAwMDAwMDAsInVwZGF0ZSI6MTgwMDAwMDAwMDAwMH19",
          "dependencies": [
            "module.landing_zone.module.landing_zone.data.ibm_resource_group.resource_groups",
            "module.landing_zone.module.landing_zone.data.ibm_resource_instance.cos",
            "module.landing_zone.module.landing_zone.ibm_is_security_group.security_group",
            "module.landing_zone.module.landing_zone.ibm_resource_group.resource_groups",
            "module.landing_zone.module.landing_zone.ibm_resource_instance.cos",
            "module.landing_zone.module.landing_zone.module.vpc.ibm_is_network_acl.network_acl",
            "module.landing_zone.module.landing_zone.module.vpc.ibm_is_public_gateway.gateway",
            "module.landing_zone.module.landing_zone.module.vpc.ibm_is_security_group_rule.default_vpc_rule",
            "module.landing_zone.module.landing_zone.module.vpc.ibm_is_subnet.subnet",
            "module.landing_zone.module.landing_zone.module.vpc.ibm_is_vpc.vpc",
            "module.landing_zone.module.landing_zone.module.vpc.ibm_is_vpc_address_prefix.address_prefixes",
            "module.landing_zone.module.landing_zone.module.vpc.ibm_is_vpc_address_prefix.subnet_prefix",
            "module.landing_zone.module.landing_zone.module.vpc.ibm_is_vpc_route.route",
            "module.landing_zone.module.landing_zone.random_string.random_cos_suffix"
          ]
        },
        {
          "index_key": "workload-cos",
          "schema_version": 0,
          "attributes": {
            "created_at": "2022-11-23T10:12:44.000Z",
            "crn": "crn:v1:bluemix:public:is:us-south:a/e65910fa61ce9072d64902d03f3d4774::endpoint-gateway:r006-bcb8141c-dc8c-431c-8108-eef8ec431b99",
            "health_state": "ok",
            "id": "r006-bcb8141c-dc8c-431c-8108-eef8ec431b99",
            "ips": [],
            "lifecycle_state": "pending",
            "name": "jaffasx-01-workload-cos",
            "resource_group": "94986acffea5461a89be6b00ada8afdd",
            "resource_type": "endpoint_gateway",
            "security_groups": [
              "r006-045f8219-a8ce-44e4-8947-d0e4ed021e14"
            ],
            "tags": [],
            "target": [
              {
                "crn": "crn:v1:bluemix:public:cloud-object-storage:global:::endpoint:s3.direct.us-south.cloud-object-storage.appdomain.cloud",
                "name": "",
                "resource_type": "provider_cloud_service"
              }
            ],
            "timeouts": null,
            "vpc": "r006-d8465333-260c-4e38-9519-e9f1eec2f3d5"
          },
          "sensitive_attributes": [],
          "private": "eyJlMmJmYjczMC1lY2FhLTExZTYtOGY4OC0zNDM2M2JjN2M0YzAiOnsiY3JlYXRlIjoxODAwMDAwMDAwMDAwLCJkZWxldGUiOjE4MDAwMDAwMDAwMDAsInVwZGF0ZSI6MTgwMDAwMDAwMDAwMH19",
          "dependencies": [
            "module.landing_zone.module.landing_zone.data.ibm_resource_group.resource_groups",
            "module.landing_zone.module.landing_zone.data.ibm_resource_instance.cos",
            "module.landing_zone.module.landing_zone.ibm_is_security_group.security_group",
            "module.landing_zone.module.landing_zone.ibm_resource_group.resource_groups",
            "module.landing_zone.module.landing_zone.ibm_resource_instance.cos",
            "module.landing_zone.module.landing_zone.module.vpc.ibm_is_network_acl.network_acl",
            "module.landing_zone.module.landing_zone.module.vpc.ibm_is_public_gateway.gateway",
            "module.landing_zone.module.landing_zone.module.vpc.ibm_is_security_group_rule.default_vpc_rule",
            "module.landing_zone.module.landing_zone.module.vpc.ibm_is_subnet.subnet",
            "module.landing_zone.module.landing_zone.module.vpc.ibm_is_vpc.vpc",
            "module.landing_zone.module.landing_zone.module.vpc.ibm_is_vpc_address_prefix.address_prefixes",
            "module.landing_zone.module.landing_zone.module.vpc.ibm_is_vpc_address_prefix.subnet_prefix",
            "module.landing_zone.module.landing_zone.module.vpc.ibm_is_vpc_route.route",
            "module.landing_zone.module.landing_zone.random_string.random_cos_suffix"
          ]
        }
      ]
    },
    {
      "module": "module.landing_zone.module.landing_zone",
      "mode": "managed",
      "type": "ibm_is_virtual_endpoint_gateway_ip",
      "name": "endpoint_gateway_ip",
      "provider": "module.landing_zone.provider[\"registry.terraform.io/ibm-cloud/ibm\"]",
      "instances": [
        {
          "index_key": "management-cos-gateway-vpe-zone-1-ip",
          "schema_version": 0,
          "attributes": {
            "address": "10.10.20.4",
            "auto_delete": false,
            "created_at": "2022-11-23T10:12:32.000Z",
            "gateway": "r006-882fa438-b494-4c92-82c3-6913191db604",
            "id": "r006-882fa438-b494-4c92-82c3-6913191db604/0717-4e280bb5-9f3b-4125-95cd-2634cb87e89d",
            "name": "sculptor-luncheon-remix-embellish",
            "reserved_ip": "0717-4e280bb5-9f3b-4125-95cd-2634cb87e89d",
            "resource_type": "subnet_reserved_ip",
            "target": [
              {
                "id": "r006-882fa438-b494-4c92-82c3-6913191db604",
                "name": "jaffasx-01-management-cos",
                "resource_type": "endpoint_gateway"
              }
            ],
            "timeouts": null
          },
          "sensitive_attributes": [],
          "private": "eyJlMmJmYjczMC1lY2FhLTExZTYtOGY4OC0zNDM2M2JjN2M0YzAiOnsiY3JlYXRlIjoxODAwMDAwMDAwMDAwLCJkZWxldGUiOjE4MDAwMDAwMDAwMDAsInVwZGF0ZSI6MTgwMDAwMDAwMDAwMH19",
          "dependencies": [
            "module.landing_zone.module.landing_zone.data.ibm_resource_group.resource_groups",
            "module.landing_zone.module.landing_zone.data.ibm_resource_instance.cos",
            "module.landing_zone.module.landing_zone.ibm_is_security_group.security_group",
            "module.landing_zone.module.landing_zone.ibm_is_subnet_reserved_ip.ip",
            "module.landing_zone.module.landing_zone.ibm_is_virtual_endpoint_gateway.endpoint_gateway",
            "module.landing_zone.module.landing_zone.ibm_resource_group.resource_groups",
            "module.landing_zone.module.landing_zone.ibm_resource_instance.cos",
            "module.landing_zone.module.landing_zone.module.vpc.ibm_is_network_acl.network_acl",
            "module.landing_zone.module.landing_zone.module.vpc.ibm_is_public_gateway.gateway",
            "module.landing_zone.module.landing_zone.module.vpc.ibm_is_security_group_rule.default_vpc_rule",
            "module.landing_zone.module.landing_zone.module.vpc.ibm_is_subnet.subnet",
            "module.landing_zone.module.landing_zone.module.vpc.ibm_is_vpc.vpc",
            "module.landing_zone.module.landing_zone.module.vpc.ibm_is_vpc_address_prefix.address_prefixes",
            "module.landing_zone.module.landing_zone.module.vpc.ibm_is_vpc_address_prefix.subnet_prefix",
            "module.landing_zone.module.landing_zone.module.vpc.ibm_is_vpc_route.route",
            "module.landing_zone.module.landing_zone.random_string.random_cos_suffix"
          ]
        },
        {
          "index_key": "management-cos-gateway-vpe-zone-2-ip",
          "schema_version": 0,
          "attributes": {
            "address": "10.20.20.4",
            "auto_delete": false,
            "created_at": "2022-11-23T10:12:32.000Z",
            "gateway": "r006-882fa438-b494-4c92-82c3-6913191db604",
            "id": "r006-882fa438-b494-4c92-82c3-6913191db604/0727-1829d16c-f30e-47f9-a6fc-558b4f4be867",
            "name": "graffiti-chunk-unknown-hardcore",
            "reserved_ip": "0727-1829d16c-f30e-47f9-a6fc-558b4f4be867",
            "resource_type": "subnet_reserved_ip",
            "target": [
              {
                "id": "r006-882fa438-b494-4c92-82c3-6913191db604",
                "name": "jaffasx-01-management-cos",
                "resource_type": "endpoint_gateway"
              }
            ],
            "timeouts": null
          },
          "sensitive_attributes": [],
          "private": "eyJlMmJmYjczMC1lY2FhLTExZTYtOGY4OC0zNDM2M2JjN2M0YzAiOnsiY3JlYXRlIjoxODAwMDAwMDAwMDAwLCJkZWxldGUiOjE4MDAwMDAwMDAwMDAsInVwZGF0ZSI6MTgwMDAwMDAwMDAwMH19",
          "dependencies": [
            "module.landing_zone.module.landing_zone.data.ibm_resource_group.resource_groups",
            "module.landing_zone.module.landing_zone.data.ibm_resource_instance.cos",
            "module.landing_zone.module.landing_zone.ibm_is_security_group.security_group",
            "module.landing_zone.module.landing_zone.ibm_is_subnet_reserved_ip.ip",
            "module.landing_zone.module.landing_zone.ibm_is_virtual_endpoint_gateway.endpoint_gateway",
            "module.landing_zone.module.landing_zone.ibm_resource_group.resource_groups",
            "module.landing_zone.module.landing_zone.ibm_resource_instance.cos",
            "module.landing_zone.module.landing_zone.module.vpc.ibm_is_network_acl.network_acl",
            "module.landing_zone.module.landing_zone.module.vpc.ibm_is_public_gateway.gateway",
            "module.landing_zone.module.landing_zone.module.vpc.ibm_is_security_group_rule.default_vpc_rule",
            "module.landing_zone.module.landing_zone.module.vpc.ibm_is_subnet.subnet",
            "module.landing_zone.module.landing_zone.module.vpc.ibm_is_vpc.vpc",
            "module.landing_zone.module.landing_zone.module.vpc.ibm_is_vpc_address_prefix.address_prefixes",
            "module.landing_zone.module.landing_zone.module.vpc.ibm_is_vpc_address_prefix.subnet_prefix",
            "module.landing_zone.module.landing_zone.module.vpc.ibm_is_vpc_route.route",
            "module.landing_zone.module.landing_zone.random_string.random_cos_suffix"
          ]
        },
        {
          "index_key": "management-cos-gateway-vpe-zone-3-ip",
          "schema_version": 0,
          "attributes": {
            "address": "10.30.20.4",
            "auto_delete": false,
            "created_at": "2022-11-23T10:12:34.000Z",
            "gateway": "r006-882fa438-b494-4c92-82c3-6913191db604",
            "id": "r006-882fa438-b494-4c92-82c3-6913191db604/0737-a55db52f-a2ea-4891-9e9b-bf373eef87a3",
            "name": "scapegoat-remodeler-ivied-arose",
            "reserved_ip": "0737-a55db52f-a2ea-4891-9e9b-bf373eef87a3",
            "resource_type": "subnet_reserved_ip",
            "target": [
              {
                "id": "r006-882fa438-b494-4c92-82c3-6913191db604",
                "name": "jaffasx-01-management-cos",
                "resource_type": "endpoint_gateway"
              }
            ],
            "timeouts": null
          },
          "sensitive_attributes": [],
          "private": "eyJlMmJmYjczMC1lY2FhLTExZTYtOGY4OC0zNDM2M2JjN2M0YzAiOnsiY3JlYXRlIjoxODAwMDAwMDAwMDAwLCJkZWxldGUiOjE4MDAwMDAwMDAwMDAsInVwZGF0ZSI6MTgwMDAwMDAwMDAwMH19",
          "dependencies": [
            "module.landing_zone.module.landing_zone.data.ibm_resource_group.resource_groups",
            "module.landing_zone.module.landing_zone.data.ibm_resource_instance.cos",
            "module.landing_zone.module.landing_zone.ibm_is_security_group.security_group",
            "module.landing_zone.module.landing_zone.ibm_is_subnet_reserved_ip.ip",
            "module.landing_zone.module.landing_zone.ibm_is_virtual_endpoint_gateway.endpoint_gateway",
            "module.landing_zone.module.landing_zone.ibm_resource_group.resource_groups",
            "module.landing_zone.module.landing_zone.ibm_resource_instance.cos",
            "module.landing_zone.module.landing_zone.module.vpc.ibm_is_network_acl.network_acl",
            "module.landing_zone.module.landing_zone.module.vpc.ibm_is_public_gateway.gateway",
            "module.landing_zone.module.landing_zone.module.vpc.ibm_is_security_group_rule.default_vpc_rule",
            "module.landing_zone.module.landing_zone.module.vpc.ibm_is_subnet.subnet",
            "module.landing_zone.module.landing_zone.module.vpc.ibm_is_vpc.vpc",
            "module.landing_zone.module.landing_zone.module.vpc.ibm_is_vpc_address_prefix.address_prefixes",
            "module.landing_zone.module.landing_zone.module.vpc.ibm_is_vpc_address_prefix.subnet_prefix",
            "module.landing_zone.module.landing_zone.module.vpc.ibm_is_vpc_route.route",
            "module.landing_zone.module.landing_zone.random_string.random_cos_suffix"
          ]
        },
        {
          "index_key": "workload-cos-gateway-vpe-zone-1-ip",
          "schema_version": 0,
          "attributes": {
            "address": "10.40.20.4",
            "auto_delete": false,
            "created_at": "2022-11-23T10:12:32.000Z",
            "gateway": "r006-bcb8141c-dc8c-431c-8108-eef8ec431b99",
            "id": "r006-bcb8141c-dc8c-431c-8108-eef8ec431b99/0717-4dd8eead-3caa-4556-8c6d-ccbf83cbfcb0",
            "name": "busboy-tables-pug-gigahertz",
            "reserved_ip": "0717-4dd8eead-3caa-4556-8c6d-ccbf83cbfcb0",
            "resource_type": "subnet_reserved_ip",
            "target": [
              {
                "id": "r006-bcb8141c-dc8c-431c-8108-eef8ec431b99",
                "name": "jaffasx-01-workload-cos",
                "resource_type": "endpoint_gateway"
              }
            ],
            "timeouts": null
          },
          "sensitive_attributes": [],
          "private": "eyJlMmJmYjczMC1lY2FhLTExZTYtOGY4OC0zNDM2M2JjN2M0YzAiOnsiY3JlYXRlIjoxODAwMDAwMDAwMDAwLCJkZWxldGUiOjE4MDAwMDAwMDAwMDAsInVwZGF0ZSI6MTgwMDAwMDAwMDAwMH19",
          "dependencies": [
            "module.landing_zone.module.landing_zone.data.ibm_resource_group.resource_groups",
            "module.landing_zone.module.landing_zone.data.ibm_resource_instance.cos",
            "module.landing_zone.module.landing_zone.ibm_is_security_group.security_group",
            "module.landing_zone.module.landing_zone.ibm_is_subnet_reserved_ip.ip",
            "module.landing_zone.module.landing_zone.ibm_is_virtual_endpoint_gateway.endpoint_gateway",
            "module.landing_zone.module.landing_zone.ibm_resource_group.resource_groups",
            "module.landing_zone.module.landing_zone.ibm_resource_instance.cos",
            "module.landing_zone.module.landing_zone.module.vpc.ibm_is_network_acl.network_acl",
            "module.landing_zone.module.landing_zone.module.vpc.ibm_is_public_gateway.gateway",
            "module.landing_zone.module.landing_zone.module.vpc.ibm_is_security_group_rule.default_vpc_rule",
            "module.landing_zone.module.landing_zone.module.vpc.ibm_is_subnet.subnet",
            "module.landing_zone.module.landing_zone.module.vpc.ibm_is_vpc.vpc",
            "module.landing_zone.module.landing_zone.module.vpc.ibm_is_vpc_address_prefix.address_prefixes",
            "module.landing_zone.module.landing_zone.module.vpc.ibm_is_vpc_address_prefix.subnet_prefix",
            "module.landing_zone.module.landing_zone.module.vpc.ibm_is_vpc_route.route",
            "module.landing_zone.module.landing_zone.random_string.random_cos_suffix"
          ]
        },
        {
          "index_key": "workload-cos-gateway-vpe-zone-2-ip",
          "schema_version": 0,
          "attributes": {
            "address": "10.50.20.4",
            "auto_delete": false,
            "created_at": "2022-11-23T10:12:34.000Z",
            "gateway": "r006-bcb8141c-dc8c-431c-8108-eef8ec431b99",
            "id": "r006-bcb8141c-dc8c-431c-8108-eef8ec431b99/0727-be1c9795-0979-4810-b571-5b8844d4faa4",
            "name": "mocker-yelp-patchwork-comic",
            "reserved_ip": "0727-be1c9795-0979-4810-b571-5b8844d4faa4",
            "resource_type": "subnet_reserved_ip",
            "target": [
              {
                "id": "r006-bcb8141c-dc8c-431c-8108-eef8ec431b99",
                "name": "jaffasx-01-workload-cos",
                "resource_type": "endpoint_gateway"
              }
            ],
            "timeouts": null
          },
          "sensitive_attributes": [],
          "private": "eyJlMmJmYjczMC1lY2FhLTExZTYtOGY4OC0zNDM2M2JjN2M0YzAiOnsiY3JlYXRlIjoxODAwMDAwMDAwMDAwLCJkZWxldGUiOjE4MDAwMDAwMDAwMDAsInVwZGF0ZSI6MTgwMDAwMDAwMDAwMH19",
          "dependencies": [
            "module.landing_zone.module.landing_zone.data.ibm_resource_group.resource_groups",
            "module.landing_zone.module.landing_zone.data.ibm_resource_instance.cos",
            "module.landing_zone.module.landing_zone.ibm_is_security_group.security_group",
            "module.landing_zone.module.landing_zone.ibm_is_subnet_reserved_ip.ip",
            "module.landing_zone.module.landing_zone.ibm_is_virtual_endpoint_gateway.endpoint_gateway",
            "module.landing_zone.module.landing_zone.ibm_resource_group.resource_groups",
            "module.landing_zone.module.landing_zone.ibm_resource_instance.cos",
            "module.landing_zone.module.landing_zone.module.vpc.ibm_is_network_acl.network_acl",
            "module.landing_zone.module.landing_zone.module.vpc.ibm_is_public_gateway.gateway",
            "module.landing_zone.module.landing_zone.module.vpc.ibm_is_security_group_rule.default_vpc_rule",
            "module.landing_zone.module.landing_zone.module.vpc.ibm_is_subnet.subnet",
            "module.landing_zone.module.landing_zone.module.vpc.ibm_is_vpc.vpc",
            "module.landing_zone.module.landing_zone.module.vpc.ibm_is_vpc_address_prefix.address_prefixes",
            "module.landing_zone.module.landing_zone.module.vpc.ibm_is_vpc_address_prefix.subnet_prefix",
            "module.landing_zone.module.landing_zone.module.vpc.ibm_is_vpc_route.route",
            "module.landing_zone.module.landing_zone.random_string.random_cos_suffix"
          ]
        },
        {
          "index_key": "workload-cos-gateway-vpe-zone-3-ip",
          "schema_version": 0,
          "attributes": {
            "address": "10.60.20.4",
            "auto_delete": false,
            "created_at": "2022-11-23T10:12:35.000Z",
            "gateway": "r006-bcb8141c-dc8c-431c-8108-eef8ec431b99",
            "id": "r006-bcb8141c-dc8c-431c-8108-eef8ec431b99/0737-04e7e669-8c36-4239-87ea-f2b2580ac7a5",
            "name": "onyx-banker-omit-sleeve",
            "reserved_ip": "0737-04e7e669-8c36-4239-87ea-f2b2580ac7a5",
            "resource_type": "subnet_reserved_ip",
            "target": [
              {
                "id": "r006-bcb8141c-dc8c-431c-8108-eef8ec431b99",
                "name": "jaffasx-01-workload-cos",
                "resource_type": "endpoint_gateway"
              }
            ],
            "timeouts": null
          },
          "sensitive_attributes": [],
          "private": "eyJlMmJmYjczMC1lY2FhLTExZTYtOGY4OC0zNDM2M2JjN2M0YzAiOnsiY3JlYXRlIjoxODAwMDAwMDAwMDAwLCJkZWxldGUiOjE4MDAwMDAwMDAwMDAsInVwZGF0ZSI6MTgwMDAwMDAwMDAwMH19",
          "dependencies": [
            "module.landing_zone.module.landing_zone.data.ibm_resource_group.resource_groups",
            "module.landing_zone.module.landing_zone.data.ibm_resource_instance.cos",
            "module.landing_zone.module.landing_zone.ibm_is_security_group.security_group",
            "module.landing_zone.module.landing_zone.ibm_is_subnet_reserved_ip.ip",
            "module.landing_zone.module.landing_zone.ibm_is_virtual_endpoint_gateway.endpoint_gateway",
            "module.landing_zone.module.landing_zone.ibm_resource_group.resource_groups",
            "module.landing_zone.module.landing_zone.ibm_resource_instance.cos",
            "module.landing_zone.module.landing_zone.module.vpc.ibm_is_network_acl.network_acl",
            "module.landing_zone.module.landing_zone.module.vpc.ibm_is_public_gateway.gateway",
            "module.landing_zone.module.landing_zone.module.vpc.ibm_is_security_group_rule.default_vpc_rule",
            "module.landing_zone.module.landing_zone.module.vpc.ibm_is_subnet.subnet",
            "module.landing_zone.module.landing_zone.module.vpc.ibm_is_vpc.vpc",
            "module.landing_zone.module.landing_zone.module.vpc.ibm_is_vpc_address_prefix.address_prefixes",
            "module.landing_zone.module.landing_zone.module.vpc.ibm_is_vpc_address_prefix.subnet_prefix",
            "module.landing_zone.module.landing_zone.module.vpc.ibm_is_vpc_route.route",
            "module.landing_zone.module.landing_zone.random_string.random_cos_suffix"
          ]
        }
      ]
    },
    {
      "module": "module.landing_zone.module.landing_zone",
      "mode": "managed",
      "type": "ibm_resource_group",
      "name": "resource_groups",
      "provider": "module.landing_zone.provider[\"registry.terraform.io/ibm-cloud/ibm\"]",
      "instances": [
        {
          "index_key": "jaffasx-01-management-rg",
          "schema_version": 0,
          "attributes": {
            "created_at": "2022-11-23T10:11:23.061Z",
            "crn": "crn:v1:bluemix:public:resource-controller::a/e65910fa61ce9072d64902d03f3d4774::resource-group:4c112b02f7424415b36a1480d7f15569",
            "default": false,
            "id": "4c112b02f7424415b36a1480d7f15569",
            "name": "jaffasx-01-management-rg",
            "payment_methods_url": null,
            "quota_id": "a3d7b8d01e261c24677937c29ab33f3c",
            "quota_url": "/v2/quota_definitions/a3d7b8d01e261c24677937c29ab33f3c",
            "resource_linkages": [],
            "state": "ACTIVE",
            "tags": null,
            "teams_url": null,
            "updated_at": "2022-11-23T10:11:23.061Z"
          },
          "sensitive_attributes": [],
          "private": "bnVsbA=="
        },
        {
          "index_key": "jaffasx-01-service-rg",
          "schema_version": 0,
          "attributes": {
            "created_at": "2022-11-23T10:11:22.883Z",
            "crn": "crn:v1:bluemix:public:resource-controller::a/e65910fa61ce9072d64902d03f3d4774::resource-group:94986acffea5461a89be6b00ada8afdd",
            "default": false,
            "id": "94986acffea5461a89be6b00ada8afdd",
            "name": "jaffasx-01-service-rg",
            "payment_methods_url": null,
            "quota_id": "a3d7b8d01e261c24677937c29ab33f3c",
            "quota_url": "/v2/quota_definitions/a3d7b8d01e261c24677937c29ab33f3c",
            "resource_linkages": [],
            "state": "ACTIVE",
            "tags": null,
            "teams_url": null,
            "updated_at": "2022-11-23T10:11:22.883Z"
          },
          "sensitive_attributes": [],
          "private": "bnVsbA=="
        },
        {
          "index_key": "jaffasx-01-workload-rg",
          "schema_version": 0,
          "attributes": {
            "created_at": "2022-11-23T10:11:22.952Z",
            "crn": "crn:v1:bluemix:public:resource-controller::a/e65910fa61ce9072d64902d03f3d4774::resource-group:045fcf0192ad49c9890b499875af4a82",
            "default": false,
            "id": "045fcf0192ad49c9890b499875af4a82",
            "name": "jaffasx-01-workload-rg",
            "payment_methods_url": null,
            "quota_id": "a3d7b8d01e261c24677937c29ab33f3c",
            "quota_url": "/v2/quota_definitions/a3d7b8d01e261c24677937c29ab33f3c",
            "resource_linkages": [],
            "state": "ACTIVE",
            "tags": null,
            "teams_url": null,
            "updated_at": "2022-11-23T10:11:22.952Z"
          },
          "sensitive_attributes": [],
          "private": "bnVsbA=="
        }
      ]
    },
    {
      "module": "module.landing_zone.module.landing_zone",
      "mode": "managed",
      "type": "ibm_resource_instance",
      "name": "cos",
      "provider": "module.landing_zone.provider[\"registry.terraform.io/ibm-cloud/ibm\"]",
      "instances": [
        {
          "index_key": "atracker-cos",
          "schema_version": 0,
          "attributes": {
            "account_id": "e65910fa61ce9072d64902d03f3d4774",
            "allow_cleanup": false,
            "created_at": "2022-11-23T10:11:27.750Z",
            "created_by": "IBMid-1100008VS5",
            "crn": "crn:v1:bluemix:public:cloud-object-storage:global:a/e65910fa61ce9072d64902d03f3d4774:d8fab7ab-dcc4-425d-ad9a-defb1636933e::",
            "dashboard_url": "https://cloud.ibm.com/objectstorage/crn%3Av1%3Abluemix%3Apublic%3Acloud-object-storage%3Aglobal%3Aa%2Fe65910fa61ce9072d64902d03f3d4774%3Ad8fab7ab-dcc4-425d-ad9a-defb1636933e%3A%3A",
            "deleted_at": null,
            "deleted_by": "",
            "extensions": {},
            "guid": "d8fab7ab-dcc4-425d-ad9a-defb1636933e",
            "id": "crn:v1:bluemix:public:cloud-object-storage:global:a/e65910fa61ce9072d64902d03f3d4774:d8fab7ab-dcc4-425d-ad9a-defb1636933e::",
            "last_operation": {
              "async": "false",
              "cancelable": "false",
              "description": "Completed create instance operation",
              "poll": "false",
              "state": "succeeded",
              "type": "create"
            },
            "location": "global",
            "locked": false,
            "name": "jaffasx-01-atracker-cos-rrkljkxj",
            "parameters": null,
            "parameters_json": null,
            "plan": "standard",
            "plan_history": [
              {
                "resource_plan_id": "744bfc56-d12c-4866-88d5-dac9139e0e5d",
                "start_date": "2022-11-23T10:11:27.750Z"
              }
            ],
            "resource_aliases_url": "/v2/resource_instances/d8fab7ab-dcc4-425d-ad9a-defb1636933e/resource_aliases",
            "resource_bindings_url": "/v2/resource_instances/d8fab7ab-dcc4-425d-ad9a-defb1636933e/resource_bindings",
            "resource_controller_url": "https://cloud.ibm.com/services/",
            "resource_crn": "crn:v1:bluemix:public:cloud-object-storage:global:a/e65910fa61ce9072d64902d03f3d4774:d8fab7ab-dcc4-425d-ad9a-defb1636933e::",
            "resource_group_crn": "crn:v1:bluemix:public:resource-controller::a/e65910fa61ce9072d64902d03f3d4774::resource-group:94986acffea5461a89be6b00ada8afdd",
            "resource_group_id": "94986acffea5461a89be6b00ada8afdd",
            "resource_group_name": "crn:v1:bluemix:public:resource-controller::a/e65910fa61ce9072d64902d03f3d4774::resource-group:94986acffea5461a89be6b00ada8afdd",
            "resource_id": "dff97f5c-bc5e-4455-b470-411c3edbe49c",
            "resource_keys_url": "/v2/resource_instances/d8fab7ab-dcc4-425d-ad9a-defb1636933e/resource_keys",
            "resource_name": "jaffasx-01-atracker-cos-rrkljkxj",
            "resource_plan_id": "744bfc56-d12c-4866-88d5-dac9139e0e5d",
            "resource_status": "active",
            "restored_at": null,
            "restored_by": "",
            "scheduled_reclaim_at": null,
            "scheduled_reclaim_by": "",
            "service": "cloud-object-storage",
            "service_endpoints": null,
            "state": "active",
            "status": "active",
            "sub_type": "",
            "tags": [],
            "target_crn": "crn:v1:bluemix:public:globalcatalog::::deployment:744bfc56-d12c-4866-88d5-dac9139e0e5d%3Aglobal",
            "timeouts": null,
            "type": "service_instance",
            "update_at": "2022-11-23T10:11:30.467Z",
            "update_by": ""
          },
          "sensitive_attributes": [],
          "private": "eyJlMmJmYjczMC1lY2FhLTExZTYtOGY4OC0zNDM2M2JjN2M0YzAiOnsiY3JlYXRlIjo2MDAwMDAwMDAwMDAsImRlbGV0ZSI6NjAwMDAwMDAwMDAwLCJ1cGRhdGUiOjYwMDAwMDAwMDAwMH19",
          "dependencies": [
            "module.landing_zone.module.landing_zone.data.ibm_resource_group.resource_groups",
            "module.landing_zone.module.landing_zone.ibm_resource_group.resource_groups",
            "module.landing_zone.module.landing_zone.random_string.random_cos_suffix"
          ]
        },
        {
          "index_key": "cos",
          "schema_version": 0,
          "attributes": {
            "account_id": "e65910fa61ce9072d64902d03f3d4774",
            "allow_cleanup": false,
            "created_at": "2022-11-23T10:11:27.695Z",
            "created_by": "IBMid-1100008VS5",
            "crn": "crn:v1:bluemix:public:cloud-object-storage:global:a/e65910fa61ce9072d64902d03f3d4774:4c6a279c-2cda-4006-bea1-f90b98aafb83::",
            "dashboard_url": "https://cloud.ibm.com/objectstorage/crn%3Av1%3Abluemix%3Apublic%3Acloud-object-storage%3Aglobal%3Aa%2Fe65910fa61ce9072d64902d03f3d4774%3A4c6a279c-2cda-4006-bea1-f90b98aafb83%3A%3A",
            "deleted_at": null,
            "deleted_by": "",
            "extensions": {},
            "guid": "4c6a279c-2cda-4006-bea1-f90b98aafb83",
            "id": "crn:v1:bluemix:public:cloud-object-storage:global:a/e65910fa61ce9072d64902d03f3d4774:4c6a279c-2cda-4006-bea1-f90b98aafb83::",
            "last_operation": {
              "async": "false",
              "cancelable": "false",
              "description": "Completed create instance operation",
              "poll": "false",
              "state": "succeeded",
              "type": "create"
            },
            "location": "global",
            "locked": false,
            "name": "jaffasx-01-cos-rrkljkxj",
            "parameters": null,
            "parameters_json": null,
            "plan": "standard",
            "plan_history": [
              {
                "resource_plan_id": "744bfc56-d12c-4866-88d5-dac9139e0e5d",
                "start_date": "2022-11-23T10:11:27.695Z"
              }
            ],
            "resource_aliases_url": "/v2/resource_instances/4c6a279c-2cda-4006-bea1-f90b98aafb83/resource_aliases",
            "resource_bindings_url": "/v2/resource_instances/4c6a279c-2cda-4006-bea1-f90b98aafb83/resource_bindings",
            "resource_controller_url": "https://cloud.ibm.com/services/",
            "resource_crn": "crn:v1:bluemix:public:cloud-object-storage:global:a/e65910fa61ce9072d64902d03f3d4774:4c6a279c-2cda-4006-bea1-f90b98aafb83::",
            "resource_group_crn": "crn:v1:bluemix:public:resource-controller::a/e65910fa61ce9072d64902d03f3d4774::resource-group:94986acffea5461a89be6b00ada8afdd",
            "resource_group_id": "94986acffea5461a89be6b00ada8afdd",
            "resource_group_name": "crn:v1:bluemix:public:resource-controller::a/e65910fa61ce9072d64902d03f3d4774::resource-group:94986acffea5461a89be6b00ada8afdd",
            "resource_id": "dff97f5c-bc5e-4455-b470-411c3edbe49c",
            "resource_keys_url": "/v2/resource_instances/4c6a279c-2cda-4006-bea1-f90b98aafb83/resource_keys",
            "resource_name": "jaffasx-01-cos-rrkljkxj",
            "resource_plan_id": "744bfc56-d12c-4866-88d5-dac9139e0e5d",
            "resource_status": "active",
            "restored_at": null,
            "restored_by": "",
            "scheduled_reclaim_at": null,
            "scheduled_reclaim_by": "",
            "service": "cloud-object-storage",
            "service_endpoints": null,
            "state": "active",
            "status": "active",
            "sub_type": "",
            "tags": [],
            "target_crn": "crn:v1:bluemix:public:globalcatalog::::deployment:744bfc56-d12c-4866-88d5-dac9139e0e5d%3Aglobal",
            "timeouts": null,
            "type": "service_instance",
            "update_at": "2022-11-23T10:11:29.599Z",
            "update_by": ""
          },
          "sensitive_attributes": [],
          "private": "eyJlMmJmYjczMC1lY2FhLTExZTYtOGY4OC0zNDM2M2JjN2M0YzAiOnsiY3JlYXRlIjo2MDAwMDAwMDAwMDAsImRlbGV0ZSI6NjAwMDAwMDAwMDAwLCJ1cGRhdGUiOjYwMDAwMDAwMDAwMH19",
          "dependencies": [
            "module.landing_zone.module.landing_zone.data.ibm_resource_group.resource_groups",
            "module.landing_zone.module.landing_zone.ibm_resource_group.resource_groups",
            "module.landing_zone.module.landing_zone.random_string.random_cos_suffix"
          ]
        }
      ]
    },
    {
      "module": "module.landing_zone.module.landing_zone",
      "mode": "managed",
      "type": "ibm_resource_key",
      "name": "key",
      "provider": "module.landing_zone.provider[\"registry.terraform.io/ibm-cloud/ibm\"]",
      "instances": [
        {
          "index_key": "cos-bind-key",
          "schema_version": 0,
          "attributes": {
            "account_id": "e65910fa61ce9072d64902d03f3d4774",
            "created_at": "2022-11-23T10:11:45.069Z",
            "created_by": "IBMid-1100008VS5",
            "credentials": {
              "apikey": "BFa21kTYNWgc0EFFvNof4rY_7MYlezqYDBdKCyhRIVKB",
              "endpoints": "https://control.cloud-object-storage.cloud.ibm.com/v2/endpoints",
              "iam_apikey_description": "Auto-generated for key crn:v1:bluemix:public:cloud-object-storage:global:a/e65910fa61ce9072d64902d03f3d4774:d8fab7ab-dcc4-425d-ad9a-defb1636933e:resource-key:9d9f0e81-4071-4205-a779-68ef8221b26e",
              "iam_apikey_name": "jaffasx-01-cos-bind-key-rrkljkxj",
              "iam_role_crn": "crn:v1:bluemix:public:iam::::serviceRole:Writer",
              "iam_serviceid_crn": "crn:v1:bluemix:public:iam-identity::a/e65910fa61ce9072d64902d03f3d4774::serviceid:ServiceId-c2ebdbab-7e9f-4edb-80ba-54f62bf6a03e",
              "resource_instance_id": "crn:v1:bluemix:public:cloud-object-storage:global:a/e65910fa61ce9072d64902d03f3d4774:d8fab7ab-dcc4-425d-ad9a-defb1636933e::"
            },
            "credentials_json": "{\"apikey\":\"BFa21kTYNWgc0EFFvNof4rY_7MYlezqYDBdKCyhRIVKB\",\"endpoints\":\"https://control.cloud-object-storage.cloud.ibm.com/v2/endpoints\",\"iam_apikey_description\":\"Auto-generated for key crn:v1:bluemix:public:cloud-object-storage:global:a/e65910fa61ce9072d64902d03f3d4774:d8fab7ab-dcc4-425d-ad9a-defb1636933e:resource-key:9d9f0e81-4071-4205-a779-68ef8221b26e\",\"iam_apikey_name\":\"jaffasx-01-cos-bind-key-rrkljkxj\",\"iam_role_crn\":\"crn:v1:bluemix:public:iam::::serviceRole:Writer\",\"iam_serviceid_crn\":\"crn:v1:bluemix:public:iam-identity::a/e65910fa61ce9072d64902d03f3d4774::serviceid:ServiceId-c2ebdbab-7e9f-4edb-80ba-54f62bf6a03e\",\"resource_instance_id\":\"crn:v1:bluemix:public:cloud-object-storage:global:a/e65910fa61ce9072d64902d03f3d4774:d8fab7ab-dcc4-425d-ad9a-defb1636933e::\"}",
            "crn": "crn:v1:bluemix:public:cloud-object-storage:global:a/e65910fa61ce9072d64902d03f3d4774:d8fab7ab-dcc4-425d-ad9a-defb1636933e:resource-key:9d9f0e81-4071-4205-a779-68ef8221b26e",
            "deleted_at": "",
            "deleted_by": "",
            "guid": "9d9f0e81-4071-4205-a779-68ef8221b26e",
            "iam_compatible": true,
            "id": "crn:v1:bluemix:public:cloud-object-storage:global:a/e65910fa61ce9072d64902d03f3d4774:d8fab7ab-dcc4-425d-ad9a-defb1636933e:resource-key:9d9f0e81-4071-4205-a779-68ef8221b26e",
            "name": "jaffasx-01-cos-bind-key-rrkljkxj",
            "parameters": null,
            "resource_alias_id": null,
            "resource_group_id": "94986acffea5461a89be6b00ada8afdd",
            "resource_instance_id": "crn:v1:bluemix:public:cloud-object-storage:global:a/e65910fa61ce9072d64902d03f3d4774:d8fab7ab-dcc4-425d-ad9a-defb1636933e::",
            "resource_instance_url": "/v2/resource_instances/d8fab7ab-dcc4-425d-ad9a-defb1636933e",
            "role": "Writer",
            "source_crn": "crn:v1:bluemix:public:cloud-object-storage:global:a/e65910fa61ce9072d64902d03f3d4774:d8fab7ab-dcc4-425d-ad9a-defb1636933e::",
            "state": "active",
            "status": "active",
            "tags": null,
            "timeouts": null,
            "updated_at": "2022-11-23T10:11:45.069Z",
            "updated_by": "",
            "url": "/v2/resource_keys/9d9f0e81-4071-4205-a779-68ef8221b26e"
          },
          "sensitive_attributes": [],
          "private": "eyJlMmJmYjczMC1lY2FhLTExZTYtOGY4OC0zNDM2M2JjN2M0YzAiOnsiY3JlYXRlIjo2MDAwMDAwMDAwMDAsImRlbGV0ZSI6NjAwMDAwMDAwMDAwfX0=",
          "dependencies": [
            "module.landing_zone.module.landing_zone.data.ibm_resource_group.resource_groups",
            "module.landing_zone.module.landing_zone.data.ibm_resource_instance.cos",
            "module.landing_zone.module.landing_zone.ibm_resource_group.resource_groups",
            "module.landing_zone.module.landing_zone.ibm_resource_instance.cos",
            "module.landing_zone.module.landing_zone.random_string.random_cos_suffix"
          ]
        }
      ]
    },
    {
      "module": "module.landing_zone.module.landing_zone",
      "mode": "managed",
      "type": "ibm_tg_connection",
      "name": "connection",
      "provider": "module.landing_zone.provider[\"registry.terraform.io/ibm-cloud/ibm\"]",
      "instances": [
        {
          "index_key": "management",
          "schema_version": 0,
          "attributes": {
            "base_connection_id": null,
            "connection_id": "5e51fba6-aea5-4ea2-af26-892e075966f8",
            "created_at": "2022-11-23T10:13:15.702Z",
            "gateway": "719842f5-2868-4db4-9e02-22e98f5c930b",
            "id": "719842f5-2868-4db4-9e02-22e98f5c930b/5e51fba6-aea5-4ea2-af26-892e075966f8",
            "local_gateway_ip": null,
            "local_tunnel_ip": null,
            "name": "jaffasx-01-management-hub-connection",
            "network_account_id": null,
            "network_id": "crn:v1:bluemix:public:is:us-south:a/e65910fa61ce9072d64902d03f3d4774::vpc:r006-81aef8a0-7234-4979-8d68-891f1c38ac90",
            "network_type": "vpc",
            "related_crn": "crn:v1:bluemix:public:transit:us-south:a/e65910fa61ce9072d64902d03f3d4774::gateway:719842f5-2868-4db4-9e02-22e98f5c930b",
            "remote_bgp_asn": null,
            "remote_gateway_ip": null,
            "remote_tunnel_ip": null,
            "request_status": null,
            "status": "attached",
            "timeouts": {
              "create": "30m",
              "delete": "30m",
              "update": null
            },
            "updated_at": "2022-11-23T10:14:25.975Z",
            "zone": null
          },
          "sensitive_attributes": [],
          "private": "eyJlMmJmYjczMC1lY2FhLTExZTYtOGY4OC0zNDM2M2JjN2M0YzAiOnsiY3JlYXRlIjoxODAwMDAwMDAwMDAwLCJkZWxldGUiOjE4MDAwMDAwMDAwMDAsInVwZGF0ZSI6NjAwMDAwMDAwMDAwfX0=",
          "dependencies": [
            "module.landing_zone.module.landing_zone.data.ibm_resource_group.resource_groups",
            "module.landing_zone.module.landing_zone.ibm_resource_group.resource_groups",
            "module.landing_zone.module.landing_zone.ibm_tg_gateway.transit_gateway",
            "module.landing_zone.module.landing_zone.module.vpc.ibm_is_network_acl.network_acl",
            "module.landing_zone.module.landing_zone.module.vpc.ibm_is_public_gateway.gateway",
            "module.landing_zone.module.landing_zone.module.vpc.ibm_is_security_group_rule.default_vpc_rule",
            "module.landing_zone.module.landing_zone.module.vpc.ibm_is_subnet.subnet",
            "module.landing_zone.module.landing_zone.module.vpc.ibm_is_vpc.vpc",
            "module.landing_zone.module.landing_zone.module.vpc.ibm_is_vpc_address_prefix.address_prefixes",
            "module.landing_zone.module.landing_zone.module.vpc.ibm_is_vpc_address_prefix.subnet_prefix",
            "module.landing_zone.module.landing_zone.module.vpc.ibm_is_vpc_route.route"
          ]
        },
        {
          "index_key": "workload",
          "schema_version": 0,
          "attributes": {
            "base_connection_id": null,
            "connection_id": "992d8856-829c-4212-9f9a-805fb8bb8193",
            "created_at": "2022-11-23T10:13:20.834Z",
            "gateway": "719842f5-2868-4db4-9e02-22e98f5c930b",
            "id": "719842f5-2868-4db4-9e02-22e98f5c930b/992d8856-829c-4212-9f9a-805fb8bb8193",
            "local_gateway_ip": null,
            "local_tunnel_ip": null,
            "name": "jaffasx-01-workload-hub-connection",
            "network_account_id": null,
            "network_id": "crn:v1:bluemix:public:is:us-south:a/e65910fa61ce9072d64902d03f3d4774::vpc:r006-d8465333-260c-4e38-9519-e9f1eec2f3d5",
            "network_type": "vpc",
            "related_crn": "crn:v1:bluemix:public:transit:us-south:a/e65910fa61ce9072d64902d03f3d4774::gateway:719842f5-2868-4db4-9e02-22e98f5c930b",
            "remote_bgp_asn": null,
            "remote_gateway_ip": null,
            "remote_tunnel_ip": null,
            "request_status": null,
            "status": "attached",
            "timeouts": {
              "create": "30m",
              "delete": "30m",
              "update": null
            },
            "updated_at": "2022-11-23T10:15:00.318Z",
            "zone": null
          },
          "sensitive_attributes": [],
          "private": "eyJlMmJmYjczMC1lY2FhLTExZTYtOGY4OC0zNDM2M2JjN2M0YzAiOnsiY3JlYXRlIjoxODAwMDAwMDAwMDAwLCJkZWxldGUiOjE4MDAwMDAwMDAwMDAsInVwZGF0ZSI6NjAwMDAwMDAwMDAwfX0=",
          "dependencies": [
            "module.landing_zone.module.landing_zone.data.ibm_resource_group.resource_groups",
            "module.landing_zone.module.landing_zone.ibm_resource_group.resource_groups",
            "module.landing_zone.module.landing_zone.ibm_tg_gateway.transit_gateway",
            "module.landing_zone.module.landing_zone.module.vpc.ibm_is_network_acl.network_acl",
            "module.landing_zone.module.landing_zone.module.vpc.ibm_is_public_gateway.gateway",
            "module.landing_zone.module.landing_zone.module.vpc.ibm_is_security_group_rule.default_vpc_rule",
            "module.landing_zone.module.landing_zone.module.vpc.ibm_is_subnet.subnet",
            "module.landing_zone.module.landing_zone.module.vpc.ibm_is_vpc.vpc",
            "module.landing_zone.module.landing_zone.module.vpc.ibm_is_vpc_address_prefix.address_prefixes",
            "module.landing_zone.module.landing_zone.module.vpc.ibm_is_vpc_address_prefix.subnet_prefix",
            "module.landing_zone.module.landing_zone.module.vpc.ibm_is_vpc_route.route"
          ]
        }
      ]
    },
    {
      "module": "module.landing_zone.module.landing_zone",
      "mode": "managed",
      "type": "ibm_tg_gateway",
      "name": "transit_gateway",
      "provider": "module.landing_zone.provider[\"registry.terraform.io/ibm-cloud/ibm\"]",
      "instances": [
        {
          "index_key": 0,
          "schema_version": 0,
          "attributes": {
            "created_at": "2022-11-23T10:11:29.341Z",
            "crn": "crn:v1:bluemix:public:transit:us-south:a/e65910fa61ce9072d64902d03f3d4774::gateway:719842f5-2868-4db4-9e02-22e98f5c930b",
            "global": false,
            "id": "719842f5-2868-4db4-9e02-22e98f5c930b",
            "location": "us-south",
            "name": "jaffasx-01-transit-gateway",
            "resource_controller_url": "https://cloud.ibm.com/interconnectivity/transit",
            "resource_crn": "crn:v1:bluemix:public:transit:us-south:a/e65910fa61ce9072d64902d03f3d4774::gateway:719842f5-2868-4db4-9e02-22e98f5c930b",
            "resource_group": "94986acffea5461a89be6b00ada8afdd",
            "resource_group_name": "94986acffea5461a89be6b00ada8afdd",
            "resource_name": "jaffasx-01-transit-gateway",
            "resource_status": "available",
            "status": "available",
            "tags": [],
            "timeouts": {
              "create": "30m",
              "delete": "30m",
              "update": null
            },
            "updated_at": "2022-11-23T10:13:03.354Z"
          },
          "sensitive_attributes": [],
          "private": "eyJlMmJmYjczMC1lY2FhLTExZTYtOGY4OC0zNDM2M2JjN2M0YzAiOnsiY3JlYXRlIjoxODAwMDAwMDAwMDAwLCJkZWxldGUiOjE4MDAwMDAwMDAwMDAsInVwZGF0ZSI6NjAwMDAwMDAwMDAwfX0=",
          "dependencies": [
            "module.landing_zone.module.landing_zone.data.ibm_resource_group.resource_groups",
            "module.landing_zone.module.landing_zone.ibm_resource_group.resource_groups"
          ]
        }
      ]
    },
    {
      "module": "module.landing_zone.module.landing_zone",
      "mode": "managed",
      "type": "random_string",
      "name": "random_cos_suffix",
      "provider": "provider[\"registry.terraform.io/hashicorp/random\"]",
      "instances": [
        {
          "schema_version": 2,
          "attributes": {
            "id": "rrkljkxj",
            "keepers": null,
            "length": 8,
            "lower": true,
            "min_lower": 0,
            "min_numeric": 0,
            "min_special": 0,
            "min_upper": 0,
            "number": true,
            "numeric": true,
            "override_special": null,
            "result": "rrkljkxj",
            "special": false,
            "upper": false
          },
          "sensitive_attributes": []
        }
      ]
    },
    {
      "module": "module.landing_zone.module.landing_zone.module.dynamic_values.module.ut_f5.module.f5_cloud_init[\"ut-f5-zone-1\"]",
      "mode": "data",
      "type": "template_file",
      "name": "user_data",
      "provider": "provider[\"registry.terraform.io/hashicorp/template\"]",
      "instances": [
        {
          "schema_version": 0,
          "attributes": {
            "filename": null,
            "id": "3835542ff9ce5bfdb9634a6cd32e500d99fa9b51562138100f45688a0095e5f5",
            "rendered": "#cloud-config\nchpasswd:\n  expire: false\n  list: |\n    admin:null\ntmos_dhcpv4_tmm:\n  enabled: true\n  rd_enabled: false\n  icontrollx_trusted_sources: false\n  inject_routes: true\n  configsync_interface: 1.1\n  default_route_interface: 1.2\n  dhcp_timeout: 120\n  dhcpv4_options:\n    mgmt:\n      host-name: f5-ve-01\n      domain-name: local\n    '1.2':\n      routers: 10.0.0.1\n  do_enabled: true\n  do_declaration: null\n  do_declaration_url: null\n  as3_enabled: true\n  as3_declaration_url: null\n  ts_enabled: true\n  ts_declaration_url: null\n  phone_home_url: null\n  phone_home_url_verify_tls: false\n  phone_home_url_metadata:\n    template_source: f5devcentral/ibmcloud_schematics_bigip_multinic_declared\n    template_version: 20210201\n    zone: 1-zone\n    vpc: 1234\n    app_id: null\n  tgactive_url: \n  tgstandby_url: null\n  tgrefresh_url: null\n",
            "template": "#cloud-config\nchpasswd:\n  expire: false\n  list: |\n    admin:${tmos_admin_password}\ntmos_dhcpv4_tmm:\n  enabled: true\n  rd_enabled: false\n  icontrollx_trusted_sources: false\n  inject_routes: true\n  configsync_interface: ${configsync_interface}\n  default_route_interface: ${default_route_interface}\n  dhcp_timeout: 120\n  dhcpv4_options:\n    mgmt:\n      host-name: ${hostname}\n      domain-name: ${domain}\n    '${default_route_interface}':\n      routers: ${default_route_gateway}\n  do_enabled: true\n  do_declaration: ${do_local_declaration}\n  do_declaration_url: ${do_declaration_url}\n  as3_enabled: true\n  as3_declaration_url: ${as3_declaration_url}\n  ts_enabled: true\n  ts_declaration_url: ${ts_declaration_url}\n  phone_home_url: ${phone_home_url}\n  phone_home_url_verify_tls: false\n  phone_home_url_metadata:\n    template_source: ${template_source}\n    template_version: ${template_version}\n    zone: ${zone}\n    vpc: ${vpc}\n    app_id: ${app_id}\n  tgactive_url: ${tgactive_url}\n  tgstandby_url: ${tgstandby_url}\n  tgrefresh_url: ${tgrefresh_url}\n",
            "vars": {
              "app_id": "null",
              "as3_declaration_url": "null",
              "configsync_interface": "1.1",
              "default_route_gateway": "10.0.0.1",
              "default_route_interface": "1.2",
              "do_declaration_url": "null",
              "do_local_declaration": "null",
              "domain": "local",
              "hostname": "f5-ve-01",
              "phone_home_url": "null",
              "template_source": "f5devcentral/ibmcloud_schematics_bigip_multinic_declared",
              "template_version": "20210201",
              "tgactive_url": "",
              "tgrefresh_url": "null",
              "tgstandby_url": "null",
              "tmos_admin_password": "null",
              "ts_declaration_url": "null",
              "vpc": "1234",
              "zone": "1-zone"
            }
          },
          "sensitive_attributes": [
            [
              {
                "type": "get_attr",
                "value": "vars"
              },
              {
                "type": "index",
                "value": {
                  "value": "tmos_admin_password",
                  "type": "string"
                }
              }
            ]
          ]
        }
      ]
    },
    {
      "module": "module.landing_zone.module.landing_zone.module.key_management",
      "mode": "managed",
      "type": "ibm_kms_key",
      "name": "key",
      "provider": "module.landing_zone.provider[\"registry.terraform.io/ibm-cloud/ibm\"]",
      "instances": [
        {
          "index_key": "jaffasx-01-atracker-key",
          "schema_version": 0,
          "attributes": {
            "crn": "crn:v1:bluemix:public:kms:us-south:a/e65910fa61ce9072d64902d03f3d4774:1628d3b4-92f6-4553-9998-4e433b56286d:key:33f30bd4-499e-4fac-80ea-475fd4f385c4",
            "encrypted_nonce": "",
            "endpoint_type": "public",
            "expiration_date": "",
            "force_delete": true,
            "id": "crn:v1:bluemix:public:kms:us-south:a/e65910fa61ce9072d64902d03f3d4774:1628d3b4-92f6-4553-9998-4e433b56286d:key:33f30bd4-499e-4fac-80ea-475fd4f385c4",
            "instance_crn": "crn:v1:bluemix:public:kms:us-south:a/e65910fa61ce9072d64902d03f3d4774:1628d3b4-92f6-4553-9998-4e433b56286d::",
            "instance_id": "1628d3b4-92f6-4553-9998-4e433b56286d",
            "iv_value": "",
            "key_id": "33f30bd4-499e-4fac-80ea-475fd4f385c4",
            "key_name": "jaffasx-01-atracker-key",
            "key_ring_id": "jaffasx-01-slz-ring",
            "payload": "",
            "resource_controller_url": "https://cloud.ibm.com/services/kms/crn%3Av1%3Abluemix%3Apublic%3Akms%3Aus-south%3Aa%2Fe65910fa61ce9072d64902d03f3d4774%3A1628d3b4-92f6-4553-9998-4e433b56286d%3A%3A",
            "resource_crn": "crn:v1:bluemix:public:kms:us-south:a/e65910fa61ce9072d64902d03f3d4774:1628d3b4-92f6-4553-9998-4e433b56286d:key:33f30bd4-499e-4fac-80ea-475fd4f385c4",
            "resource_group_name": null,
            "resource_name": "jaffasx-01-atracker-key",
            "resource_status": "1",
            "standard_key": false,
            "timeouts": null,
            "type": "kms"
          },
          "sensitive_attributes": [],
          "private": "eyJlMmJmYjczMC1lY2FhLTExZTYtOGY4OC0zNDM2M2JjN2M0YzAiOnsiY3JlYXRlIjo2MDAwMDAwMDAwMDAsInVwZGF0ZSI6NjAwMDAwMDAwMDAwfX0=",
          "dependencies": [
            "module.landing_zone.module.landing_zone.data.ibm_resource_group.resource_groups",
            "module.landing_zone.module.landing_zone.ibm_resource_group.resource_groups",
            "module.landing_zone.module.landing_zone.module.key_management.data.ibm_resource_instance.hpcs_instance",
            "module.landing_zone.module.landing_zone.module.key_management.data.ibm_resource_instance.kms",
            "module.landing_zone.module.landing_zone.module.key_management.ibm_kms_key_rings.rings",
            "module.landing_zone.module.landing_zone.module.key_management.ibm_resource_instance.kms"
          ]
        },
        {
          "index_key": "jaffasx-01-slz-key",
          "schema_version": 0,
          "attributes": {
            "crn": "crn:v1:bluemix:public:kms:us-south:a/e65910fa61ce9072d64902d03f3d4774:1628d3b4-92f6-4553-9998-4e433b56286d:key:3e6847c0-b892-41f7-859e-61af5537a7ef",
            "encrypted_nonce": "",
            "endpoint_type": "public",
            "expiration_date": "",
            "force_delete": true,
            "id": "crn:v1:bluemix:public:kms:us-south:a/e65910fa61ce9072d64902d03f3d4774:1628d3b4-92f6-4553-9998-4e433b56286d:key:3e6847c0-b892-41f7-859e-61af5537a7ef",
            "instance_crn": "crn:v1:bluemix:public:kms:us-south:a/e65910fa61ce9072d64902d03f3d4774:1628d3b4-92f6-4553-9998-4e433b56286d::",
            "instance_id": "1628d3b4-92f6-4553-9998-4e433b56286d",
            "iv_value": "",
            "key_id": "3e6847c0-b892-41f7-859e-61af5537a7ef",
            "key_name": "jaffasx-01-slz-key",
            "key_ring_id": "jaffasx-01-slz-ring",
            "payload": "",
            "resource_controller_url": "https://cloud.ibm.com/services/kms/crn%3Av1%3Abluemix%3Apublic%3Akms%3Aus-south%3Aa%2Fe65910fa61ce9072d64902d03f3d4774%3A1628d3b4-92f6-4553-9998-4e433b56286d%3A%3A",
            "resource_crn": "crn:v1:bluemix:public:kms:us-south:a/e65910fa61ce9072d64902d03f3d4774:1628d3b4-92f6-4553-9998-4e433b56286d:key:3e6847c0-b892-41f7-859e-61af5537a7ef",
            "resource_group_name": null,
            "resource_name": "jaffasx-01-slz-key",
            "resource_status": "1",
            "standard_key": false,
            "timeouts": null,
            "type": "kms"
          },
          "sensitive_attributes": [],
          "private": "eyJlMmJmYjczMC1lY2FhLTExZTYtOGY4OC0zNDM2M2JjN2M0YzAiOnsiY3JlYXRlIjo2MDAwMDAwMDAwMDAsInVwZGF0ZSI6NjAwMDAwMDAwMDAwfX0=",
          "dependencies": [
            "module.landing_zone.module.landing_zone.data.ibm_resource_group.resource_groups",
            "module.landing_zone.module.landing_zone.ibm_resource_group.resource_groups",
            "module.landing_zone.module.landing_zone.module.key_management.data.ibm_resource_instance.hpcs_instance",
            "module.landing_zone.module.landing_zone.module.key_management.data.ibm_resource_instance.kms",
            "module.landing_zone.module.landing_zone.module.key_management.ibm_kms_key_rings.rings",
            "module.landing_zone.module.landing_zone.module.key_management.ibm_resource_instance.kms"
          ]
        },
        {
          "index_key": "jaffasx-01-vsi-volume-key",
          "schema_version": 0,
          "attributes": {
            "crn": "crn:v1:bluemix:public:kms:us-south:a/e65910fa61ce9072d64902d03f3d4774:1628d3b4-92f6-4553-9998-4e433b56286d:key:6d5df0d6-5041-42b8-8bd3-eb04b5f18fea",
            "encrypted_nonce": "",
            "endpoint_type": "public",
            "expiration_date": "",
            "force_delete": true,
            "id": "crn:v1:bluemix:public:kms:us-south:a/e65910fa61ce9072d64902d03f3d4774:1628d3b4-92f6-4553-9998-4e433b56286d:key:6d5df0d6-5041-42b8-8bd3-eb04b5f18fea",
            "instance_crn": "crn:v1:bluemix:public:kms:us-south:a/e65910fa61ce9072d64902d03f3d4774:1628d3b4-92f6-4553-9998-4e433b56286d::",
            "instance_id": "1628d3b4-92f6-4553-9998-4e433b56286d",
            "iv_value": "",
            "key_id": "6d5df0d6-5041-42b8-8bd3-eb04b5f18fea",
            "key_name": "jaffasx-01-vsi-volume-key",
            "key_ring_id": "jaffasx-01-slz-ring",
            "payload": "",
            "resource_controller_url": "https://cloud.ibm.com/services/kms/crn%3Av1%3Abluemix%3Apublic%3Akms%3Aus-south%3Aa%2Fe65910fa61ce9072d64902d03f3d4774%3A1628d3b4-92f6-4553-9998-4e433b56286d%3A%3A",
            "resource_crn": "crn:v1:bluemix:public:kms:us-south:a/e65910fa61ce9072d64902d03f3d4774:1628d3b4-92f6-4553-9998-4e433b56286d:key:6d5df0d6-5041-42b8-8bd3-eb04b5f18fea",
            "resource_group_name": null,
            "resource_name": "jaffasx-01-vsi-volume-key",
            "resource_status": "1",
            "standard_key": false,
            "timeouts": null,
            "type": "kms"
          },
          "sensitive_attributes": [],
          "private": "eyJlMmJmYjczMC1lY2FhLTExZTYtOGY4OC0zNDM2M2JjN2M0YzAiOnsiY3JlYXRlIjo2MDAwMDAwMDAwMDAsInVwZGF0ZSI6NjAwMDAwMDAwMDAwfX0=",
          "dependencies": [
            "module.landing_zone.module.landing_zone.data.ibm_resource_group.resource_groups",
            "module.landing_zone.module.landing_zone.ibm_resource_group.resource_groups",
            "module.landing_zone.module.landing_zone.module.key_management.data.ibm_resource_instance.hpcs_instance",
            "module.landing_zone.module.landing_zone.module.key_management.data.ibm_resource_instance.kms",
            "module.landing_zone.module.landing_zone.module.key_management.ibm_kms_key_rings.rings",
            "module.landing_zone.module.landing_zone.module.key_management.ibm_resource_instance.kms"
          ]
        }
      ]
    },
    {
      "module": "module.landing_zone.module.landing_zone.module.key_management",
      "mode": "managed",
      "type": "ibm_kms_key_policies",
      "name": "key_policy",
      "provider": "module.landing_zone.provider[\"registry.terraform.io/ibm-cloud/ibm\"]",
      "instances": [
        {
          "index_key": "jaffasx-01-atracker-key",
          "schema_version": 0,
          "attributes": {
            "alias": null,
            "dual_auth_delete": [],
            "endpoint_type": "public",
            "id": "crn:v1:bluemix:public:kms:us-south:a/e65910fa61ce9072d64902d03f3d4774:1628d3b4-92f6-4553-9998-4e433b56286d:key:33f30bd4-499e-4fac-80ea-475fd4f385c4",
            "instance_id": "1628d3b4-92f6-4553-9998-4e433b56286d",
            "key_id": "33f30bd4-499e-4fac-80ea-475fd4f385c4",
            "resource_crn": "crn:v1:bluemix:public:kms:us-south:a/e65910fa61ce9072d64902d03f3d4774:1628d3b4-92f6-4553-9998-4e433b56286d:key:33f30bd4-499e-4fac-80ea-475fd4f385c4",
            "resource_name": "jaffasx-01-atracker-key",
            "resource_status": "1",
            "rotation": [
              {
                "created_by": "IBMid-1100008VS5",
                "creation_date": "2022-11-23 10:12:21 +0000 UTC",
                "crn": "crn:v1:bluemix:public:kms:us-south:a/e65910fa61ce9072d64902d03f3d4774:1628d3b4-92f6-4553-9998-4e433b56286d:policy:5edd365d-e7fd-4c91-aa66-c48d81f2ab2f",
                "id": "5edd365d-e7fd-4c91-aa66-c48d81f2ab2f",
                "interval_month": 12,
                "last_update_date": "2022-11-23 10:12:21 +0000 UTC",
                "updated_by": "IBMid-1100008VS5"
              }
            ],
            "timeouts": null
          },
          "sensitive_attributes": [],
          "private": "eyJlMmJmYjczMC1lY2FhLTExZTYtOGY4OC0zNDM2M2JjN2M0YzAiOnsiY3JlYXRlIjo2MDAwMDAwMDAwMDAsInVwZGF0ZSI6NjAwMDAwMDAwMDAwfX0=",
          "dependencies": [
            "module.landing_zone.module.landing_zone.data.ibm_resource_group.resource_groups",
            "module.landing_zone.module.landing_zone.ibm_resource_group.resource_groups",
            "module.landing_zone.module.landing_zone.module.key_management.data.ibm_resource_instance.hpcs_instance",
            "module.landing_zone.module.landing_zone.module.key_management.data.ibm_resource_instance.kms",
            "module.landing_zone.module.landing_zone.module.key_management.ibm_kms_key.key",
            "module.landing_zone.module.landing_zone.module.key_management.ibm_kms_key_rings.rings",
            "module.landing_zone.module.landing_zone.module.key_management.ibm_resource_instance.kms"
          ]
        },
        {
          "index_key": "jaffasx-01-slz-key",
          "schema_version": 0,
          "attributes": {
            "alias": null,
            "dual_auth_delete": [],
            "endpoint_type": "public",
            "id": "crn:v1:bluemix:public:kms:us-south:a/e65910fa61ce9072d64902d03f3d4774:1628d3b4-92f6-4553-9998-4e433b56286d:key:3e6847c0-b892-41f7-859e-61af5537a7ef",
            "instance_id": "1628d3b4-92f6-4553-9998-4e433b56286d",
            "key_id": "3e6847c0-b892-41f7-859e-61af5537a7ef",
            "resource_crn": "crn:v1:bluemix:public:kms:us-south:a/e65910fa61ce9072d64902d03f3d4774:1628d3b4-92f6-4553-9998-4e433b56286d:key:3e6847c0-b892-41f7-859e-61af5537a7ef",
            "resource_name": "jaffasx-01-slz-key",
            "resource_status": "1",
            "rotation": [
              {
                "created_by": "IBMid-1100008VS5",
                "creation_date": "2022-11-23 10:12:14 +0000 UTC",
                "crn": "crn:v1:bluemix:public:kms:us-south:a/e65910fa61ce9072d64902d03f3d4774:1628d3b4-92f6-4553-9998-4e433b56286d:policy:c40cdf45-9e36-48ed-bbdb-dd9ca761c39f",
                "id": "c40cdf45-9e36-48ed-bbdb-dd9ca761c39f",
                "interval_month": 12,
                "last_update_date": "2022-11-23 10:12:14 +0000 UTC",
                "updated_by": "IBMid-1100008VS5"
              }
            ],
            "timeouts": null
          },
          "sensitive_attributes": [],
          "private": "eyJlMmJmYjczMC1lY2FhLTExZTYtOGY4OC0zNDM2M2JjN2M0YzAiOnsiY3JlYXRlIjo2MDAwMDAwMDAwMDAsInVwZGF0ZSI6NjAwMDAwMDAwMDAwfX0=",
          "dependencies": [
            "module.landing_zone.module.landing_zone.data.ibm_resource_group.resource_groups",
            "module.landing_zone.module.landing_zone.ibm_resource_group.resource_groups",
            "module.landing_zone.module.landing_zone.module.key_management.data.ibm_resource_instance.hpcs_instance",
            "module.landing_zone.module.landing_zone.module.key_management.data.ibm_resource_instance.kms",
            "module.landing_zone.module.landing_zone.module.key_management.ibm_kms_key.key",
            "module.landing_zone.module.landing_zone.module.key_management.ibm_kms_key_rings.rings",
            "module.landing_zone.module.landing_zone.module.key_management.ibm_resource_instance.kms"
          ]
        },
        {
          "index_key": "jaffasx-01-vsi-volume-key",
          "schema_version": 0,
          "attributes": {
            "alias": null,
            "dual_auth_delete": [],
            "endpoint_type": "public",
            "id": "crn:v1:bluemix:public:kms:us-south:a/e65910fa61ce9072d64902d03f3d4774:1628d3b4-92f6-4553-9998-4e433b56286d:key:6d5df0d6-5041-42b8-8bd3-eb04b5f18fea",
            "instance_id": "1628d3b4-92f6-4553-9998-4e433b56286d",
            "key_id": "6d5df0d6-5041-42b8-8bd3-eb04b5f18fea",
            "resource_crn": "crn:v1:bluemix:public:kms:us-south:a/e65910fa61ce9072d64902d03f3d4774:1628d3b4-92f6-4553-9998-4e433b56286d:key:6d5df0d6-5041-42b8-8bd3-eb04b5f18fea",
            "resource_name": "jaffasx-01-vsi-volume-key",
            "resource_status": "1",
            "rotation": [
              {
                "created_by": "IBMid-1100008VS5",
                "creation_date": "2022-11-23 10:12:22 +0000 UTC",
                "crn": "crn:v1:bluemix:public:kms:us-south:a/e65910fa61ce9072d64902d03f3d4774:1628d3b4-92f6-4553-9998-4e433b56286d:policy:ebcfcab1-e9e5-47f1-87f6-b90b83c1539b",
                "id": "ebcfcab1-e9e5-47f1-87f6-b90b83c1539b",
                "interval_month": 12,
                "last_update_date": "2022-11-23 10:12:22 +0000 UTC",
                "updated_by": "IBMid-1100008VS5"
              }
            ],
            "timeouts": null
          },
          "sensitive_attributes": [],
          "private": "eyJlMmJmYjczMC1lY2FhLTExZTYtOGY4OC0zNDM2M2JjN2M0YzAiOnsiY3JlYXRlIjo2MDAwMDAwMDAwMDAsInVwZGF0ZSI6NjAwMDAwMDAwMDAwfX0=",
          "dependencies": [
            "module.landing_zone.module.landing_zone.data.ibm_resource_group.resource_groups",
            "module.landing_zone.module.landing_zone.ibm_resource_group.resource_groups",
            "module.landing_zone.module.landing_zone.module.key_management.data.ibm_resource_instance.hpcs_instance",
            "module.landing_zone.module.landing_zone.module.key_management.data.ibm_resource_instance.kms",
            "module.landing_zone.module.landing_zone.module.key_management.ibm_kms_key.key",
            "module.landing_zone.module.landing_zone.module.key_management.ibm_kms_key_rings.rings",
            "module.landing_zone.module.landing_zone.module.key_management.ibm_resource_instance.kms"
          ]
        }
      ]
    },
    {
      "module": "module.landing_zone.module.landing_zone.module.key_management",
      "mode": "managed",
      "type": "ibm_kms_key_rings",
      "name": "rings",
      "provider": "module.landing_zone.provider[\"registry.terraform.io/ibm-cloud/ibm\"]",
      "instances": [
        {
          "index_key": "jaffasx-01-slz-ring",
          "schema_version": 0,
          "attributes": {
            "endpoint_type": "public",
            "id": "jaffasx-01-slz-ring:keyRing:crn:v1:bluemix:public:kms:us-south:a/e65910fa61ce9072d64902d03f3d4774:1628d3b4-92f6-4553-9998-4e433b56286d::",
            "instance_id": "1628d3b4-92f6-4553-9998-4e433b56286d",
            "key_ring_id": "jaffasx-01-slz-ring"
          },
          "sensitive_attributes": [],
          "private": "bnVsbA==",
          "dependencies": [
            "module.landing_zone.module.landing_zone.data.ibm_resource_group.resource_groups",
            "module.landing_zone.module.landing_zone.ibm_resource_group.resource_groups",
            "module.landing_zone.module.landing_zone.module.key_management.data.ibm_resource_instance.hpcs_instance",
            "module.landing_zone.module.landing_zone.module.key_management.data.ibm_resource_instance.kms",
            "module.landing_zone.module.landing_zone.module.key_management.ibm_resource_instance.kms"
          ]
        }
      ]
    },
    {
      "module": "module.landing_zone.module.landing_zone.module.key_management",
      "mode": "managed",
      "type": "ibm_resource_instance",
      "name": "kms",
      "provider": "module.landing_zone.provider[\"registry.terraform.io/ibm-cloud/ibm\"]",
      "instances": [
        {
          "index_key": 0,
          "schema_version": 0,
          "attributes": {
            "account_id": "e65910fa61ce9072d64902d03f3d4774",
            "allow_cleanup": false,
            "created_at": "2022-11-23T10:11:28.685Z",
            "created_by": "IBMid-1100008VS5",
            "crn": "crn:v1:bluemix:public:kms:us-south:a/e65910fa61ce9072d64902d03f3d4774:1628d3b4-92f6-4553-9998-4e433b56286d::",
            "dashboard_url": "/keyprotect/crn%3Av1%3Abluemix%3Apublic%3Akms%3Aus-south%3Aa%2Fe65910fa61ce9072d64902d03f3d4774%3A1628d3b4-92f6-4553-9998-4e433b56286d%3A%3A",
            "deleted_at": null,
            "deleted_by": "",
            "extensions": {
              "endpoints.private": "https://private.us-south.kms.cloud.ibm.com",
              "endpoints.public": "https://us-south.kms.cloud.ibm.com"
            },
            "guid": "1628d3b4-92f6-4553-9998-4e433b56286d",
            "id": "crn:v1:bluemix:public:kms:us-south:a/e65910fa61ce9072d64902d03f3d4774:1628d3b4-92f6-4553-9998-4e433b56286d::",
            "last_operation": {
              "async": "false",
              "cancelable": "false",
              "description": "Completed create instance operation",
              "poll": "false",
              "state": "succeeded",
              "type": "create"
            },
            "location": "us-south",
            "locked": false,
            "name": "jaffasx-01-slz-kms",
            "parameters": null,
            "parameters_json": null,
            "plan": "tiered-pricing",
            "plan_history": [
              {
                "resource_plan_id": "eedd3585-90c6-4c8f-be3d-062069e99fc3",
                "start_date": "2022-11-23T10:11:28.685Z"
              }
            ],
            "resource_aliases_url": "/v2/resource_instances/1628d3b4-92f6-4553-9998-4e433b56286d/resource_aliases",
            "resource_bindings_url": "/v2/resource_instances/1628d3b4-92f6-4553-9998-4e433b56286d/resource_bindings",
            "resource_controller_url": "https://cloud.ibm.com/services/",
            "resource_crn": "crn:v1:bluemix:public:kms:us-south:a/e65910fa61ce9072d64902d03f3d4774:1628d3b4-92f6-4553-9998-4e433b56286d::",
            "resource_group_crn": "crn:v1:bluemix:public:resource-controller::a/e65910fa61ce9072d64902d03f3d4774::resource-group:94986acffea5461a89be6b00ada8afdd",
            "resource_group_id": "94986acffea5461a89be6b00ada8afdd",
            "resource_group_name": "crn:v1:bluemix:public:resource-controller::a/e65910fa61ce9072d64902d03f3d4774::resource-group:94986acffea5461a89be6b00ada8afdd",
            "resource_id": "ee41347f-b18e-4ca6-bf80-b5467c63f9a6",
            "resource_keys_url": "/v2/resource_instances/1628d3b4-92f6-4553-9998-4e433b56286d/resource_keys",
            "resource_name": "jaffasx-01-slz-kms",
            "resource_plan_id": "eedd3585-90c6-4c8f-be3d-062069e99fc3",
            "resource_status": "active",
            "restored_at": null,
            "restored_by": "",
            "scheduled_reclaim_at": null,
            "scheduled_reclaim_by": "",
            "service": "kms",
            "service_endpoints": null,
            "state": "active",
            "status": "active",
            "sub_type": "kms",
            "tags": [],
            "target_crn": "crn:v1:bluemix:public:globalcatalog::::deployment:eedd3585-90c6-4c8f-be3d-062069e99fc3%3Aus-south",
            "timeouts": null,
            "type": "service_instance",
            "update_at": "2022-11-23T10:11:30.270Z",
            "update_by": ""
          },
          "sensitive_attributes": [],
          "private": "eyJlMmJmYjczMC1lY2FhLTExZTYtOGY4OC0zNDM2M2JjN2M0YzAiOnsiY3JlYXRlIjo2MDAwMDAwMDAwMDAsImRlbGV0ZSI6NjAwMDAwMDAwMDAwLCJ1cGRhdGUiOjYwMDAwMDAwMDAwMH19",
          "dependencies": [
            "module.landing_zone.module.landing_zone.data.ibm_resource_group.resource_groups",
            "module.landing_zone.module.landing_zone.ibm_resource_group.resource_groups"
          ]
        }
      ]
    },
    {
      "module": "module.landing_zone.module.landing_zone.module.ssh_keys",
      "mode": "managed",
      "type": "ibm_is_ssh_key",
      "name": "ssh_key",
      "provider": "module.landing_zone.provider[\"registry.terraform.io/ibm-cloud/ibm\"]",
      "instances": [
        {
          "index_key": "ssh-key",
          "schema_version": 0,
          "attributes": {
            "crn": "crn:v1:bluemix:public:is:us-south:a/e65910fa61ce9072d64902d03f3d4774::key:r006-ab06633d-2aba-4f51-bcee-c5a6f48652f1",
            "fingerprint": "SHA256:Oq582NIfh5SMDIisU9vbMlMOWAqMOwYZ2h0TU4b5KtY",
            "id": "r006-ab06633d-2aba-4f51-bcee-c5a6f48652f1",
            "length": 4096,
            "name": "jaffasx-01-ssh-key",
            "public_key": "ssh-rsa AAAAB3NzaC1yc2EAAAADAQABAAABgQCvQXV3yg/4Lu/o9mEMfXiwP2Nbkfn38VFBIK1jXvahGfvVKWEggD/5YqK+S4VUWvWN91+7s6CL0iYvtgY9whTgBkYiEG0enpsTJZD63g9ROkb8JuedYzdUe4M/OAJGr7YRxcPpufG77TDGzOAF1G5lHs3OUNZXDgRtzLSTqriRdxwmjlvTHYIVr6nYjpTqCrG5ErWCsImNooMjmbk7KLnVSTfxcCuSThVcq9HdwumdFZQc1hM4cnrj00JhXbrBbMSnr9fdcSMyffSyGYAbFbZn08rMcLLAXKGN0+FA2gLmmi8sUFOO/4aBE91glsb2a0k9IuOEoq5CcbDP+5D2356vSxJUMMIXG8w/3nweWNPrFqq9v59GDEiqzjZ0ditqAhzAloWrZ+XbtSdSvtLWnWAATx0s0YyvZ061voPjtG/YJ7MkHA0OaJHlSuFW5ABxconjtv4tedX0vG9hYqhgoX7DOWNRNBpvQKi3TKAnbvVhb36aXdfaHyx4sRaw13y/m+0=",
            "resource_controller_url": "https://cloud.ibm.com/vpc-ext/compute/sshKeys",
            "resource_crn": "crn:v1:bluemix:public:is:us-south:a/e65910fa61ce9072d64902d03f3d4774::key:r006-ab06633d-2aba-4f51-bcee-c5a6f48652f1",
            "resource_group": "fdd290732f7d47909181a189494e2990",
            "resource_group_name": "default",
            "resource_name": "jaffasx-01-ssh-key",
            "tags": [],
            "type": "rsa"
          },
          "sensitive_attributes": [],
          "private": "bnVsbA==",
          "dependencies": [
            "module.landing_zone.module.landing_zone.data.ibm_resource_group.resource_groups",
            "module.landing_zone.module.landing_zone.ibm_resource_group.resource_groups"
          ]
        }
      ]
    },
    {
      "module": "module.landing_zone.module.landing_zone.module.vpc[\"management\"]",
      "mode": "managed",
      "type": "ibm_is_network_acl",
      "name": "network_acl",
      "provider": "module.landing_zone.provider[\"registry.terraform.io/ibm-cloud/ibm\"]",
      "instances": [
        {
          "index_key": "management-acl",
          "schema_version": 0,
          "attributes": {
            "crn": "crn:v1:bluemix:public:is:us-south:a/e65910fa61ce9072d64902d03f3d4774::network-acl:r006-bd35ec6c-306d-42c1-ab88-3a7345581c37",
            "id": "r006-bd35ec6c-306d-42c1-ab88-3a7345581c37",
            "name": "jaffasx-01-management-acl",
            "resource_controller_url": "https://cloud.ibm.com/vpc-ext/network/acl",
            "resource_crn": null,
            "resource_group": "4c112b02f7424415b36a1480d7f15569",
            "resource_group_name": "jaffasx-01-management-rg",
            "resource_name": "jaffasx-01-management-acl",
            "rules": [
              {
                "action": "allow",
                "destination": "10.0.0.0/8",
                "direction": "inbound",
                "icmp": [],
                "id": "6a14a1f8-6bc2-4f4a-b6f3-41d5e46f465f",
                "ip_version": "ipv4",
                "name": "allow-ibm-inbound",
                "source": "161.26.0.0/16",
                "subnets": 0,
                "tcp": [],
                "udp": []
              },
              {
                "action": "allow",
                "destination": "10.0.0.0/8",
                "direction": "inbound",
                "icmp": [],
                "id": "44ef4616-563f-4520-88df-452b529b5e34",
                "ip_version": "ipv4",
                "name": "allow-all-network-inbound",
                "source": "10.0.0.0/8",
                "subnets": 0,
                "tcp": [],
                "udp": []
              },
              {
                "action": "allow",
                "destination": "0.0.0.0/0",
                "direction": "outbound",
                "icmp": [],
                "id": "7ee02d2d-6b96-45e6-88af-6037cfef13b2",
                "ip_version": "ipv4",
                "name": "allow-all-outbound",
                "source": "0.0.0.0/0",
                "subnets": 0,
                "tcp": [],
                "udp": []
              }
            ],
            "tags": [],
            "timeouts": null,
            "vpc": "r006-81aef8a0-7234-4979-8d68-891f1c38ac90"
          },
          "sensitive_attributes": [],
          "private": "eyJlMmJmYjczMC1lY2FhLTExZTYtOGY4OC0zNDM2M2JjN2M0YzAiOnsiY3JlYXRlIjo2MDAwMDAwMDAwMDAsImRlbGV0ZSI6NjAwMDAwMDAwMDAwfX0=",
          "dependencies": [
            "module.landing_zone.module.landing_zone.data.ibm_resource_group.resource_groups",
            "module.landing_zone.module.landing_zone.ibm_resource_group.resource_groups",
            "module.landing_zone.module.landing_zone.module.vpc.ibm_is_vpc.vpc"
          ]
        }
      ]
    },
    {
      "module": "module.landing_zone.module.landing_zone.module.vpc[\"management\"]",
      "mode": "managed",
      "type": "ibm_is_subnet",
      "name": "subnet",
      "provider": "module.landing_zone.provider[\"registry.terraform.io/ibm-cloud/ibm\"]",
      "instances": [
        {
          "index_key": "jaffasx-01-management-vpe-zone-1",
          "schema_version": 0,
          "attributes": {
            "access_tags": [],
            "available_ipv4_address_count": 251,
            "crn": "crn:v1:bluemix:public:is:us-south-1:a/e65910fa61ce9072d64902d03f3d4774::subnet:0717-08adadc9-5f37-4a23-9cb9-284d3623f980",
            "id": "0717-08adadc9-5f37-4a23-9cb9-284d3623f980",
            "ip_version": "ipv4",
            "ipv4_cidr_block": "10.10.20.0/24",
            "name": "jaffasx-01-management-vpe-zone-1",
            "network_acl": "r006-bd35ec6c-306d-42c1-ab88-3a7345581c37",
            "public_gateway": "",
            "resource_controller_url": "https://cloud.ibm.com/vpc-ext/network/subnets",
            "resource_crn": "crn:v1:bluemix:public:is:us-south-1:a/e65910fa61ce9072d64902d03f3d4774::subnet:0717-08adadc9-5f37-4a23-9cb9-284d3623f980",
            "resource_group": "4c112b02f7424415b36a1480d7f15569",
            "resource_group_name": "jaffasx-01-management-rg",
            "resource_name": "jaffasx-01-management-vpe-zone-1",
            "resource_status": "available",
            "routing_table": "r006-8c6e8dcb-4794-4b8f-a287-d314e77b6f84",
            "status": "available",
            "tags": [],
            "timeouts": null,
            "total_ipv4_address_count": 256,
            "vpc": "r006-81aef8a0-7234-4979-8d68-891f1c38ac90",
            "zone": "us-south-1"
          },
          "sensitive_attributes": [],
          "private": "eyJlMmJmYjczMC1lY2FhLTExZTYtOGY4OC0zNDM2M2JjN2M0YzAiOnsiY3JlYXRlIjo2MDAwMDAwMDAwMDAsImRlbGV0ZSI6NjAwMDAwMDAwMDAwLCJ1cGRhdGUiOjYwMDAwMDAwMDAwMH19",
          "dependencies": [
            "module.landing_zone.module.landing_zone.data.ibm_resource_group.resource_groups",
            "module.landing_zone.module.landing_zone.ibm_resource_group.resource_groups",
            "module.landing_zone.module.landing_zone.module.vpc.ibm_is_network_acl.network_acl",
            "module.landing_zone.module.landing_zone.module.vpc.ibm_is_public_gateway.gateway",
            "module.landing_zone.module.landing_zone.module.vpc.ibm_is_vpc.vpc",
            "module.landing_zone.module.landing_zone.module.vpc.ibm_is_vpc_address_prefix.address_prefixes",
            "module.landing_zone.module.landing_zone.module.vpc.ibm_is_vpc_address_prefix.subnet_prefix"
          ]
        },
        {
          "index_key": "jaffasx-01-management-vpe-zone-2",
          "schema_version": 0,
          "attributes": {
            "access_tags": [],
            "available_ipv4_address_count": 251,
            "crn": "crn:v1:bluemix:public:is:us-south-2:a/e65910fa61ce9072d64902d03f3d4774::subnet:0727-4ecae834-5334-423b-8706-f7c791ade68e",
            "id": "0727-4ecae834-5334-423b-8706-f7c791ade68e",
            "ip_version": "ipv4",
            "ipv4_cidr_block": "10.20.20.0/24",
            "name": "jaffasx-01-management-vpe-zone-2",
            "network_acl": "r006-bd35ec6c-306d-42c1-ab88-3a7345581c37",
            "public_gateway": "",
            "resource_controller_url": "https://cloud.ibm.com/vpc-ext/network/subnets",
            "resource_crn": "crn:v1:bluemix:public:is:us-south-2:a/e65910fa61ce9072d64902d03f3d4774::subnet:0727-4ecae834-5334-423b-8706-f7c791ade68e",
            "resource_group": "4c112b02f7424415b36a1480d7f15569",
            "resource_group_name": "jaffasx-01-management-rg",
            "resource_name": "jaffasx-01-management-vpe-zone-2",
            "resource_status": "available",
            "routing_table": "r006-8c6e8dcb-4794-4b8f-a287-d314e77b6f84",
            "status": "available",
            "tags": [],
            "timeouts": null,
            "total_ipv4_address_count": 256,
            "vpc": "r006-81aef8a0-7234-4979-8d68-891f1c38ac90",
            "zone": "us-south-2"
          },
          "sensitive_attributes": [],
          "private": "eyJlMmJmYjczMC1lY2FhLTExZTYtOGY4OC0zNDM2M2JjN2M0YzAiOnsiY3JlYXRlIjo2MDAwMDAwMDAwMDAsImRlbGV0ZSI6NjAwMDAwMDAwMDAwLCJ1cGRhdGUiOjYwMDAwMDAwMDAwMH19",
          "dependencies": [
            "module.landing_zone.module.landing_zone.data.ibm_resource_group.resource_groups",
            "module.landing_zone.module.landing_zone.ibm_resource_group.resource_groups",
            "module.landing_zone.module.landing_zone.module.vpc.ibm_is_network_acl.network_acl",
            "module.landing_zone.module.landing_zone.module.vpc.ibm_is_public_gateway.gateway",
            "module.landing_zone.module.landing_zone.module.vpc.ibm_is_vpc.vpc",
            "module.landing_zone.module.landing_zone.module.vpc.ibm_is_vpc_address_prefix.address_prefixes",
            "module.landing_zone.module.landing_zone.module.vpc.ibm_is_vpc_address_prefix.subnet_prefix"
          ]
        },
        {
          "index_key": "jaffasx-01-management-vpe-zone-3",
          "schema_version": 0,
          "attributes": {
            "access_tags": [],
            "available_ipv4_address_count": 251,
            "crn": "crn:v1:bluemix:public:is:us-south-3:a/e65910fa61ce9072d64902d03f3d4774::subnet:0737-37980d0b-ff38-40cb-a369-5ea5fa62abaa",
            "id": "0737-37980d0b-ff38-40cb-a369-5ea5fa62abaa",
            "ip_version": "ipv4",
            "ipv4_cidr_block": "10.30.20.0/24",
            "name": "jaffasx-01-management-vpe-zone-3",
            "network_acl": "r006-bd35ec6c-306d-42c1-ab88-3a7345581c37",
            "public_gateway": "",
            "resource_controller_url": "https://cloud.ibm.com/vpc-ext/network/subnets",
            "resource_crn": "crn:v1:bluemix:public:is:us-south-3:a/e65910fa61ce9072d64902d03f3d4774::subnet:0737-37980d0b-ff38-40cb-a369-5ea5fa62abaa",
            "resource_group": "4c112b02f7424415b36a1480d7f15569",
            "resource_group_name": "jaffasx-01-management-rg",
            "resource_name": "jaffasx-01-management-vpe-zone-3",
            "resource_status": "available",
            "routing_table": "r006-8c6e8dcb-4794-4b8f-a287-d314e77b6f84",
            "status": "available",
            "tags": [],
            "timeouts": null,
            "total_ipv4_address_count": 256,
            "vpc": "r006-81aef8a0-7234-4979-8d68-891f1c38ac90",
            "zone": "us-south-3"
          },
          "sensitive_attributes": [],
          "private": "eyJlMmJmYjczMC1lY2FhLTExZTYtOGY4OC0zNDM2M2JjN2M0YzAiOnsiY3JlYXRlIjo2MDAwMDAwMDAwMDAsImRlbGV0ZSI6NjAwMDAwMDAwMDAwLCJ1cGRhdGUiOjYwMDAwMDAwMDAwMH19",
          "dependencies": [
            "module.landing_zone.module.landing_zone.data.ibm_resource_group.resource_groups",
            "module.landing_zone.module.landing_zone.ibm_resource_group.resource_groups",
            "module.landing_zone.module.landing_zone.module.vpc.ibm_is_network_acl.network_acl",
            "module.landing_zone.module.landing_zone.module.vpc.ibm_is_public_gateway.gateway",
            "module.landing_zone.module.landing_zone.module.vpc.ibm_is_vpc.vpc",
            "module.landing_zone.module.landing_zone.module.vpc.ibm_is_vpc_address_prefix.address_prefixes",
            "module.landing_zone.module.landing_zone.module.vpc.ibm_is_vpc_address_prefix.subnet_prefix"
          ]
        },
        {
          "index_key": "jaffasx-01-management-vpn-zone-1",
          "schema_version": 0,
          "attributes": {
            "access_tags": [],
            "available_ipv4_address_count": 251,
            "crn": "crn:v1:bluemix:public:is:us-south-1:a/e65910fa61ce9072d64902d03f3d4774::subnet:0717-0873e843-67db-4c22-8e5c-71178871f858",
            "id": "0717-0873e843-67db-4c22-8e5c-71178871f858",
            "ip_version": "ipv4",
            "ipv4_cidr_block": "10.10.30.0/24",
            "name": "jaffasx-01-management-vpn-zone-1",
            "network_acl": "r006-bd35ec6c-306d-42c1-ab88-3a7345581c37",
            "public_gateway": "",
            "resource_controller_url": "https://cloud.ibm.com/vpc-ext/network/subnets",
            "resource_crn": "crn:v1:bluemix:public:is:us-south-1:a/e65910fa61ce9072d64902d03f3d4774::subnet:0717-0873e843-67db-4c22-8e5c-71178871f858",
            "resource_group": "4c112b02f7424415b36a1480d7f15569",
            "resource_group_name": "jaffasx-01-management-rg",
            "resource_name": "jaffasx-01-management-vpn-zone-1",
            "resource_status": "available",
            "routing_table": "r006-8c6e8dcb-4794-4b8f-a287-d314e77b6f84",
            "status": "available",
            "tags": [],
            "timeouts": null,
            "total_ipv4_address_count": 256,
            "vpc": "r006-81aef8a0-7234-4979-8d68-891f1c38ac90",
            "zone": "us-south-1"
          },
          "sensitive_attributes": [],
          "private": "eyJlMmJmYjczMC1lY2FhLTExZTYtOGY4OC0zNDM2M2JjN2M0YzAiOnsiY3JlYXRlIjo2MDAwMDAwMDAwMDAsImRlbGV0ZSI6NjAwMDAwMDAwMDAwLCJ1cGRhdGUiOjYwMDAwMDAwMDAwMH19",
          "dependencies": [
            "module.landing_zone.module.landing_zone.data.ibm_resource_group.resource_groups",
            "module.landing_zone.module.landing_zone.ibm_resource_group.resource_groups",
            "module.landing_zone.module.landing_zone.module.vpc.ibm_is_network_acl.network_acl",
            "module.landing_zone.module.landing_zone.module.vpc.ibm_is_public_gateway.gateway",
            "module.landing_zone.module.landing_zone.module.vpc.ibm_is_vpc.vpc",
            "module.landing_zone.module.landing_zone.module.vpc.ibm_is_vpc_address_prefix.address_prefixes",
            "module.landing_zone.module.landing_zone.module.vpc.ibm_is_vpc_address_prefix.subnet_prefix"
          ]
        },
        {
          "index_key": "jaffasx-01-management-vsi-zone-1",
          "schema_version": 0,
          "attributes": {
            "access_tags": [],
            "available_ipv4_address_count": 251,
            "crn": "crn:v1:bluemix:public:is:us-south-1:a/e65910fa61ce9072d64902d03f3d4774::subnet:0717-6ca73715-ab9a-4e63-aa7c-776dddfb2a8b",
            "id": "0717-6ca73715-ab9a-4e63-aa7c-776dddfb2a8b",
            "ip_version": "ipv4",
            "ipv4_cidr_block": "10.10.10.0/24",
            "name": "jaffasx-01-management-vsi-zone-1",
            "network_acl": "r006-bd35ec6c-306d-42c1-ab88-3a7345581c37",
            "public_gateway": "",
            "resource_controller_url": "https://cloud.ibm.com/vpc-ext/network/subnets",
            "resource_crn": "crn:v1:bluemix:public:is:us-south-1:a/e65910fa61ce9072d64902d03f3d4774::subnet:0717-6ca73715-ab9a-4e63-aa7c-776dddfb2a8b",
            "resource_group": "4c112b02f7424415b36a1480d7f15569",
            "resource_group_name": "jaffasx-01-management-rg",
            "resource_name": "jaffasx-01-management-vsi-zone-1",
            "resource_status": "available",
            "routing_table": "r006-8c6e8dcb-4794-4b8f-a287-d314e77b6f84",
            "status": "available",
            "tags": [],
            "timeouts": null,
            "total_ipv4_address_count": 256,
            "vpc": "r006-81aef8a0-7234-4979-8d68-891f1c38ac90",
            "zone": "us-south-1"
          },
          "sensitive_attributes": [],
          "private": "eyJlMmJmYjczMC1lY2FhLTExZTYtOGY4OC0zNDM2M2JjN2M0YzAiOnsiY3JlYXRlIjo2MDAwMDAwMDAwMDAsImRlbGV0ZSI6NjAwMDAwMDAwMDAwLCJ1cGRhdGUiOjYwMDAwMDAwMDAwMH19",
          "dependencies": [
            "module.landing_zone.module.landing_zone.data.ibm_resource_group.resource_groups",
            "module.landing_zone.module.landing_zone.ibm_resource_group.resource_groups",
            "module.landing_zone.module.landing_zone.module.vpc.ibm_is_network_acl.network_acl",
            "module.landing_zone.module.landing_zone.module.vpc.ibm_is_public_gateway.gateway",
            "module.landing_zone.module.landing_zone.module.vpc.ibm_is_vpc.vpc",
            "module.landing_zone.module.landing_zone.module.vpc.ibm_is_vpc_address_prefix.address_prefixes",
            "module.landing_zone.module.landing_zone.module.vpc.ibm_is_vpc_address_prefix.subnet_prefix"
          ]
        },
        {
          "index_key": "jaffasx-01-management-vsi-zone-2",
          "schema_version": 0,
          "attributes": {
            "access_tags": [],
            "available_ipv4_address_count": 251,
            "crn": "crn:v1:bluemix:public:is:us-south-2:a/e65910fa61ce9072d64902d03f3d4774::subnet:0727-36a07005-5238-4a48-a74c-b83a62edb9e3",
            "id": "0727-36a07005-5238-4a48-a74c-b83a62edb9e3",
            "ip_version": "ipv4",
            "ipv4_cidr_block": "10.20.10.0/24",
            "name": "jaffasx-01-management-vsi-zone-2",
            "network_acl": "r006-bd35ec6c-306d-42c1-ab88-3a7345581c37",
            "public_gateway": "",
            "resource_controller_url": "https://cloud.ibm.com/vpc-ext/network/subnets",
            "resource_crn": "crn:v1:bluemix:public:is:us-south-2:a/e65910fa61ce9072d64902d03f3d4774::subnet:0727-36a07005-5238-4a48-a74c-b83a62edb9e3",
            "resource_group": "4c112b02f7424415b36a1480d7f15569",
            "resource_group_name": "jaffasx-01-management-rg",
            "resource_name": "jaffasx-01-management-vsi-zone-2",
            "resource_status": "available",
            "routing_table": "r006-8c6e8dcb-4794-4b8f-a287-d314e77b6f84",
            "status": "available",
            "tags": [],
            "timeouts": null,
            "total_ipv4_address_count": 256,
            "vpc": "r006-81aef8a0-7234-4979-8d68-891f1c38ac90",
            "zone": "us-south-2"
          },
          "sensitive_attributes": [],
          "private": "eyJlMmJmYjczMC1lY2FhLTExZTYtOGY4OC0zNDM2M2JjN2M0YzAiOnsiY3JlYXRlIjo2MDAwMDAwMDAwMDAsImRlbGV0ZSI6NjAwMDAwMDAwMDAwLCJ1cGRhdGUiOjYwMDAwMDAwMDAwMH19",
          "dependencies": [
            "module.landing_zone.module.landing_zone.data.ibm_resource_group.resource_groups",
            "module.landing_zone.module.landing_zone.ibm_resource_group.resource_groups",
            "module.landing_zone.module.landing_zone.module.vpc.ibm_is_network_acl.network_acl",
            "module.landing_zone.module.landing_zone.module.vpc.ibm_is_public_gateway.gateway",
            "module.landing_zone.module.landing_zone.module.vpc.ibm_is_vpc.vpc",
            "module.landing_zone.module.landing_zone.module.vpc.ibm_is_vpc_address_prefix.address_prefixes",
            "module.landing_zone.module.landing_zone.module.vpc.ibm_is_vpc_address_prefix.subnet_prefix"
          ]
        },
        {
          "index_key": "jaffasx-01-management-vsi-zone-3",
          "schema_version": 0,
          "attributes": {
            "access_tags": [],
            "available_ipv4_address_count": 251,
            "crn": "crn:v1:bluemix:public:is:us-south-3:a/e65910fa61ce9072d64902d03f3d4774::subnet:0737-a424eee1-c71e-4774-8187-22f6166b0200",
            "id": "0737-a424eee1-c71e-4774-8187-22f6166b0200",
            "ip_version": "ipv4",
            "ipv4_cidr_block": "10.30.10.0/24",
            "name": "jaffasx-01-management-vsi-zone-3",
            "network_acl": "r006-bd35ec6c-306d-42c1-ab88-3a7345581c37",
            "public_gateway": "",
            "resource_controller_url": "https://cloud.ibm.com/vpc-ext/network/subnets",
            "resource_crn": "crn:v1:bluemix:public:is:us-south-3:a/e65910fa61ce9072d64902d03f3d4774::subnet:0737-a424eee1-c71e-4774-8187-22f6166b0200",
            "resource_group": "4c112b02f7424415b36a1480d7f15569",
            "resource_group_name": "jaffasx-01-management-rg",
            "resource_name": "jaffasx-01-management-vsi-zone-3",
            "resource_status": "available",
            "routing_table": "r006-8c6e8dcb-4794-4b8f-a287-d314e77b6f84",
            "status": "available",
            "tags": [],
            "timeouts": null,
            "total_ipv4_address_count": 256,
            "vpc": "r006-81aef8a0-7234-4979-8d68-891f1c38ac90",
            "zone": "us-south-3"
          },
          "sensitive_attributes": [],
          "private": "eyJlMmJmYjczMC1lY2FhLTExZTYtOGY4OC0zNDM2M2JjN2M0YzAiOnsiY3JlYXRlIjo2MDAwMDAwMDAwMDAsImRlbGV0ZSI6NjAwMDAwMDAwMDAwLCJ1cGRhdGUiOjYwMDAwMDAwMDAwMH19",
          "dependencies": [
            "module.landing_zone.module.landing_zone.data.ibm_resource_group.resource_groups",
            "module.landing_zone.module.landing_zone.ibm_resource_group.resource_groups",
            "module.landing_zone.module.landing_zone.module.vpc.ibm_is_network_acl.network_acl",
            "module.landing_zone.module.landing_zone.module.vpc.ibm_is_public_gateway.gateway",
            "module.landing_zone.module.landing_zone.module.vpc.ibm_is_vpc.vpc",
            "module.landing_zone.module.landing_zone.module.vpc.ibm_is_vpc_address_prefix.address_prefixes",
            "module.landing_zone.module.landing_zone.module.vpc.ibm_is_vpc_address_prefix.subnet_prefix"
          ]
        }
      ]
    },
    {
      "module": "module.landing_zone.module.landing_zone.module.vpc[\"management\"]",
      "mode": "managed",
      "type": "ibm_is_vpc",
      "name": "vpc",
      "provider": "module.landing_zone.provider[\"registry.terraform.io/ibm-cloud/ibm\"]",
      "instances": [
        {
          "schema_version": 0,
          "attributes": {
            "address_prefix_management": "manual",
            "classic_access": false,
            "crn": "crn:v1:bluemix:public:is:us-south:a/e65910fa61ce9072d64902d03f3d4774::vpc:r006-81aef8a0-7234-4979-8d68-891f1c38ac90",
            "cse_source_addresses": [
              {
                "address": "10.22.22.176",
                "zone_name": "us-south-1"
              },
              {
                "address": "10.22.25.194",
                "zone_name": "us-south-2"
              },
              {
                "address": "10.22.39.6",
                "zone_name": "us-south-3"
              }
            ],
            "default_network_acl": "r006-67fe844d-750e-4575-9e88-7de7df8a7856",
            "default_network_acl_crn": "crn:v1:bluemix:public:is:us-south:a/e65910fa61ce9072d64902d03f3d4774::network-acl:r006-67fe844d-750e-4575-9e88-7de7df8a7856",
            "default_network_acl_name": "subsonic-deferral-stardust-loaf",
            "default_routing_table": "r006-8c6e8dcb-4794-4b8f-a287-d314e77b6f84",
            "default_routing_table_name": "spearmint-change-probation-affianced",
            "default_security_group": "r006-083ae0e8-3fd7-40d3-9606-16bf1e7c63ba",
            "default_security_group_crn": "crn:v1:bluemix:public:is:us-south:a/e65910fa61ce9072d64902d03f3d4774::security-group:r006-083ae0e8-3fd7-40d3-9606-16bf1e7c63ba",
            "default_security_group_name": "tableful-tipped-acts-barrack",
            "id": "r006-81aef8a0-7234-4979-8d68-891f1c38ac90",
            "name": "jaffasx-01-management-vpc",
            "resource_controller_url": "https://cloud.ibm.com/vpc-ext/network/vpcs",
            "resource_crn": "crn:v1:bluemix:public:is:us-south:a/e65910fa61ce9072d64902d03f3d4774::vpc:r006-81aef8a0-7234-4979-8d68-891f1c38ac90",
            "resource_group": "4c112b02f7424415b36a1480d7f15569",
            "resource_group_name": "jaffasx-01-management-rg",
            "resource_name": "jaffasx-01-management-vpc",
            "resource_status": "available",
            "security_group": [
              {
                "group_id": "r006-083ae0e8-3fd7-40d3-9606-16bf1e7c63ba",
                "group_name": "tableful-tipped-acts-barrack",
                "rules": [
                  {
                    "code": 0,
                    "direction": "outbound",
                    "ip_version": "ipv4",
                    "port_max": 0,
                    "port_min": 0,
                    "protocol": "all",
                    "remote": "0.0.0.0/0",
                    "rule_id": "r006-e2f6e704-7a64-4d62-8cd6-0a84a237a8fc",
                    "type": 0
                  },
                  {
                    "code": 0,
                    "direction": "inbound",
                    "ip_version": "ipv4",
                    "port_max": 0,
                    "port_min": 0,
                    "protocol": "all",
                    "remote": "r006-083ae0e8-3fd7-40d3-9606-16bf1e7c63ba",
                    "rule_id": "r006-7faa4ce1-6e56-4ae8-bd63-2e2bfae9bc5b",
                    "type": 0
                  }
                ]
              }
            ],
            "status": "available",
            "subnets": [],
            "tags": [],
            "timeouts": null
          },
          "sensitive_attributes": [],
          "private": "eyJlMmJmYjczMC1lY2FhLTExZTYtOGY4OC0zNDM2M2JjN2M0YzAiOnsiY3JlYXRlIjo2MDAwMDAwMDAwMDAsImRlbGV0ZSI6NjAwMDAwMDAwMDAwfX0=",
          "dependencies": [
            "module.landing_zone.module.landing_zone.data.ibm_resource_group.resource_groups",
            "module.landing_zone.module.landing_zone.ibm_resource_group.resource_groups"
          ]
        }
      ]
    },
    {
      "module": "module.landing_zone.module.landing_zone.module.vpc[\"management\"]",
      "mode": "managed",
      "type": "ibm_is_vpc_address_prefix",
      "name": "subnet_prefix",
      "provider": "module.landing_zone.provider[\"registry.terraform.io/ibm-cloud/ibm\"]",
      "instances": [
        {
          "index_key": "jaffasx-01-management-vpe-zone-1",
          "schema_version": 0,
          "attributes": {
            "address_prefix": "r006-dc6dc7d6-d3ff-412c-b18f-6794efce57d0",
            "cidr": "10.10.20.0/24",
            "has_subnets": false,
            "id": "r006-81aef8a0-7234-4979-8d68-891f1c38ac90/r006-dc6dc7d6-d3ff-412c-b18f-6794efce57d0",
            "is_default": false,
            "name": "jaffasx-01-management-vpe-zone-1",
            "related_crn": "crn:v1:bluemix:public:is:us-south:a/e65910fa61ce9072d64902d03f3d4774::vpc:r006-81aef8a0-7234-4979-8d68-891f1c38ac90",
            "vpc": "r006-81aef8a0-7234-4979-8d68-891f1c38ac90",
            "zone": "us-south-1"
          },
          "sensitive_attributes": [],
          "private": "bnVsbA==",
          "dependencies": [
            "module.landing_zone.module.landing_zone.data.ibm_resource_group.resource_groups",
            "module.landing_zone.module.landing_zone.ibm_resource_group.resource_groups",
            "module.landing_zone.module.landing_zone.module.vpc.ibm_is_public_gateway.gateway",
            "module.landing_zone.module.landing_zone.module.vpc.ibm_is_vpc.vpc"
          ]
        },
        {
          "index_key": "jaffasx-01-management-vpe-zone-2",
          "schema_version": 0,
          "attributes": {
            "address_prefix": "r006-c699d164-4f46-4492-bb9f-d49c3ee5698f",
            "cidr": "10.20.20.0/24",
            "has_subnets": false,
            "id": "r006-81aef8a0-7234-4979-8d68-891f1c38ac90/r006-c699d164-4f46-4492-bb9f-d49c3ee5698f",
            "is_default": false,
            "name": "jaffasx-01-management-vpe-zone-2",
            "related_crn": "crn:v1:bluemix:public:is:us-south:a/e65910fa61ce9072d64902d03f3d4774::vpc:r006-81aef8a0-7234-4979-8d68-891f1c38ac90",
            "vpc": "r006-81aef8a0-7234-4979-8d68-891f1c38ac90",
            "zone": "us-south-2"
          },
          "sensitive_attributes": [],
          "private": "bnVsbA==",
          "dependencies": [
            "module.landing_zone.module.landing_zone.data.ibm_resource_group.resource_groups",
            "module.landing_zone.module.landing_zone.ibm_resource_group.resource_groups",
            "module.landing_zone.module.landing_zone.module.vpc.ibm_is_public_gateway.gateway",
            "module.landing_zone.module.landing_zone.module.vpc.ibm_is_vpc.vpc"
          ]
        },
        {
          "index_key": "jaffasx-01-management-vpe-zone-3",
          "schema_version": 0,
          "attributes": {
            "address_prefix": "r006-e828ae2d-46a3-4253-87a0-cceaa9425a55",
            "cidr": "10.30.20.0/24",
            "has_subnets": false,
            "id": "r006-81aef8a0-7234-4979-8d68-891f1c38ac90/r006-e828ae2d-46a3-4253-87a0-cceaa9425a55",
            "is_default": false,
            "name": "jaffasx-01-management-vpe-zone-3",
            "related_crn": "crn:v1:bluemix:public:is:us-south:a/e65910fa61ce9072d64902d03f3d4774::vpc:r006-81aef8a0-7234-4979-8d68-891f1c38ac90",
            "vpc": "r006-81aef8a0-7234-4979-8d68-891f1c38ac90",
            "zone": "us-south-3"
          },
          "sensitive_attributes": [],
          "private": "bnVsbA==",
          "dependencies": [
            "module.landing_zone.module.landing_zone.data.ibm_resource_group.resource_groups",
            "module.landing_zone.module.landing_zone.ibm_resource_group.resource_groups",
            "module.landing_zone.module.landing_zone.module.vpc.ibm_is_public_gateway.gateway",
            "module.landing_zone.module.landing_zone.module.vpc.ibm_is_vpc.vpc"
          ]
        },
        {
          "index_key": "jaffasx-01-management-vpn-zone-1",
          "schema_version": 0,
          "attributes": {
            "address_prefix": "r006-707ee927-0b39-4ced-87ae-4abe9415011a",
            "cidr": "10.10.30.0/24",
            "has_subnets": false,
            "id": "r006-81aef8a0-7234-4979-8d68-891f1c38ac90/r006-707ee927-0b39-4ced-87ae-4abe9415011a",
            "is_default": false,
            "name": "jaffasx-01-management-vpn-zone-1",
            "related_crn": "crn:v1:bluemix:public:is:us-south:a/e65910fa61ce9072d64902d03f3d4774::vpc:r006-81aef8a0-7234-4979-8d68-891f1c38ac90",
            "vpc": "r006-81aef8a0-7234-4979-8d68-891f1c38ac90",
            "zone": "us-south-1"
          },
          "sensitive_attributes": [],
          "private": "bnVsbA==",
          "dependencies": [
            "module.landing_zone.module.landing_zone.data.ibm_resource_group.resource_groups",
            "module.landing_zone.module.landing_zone.ibm_resource_group.resource_groups",
            "module.landing_zone.module.landing_zone.module.vpc.ibm_is_public_gateway.gateway",
            "module.landing_zone.module.landing_zone.module.vpc.ibm_is_vpc.vpc"
          ]
        },
        {
          "index_key": "jaffasx-01-management-vsi-zone-1",
          "schema_version": 0,
          "attributes": {
            "address_prefix": "r006-d83fe40e-fdd6-4144-af11-670715e92d46",
            "cidr": "10.10.10.0/24",
            "has_subnets": false,
            "id": "r006-81aef8a0-7234-4979-8d68-891f1c38ac90/r006-d83fe40e-fdd6-4144-af11-670715e92d46",
            "is_default": false,
            "name": "jaffasx-01-management-vsi-zone-1",
            "related_crn": "crn:v1:bluemix:public:is:us-south:a/e65910fa61ce9072d64902d03f3d4774::vpc:r006-81aef8a0-7234-4979-8d68-891f1c38ac90",
            "vpc": "r006-81aef8a0-7234-4979-8d68-891f1c38ac90",
            "zone": "us-south-1"
          },
          "sensitive_attributes": [],
          "private": "bnVsbA==",
          "dependencies": [
            "module.landing_zone.module.landing_zone.data.ibm_resource_group.resource_groups",
            "module.landing_zone.module.landing_zone.ibm_resource_group.resource_groups",
            "module.landing_zone.module.landing_zone.module.vpc.ibm_is_public_gateway.gateway",
            "module.landing_zone.module.landing_zone.module.vpc.ibm_is_vpc.vpc"
          ]
        },
        {
          "index_key": "jaffasx-01-management-vsi-zone-2",
          "schema_version": 0,
          "attributes": {
            "address_prefix": "r006-a474a432-6512-4ad7-8229-cd9ee537a922",
            "cidr": "10.20.10.0/24",
            "has_subnets": false,
            "id": "r006-81aef8a0-7234-4979-8d68-891f1c38ac90/r006-a474a432-6512-4ad7-8229-cd9ee537a922",
            "is_default": false,
            "name": "jaffasx-01-management-vsi-zone-2",
            "related_crn": "crn:v1:bluemix:public:is:us-south:a/e65910fa61ce9072d64902d03f3d4774::vpc:r006-81aef8a0-7234-4979-8d68-891f1c38ac90",
            "vpc": "r006-81aef8a0-7234-4979-8d68-891f1c38ac90",
            "zone": "us-south-2"
          },
          "sensitive_attributes": [],
          "private": "bnVsbA==",
          "dependencies": [
            "module.landing_zone.module.landing_zone.data.ibm_resource_group.resource_groups",
            "module.landing_zone.module.landing_zone.ibm_resource_group.resource_groups",
            "module.landing_zone.module.landing_zone.module.vpc.ibm_is_public_gateway.gateway",
            "module.landing_zone.module.landing_zone.module.vpc.ibm_is_vpc.vpc"
          ]
        },
        {
          "index_key": "jaffasx-01-management-vsi-zone-3",
          "schema_version": 0,
          "attributes": {
            "address_prefix": "r006-9906cc13-9a46-43d2-aea8-d506a6212565",
            "cidr": "10.30.10.0/24",
            "has_subnets": false,
            "id": "r006-81aef8a0-7234-4979-8d68-891f1c38ac90/r006-9906cc13-9a46-43d2-aea8-d506a6212565",
            "is_default": false,
            "name": "jaffasx-01-management-vsi-zone-3",
            "related_crn": "crn:v1:bluemix:public:is:us-south:a/e65910fa61ce9072d64902d03f3d4774::vpc:r006-81aef8a0-7234-4979-8d68-891f1c38ac90",
            "vpc": "r006-81aef8a0-7234-4979-8d68-891f1c38ac90",
            "zone": "us-south-3"
          },
          "sensitive_attributes": [],
          "private": "bnVsbA==",
          "dependencies": [
            "module.landing_zone.module.landing_zone.data.ibm_resource_group.resource_groups",
            "module.landing_zone.module.landing_zone.ibm_resource_group.resource_groups",
            "module.landing_zone.module.landing_zone.module.vpc.ibm_is_public_gateway.gateway",
            "module.landing_zone.module.landing_zone.module.vpc.ibm_is_vpc.vpc"
          ]
        }
      ]
    },
    {
      "module": "module.landing_zone.module.landing_zone.module.vpc[\"workload\"]",
      "mode": "managed",
      "type": "ibm_is_network_acl",
      "name": "network_acl",
      "provider": "module.landing_zone.provider[\"registry.terraform.io/ibm-cloud/ibm\"]",
      "instances": [
        {
          "index_key": "workload-acl",
          "schema_version": 0,
          "attributes": {
            "crn": "crn:v1:bluemix:public:is:us-south:a/e65910fa61ce9072d64902d03f3d4774::network-acl:r006-f69333b3-623c-41aa-8dfb-2163737b15f1",
            "id": "r006-f69333b3-623c-41aa-8dfb-2163737b15f1",
            "name": "jaffasx-01-workload-acl",
            "resource_controller_url": "https://cloud.ibm.com/vpc-ext/network/acl",
            "resource_crn": null,
            "resource_group": "045fcf0192ad49c9890b499875af4a82",
            "resource_group_name": "jaffasx-01-workload-rg",
            "resource_name": "jaffasx-01-workload-acl",
            "rules": [
              {
                "action": "allow",
                "destination": "10.0.0.0/8",
                "direction": "inbound",
                "icmp": [],
                "id": "bad0117a-78c8-4c7f-b3cb-3a638e96473d",
                "ip_version": "ipv4",
                "name": "allow-ibm-inbound",
                "source": "161.26.0.0/16",
                "subnets": 0,
                "tcp": [],
                "udp": []
              },
              {
                "action": "allow",
                "destination": "10.0.0.0/8",
                "direction": "inbound",
                "icmp": [],
                "id": "0abfc225-be85-42d5-9218-2b3b3a40311b",
                "ip_version": "ipv4",
                "name": "allow-all-network-inbound",
                "source": "10.0.0.0/8",
                "subnets": 0,
                "tcp": [],
                "udp": []
              },
              {
                "action": "allow",
                "destination": "0.0.0.0/0",
                "direction": "outbound",
                "icmp": [],
                "id": "b7a594df-2740-4046-834a-ec915b119d2a",
                "ip_version": "ipv4",
                "name": "allow-all-outbound",
                "source": "0.0.0.0/0",
                "subnets": 0,
                "tcp": [],
                "udp": []
              }
            ],
            "tags": [],
            "timeouts": null,
            "vpc": "r006-d8465333-260c-4e38-9519-e9f1eec2f3d5"
          },
          "sensitive_attributes": [],
          "private": "eyJlMmJmYjczMC1lY2FhLTExZTYtOGY4OC0zNDM2M2JjN2M0YzAiOnsiY3JlYXRlIjo2MDAwMDAwMDAwMDAsImRlbGV0ZSI6NjAwMDAwMDAwMDAwfX0=",
          "dependencies": [
            "module.landing_zone.module.landing_zone.data.ibm_resource_group.resource_groups",
            "module.landing_zone.module.landing_zone.ibm_resource_group.resource_groups",
            "module.landing_zone.module.landing_zone.module.vpc.ibm_is_vpc.vpc"
          ]
        }
      ]
    },
    {
      "module": "module.landing_zone.module.landing_zone.module.vpc[\"workload\"]",
      "mode": "managed",
      "type": "ibm_is_subnet",
      "name": "subnet",
      "provider": "module.landing_zone.provider[\"registry.terraform.io/ibm-cloud/ibm\"]",
      "instances": [
        {
          "index_key": "jaffasx-01-workload-vpe-zone-1",
          "schema_version": 0,
          "attributes": {
            "access_tags": [],
            "available_ipv4_address_count": 251,
            "crn": "crn:v1:bluemix:public:is:us-south-1:a/e65910fa61ce9072d64902d03f3d4774::subnet:0717-c58bc512-8e98-4136-8829-e916b3593e8c",
            "id": "0717-c58bc512-8e98-4136-8829-e916b3593e8c",
            "ip_version": "ipv4",
            "ipv4_cidr_block": "10.40.20.0/24",
            "name": "jaffasx-01-workload-vpe-zone-1",
            "network_acl": "r006-f69333b3-623c-41aa-8dfb-2163737b15f1",
            "public_gateway": "",
            "resource_controller_url": "https://cloud.ibm.com/vpc-ext/network/subnets",
            "resource_crn": "crn:v1:bluemix:public:is:us-south-1:a/e65910fa61ce9072d64902d03f3d4774::subnet:0717-c58bc512-8e98-4136-8829-e916b3593e8c",
            "resource_group": "045fcf0192ad49c9890b499875af4a82",
            "resource_group_name": "jaffasx-01-workload-rg",
            "resource_name": "jaffasx-01-workload-vpe-zone-1",
            "resource_status": "available",
            "routing_table": "r006-a321eded-da51-447a-ab1d-04e3a1f0a5ee",
            "status": "available",
            "tags": [],
            "timeouts": null,
            "total_ipv4_address_count": 256,
            "vpc": "r006-d8465333-260c-4e38-9519-e9f1eec2f3d5",
            "zone": "us-south-1"
          },
          "sensitive_attributes": [],
          "private": "eyJlMmJmYjczMC1lY2FhLTExZTYtOGY4OC0zNDM2M2JjN2M0YzAiOnsiY3JlYXRlIjo2MDAwMDAwMDAwMDAsImRlbGV0ZSI6NjAwMDAwMDAwMDAwLCJ1cGRhdGUiOjYwMDAwMDAwMDAwMH19",
          "dependencies": [
            "module.landing_zone.module.landing_zone.data.ibm_resource_group.resource_groups",
            "module.landing_zone.module.landing_zone.ibm_resource_group.resource_groups",
            "module.landing_zone.module.landing_zone.module.vpc.ibm_is_network_acl.network_acl",
            "module.landing_zone.module.landing_zone.module.vpc.ibm_is_public_gateway.gateway",
            "module.landing_zone.module.landing_zone.module.vpc.ibm_is_vpc.vpc",
            "module.landing_zone.module.landing_zone.module.vpc.ibm_is_vpc_address_prefix.address_prefixes",
            "module.landing_zone.module.landing_zone.module.vpc.ibm_is_vpc_address_prefix.subnet_prefix"
          ]
        },
        {
          "index_key": "jaffasx-01-workload-vpe-zone-2",
          "schema_version": 0,
          "attributes": {
            "access_tags": [],
            "available_ipv4_address_count": 251,
            "crn": "crn:v1:bluemix:public:is:us-south-2:a/e65910fa61ce9072d64902d03f3d4774::subnet:0727-edbb5503-7a6f-464d-b64c-5af79770f883",
            "id": "0727-edbb5503-7a6f-464d-b64c-5af79770f883",
            "ip_version": "ipv4",
            "ipv4_cidr_block": "10.50.20.0/24",
            "name": "jaffasx-01-workload-vpe-zone-2",
            "network_acl": "r006-f69333b3-623c-41aa-8dfb-2163737b15f1",
            "public_gateway": "",
            "resource_controller_url": "https://cloud.ibm.com/vpc-ext/network/subnets",
            "resource_crn": "crn:v1:bluemix:public:is:us-south-2:a/e65910fa61ce9072d64902d03f3d4774::subnet:0727-edbb5503-7a6f-464d-b64c-5af79770f883",
            "resource_group": "045fcf0192ad49c9890b499875af4a82",
            "resource_group_name": "jaffasx-01-workload-rg",
            "resource_name": "jaffasx-01-workload-vpe-zone-2",
            "resource_status": "available",
            "routing_table": "r006-a321eded-da51-447a-ab1d-04e3a1f0a5ee",
            "status": "available",
            "tags": [],
            "timeouts": null,
            "total_ipv4_address_count": 256,
            "vpc": "r006-d8465333-260c-4e38-9519-e9f1eec2f3d5",
            "zone": "us-south-2"
          },
          "sensitive_attributes": [],
          "private": "eyJlMmJmYjczMC1lY2FhLTExZTYtOGY4OC0zNDM2M2JjN2M0YzAiOnsiY3JlYXRlIjo2MDAwMDAwMDAwMDAsImRlbGV0ZSI6NjAwMDAwMDAwMDAwLCJ1cGRhdGUiOjYwMDAwMDAwMDAwMH19",
          "dependencies": [
            "module.landing_zone.module.landing_zone.data.ibm_resource_group.resource_groups",
            "module.landing_zone.module.landing_zone.ibm_resource_group.resource_groups",
            "module.landing_zone.module.landing_zone.module.vpc.ibm_is_network_acl.network_acl",
            "module.landing_zone.module.landing_zone.module.vpc.ibm_is_public_gateway.gateway",
            "module.landing_zone.module.landing_zone.module.vpc.ibm_is_vpc.vpc",
            "module.landing_zone.module.landing_zone.module.vpc.ibm_is_vpc_address_prefix.address_prefixes",
            "module.landing_zone.module.landing_zone.module.vpc.ibm_is_vpc_address_prefix.subnet_prefix"
          ]
        },
        {
          "index_key": "jaffasx-01-workload-vpe-zone-3",
          "schema_version": 0,
          "attributes": {
            "access_tags": [],
            "available_ipv4_address_count": 251,
            "crn": "crn:v1:bluemix:public:is:us-south-3:a/e65910fa61ce9072d64902d03f3d4774::subnet:0737-9e2ce979-2396-42ed-b70f-86aa1c9b78fc",
            "id": "0737-9e2ce979-2396-42ed-b70f-86aa1c9b78fc",
            "ip_version": "ipv4",
            "ipv4_cidr_block": "10.60.20.0/24",
            "name": "jaffasx-01-workload-vpe-zone-3",
            "network_acl": "r006-f69333b3-623c-41aa-8dfb-2163737b15f1",
            "public_gateway": "",
            "resource_controller_url": "https://cloud.ibm.com/vpc-ext/network/subnets",
            "resource_crn": "crn:v1:bluemix:public:is:us-south-3:a/e65910fa61ce9072d64902d03f3d4774::subnet:0737-9e2ce979-2396-42ed-b70f-86aa1c9b78fc",
            "resource_group": "045fcf0192ad49c9890b499875af4a82",
            "resource_group_name": "jaffasx-01-workload-rg",
            "resource_name": "jaffasx-01-workload-vpe-zone-3",
            "resource_status": "available",
            "routing_table": "r006-a321eded-da51-447a-ab1d-04e3a1f0a5ee",
            "status": "available",
            "tags": [],
            "timeouts": null,
            "total_ipv4_address_count": 256,
            "vpc": "r006-d8465333-260c-4e38-9519-e9f1eec2f3d5",
            "zone": "us-south-3"
          },
          "sensitive_attributes": [],
          "private": "eyJlMmJmYjczMC1lY2FhLTExZTYtOGY4OC0zNDM2M2JjN2M0YzAiOnsiY3JlYXRlIjo2MDAwMDAwMDAwMDAsImRlbGV0ZSI6NjAwMDAwMDAwMDAwLCJ1cGRhdGUiOjYwMDAwMDAwMDAwMH19",
          "dependencies": [
            "module.landing_zone.module.landing_zone.data.ibm_resource_group.resource_groups",
            "module.landing_zone.module.landing_zone.ibm_resource_group.resource_groups",
            "module.landing_zone.module.landing_zone.module.vpc.ibm_is_network_acl.network_acl",
            "module.landing_zone.module.landing_zone.module.vpc.ibm_is_public_gateway.gateway",
            "module.landing_zone.module.landing_zone.module.vpc.ibm_is_vpc.vpc",
            "module.landing_zone.module.landing_zone.module.vpc.ibm_is_vpc_address_prefix.address_prefixes",
            "module.landing_zone.module.landing_zone.module.vpc.ibm_is_vpc_address_prefix.subnet_prefix"
          ]
        },
        {
          "index_key": "jaffasx-01-workload-vsi-zone-1",
          "schema_version": 0,
          "attributes": {
            "access_tags": [],
            "available_ipv4_address_count": 251,
            "crn": "crn:v1:bluemix:public:is:us-south-1:a/e65910fa61ce9072d64902d03f3d4774::subnet:0717-d4b1df46-d0fe-403d-92f5-b2dde5988977",
            "id": "0717-d4b1df46-d0fe-403d-92f5-b2dde5988977",
            "ip_version": "ipv4",
            "ipv4_cidr_block": "10.40.10.0/24",
            "name": "jaffasx-01-workload-vsi-zone-1",
            "network_acl": "r006-f69333b3-623c-41aa-8dfb-2163737b15f1",
            "public_gateway": "",
            "resource_controller_url": "https://cloud.ibm.com/vpc-ext/network/subnets",
            "resource_crn": "crn:v1:bluemix:public:is:us-south-1:a/e65910fa61ce9072d64902d03f3d4774::subnet:0717-d4b1df46-d0fe-403d-92f5-b2dde5988977",
            "resource_group": "045fcf0192ad49c9890b499875af4a82",
            "resource_group_name": "jaffasx-01-workload-rg",
            "resource_name": "jaffasx-01-workload-vsi-zone-1",
            "resource_status": "available",
            "routing_table": "r006-a321eded-da51-447a-ab1d-04e3a1f0a5ee",
            "status": "available",
            "tags": [],
            "timeouts": null,
            "total_ipv4_address_count": 256,
            "vpc": "r006-d8465333-260c-4e38-9519-e9f1eec2f3d5",
            "zone": "us-south-1"
          },
          "sensitive_attributes": [],
          "private": "eyJlMmJmYjczMC1lY2FhLTExZTYtOGY4OC0zNDM2M2JjN2M0YzAiOnsiY3JlYXRlIjo2MDAwMDAwMDAwMDAsImRlbGV0ZSI6NjAwMDAwMDAwMDAwLCJ1cGRhdGUiOjYwMDAwMDAwMDAwMH19",
          "dependencies": [
            "module.landing_zone.module.landing_zone.data.ibm_resource_group.resource_groups",
            "module.landing_zone.module.landing_zone.ibm_resource_group.resource_groups",
            "module.landing_zone.module.landing_zone.module.vpc.ibm_is_network_acl.network_acl",
            "module.landing_zone.module.landing_zone.module.vpc.ibm_is_public_gateway.gateway",
            "module.landing_zone.module.landing_zone.module.vpc.ibm_is_vpc.vpc",
            "module.landing_zone.module.landing_zone.module.vpc.ibm_is_vpc_address_prefix.address_prefixes",
            "module.landing_zone.module.landing_zone.module.vpc.ibm_is_vpc_address_prefix.subnet_prefix"
          ]
        },
        {
          "index_key": "jaffasx-01-workload-vsi-zone-2",
          "schema_version": 0,
          "attributes": {
            "access_tags": [],
            "available_ipv4_address_count": 251,
            "crn": "crn:v1:bluemix:public:is:us-south-2:a/e65910fa61ce9072d64902d03f3d4774::subnet:0727-f36b3bab-b2e1-4797-9a4a-22bd59bdc4b0",
            "id": "0727-f36b3bab-b2e1-4797-9a4a-22bd59bdc4b0",
            "ip_version": "ipv4",
            "ipv4_cidr_block": "10.50.10.0/24",
            "name": "jaffasx-01-workload-vsi-zone-2",
            "network_acl": "r006-f69333b3-623c-41aa-8dfb-2163737b15f1",
            "public_gateway": "",
            "resource_controller_url": "https://cloud.ibm.com/vpc-ext/network/subnets",
            "resource_crn": "crn:v1:bluemix:public:is:us-south-2:a/e65910fa61ce9072d64902d03f3d4774::subnet:0727-f36b3bab-b2e1-4797-9a4a-22bd59bdc4b0",
            "resource_group": "045fcf0192ad49c9890b499875af4a82",
            "resource_group_name": "jaffasx-01-workload-rg",
            "resource_name": "jaffasx-01-workload-vsi-zone-2",
            "resource_status": "available",
            "routing_table": "r006-a321eded-da51-447a-ab1d-04e3a1f0a5ee",
            "status": "available",
            "tags": [],
            "timeouts": null,
            "total_ipv4_address_count": 256,
            "vpc": "r006-d8465333-260c-4e38-9519-e9f1eec2f3d5",
            "zone": "us-south-2"
          },
          "sensitive_attributes": [],
          "private": "eyJlMmJmYjczMC1lY2FhLTExZTYtOGY4OC0zNDM2M2JjN2M0YzAiOnsiY3JlYXRlIjo2MDAwMDAwMDAwMDAsImRlbGV0ZSI6NjAwMDAwMDAwMDAwLCJ1cGRhdGUiOjYwMDAwMDAwMDAwMH19",
          "dependencies": [
            "module.landing_zone.module.landing_zone.data.ibm_resource_group.resource_groups",
            "module.landing_zone.module.landing_zone.ibm_resource_group.resource_groups",
            "module.landing_zone.module.landing_zone.module.vpc.ibm_is_network_acl.network_acl",
            "module.landing_zone.module.landing_zone.module.vpc.ibm_is_public_gateway.gateway",
            "module.landing_zone.module.landing_zone.module.vpc.ibm_is_vpc.vpc",
            "module.landing_zone.module.landing_zone.module.vpc.ibm_is_vpc_address_prefix.address_prefixes",
            "module.landing_zone.module.landing_zone.module.vpc.ibm_is_vpc_address_prefix.subnet_prefix"
          ]
        },
        {
          "index_key": "jaffasx-01-workload-vsi-zone-3",
          "schema_version": 0,
          "attributes": {
            "access_tags": [],
            "available_ipv4_address_count": 251,
            "crn": "crn:v1:bluemix:public:is:us-south-3:a/e65910fa61ce9072d64902d03f3d4774::subnet:0737-349473c8-dbf4-48c4-89b1-c6f478bbfc73",
            "id": "0737-349473c8-dbf4-48c4-89b1-c6f478bbfc73",
            "ip_version": "ipv4",
            "ipv4_cidr_block": "10.60.10.0/24",
            "name": "jaffasx-01-workload-vsi-zone-3",
            "network_acl": "r006-f69333b3-623c-41aa-8dfb-2163737b15f1",
            "public_gateway": "",
            "resource_controller_url": "https://cloud.ibm.com/vpc-ext/network/subnets",
            "resource_crn": "crn:v1:bluemix:public:is:us-south-3:a/e65910fa61ce9072d64902d03f3d4774::subnet:0737-349473c8-dbf4-48c4-89b1-c6f478bbfc73",
            "resource_group": "045fcf0192ad49c9890b499875af4a82",
            "resource_group_name": "jaffasx-01-workload-rg",
            "resource_name": "jaffasx-01-workload-vsi-zone-3",
            "resource_status": "available",
            "routing_table": "r006-a321eded-da51-447a-ab1d-04e3a1f0a5ee",
            "status": "available",
            "tags": [],
            "timeouts": null,
            "total_ipv4_address_count": 256,
            "vpc": "r006-d8465333-260c-4e38-9519-e9f1eec2f3d5",
            "zone": "us-south-3"
          },
          "sensitive_attributes": [],
          "private": "eyJlMmJmYjczMC1lY2FhLTExZTYtOGY4OC0zNDM2M2JjN2M0YzAiOnsiY3JlYXRlIjo2MDAwMDAwMDAwMDAsImRlbGV0ZSI6NjAwMDAwMDAwMDAwLCJ1cGRhdGUiOjYwMDAwMDAwMDAwMH19",
          "dependencies": [
            "module.landing_zone.module.landing_zone.data.ibm_resource_group.resource_groups",
            "module.landing_zone.module.landing_zone.ibm_resource_group.resource_groups",
            "module.landing_zone.module.landing_zone.module.vpc.ibm_is_network_acl.network_acl",
            "module.landing_zone.module.landing_zone.module.vpc.ibm_is_public_gateway.gateway",
            "module.landing_zone.module.landing_zone.module.vpc.ibm_is_vpc.vpc",
            "module.landing_zone.module.landing_zone.module.vpc.ibm_is_vpc_address_prefix.address_prefixes",
            "module.landing_zone.module.landing_zone.module.vpc.ibm_is_vpc_address_prefix.subnet_prefix"
          ]
        }
      ]
    },
    {
      "module": "module.landing_zone.module.landing_zone.module.vpc[\"workload\"]",
      "mode": "managed",
      "type": "ibm_is_vpc",
      "name": "vpc",
      "provider": "module.landing_zone.provider[\"registry.terraform.io/ibm-cloud/ibm\"]",
      "instances": [
        {
          "schema_version": 0,
          "attributes": {
            "address_prefix_management": "manual",
            "classic_access": false,
            "crn": "crn:v1:bluemix:public:is:us-south:a/e65910fa61ce9072d64902d03f3d4774::vpc:r006-d8465333-260c-4e38-9519-e9f1eec2f3d5",
            "cse_source_addresses": [
              {
                "address": "10.249.194.2",
                "zone_name": "us-south-1"
              },
              {
                "address": "10.16.243.198",
                "zone_name": "us-south-2"
              },
              {
                "address": "10.12.165.224",
                "zone_name": "us-south-3"
              }
            ],
            "default_network_acl": "r006-0e20d27b-fa26-4026-b695-c3924b2d42ec",
            "default_network_acl_crn": "crn:v1:bluemix:public:is:us-south:a/e65910fa61ce9072d64902d03f3d4774::network-acl:r006-0e20d27b-fa26-4026-b695-c3924b2d42ec",
            "default_network_acl_name": "savanna-wrongly-aqua-mayday",
            "default_routing_table": "r006-a321eded-da51-447a-ab1d-04e3a1f0a5ee",
            "default_routing_table_name": "sadly-affect-legwork-rekindle",
            "default_security_group": "r006-5f674cb4-dc48-4990-99e1-e2f1b10de20b",
            "default_security_group_crn": "crn:v1:bluemix:public:is:us-south:a/e65910fa61ce9072d64902d03f3d4774::security-group:r006-5f674cb4-dc48-4990-99e1-e2f1b10de20b",
            "default_security_group_name": "childlike-broadside-overstay-passerby",
            "id": "r006-d8465333-260c-4e38-9519-e9f1eec2f3d5",
            "name": "jaffasx-01-workload-vpc",
            "resource_controller_url": "https://cloud.ibm.com/vpc-ext/network/vpcs",
            "resource_crn": "crn:v1:bluemix:public:is:us-south:a/e65910fa61ce9072d64902d03f3d4774::vpc:r006-d8465333-260c-4e38-9519-e9f1eec2f3d5",
            "resource_group": "045fcf0192ad49c9890b499875af4a82",
            "resource_group_name": "jaffasx-01-workload-rg",
            "resource_name": "jaffasx-01-workload-vpc",
            "resource_status": "available",
            "security_group": [
              {
                "group_id": "r006-5f674cb4-dc48-4990-99e1-e2f1b10de20b",
                "group_name": "childlike-broadside-overstay-passerby",
                "rules": [
                  {
                    "code": 0,
                    "direction": "outbound",
                    "ip_version": "ipv4",
                    "port_max": 0,
                    "port_min": 0,
                    "protocol": "all",
                    "remote": "0.0.0.0/0",
                    "rule_id": "r006-05b28a49-04ea-4e82-9d46-fc4710d41f39",
                    "type": 0
                  },
                  {
                    "code": 0,
                    "direction": "inbound",
                    "ip_version": "ipv4",
                    "port_max": 0,
                    "port_min": 0,
                    "protocol": "all",
                    "remote": "r006-5f674cb4-dc48-4990-99e1-e2f1b10de20b",
                    "rule_id": "r006-ead2672e-210d-4be0-b370-6799afad5f12",
                    "type": 0
                  }
                ]
              }
            ],
            "status": "available",
            "subnets": [],
            "tags": [],
            "timeouts": null
          },
          "sensitive_attributes": [],
          "private": "eyJlMmJmYjczMC1lY2FhLTExZTYtOGY4OC0zNDM2M2JjN2M0YzAiOnsiY3JlYXRlIjo2MDAwMDAwMDAwMDAsImRlbGV0ZSI6NjAwMDAwMDAwMDAwfX0=",
          "dependencies": [
            "module.landing_zone.module.landing_zone.data.ibm_resource_group.resource_groups",
            "module.landing_zone.module.landing_zone.ibm_resource_group.resource_groups"
          ]
        }
      ]
    },
    {
      "module": "module.landing_zone.module.landing_zone.module.vpc[\"workload\"]",
      "mode": "managed",
      "type": "ibm_is_vpc_address_prefix",
      "name": "subnet_prefix",
      "provider": "module.landing_zone.provider[\"registry.terraform.io/ibm-cloud/ibm\"]",
      "instances": [
        {
          "index_key": "jaffasx-01-workload-vpe-zone-1",
          "schema_version": 0,
          "attributes": {
            "address_prefix": "r006-71f4ff4a-b1df-4d23-8a7f-94475db44952",
            "cidr": "10.40.20.0/24",
            "has_subnets": false,
            "id": "r006-d8465333-260c-4e38-9519-e9f1eec2f3d5/r006-71f4ff4a-b1df-4d23-8a7f-94475db44952",
            "is_default": false,
            "name": "jaffasx-01-workload-vpe-zone-1",
            "related_crn": "crn:v1:bluemix:public:is:us-south:a/e65910fa61ce9072d64902d03f3d4774::vpc:r006-d8465333-260c-4e38-9519-e9f1eec2f3d5",
            "vpc": "r006-d8465333-260c-4e38-9519-e9f1eec2f3d5",
            "zone": "us-south-1"
          },
          "sensitive_attributes": [],
          "private": "bnVsbA==",
          "dependencies": [
            "module.landing_zone.module.landing_zone.data.ibm_resource_group.resource_groups",
            "module.landing_zone.module.landing_zone.ibm_resource_group.resource_groups",
            "module.landing_zone.module.landing_zone.module.vpc.ibm_is_public_gateway.gateway",
            "module.landing_zone.module.landing_zone.module.vpc.ibm_is_vpc.vpc"
          ]
        },
        {
          "index_key": "jaffasx-01-workload-vpe-zone-2",
          "schema_version": 0,
          "attributes": {
            "address_prefix": "r006-3610934e-abfb-4dad-aa87-d911a2de1d43",
            "cidr": "10.50.20.0/24",
            "has_subnets": false,
            "id": "r006-d8465333-260c-4e38-9519-e9f1eec2f3d5/r006-3610934e-abfb-4dad-aa87-d911a2de1d43",
            "is_default": false,
            "name": "jaffasx-01-workload-vpe-zone-2",
            "related_crn": "crn:v1:bluemix:public:is:us-south:a/e65910fa61ce9072d64902d03f3d4774::vpc:r006-d8465333-260c-4e38-9519-e9f1eec2f3d5",
            "vpc": "r006-d8465333-260c-4e38-9519-e9f1eec2f3d5",
            "zone": "us-south-2"
          },
          "sensitive_attributes": [],
          "private": "bnVsbA==",
          "dependencies": [
            "module.landing_zone.module.landing_zone.data.ibm_resource_group.resource_groups",
            "module.landing_zone.module.landing_zone.ibm_resource_group.resource_groups",
            "module.landing_zone.module.landing_zone.module.vpc.ibm_is_public_gateway.gateway",
            "module.landing_zone.module.landing_zone.module.vpc.ibm_is_vpc.vpc"
          ]
        },
        {
          "index_key": "jaffasx-01-workload-vpe-zone-3",
          "schema_version": 0,
          "attributes": {
            "address_prefix": "r006-b031b8df-8682-4e20-9a86-f8df61ff30b6",
            "cidr": "10.60.20.0/24",
            "has_subnets": false,
            "id": "r006-d8465333-260c-4e38-9519-e9f1eec2f3d5/r006-b031b8df-8682-4e20-9a86-f8df61ff30b6",
            "is_default": false,
            "name": "jaffasx-01-workload-vpe-zone-3",
            "related_crn": "crn:v1:bluemix:public:is:us-south:a/e65910fa61ce9072d64902d03f3d4774::vpc:r006-d8465333-260c-4e38-9519-e9f1eec2f3d5",
            "vpc": "r006-d8465333-260c-4e38-9519-e9f1eec2f3d5",
            "zone": "us-south-3"
          },
          "sensitive_attributes": [],
          "private": "bnVsbA==",
          "dependencies": [
            "module.landing_zone.module.landing_zone.data.ibm_resource_group.resource_groups",
            "module.landing_zone.module.landing_zone.ibm_resource_group.resource_groups",
            "module.landing_zone.module.landing_zone.module.vpc.ibm_is_public_gateway.gateway",
            "module.landing_zone.module.landing_zone.module.vpc.ibm_is_vpc.vpc"
          ]
        },
        {
          "index_key": "jaffasx-01-workload-vsi-zone-1",
          "schema_version": 0,
          "attributes": {
            "address_prefix": "r006-563c3ced-7fb9-4e8f-88f9-927ac6959abc",
            "cidr": "10.40.10.0/24",
            "has_subnets": false,
            "id": "r006-d8465333-260c-4e38-9519-e9f1eec2f3d5/r006-563c3ced-7fb9-4e8f-88f9-927ac6959abc",
            "is_default": false,
            "name": "jaffasx-01-workload-vsi-zone-1",
            "related_crn": "crn:v1:bluemix:public:is:us-south:a/e65910fa61ce9072d64902d03f3d4774::vpc:r006-d8465333-260c-4e38-9519-e9f1eec2f3d5",
            "vpc": "r006-d8465333-260c-4e38-9519-e9f1eec2f3d5",
            "zone": "us-south-1"
          },
          "sensitive_attributes": [],
          "private": "bnVsbA==",
          "dependencies": [
            "module.landing_zone.module.landing_zone.data.ibm_resource_group.resource_groups",
            "module.landing_zone.module.landing_zone.ibm_resource_group.resource_groups",
            "module.landing_zone.module.landing_zone.module.vpc.ibm_is_public_gateway.gateway",
            "module.landing_zone.module.landing_zone.module.vpc.ibm_is_vpc.vpc"
          ]
        },
        {
          "index_key": "jaffasx-01-workload-vsi-zone-2",
          "schema_version": 0,
          "attributes": {
            "address_prefix": "r006-cbe5a2cc-f2ca-4344-997e-013c3b184afe",
            "cidr": "10.50.10.0/24",
            "has_subnets": false,
            "id": "r006-d8465333-260c-4e38-9519-e9f1eec2f3d5/r006-cbe5a2cc-f2ca-4344-997e-013c3b184afe",
            "is_default": false,
            "name": "jaffasx-01-workload-vsi-zone-2",
            "related_crn": "crn:v1:bluemix:public:is:us-south:a/e65910fa61ce9072d64902d03f3d4774::vpc:r006-d8465333-260c-4e38-9519-e9f1eec2f3d5",
            "vpc": "r006-d8465333-260c-4e38-9519-e9f1eec2f3d5",
            "zone": "us-south-2"
          },
          "sensitive_attributes": [],
          "private": "bnVsbA==",
          "dependencies": [
            "module.landing_zone.module.landing_zone.data.ibm_resource_group.resource_groups",
            "module.landing_zone.module.landing_zone.ibm_resource_group.resource_groups",
            "module.landing_zone.module.landing_zone.module.vpc.ibm_is_public_gateway.gateway",
            "module.landing_zone.module.landing_zone.module.vpc.ibm_is_vpc.vpc"
          ]
        },
        {
          "index_key": "jaffasx-01-workload-vsi-zone-3",
          "schema_version": 0,
          "attributes": {
            "address_prefix": "r006-d2c64faa-b0f2-4a22-82e1-48e3bc8d3258",
            "cidr": "10.60.10.0/24",
            "has_subnets": false,
            "id": "r006-d8465333-260c-4e38-9519-e9f1eec2f3d5/r006-d2c64faa-b0f2-4a22-82e1-48e3bc8d3258",
            "is_default": false,
            "name": "jaffasx-01-workload-vsi-zone-3",
            "related_crn": "crn:v1:bluemix:public:is:us-south:a/e65910fa61ce9072d64902d03f3d4774::vpc:r006-d8465333-260c-4e38-9519-e9f1eec2f3d5",
            "vpc": "r006-d8465333-260c-4e38-9519-e9f1eec2f3d5",
            "zone": "us-south-3"
          },
          "sensitive_attributes": [],
          "private": "bnVsbA==",
          "dependencies": [
            "module.landing_zone.module.landing_zone.data.ibm_resource_group.resource_groups",
            "module.landing_zone.module.landing_zone.ibm_resource_group.resource_groups",
            "module.landing_zone.module.landing_zone.module.vpc.ibm_is_public_gateway.gateway",
            "module.landing_zone.module.landing_zone.module.vpc.ibm_is_vpc.vpc"
          ]
        }
      ]
    },
    {
      "module": "module.landing_zone.module.landing_zone.module.vsi[\"jaffasx-01-management-server\"]",
      "mode": "data",
      "type": "ibm_is_vpc",
      "name": "vpc",
      "provider": "module.landing_zone.provider[\"registry.terraform.io/ibm-cloud/ibm\"]",
      "instances": [
        {
          "schema_version": 0,
          "attributes": {
            "classic_access": false,
            "crn": "crn:v1:bluemix:public:is:us-south:a/e65910fa61ce9072d64902d03f3d4774::vpc:r006-81aef8a0-7234-4979-8d68-891f1c38ac90",
            "cse_source_addresses": [
              {
                "address": "10.22.22.176",
                "zone_name": "us-south-1"
              },
              {
                "address": "10.22.25.194",
                "zone_name": "us-south-2"
              },
              {
                "address": "10.22.39.6",
                "zone_name": "us-south-3"
              }
            ],
            "default_network_acl": "r006-67fe844d-750e-4575-9e88-7de7df8a7856",
            "default_network_acl_crn": "crn:v1:bluemix:public:is:us-south:a/e65910fa61ce9072d64902d03f3d4774::network-acl:r006-67fe844d-750e-4575-9e88-7de7df8a7856",
            "default_network_acl_name": "subsonic-deferral-stardust-loaf",
            "default_routing_table": "r006-8c6e8dcb-4794-4b8f-a287-d314e77b6f84",
            "default_routing_table_name": "spearmint-change-probation-affianced",
            "default_security_group": "r006-083ae0e8-3fd7-40d3-9606-16bf1e7c63ba",
            "default_security_group_crn": "crn:v1:bluemix:public:is:us-south:a/e65910fa61ce9072d64902d03f3d4774::security-group:r006-083ae0e8-3fd7-40d3-9606-16bf1e7c63ba",
            "default_security_group_name": "tableful-tipped-acts-barrack",
            "id": "r006-81aef8a0-7234-4979-8d68-891f1c38ac90",
            "identifier": "r006-81aef8a0-7234-4979-8d68-891f1c38ac90",
            "name": "jaffasx-01-management-vpc",
            "resource_controller_url": "https://cloud.ibm.com/vpc-ext/network/vpcs",
            "resource_crn": "crn:v1:bluemix:public:is:us-south:a/e65910fa61ce9072d64902d03f3d4774::vpc:r006-81aef8a0-7234-4979-8d68-891f1c38ac90",
            "resource_group": "4c112b02f7424415b36a1480d7f15569",
            "resource_group_name": "jaffasx-01-management-rg",
            "resource_name": "jaffasx-01-management-vpc",
            "resource_status": "available",
            "security_group": [
              {
                "group_id": "r006-c9ce4207-0f7b-4970-a081-00d7e1d09993",
                "group_name": "jaffasx-01-management",
                "rules": [
                  {
                    "code": 0,
                    "direction": "inbound",
                    "ip_version": "ipv4",
                    "port_max": 0,
                    "port_min": 0,
                    "protocol": "all",
                    "remote": "10.0.0.0/8",
                    "rule_id": "r006-147bbc9a-0fe7-4a3b-afe8-91648cbc5930",
                    "type": 0
                  },
                  {
                    "code": 0,
                    "direction": "outbound",
                    "ip_version": "ipv4",
                    "port_max": 0,
                    "port_min": 0,
                    "protocol": "all",
                    "remote": "10.0.0.0/8",
                    "rule_id": "r006-0389baad-2afe-4534-a983-c1dc3461e22b",
                    "type": 0
                  },
                  {
                    "code": 0,
                    "direction": "inbound",
                    "ip_version": "ipv4",
                    "port_max": 0,
                    "port_min": 0,
                    "protocol": "all",
                    "remote": "161.26.0.0/16",
                    "rule_id": "r006-5a18913e-cfd1-45e9-b0ed-be47a7059024",
                    "type": 0
                  },
                  {
                    "code": 0,
                    "direction": "outbound",
                    "ip_version": "ipv4",
                    "port_max": 53,
                    "port_min": 53,
                    "protocol": "tcp",
                    "remote": "161.26.0.0/16",
                    "rule_id": "r006-8839fd43-7471-4f11-951f-4cb82d9e75bf",
                    "type": 0
                  },
                  {
                    "code": 0,
                    "direction": "outbound",
                    "ip_version": "ipv4",
                    "port_max": 80,
                    "port_min": 80,
                    "protocol": "tcp",
                    "remote": "161.26.0.0/16",
                    "rule_id": "r006-abcb6928-c907-47f0-be63-7d15f326c626",
                    "type": 0
                  },
                  {
                    "code": 0,
                    "direction": "outbound",
                    "ip_version": "ipv4",
                    "port_max": 443,
                    "port_min": 443,
                    "protocol": "tcp",
                    "remote": "161.26.0.0/16",
                    "rule_id": "r006-4a88c8d6-7622-4c3d-b849-f9fa5f3d38fe",
                    "type": 0
                  }
                ]
              },
              {
                "group_id": "r006-c5e26f00-14e6-4f92-aac0-135a46a2642b",
                "group_name": "management-vpe-sg",
                "rules": [
                  {
                    "code": 0,
                    "direction": "inbound",
                    "ip_version": "ipv4",
                    "port_max": 0,
                    "port_min": 0,
                    "protocol": "all",
                    "remote": "10.0.0.0/8",
                    "rule_id": "r006-604368f4-16f6-41a4-8d59-4c07e5ae1d2d",
                    "type": 0
                  },
                  {
                    "code": 0,
                    "direction": "outbound",
                    "ip_version": "ipv4",
                    "port_max": 0,
                    "port_min": 0,
                    "protocol": "all",
                    "remote": "10.0.0.0/8",
                    "rule_id": "r006-dfb50172-e5c5-42d9-80a6-a5dbd68bc890",
                    "type": 0
                  },
                  {
                    "code": 0,
                    "direction": "inbound",
                    "ip_version": "ipv4",
                    "port_max": 0,
                    "port_min": 0,
                    "protocol": "all",
                    "remote": "161.26.0.0/16",
                    "rule_id": "r006-0177f78d-9cd1-459a-9332-758726f09836",
                    "type": 0
                  },
                  {
                    "code": 0,
                    "direction": "outbound",
                    "ip_version": "ipv4",
                    "port_max": 443,
                    "port_min": 443,
                    "protocol": "tcp",
                    "remote": "161.26.0.0/16",
                    "rule_id": "r006-84f0e50a-f7e0-4a58-b780-f1f61856196a",
                    "type": 0
                  },
                  {
                    "code": 0,
                    "direction": "outbound",
                    "ip_version": "ipv4",
                    "port_max": 80,
                    "port_min": 80,
                    "protocol": "tcp",
                    "remote": "161.26.0.0/16",
                    "rule_id": "r006-f911edc2-a58b-42c5-94f2-2d2ad0c70818",
                    "type": 0
                  },
                  {
                    "code": 0,
                    "direction": "outbound",
                    "ip_version": "ipv4",
                    "port_max": 53,
                    "port_min": 53,
                    "protocol": "tcp",
                    "remote": "161.26.0.0/16",
                    "rule_id": "r006-64370c2b-3524-4941-85d0-9fd9d4c01011",
                    "type": 0
                  }
                ]
              },
              {
                "group_id": "r006-083ae0e8-3fd7-40d3-9606-16bf1e7c63ba",
                "group_name": "tableful-tipped-acts-barrack",
                "rules": [
                  {
                    "code": 0,
                    "direction": "outbound",
                    "ip_version": "ipv4",
                    "port_max": 0,
                    "port_min": 0,
                    "protocol": "all",
                    "remote": "0.0.0.0/0",
                    "rule_id": "r006-e2f6e704-7a64-4d62-8cd6-0a84a237a8fc",
                    "type": 0
                  },
                  {
                    "code": 0,
                    "direction": "inbound",
                    "ip_version": "ipv4",
                    "port_max": 0,
                    "port_min": 0,
                    "protocol": "all",
                    "remote": "r006-083ae0e8-3fd7-40d3-9606-16bf1e7c63ba",
                    "rule_id": "r006-7faa4ce1-6e56-4ae8-bd63-2e2bfae9bc5b",
                    "type": 0
                  }
                ]
              }
            ],
            "status": "available",
            "subnets": [
              {
                "available_ipv4_address_count": 250,
                "id": "0717-08adadc9-5f37-4a23-9cb9-284d3623f980",
                "name": "jaffasx-01-management-vpe-zone-1",
                "status": "available",
                "total_ipv4_address_count": 256,
                "zone": "us-south-1"
              },
              {
                "available_ipv4_address_count": 251,
                "id": "0717-0873e843-67db-4c22-8e5c-71178871f858",
                "name": "jaffasx-01-management-vpn-zone-1",
                "status": "available",
                "total_ipv4_address_count": 256,
                "zone": "us-south-1"
              },
              {
                "available_ipv4_address_count": 250,
                "id": "0727-4ecae834-5334-423b-8706-f7c791ade68e",
                "name": "jaffasx-01-management-vpe-zone-2",
                "status": "available",
                "total_ipv4_address_count": 256,
                "zone": "us-south-2"
              },
              {
                "available_ipv4_address_count": 251,
                "id": "0737-a424eee1-c71e-4774-8187-22f6166b0200",
                "name": "jaffasx-01-management-vsi-zone-3",
                "status": "available",
                "total_ipv4_address_count": 256,
                "zone": "us-south-3"
              },
              {
                "available_ipv4_address_count": 251,
                "id": "0717-6ca73715-ab9a-4e63-aa7c-776dddfb2a8b",
                "name": "jaffasx-01-management-vsi-zone-1",
                "status": "available",
                "total_ipv4_address_count": 256,
                "zone": "us-south-1"
              },
              {
                "available_ipv4_address_count": 251,
                "id": "0727-36a07005-5238-4a48-a74c-b83a62edb9e3",
                "name": "jaffasx-01-management-vsi-zone-2",
                "status": "available",
                "total_ipv4_address_count": 256,
                "zone": "us-south-2"
              },
              {
                "available_ipv4_address_count": 250,
                "id": "0737-37980d0b-ff38-40cb-a369-5ea5fa62abaa",
                "name": "jaffasx-01-management-vpe-zone-3",
                "status": "available",
                "total_ipv4_address_count": 256,
                "zone": "us-south-3"
              }
            ],
            "tags": []
          },
          "sensitive_attributes": []
        }
      ]
    },
    {
      "module": "module.landing_zone.module.landing_zone.module.vsi[\"jaffasx-01-management-server\"]",
      "mode": "data",
      "type": "ibm_is_vpcs",
      "name": "vpcs",
      "provider": "module.landing_zone.provider[\"registry.terraform.io/ibm-cloud/ibm\"]",
      "instances": [
        {
          "schema_version": 0,
          "attributes": {
            "id": "2022-11-23 10:14:47.726559 +0000 UTC",
            "vpcs": [
              {
                "classic_access": false,
                "crn": "crn:v1:bluemix:public:is:us-south:a/e65910fa61ce9072d64902d03f3d4774::vpc:r006-05215575-de8a-41cc-85a8-f5d920870143",
                "cse_source_addresses": [
                  {
                    "address": "10.12.127.112",
                    "zone_name": "us-south-1"
                  },
                  {
                    "address": "10.12.161.186",
                    "zone_name": "us-south-2"
                  },
                  {
                    "address": "10.249.208.55",
                    "zone_name": "us-south-3"
                  }
                ],
                "default_network_acl": "r006-73936c1a-6ff5-4b08-b2ec-3f6ee119c91e",
                "default_network_acl_crn": "crn:v1:bluemix:public:is:us-south:a/e65910fa61ce9072d64902d03f3d4774::network-acl:r006-73936c1a-6ff5-4b08-b2ec-3f6ee119c91e",
                "default_network_acl_name": "monotone-mathematical-evident-bankbook",
                "default_routing_table": "r006-af25af01-9105-47b7-94f4-05e47056c846",
                "default_routing_table_name": "habitual-idealness-negligent-affiliate",
                "default_security_group": "r006-1f44ecb7-52af-448a-8df5-6cb46b2f8fb6",
                "default_security_group_crn": "crn:v1:bluemix:public:is:us-south:a/e65910fa61ce9072d64902d03f3d4774::security-group:r006-1f44ecb7-52af-448a-8df5-6cb46b2f8fb6",
                "default_security_group_name": "swiftness-shorts-ancient-outbound",
                "id": "r006-05215575-de8a-41cc-85a8-f5d920870143",
                "name": "envisage-vpc",
                "resource_controller_url": "https://cloud.ibm.com/vpc-ext/network/vpcs",
                "resource_crn": "crn:v1:bluemix:public:is:us-south:a/e65910fa61ce9072d64902d03f3d4774::vpc:r006-05215575-de8a-41cc-85a8-f5d920870143",
                "resource_group": "60d4fb09783b45d8ba672de8ea0fb093",
                "resource_group_name": "vyomk-rg",
                "resource_name": "envisage-vpc",
                "resource_status": "available",
                "security_group": [
                  {
                    "group_id": "r006-62ec714b-c460-4ada-a580-af69aa614aea",
                    "group_name": "kube-r006-05215575-de8a-41cc-85a8-f5d920870143",
                    "rules": [
                      {
                        "code": 0,
                        "direction": "outbound",
                        "ip_version": "ipv4",
                        "port_max": 32767,
                        "port_min": 30000,
                        "protocol": "tcp",
                        "remote": "0.0.0.0/0",
                        "rule_id": "",
                        "type": 0
                      },
                      {
                        "code": 0,
                        "direction": "outbound",
                        "ip_version": "ipv4",
                        "port_max": 32767,
                        "port_min": 30000,
                        "protocol": "udp",
                        "remote": "0.0.0.0/0",
                        "rule_id": "",
                        "type": 0
                      },
                      {
                        "code": 0,
                        "direction": "inbound",
                        "ip_version": "ipv4",
                        "port_max": 65535,
                        "port_min": 1,
                        "protocol": "tcp",
                        "remote": "0.0.0.0/0",
                        "rule_id": "",
                        "type": 0
                      },
                      {
                        "code": 0,
                        "direction": "inbound",
                        "ip_version": "ipv4",
                        "port_max": 65535,
                        "port_min": 1,
                        "protocol": "udp",
                        "remote": "0.0.0.0/0",
                        "rule_id": "",
                        "type": 0
                      }
                    ]
                  },
                  {
                    "group_id": "r006-08d0f2e2-653c-4fcf-bb4b-fbf65738273f",
                    "group_name": "envisage-netcool-sg",
                    "rules": [
                      {
                        "code": 0,
                        "direction": "inbound",
                        "ip_version": "ipv4",
                        "port_max": 443,
                        "port_min": 443,
                        "protocol": "tcp",
                        "remote": "0.0.0.0/0",
                        "rule_id": "",
                        "type": 0
                      },
                      {
                        "code": 0,
                        "direction": "outbound",
                        "ip_version": "ipv4",
                        "port_max": 0,
                        "port_min": 0,
                        "protocol": "all",
                        "remote": "0.0.0.0/0",
                        "rule_id": "r006-71227512-79cb-44eb-9e97-b39a37084c19",
                        "type": 0
                      },
                      {
                        "code": 0,
                        "direction": "inbound",
                        "ip_version": "ipv4",
                        "port_max": 0,
                        "port_min": 0,
                        "protocol": "icmp",
                        "remote": "0.0.0.0/0",
                        "rule_id": "r006-e667079d-7ade-4662-979b-a93918dadef1",
                        "type": 8
                      },
                      {
                        "code": 0,
                        "direction": "inbound",
                        "ip_version": "ipv4",
                        "port_max": 9090,
                        "port_min": 9090,
                        "protocol": "tcp",
                        "remote": "0.0.0.0/0",
                        "rule_id": "",
                        "type": 0
                      },
                      {
                        "code": 0,
                        "direction": "inbound",
                        "ip_version": "ipv4",
                        "port_max": 22,
                        "port_min": 22,
                        "protocol": "tcp",
                        "remote": "0.0.0.0/0",
                        "rule_id": "",
                        "type": 0
                      },
                      {
                        "code": 0,
                        "direction": "inbound",
                        "ip_version": "ipv4",
                        "port_max": 8080,
                        "port_min": 8080,
                        "protocol": "tcp",
                        "remote": "0.0.0.0/0",
                        "rule_id": "",
                        "type": 0
                      }
                    ]
                  },
                  {
                    "group_id": "r006-296638b0-9014-4e9e-b57d-640e8a69efa5",
                    "group_name": "envisage-nci-sg",
                    "rules": [
                      {
                        "code": 0,
                        "direction": "inbound",
                        "ip_version": "ipv4",
                        "port_max": 22,
                        "port_min": 22,
                        "protocol": "tcp",
                        "remote": "0.0.0.0/0",
                        "rule_id": "",
                        "type": 0
                      },
                      {
                        "code": 0,
                        "direction": "inbound",
                        "ip_version": "ipv4",
                        "port_max": 8080,
                        "port_min": 8080,
                        "protocol": "tcp",
                        "remote": "0.0.0.0/0",
                        "rule_id": "",
                        "type": 0
                      },
                      {
                        "code": 0,
                        "direction": "outbound",
                        "ip_version": "ipv4",
                        "port_max": 0,
                        "port_min": 0,
                        "protocol": "all",
                        "remote": "0.0.0.0/0",
                        "rule_id": "r006-a3f6e26b-d111-4df3-bd5a-bc5ac6428976",
                        "type": 0
                      },
                      {
                        "code": 0,
                        "direction": "inbound",
                        "ip_version": "ipv4",
                        "port_max": 0,
                        "port_min": 0,
                        "protocol": "icmp",
                        "remote": "0.0.0.0/0",
                        "rule_id": "r006-cb3eb50d-713d-4de5-8ada-02eb23f0586d",
                        "type": 8
                      },
                      {
                        "code": 0,
                        "direction": "inbound",
                        "ip_version": "ipv4",
                        "port_max": 443,
                        "port_min": 443,
                        "protocol": "tcp",
                        "remote": "0.0.0.0/0",
                        "rule_id": "",
                        "type": 0
                      },
                      {
                        "code": 0,
                        "direction": "inbound",
                        "ip_version": "ipv4",
                        "port_max": 9090,
                        "port_min": 9090,
                        "protocol": "tcp",
                        "remote": "0.0.0.0/0",
                        "rule_id": "",
                        "type": 0
                      }
                    ]
                  },
                  {
                    "group_id": "r006-902bd2bc-a599-4f58-bce8-196affe138ec",
                    "group_name": "envisage-history-sg",
                    "rules": [
                      {
                        "code": 0,
                        "direction": "outbound",
                        "ip_version": "ipv4",
                        "port_max": 0,
                        "port_min": 0,
                        "protocol": "all",
                        "remote": "0.0.0.0/0",
                        "rule_id": "r006-88d91fcc-f84e-4653-bfc7-bc589e29fd4b",
                        "type": 0
                      },
                      {
                        "code": 0,
                        "direction": "inbound",
                        "ip_version": "ipv4",
                        "port_max": 9090,
                        "port_min": 9090,
                        "protocol": "tcp",
                        "remote": "0.0.0.0/0",
                        "rule_id": "",
                        "type": 0
                      },
                      {
                        "code": 0,
                        "direction": "inbound",
                        "ip_version": "ipv4",
                        "port_max": 8080,
                        "port_min": 8080,
                        "protocol": "tcp",
                        "remote": "0.0.0.0/0",
                        "rule_id": "",
                        "type": 0
                      },
                      {
                        "code": 0,
                        "direction": "inbound",
                        "ip_version": "ipv4",
                        "port_max": 0,
                        "port_min": 0,
                        "protocol": "icmp",
                        "remote": "0.0.0.0/0",
                        "rule_id": "r006-cbd3f8e8-7ca8-4811-8e26-ba4c7c2673ac",
                        "type": 8
                      },
                      {
                        "code": 0,
                        "direction": "inbound",
                        "ip_version": "ipv4",
                        "port_max": 443,
                        "port_min": 443,
                        "protocol": "tcp",
                        "remote": "0.0.0.0/0",
                        "rule_id": "",
                        "type": 0
                      },
                      {
                        "code": 0,
                        "direction": "inbound",
                        "ip_version": "ipv4",
                        "port_max": 22,
                        "port_min": 22,
                        "protocol": "tcp",
                        "remote": "0.0.0.0/0",
                        "rule_id": "",
                        "type": 0
                      }
                    ]
                  },
                  {
                    "group_id": "r006-f6ecf56b-a7f1-4119-875b-17144033ca84",
                    "group_name": "envisage-dash-sg",
                    "rules": [
                      {
                        "code": 0,
                        "direction": "inbound",
                        "ip_version": "ipv4",
                        "port_max": 0,
                        "port_min": 0,
                        "protocol": "icmp",
                        "remote": "0.0.0.0/0",
                        "rule_id": "r006-e8948500-50d6-4d4b-a4b3-d1583e06f9ea",
                        "type": 8
                      },
                      {
                        "code": 0,
                        "direction": "inbound",
                        "ip_version": "ipv4",
                        "port_max": 443,
                        "port_min": 443,
                        "protocol": "tcp",
                        "remote": "0.0.0.0/0",
                        "rule_id": "",
                        "type": 0
                      },
                      {
                        "code": 0,
                        "direction": "inbound",
                        "ip_version": "ipv4",
                        "port_max": 22,
                        "port_min": 22,
                        "protocol": "tcp",
                        "remote": "0.0.0.0/0",
                        "rule_id": "",
                        "type": 0
                      },
                      {
                        "code": 0,
                        "direction": "inbound",
                        "ip_version": "ipv4",
                        "port_max": 8080,
                        "port_min": 8080,
                        "protocol": "tcp",
                        "remote": "0.0.0.0/0",
                        "rule_id": "",
                        "type": 0
                      },
                      {
                        "code": 0,
                        "direction": "inbound",
                        "ip_version": "ipv4",
                        "port_max": 9090,
                        "port_min": 9090,
                        "protocol": "tcp",
                        "remote": "0.0.0.0/0",
                        "rule_id": "",
                        "type": 0
                      },
                      {
                        "code": 0,
                        "direction": "outbound",
                        "ip_version": "ipv4",
                        "port_max": 0,
                        "port_min": 0,
                        "protocol": "all",
                        "remote": "0.0.0.0/0",
                        "rule_id": "r006-65b91ecb-d065-4bf4-825a-7bb889949195",
                        "type": 0
                      }
                    ]
                  },
                  {
                    "group_id": "r006-1f44ecb7-52af-448a-8df5-6cb46b2f8fb6",
                    "group_name": "swiftness-shorts-ancient-outbound",
                    "rules": [
                      {
                        "code": 0,
                        "direction": "outbound",
                        "ip_version": "ipv4",
                        "port_max": 0,
                        "port_min": 0,
                        "protocol": "all",
                        "remote": "0.0.0.0/0",
                        "rule_id": "r006-afa2fb13-2518-4e35-a2d1-c86de26c265d",
                        "type": 0
                      },
                      {
                        "code": 0,
                        "direction": "inbound",
                        "ip_version": "ipv4",
                        "port_max": 0,
                        "port_min": 0,
                        "protocol": "all",
                        "remote": "r006-1f44ecb7-52af-448a-8df5-6cb46b2f8fb6",
                        "rule_id": "r006-789889ab-f117-4ed7-af3d-9f2c20858d6e",
                        "type": 0
                      }
                    ]
                  }
                ],
                "status": "available",
                "subnets": [
                  {
                    "available_ipv4_address_count": 249,
                    "id": "0717-28c2893e-c7a6-41b5-a05e-8d39d6aa2b60",
                    "name": "vyomk-gw-local-subnet",
                    "status": "available",
                    "total_ipv4_address_count": 256,
                    "zone": "us-south-1"
                  },
                  {
                    "available_ipv4_address_count": 251,
                    "id": "0717-a241de37-64a2-4013-97a9-5bc7441141ee",
                    "name": "vyomk-gw-peer-subnet",
                    "status": "available",
                    "total_ipv4_address_count": 256,
                    "zone": "us-south-1"
                  },
                  {
                    "available_ipv4_address_count": 251,
                    "id": "0727-02367c68-5bd7-4a05-a77e-bcfe4367250e",
                    "name": "vyomk-test-subnet-2",
                    "status": "available",
                    "total_ipv4_address_count": 256,
                    "zone": "us-south-2"
                  },
                  {
                    "available_ipv4_address_count": 251,
                    "id": "0727-5ab042a4-211b-4427-9f72-483e141de41b",
                    "name": "vyomk-test-subnet-1",
                    "status": "available",
                    "total_ipv4_address_count": 256,
                    "zone": "us-south-2"
                  },
                  {
                    "available_ipv4_address_count": 244,
                    "id": "0717-cb9a5e71-ec96-4a9c-a170-4f547a471c1a",
                    "name": "envisage-subnet-1",
                    "status": "available",
                    "total_ipv4_address_count": 256,
                    "zone": "us-south-1"
                  }
                ],
                "tags": [
                  "schematics:us-east.workspace.envisage.af963c23"
                ]
              },
              {
                "classic_access": false,
                "crn": "crn:v1:bluemix:public:is:us-south:a/e65910fa61ce9072d64902d03f3d4774::vpc:r006-08e70871-7920-41ee-bc7e-c2d909d94c5f",
                "cse_source_addresses": [
                  {
                    "address": "10.16.239.175",
                    "zone_name": "us-south-1"
                  },
                  {
                    "address": "10.249.200.74",
                    "zone_name": "us-south-2"
                  },
                  {
                    "address": "10.249.80.3",
                    "zone_name": "us-south-3"
                  }
                ],
                "default_network_acl": "r006-ceb1b516-1186-43f9-a566-1ec602c8bf62",
                "default_network_acl_crn": "crn:v1:bluemix:public:is:us-south:a/e65910fa61ce9072d64902d03f3d4774::network-acl:r006-ceb1b516-1186-43f9-a566-1ec602c8bf62",
                "default_network_acl_name": "unplug-vividness-flinty-thunder",
                "default_routing_table": "r006-d0b3529c-594b-4ec3-84c2-45734da835cd",
                "default_routing_table_name": "fruit-elongated-squeezed-fondly",
                "default_security_group": "r006-6ba1f8f2-1e36-464b-b2e3-ed95f74ab6f9",
                "default_security_group_crn": "crn:v1:bluemix:public:is:us-south:a/e65910fa61ce9072d64902d03f3d4774::security-group:r006-6ba1f8f2-1e36-464b-b2e3-ed95f74ab6f9",
                "default_security_group_name": "follow-strenuous-litmus-spool",
                "id": "r006-08e70871-7920-41ee-bc7e-c2d909d94c5f",
                "name": "apptio-vpc",
                "resource_controller_url": "https://cloud.ibm.com/vpc-ext/network/vpcs",
                "resource_crn": "crn:v1:bluemix:public:is:us-south:a/e65910fa61ce9072d64902d03f3d4774::vpc:r006-08e70871-7920-41ee-bc7e-c2d909d94c5f",
                "resource_group": "b440e4a0404b4193ae7b2c68b198cf42",
                "resource_group_name": "apptio-rg",
                "resource_name": "apptio-vpc",
                "resource_status": "available",
                "security_group": [
                  {
                    "group_id": "r006-cc1e24ab-3ae1-41f1-af90-72bde9743406",
                    "group_name": "kube-r006-08e70871-7920-41ee-bc7e-c2d909d94c5f",
                    "rules": [
                      {
                        "code": 0,
                        "direction": "outbound",
                        "ip_version": "ipv4",
                        "port_max": 32767,
                        "port_min": 30000,
                        "protocol": "tcp",
                        "remote": "0.0.0.0/0",
                        "rule_id": "",
                        "type": 0
                      },
                      {
                        "code": 0,
                        "direction": "outbound",
                        "ip_version": "ipv4",
                        "port_max": 32767,
                        "port_min": 30000,
                        "protocol": "udp",
                        "remote": "0.0.0.0/0",
                        "rule_id": "",
                        "type": 0
                      },
                      {
                        "code": 0,
                        "direction": "inbound",
                        "ip_version": "ipv4",
                        "port_max": 65535,
                        "port_min": 1,
                        "protocol": "tcp",
                        "remote": "0.0.0.0/0",
                        "rule_id": "",
                        "type": 0
                      },
                      {
                        "code": 0,
                        "direction": "inbound",
                        "ip_version": "ipv4",
                        "port_max": 65535,
                        "port_min": 1,
                        "protocol": "udp",
                        "remote": "0.0.0.0/0",
                        "rule_id": "",
                        "type": 0
                      }
                    ]
                  },
                  {
                    "group_id": "r006-df3555ef-6965-4f5c-aee3-a249973e57cd",
                    "group_name": "kube-c81vevud0208l2vfudj0",
                    "rules": [
                      {
                        "code": 0,
                        "direction": "outbound",
                        "ip_version": "ipv4",
                        "port_max": 0,
                        "port_min": 0,
                        "protocol": "all",
                        "remote": "172.17.0.0/18",
                        "rule_id": "r006-aa2b008a-0c8e-4e2c-9667-fc5382cc86c9",
                        "type": 0
                      },
                      {
                        "code": 0,
                        "direction": "inbound",
                        "ip_version": "ipv4",
                        "port_max": 0,
                        "port_min": 0,
                        "protocol": "all",
                        "remote": "172.17.0.0/18",
                        "rule_id": "r006-3529deb7-7e19-4f8f-96e1-49aef8449e52",
                        "type": 0
                      },
                      {
                        "code": 0,
                        "direction": "inbound",
                        "ip_version": "ipv4",
                        "port_max": 32767,
                        "port_min": 30000,
                        "protocol": "tcp",
                        "remote": "0.0.0.0/0",
                        "rule_id": "",
                        "type": 0
                      },
                      {
                        "code": 0,
                        "direction": "inbound",
                        "ip_version": "ipv4",
                        "port_max": 32767,
                        "port_min": 30000,
                        "protocol": "udp",
                        "remote": "0.0.0.0/0",
                        "rule_id": "",
                        "type": 0
                      }
                    ]
                  },
                  {
                    "group_id": "r006-6ba1f8f2-1e36-464b-b2e3-ed95f74ab6f9",
                    "group_name": "follow-strenuous-litmus-spool",
                    "rules": [
                      {
                        "code": 0,
                        "direction": "outbound",
                        "ip_version": "ipv4",
                        "port_max": 0,
                        "port_min": 0,
                        "protocol": "all",
                        "remote": "0.0.0.0/0",
                        "rule_id": "r006-5a36d1ad-51bc-4497-83b9-4c4447b03643",
                        "type": 0
                      },
                      {
                        "code": 0,
                        "direction": "inbound",
                        "ip_version": "ipv4",
                        "port_max": 0,
                        "port_min": 0,
                        "protocol": "all",
                        "remote": "r006-6ba1f8f2-1e36-464b-b2e3-ed95f74ab6f9",
                        "rule_id": "r006-19c526fc-6719-4a7b-80eb-a1fecd005804",
                        "type": 0
                      },
                      {
                        "code": 0,
                        "direction": "inbound",
                        "ip_version": "ipv4",
                        "port_max": 22,
                        "port_min": 22,
                        "protocol": "tcp",
                        "remote": "0.0.0.0/0",
                        "rule_id": "",
                        "type": 0
                      },
                      {
                        "code": 0,
                        "direction": "inbound",
                        "ip_version": "ipv4",
                        "port_max": 0,
                        "port_min": 0,
                        "protocol": "icmp",
                        "remote": "0.0.0.0/0",
                        "rule_id": "r006-ce722778-cbe0-41ae-80c3-585454c1ecf0",
                        "type": 8
                      }
                    ]
                  }
                ],
                "status": "available",
                "subnets": [
                  {
                    "available_ipv4_address_count": 241,
                    "id": "0717-032dd2b7-a6f1-43b9-a31d-b58abd412da8",
                    "name": "sn-20220209-01",
                    "status": "available",
                    "total_ipv4_address_count": 256,
                    "zone": "us-south-1"
                  },
                  {
                    "available_ipv4_address_count": 239,
                    "id": "0727-ec98615d-2494-4c5d-9d9b-45b5303e3354",
                    "name": "sn-20220209-02",
                    "status": "available",
                    "total_ipv4_address_count": 256,
                    "zone": "us-south-2"
                  },
                  {
                    "available_ipv4_address_count": 248,
                    "id": "0737-8e22e192-9557-42ee-a408-9fdd976e2413",
                    "name": "sn-20220209-03",
                    "status": "available",
                    "total_ipv4_address_count": 256,
                    "zone": "us-south-3"
                  }
                ],
                "tags": []
              },
              {
                "classic_access": false,
                "crn": "crn:v1:bluemix:public:is:us-south:a/e65910fa61ce9072d64902d03f3d4774::vpc:r006-1de9fa57-a666-4147-857f-8504baaedb2a",
                "cse_source_addresses": [
                  {
                    "address": "10.249.196.115",
                    "zone_name": "us-south-1"
                  },
                  {
                    "address": "10.249.207.48",
                    "zone_name": "us-south-2"
                  },
                  {
                    "address": "10.249.214.61",
                    "zone_name": "us-south-3"
                  }
                ],
                "default_network_acl": "r006-1c442aa7-3483-47fe-b637-d3c2923ec123",
                "default_network_acl_crn": "crn:v1:bluemix:public:is:us-south:a/e65910fa61ce9072d64902d03f3d4774::network-acl:r006-1c442aa7-3483-47fe-b637-d3c2923ec123",
                "default_network_acl_name": "onepipeline-default-network-acl",
                "default_routing_table": "r006-bd2f4517-11e1-4334-8bdc-19c4c9aabd8b",
                "default_routing_table_name": "onepipeline-default-routing-table",
                "default_security_group": "r006-357f0625-ba3f-481d-b6ae-90540758a0ea",
                "default_security_group_crn": "crn:v1:bluemix:public:is:us-south:a/e65910fa61ce9072d64902d03f3d4774::security-group:r006-357f0625-ba3f-481d-b6ae-90540758a0ea",
                "default_security_group_name": "onepipeline-default-security-group",
                "id": "r006-1de9fa57-a666-4147-857f-8504baaedb2a",
                "name": "onepipeline",
                "resource_controller_url": "https://cloud.ibm.com/vpc-ext/network/vpcs",
                "resource_crn": "crn:v1:bluemix:public:is:us-south:a/e65910fa61ce9072d64902d03f3d4774::vpc:r006-1de9fa57-a666-4147-857f-8504baaedb2a",
                "resource_group": "0b8ffc9bc5444b58a217dd362cc0f00d",
                "resource_group_name": "onepipeline",
                "resource_name": "onepipeline",
                "resource_status": "available",
                "security_group": [
                  {
                    "group_id": "r006-4934a815-5df1-4e9a-bcac-2824a8e1c6aa",
                    "group_name": "onepipeline-maintenance-sg",
                    "rules": [
                      {
                        "code": 0,
                        "direction": "outbound",
                        "ip_version": "ipv4",
                        "port_max": 53,
                        "port_min": 53,
                        "protocol": "udp",
                        "remote": "0.0.0.0/0",
                        "rule_id": "",
                        "type": 0
                      },
                      {
                        "code": 0,
                        "direction": "outbound",
                        "ip_version": "ipv4",
                        "port_max": 53,
                        "port_min": 53,
                        "protocol": "tcp",
                        "remote": "0.0.0.0/0",
                        "rule_id": "",
                        "type": 0
                      },
                      {
                        "code": 0,
                        "direction": "outbound",
                        "ip_version": "ipv4",
                        "port_max": 80,
                        "port_min": 80,
                        "protocol": "tcp",
                        "remote": "0.0.0.0/0",
                        "rule_id": "",
                        "type": 0
                      },
                      {
                        "code": 0,
                        "direction": "outbound",
                        "ip_version": "ipv4",
                        "port_max": 443,
                        "port_min": 443,
                        "protocol": "tcp",
                        "remote": "0.0.0.0/0",
                        "rule_id": "",
                        "type": 0
                      },
                      {
                        "code": 0,
                        "direction": "inbound",
                        "ip_version": "ipv4",
                        "port_max": 22,
                        "port_min": 22,
                        "protocol": "tcp",
                        "remote": "r006-02f103e3-d14a-4bff-aae4-9b884933877f",
                        "rule_id": "",
                        "type": 0
                      }
                    ]
                  },
                  {
                    "group_id": "r006-02f103e3-d14a-4bff-aae4-9b884933877f",
                    "group_name": "onepipeline-bastion-sg",
                    "rules": [
                      {
                        "code": 0,
                        "direction": "inbound",
                        "ip_version": "ipv4",
                        "port_max": 0,
                        "port_min": 0,
                        "protocol": "icmp",
                        "remote": "0.0.0.0/0",
                        "rule_id": "r006-edf4457c-9d65-43cc-bf1d-2f39847780f1",
                        "type": 8
                      },
                      {
                        "code": 0,
                        "direction": "inbound",
                        "ip_version": "ipv4",
                        "port_max": 22,
                        "port_min": 22,
                        "protocol": "tcp",
                        "remote": "0.0.0.0/0",
                        "rule_id": "",
                        "type": 0
                      },
                      {
                        "code": 0,
                        "direction": "outbound",
                        "ip_version": "ipv4",
                        "port_max": 22,
                        "port_min": 22,
                        "protocol": "tcp",
                        "remote": "r006-4934a815-5df1-4e9a-bcac-2824a8e1c6aa",
                        "rule_id": "",
                        "type": 0
                      }
                    ]
                  },
                  {
                    "group_id": "r006-357f0625-ba3f-481d-b6ae-90540758a0ea",
                    "group_name": "onepipeline-default-security-group",
                    "rules": [
                      {
                        "code": 0,
                        "direction": "outbound",
                        "ip_version": "ipv4",
                        "port_max": 0,
                        "port_min": 0,
                        "protocol": "all",
                        "remote": "0.0.0.0/0",
                        "rule_id": "r006-0e67daee-98ad-4c3c-a5cc-578d1c63b39c",
                        "type": 0
                      },
                      {
                        "code": 0,
                        "direction": "inbound",
                        "ip_version": "ipv4",
                        "port_max": 0,
                        "port_min": 0,
                        "protocol": "all",
                        "remote": "r006-357f0625-ba3f-481d-b6ae-90540758a0ea",
                        "rule_id": "r006-36b5264a-5b8e-4255-af2d-64210ded81a5",
                        "type": 0
                      }
                    ]
                  }
                ],
                "status": "available",
                "subnets": [
                  {
                    "available_ipv4_address_count": 250,
                    "id": "0727-7ab33be3-88d1-4842-8c1a-313fc238c583",
                    "name": "onepipeline-us-south-2-sn",
                    "status": "available",
                    "total_ipv4_address_count": 256,
                    "zone": "us-south-2"
                  },
                  {
                    "available_ipv4_address_count": 250,
                    "id": "0717-aa09379a-8234-4b7b-9abd-346921e1d9c9",
                    "name": "onepipeline-us-south-1-sn",
                    "status": "available",
                    "total_ipv4_address_count": 256,
                    "zone": "us-south-1"
                  },
                  {
                    "available_ipv4_address_count": 250,
                    "id": "0737-83c69900-2f65-42da-9d21-d609b18a6eee",
                    "name": "onepipeline-us-south-3-sn",
                    "status": "available",
                    "total_ipv4_address_count": 256,
                    "zone": "us-south-3"
                  }
                ],
                "tags": [
                  "schematics:us-south.workspace.onepipeline-us-south-0-infra-vpc.23535a9b"
                ]
              },
              {
                "classic_access": false,
                "crn": "crn:v1:bluemix:public:is:us-south:a/e65910fa61ce9072d64902d03f3d4774::vpc:r006-28c3decb-dcd6-49cc-a646-3c9291626d8d",
                "cse_source_addresses": [
                  {
                    "address": "10.16.237.110",
                    "zone_name": "us-south-1"
                  },
                  {
                    "address": "10.22.31.54",
                    "zone_name": "us-south-2"
                  },
                  {
                    "address": "10.16.249.19",
                    "zone_name": "us-south-3"
                  }
                ],
                "default_network_acl": "r006-60c516e6-2c1b-49b2-96bf-c247b20b3377",
                "default_network_acl_crn": "crn:v1:bluemix:public:is:us-south:a/e65910fa61ce9072d64902d03f3d4774::network-acl:r006-60c516e6-2c1b-49b2-96bf-c247b20b3377",
                "default_network_acl_name": "numeric-attic-scrutiny-kerosene",
                "default_routing_table": "r006-67ce793a-a6dd-42bc-9812-2ccffca36b46",
                "default_routing_table_name": "answering-skater-drainpipe-splurge",
                "default_security_group": "r006-30c0ea94-71b2-4170-b929-6f67ab26da4d",
                "default_security_group_crn": "crn:v1:bluemix:public:is:us-south:a/e65910fa61ce9072d64902d03f3d4774::security-group:r006-30c0ea94-71b2-4170-b929-6f67ab26da4d",
                "default_security_group_name": "canopy-wildly-relish-perfume",
                "id": "r006-28c3decb-dcd6-49cc-a646-3c9291626d8d",
                "name": "jrcasan-vpc-demos",
                "resource_controller_url": "https://cloud.ibm.com/vpc-ext/network/vpcs",
                "resource_crn": "crn:v1:bluemix:public:is:us-south:a/e65910fa61ce9072d64902d03f3d4774::vpc:r006-28c3decb-dcd6-49cc-a646-3c9291626d8d",
                "resource_group": "2abdcbc030ea44819a425f4340ddfa8f",
                "resource_group_name": "jrcasan",
                "resource_name": "jrcasan-vpc-demos",
                "resource_status": "available",
                "security_group": [
                  {
                    "group_id": "r006-30c0ea94-71b2-4170-b929-6f67ab26da4d",
                    "group_name": "canopy-wildly-relish-perfume",
                    "rules": [
                      {
                        "code": 0,
                        "direction": "outbound",
                        "ip_version": "ipv4",
                        "port_max": 0,
                        "port_min": 0,
                        "protocol": "all",
                        "remote": "0.0.0.0/0",
                        "rule_id": "r006-0458122b-4464-46c6-a647-da9193a39190",
                        "type": 0
                      },
                      {
                        "code": 0,
                        "direction": "inbound",
                        "ip_version": "ipv4",
                        "port_max": 0,
                        "port_min": 0,
                        "protocol": "all",
                        "remote": "r006-30c0ea94-71b2-4170-b929-6f67ab26da4d",
                        "rule_id": "r006-764858c3-6af8-499b-93e0-9041779f5052",
                        "type": 0
                      },
                      {
                        "code": 0,
                        "direction": "inbound",
                        "ip_version": "ipv4",
                        "port_max": 0,
                        "port_min": 0,
                        "protocol": "icmp",
                        "remote": "0.0.0.0/0",
                        "rule_id": "r006-bfb81cd7-2b4f-4ed8-83a2-e55b06268272",
                        "type": 0
                      },
                      {
                        "code": 0,
                        "direction": "inbound",
                        "ip_version": "ipv4",
                        "port_max": 65535,
                        "port_min": 1,
                        "protocol": "tcp",
                        "remote": "0.0.0.0/0",
                        "rule_id": "",
                        "type": 0
                      },
                      {
                        "code": 0,
                        "direction": "outbound",
                        "ip_version": "ipv4",
                        "port_max": 65535,
                        "port_min": 1,
                        "protocol": "tcp",
                        "remote": "0.0.0.0/0",
                        "rule_id": "",
                        "type": 0
                      }
                    ]
                  }
                ],
                "status": "available",
                "subnets": [
                  {
                    "available_ipv4_address_count": 251,
                    "id": "0737-4e6513e5-6642-45ce-87ef-9d1f5a96d90d",
                    "name": "sn-20220523-03",
                    "status": "available",
                    "total_ipv4_address_count": 256,
                    "zone": "us-south-3"
                  },
                  {
                    "available_ipv4_address_count": 251,
                    "id": "0717-633ddb33-6638-4a43-abc5-b12bc7edc3d4",
                    "name": "sn-20220523-01",
                    "status": "available",
                    "total_ipv4_address_count": 256,
                    "zone": "us-south-1"
                  },
                  {
                    "available_ipv4_address_count": 249,
                    "id": "0727-b3bb3470-80cd-4fb7-bb48-c0d11961c1f0",
                    "name": "sn-20220523-02",
                    "status": "available",
                    "total_ipv4_address_count": 256,
                    "zone": "us-south-2"
                  }
                ],
                "tags": [
                  "build-labs-latam",
                  "jrcasan"
                ]
              },
              {
                "classic_access": false,
                "crn": "crn:v1:bluemix:public:is:us-south:a/e65910fa61ce9072d64902d03f3d4774::vpc:r006-2b8ea56d-3adb-4cd8-b52f-2b4f5af35b94",
                "cse_source_addresses": [
                  {
                    "address": "10.22.14.129",
                    "zone_name": "us-south-1"
                  },
                  {
                    "address": "10.16.244.219",
                    "zone_name": "us-south-2"
                  },
                  {
                    "address": "10.22.34.145",
                    "zone_name": "us-south-3"
                  }
                ],
                "default_network_acl": "r006-2b762952-523f-475b-a4aa-18d82117cd7a",
                "default_network_acl_crn": "crn:v1:bluemix:public:is:us-south:a/e65910fa61ce9072d64902d03f3d4774::network-acl:r006-2b762952-523f-475b-a4aa-18d82117cd7a",
                "default_network_acl_name": "neglector-sloped-chess-apprehend",
                "default_routing_table": "r006-d8d6274d-d2c0-4cb9-8d28-cc5d3dd3595d",
                "default_routing_table_name": "waving-rockband-perfectly-prewar",
                "default_security_group": "r006-0d3c7095-839c-4c6e-9a8f-4b39bae3113c",
                "default_security_group_crn": "crn:v1:bluemix:public:is:us-south:a/e65910fa61ce9072d64902d03f3d4774::security-group:r006-0d3c7095-839c-4c6e-9a8f-4b39bae3113c",
                "default_security_group_name": "essence-koala-washout-uncooked",
                "id": "r006-2b8ea56d-3adb-4cd8-b52f-2b4f5af35b94",
                "name": "djc-vpc-dal",
                "resource_controller_url": "https://cloud.ibm.com/vpc-ext/network/vpcs",
                "resource_crn": "crn:v1:bluemix:public:is:us-south:a/e65910fa61ce9072d64902d03f3d4774::vpc:r006-2b8ea56d-3adb-4cd8-b52f-2b4f5af35b94",
                "resource_group": "bafc8918739b4119a608fd7ac51a6abe",
                "resource_group_name": "djc-rg",
                "resource_name": "djc-vpc-dal",
                "resource_status": "available",
                "security_group": [
                  {
                    "group_id": "r006-70d9d452-38f6-4831-8c94-45145753a4c7",
                    "group_name": "kube-r006-2b8ea56d-3adb-4cd8-b52f-2b4f5af35b94",
                    "rules": [
                      {
                        "code": 0,
                        "direction": "outbound",
                        "ip_version": "ipv4",
                        "port_max": 32767,
                        "port_min": 30000,
                        "protocol": "tcp",
                        "remote": "0.0.0.0/0",
                        "rule_id": "",
                        "type": 0
                      },
                      {
                        "code": 0,
                        "direction": "outbound",
                        "ip_version": "ipv4",
                        "port_max": 32767,
                        "port_min": 30000,
                        "protocol": "udp",
                        "remote": "0.0.0.0/0",
                        "rule_id": "",
                        "type": 0
                      },
                      {
                        "code": 0,
                        "direction": "inbound",
                        "ip_version": "ipv4",
                        "port_max": 65535,
                        "port_min": 1,
                        "protocol": "tcp",
                        "remote": "0.0.0.0/0",
                        "rule_id": "",
                        "type": 0
                      },
                      {
                        "code": 0,
                        "direction": "inbound",
                        "ip_version": "ipv4",
                        "port_max": 65535,
                        "port_min": 1,
                        "protocol": "udp",
                        "remote": "0.0.0.0/0",
                        "rule_id": "",
                        "type": 0
                      }
                    ]
                  },
                  {
                    "group_id": "r006-0d3c7095-839c-4c6e-9a8f-4b39bae3113c",
                    "group_name": "essence-koala-washout-uncooked",
                    "rules": [
                      {
                        "code": 0,
                        "direction": "outbound",
                        "ip_version": "ipv4",
                        "port_max": 0,
                        "port_min": 0,
                        "protocol": "all",
                        "remote": "0.0.0.0/0",
                        "rule_id": "r006-2e9c421e-135a-4a9e-aeb1-023d8d5a4712",
                        "type": 0
                      },
                      {
                        "code": 0,
                        "direction": "inbound",
                        "ip_version": "ipv4",
                        "port_max": 0,
                        "port_min": 0,
                        "protocol": "all",
                        "remote": "r006-0d3c7095-839c-4c6e-9a8f-4b39bae3113c",
                        "rule_id": "r006-7a7b4677-d79d-41a0-b9fb-9dd83fad1e23",
                        "type": 0
                      },
                      {
                        "code": 0,
                        "direction": "inbound",
                        "ip_version": "ipv4",
                        "port_max": 22,
                        "port_min": 22,
                        "protocol": "tcp",
                        "remote": "0.0.0.0/0",
                        "rule_id": "",
                        "type": 0
                      },
                      {
                        "code": 0,
                        "direction": "inbound",
                        "ip_version": "ipv4",
                        "port_max": 0,
                        "port_min": 0,
                        "protocol": "icmp",
                        "remote": "0.0.0.0/0",
                        "rule_id": "r006-8d192e6a-db59-47cb-a350-ef3bece3c146",
                        "type": 8
                      }
                    ]
                  }
                ],
                "status": "available",
                "subnets": [
                  {
                    "available_ipv4_address_count": 250,
                    "id": "0717-aa11c146-5ff0-44c3-98f5-2b7e676fb85e",
                    "name": "djc-vpc-dal-subnet01",
                    "status": "available",
                    "total_ipv4_address_count": 256,
                    "zone": "us-south-1"
                  }
                ],
                "tags": []
              },
              {
                "classic_access": false,
                "crn": "crn:v1:bluemix:public:is:us-south:a/e65910fa61ce9072d64902d03f3d4774::vpc:r006-3a56d911-b310-4f83-a34f-4354378cc444",
                "cse_source_addresses": [
                  {
                    "address": "10.249.194.31",
                    "zone_name": "us-south-1"
                  },
                  {
                    "address": "10.12.156.188",
                    "zone_name": "us-south-2"
                  },
                  {
                    "address": "10.249.211.204",
                    "zone_name": "us-south-3"
                  }
                ],
                "default_network_acl": "r006-60d992a3-59d0-405e-bf5b-3eeb9339b26f",
                "default_network_acl_crn": "crn:v1:bluemix:public:is:us-south:a/e65910fa61ce9072d64902d03f3d4774::network-acl:r006-60d992a3-59d0-405e-bf5b-3eeb9339b26f",
                "default_network_acl_name": "qualified-ruby-monetary-unbuilt",
                "default_routing_table": "r006-0a6d1582-08ec-4ca8-9d5c-dd6d64572710",
                "default_routing_table_name": "spool-undocked-brew-corporate",
                "default_security_group": "r006-c87952d5-3248-4dff-b342-8a1c9fe96790",
                "default_security_group_crn": "crn:v1:bluemix:public:is:us-south:a/e65910fa61ce9072d64902d03f3d4774::security-group:r006-c87952d5-3248-4dff-b342-8a1c9fe96790",
                "default_security_group_name": "buckshot-reverse-educator-eloquence",
                "id": "r006-3a56d911-b310-4f83-a34f-4354378cc444",
                "name": "sc-vpc-dal-1",
                "resource_controller_url": "https://cloud.ibm.com/vpc-ext/network/vpcs",
                "resource_crn": "crn:v1:bluemix:public:is:us-south:a/e65910fa61ce9072d64902d03f3d4774::vpc:r006-3a56d911-b310-4f83-a34f-4354378cc444",
                "resource_group": "b7b513473311474dbf8966d57daa47ee",
                "resource_group_name": "suresh-rg",
                "resource_name": "sc-vpc-dal-1",
                "resource_status": "available",
                "security_group": [
                  {
                    "group_id": "r006-c87952d5-3248-4dff-b342-8a1c9fe96790",
                    "group_name": "buckshot-reverse-educator-eloquence",
                    "rules": [
                      {
                        "code": 0,
                        "direction": "outbound",
                        "ip_version": "ipv4",
                        "port_max": 0,
                        "port_min": 0,
                        "protocol": "all",
                        "remote": "0.0.0.0/0",
                        "rule_id": "r006-27dabf7c-0c25-4a03-b2ba-231c7630f9be",
                        "type": 0
                      },
                      {
                        "code": 0,
                        "direction": "inbound",
                        "ip_version": "ipv4",
                        "port_max": 0,
                        "port_min": 0,
                        "protocol": "all",
                        "remote": "r006-c87952d5-3248-4dff-b342-8a1c9fe96790",
                        "rule_id": "r006-88f08b9e-6f7d-468f-b850-ecfd48761918",
                        "type": 0
                      },
                      {
                        "code": 0,
                        "direction": "inbound",
                        "ip_version": "ipv4",
                        "port_max": 0,
                        "port_min": 0,
                        "protocol": "icmp",
                        "remote": "0.0.0.0/0",
                        "rule_id": "r006-4309a018-60eb-418b-9b0c-e627599533a5",
                        "type": 8
                      },
                      {
                        "code": 0,
                        "direction": "inbound",
                        "ip_version": "ipv4",
                        "port_max": 22,
                        "port_min": 22,
                        "protocol": "tcp",
                        "remote": "0.0.0.0/0",
                        "rule_id": "",
                        "type": 0
                      },
                      {
                        "code": 0,
                        "direction": "inbound",
                        "ip_version": "ipv4",
                        "port_max": 51820,
                        "port_min": 51820,
                        "protocol": "udp",
                        "remote": "0.0.0.0/0",
                        "rule_id": "",
                        "type": 0
                      },
                      {
                        "code": 0,
                        "direction": "inbound",
                        "ip_version": "ipv4",
                        "port_max": 443,
                        "port_min": 443,
                        "protocol": "tcp",
                        "remote": "0.0.0.0/0",
                        "rule_id": "",
                        "type": 0
                      },
                      {
                        "code": 0,
                        "direction": "inbound",
                        "ip_version": "ipv4",
                        "port_max": 80,
                        "port_min": 80,
                        "protocol": "tcp",
                        "remote": "0.0.0.0/0",
                        "rule_id": "",
                        "type": 0
                      },
                      {
                        "code": 0,
                        "direction": "inbound",
                        "ip_version": "ipv4",
                        "port_max": 32767,
                        "port_min": 30000,
                        "protocol": "tcp",
                        "remote": "0.0.0.0/0",
                        "rule_id": "",
                        "type": 0
                      },
                      {
                        "code": 0,
                        "direction": "inbound",
                        "ip_version": "ipv4",
                        "port_max": 32767,
                        "port_min": 30000,
                        "protocol": "udp",
                        "remote": "0.0.0.0/0",
                        "rule_id": "",
                        "type": 0
                      }
                    ]
                  }
                ],
                "status": "available",
                "subnets": [
                  {
                    "available_ipv4_address_count": 251,
                    "id": "0737-3d04bbdc-5e45-4adf-9fac-fbc91bdc7b33",
                    "name": "sc-vpc-sn-dal-3",
                    "status": "available",
                    "total_ipv4_address_count": 256,
                    "zone": "us-south-3"
                  },
                  {
                    "available_ipv4_address_count": 250,
                    "id": "0717-00476253-3039-417a-a716-e55985ed7091",
                    "name": "sc-vpc-sn-dal-1",
                    "status": "available",
                    "total_ipv4_address_count": 256,
                    "zone": "us-south-1"
                  },
                  {
                    "available_ipv4_address_count": 251,
                    "id": "0717-91435055-1fec-4c69-8bd4-c4dcbd2dda30",
                    "name": "sc-vpc-sn-0",
                    "status": "available",
                    "total_ipv4_address_count": 256,
                    "zone": "us-south-1"
                  },
                  {
                    "available_ipv4_address_count": 251,
                    "id": "0727-9a89fb37-12ab-438d-8cc5-59fa5d1e5303",
                    "name": "sc-vpc-sn-dal-2",
                    "status": "available",
                    "total_ipv4_address_count": 256,
                    "zone": "us-south-2"
                  }
                ],
                "tags": [
                  "suresh"
                ]
              },
              {
                "classic_access": false,
                "crn": "crn:v1:bluemix:public:is:us-south:a/e65910fa61ce9072d64902d03f3d4774::vpc:r006-3cc20118-a1b5-4519-88ee-b006aad6cfc5",
                "cse_source_addresses": [
                  {
                    "address": "10.16.234.141",
                    "zone_name": "us-south-1"
                  },
                  {
                    "address": "10.16.242.96",
                    "zone_name": "us-south-2"
                  },
                  {
                    "address": "10.22.39.142",
                    "zone_name": "us-south-3"
                  }
                ],
                "default_network_acl": "r006-945daa95-849c-4504-82b4-8b829d3f47c4",
                "default_network_acl_crn": "crn:v1:bluemix:public:is:us-south:a/e65910fa61ce9072d64902d03f3d4774::network-acl:r006-945daa95-849c-4504-82b4-8b829d3f47c4",
                "default_network_acl_name": "shrine-feeling-mulberry-undesirable",
                "default_routing_table": "r006-5a1bd352-a1cd-431f-ac5d-494dac137da1",
                "default_routing_table_name": "clerk-stream-exclusion-gents",
                "default_security_group": "r006-3bab396a-f5f2-479f-8026-67203141f0c3",
                "default_security_group_crn": "crn:v1:bluemix:public:is:us-south:a/e65910fa61ce9072d64902d03f3d4774::security-group:r006-3bab396a-f5f2-479f-8026-67203141f0c3",
                "default_security_group_name": "existing-daytime-snowsuit-twenty",
                "id": "r006-3cc20118-a1b5-4519-88ee-b006aad6cfc5",
                "name": "sagar-vpc-test",
                "resource_controller_url": "https://cloud.ibm.com/vpc-ext/network/vpcs",
                "resource_crn": "crn:v1:bluemix:public:is:us-south:a/e65910fa61ce9072d64902d03f3d4774::vpc:r006-3cc20118-a1b5-4519-88ee-b006aad6cfc5",
                "resource_group": "fdd290732f7d47909181a189494e2990",
                "resource_group_name": "default",
                "resource_name": "sagar-vpc-test",
                "resource_status": "available",
                "security_group": [
                  {
                    "group_id": "r006-3bab396a-f5f2-479f-8026-67203141f0c3",
                    "group_name": "existing-daytime-snowsuit-twenty",
                    "rules": [
                      {
                        "code": 0,
                        "direction": "outbound",
                        "ip_version": "ipv4",
                        "port_max": 0,
                        "port_min": 0,
                        "protocol": "all",
                        "remote": "0.0.0.0/0",
                        "rule_id": "r006-a858f3c7-9a6f-4dc6-bb1e-95fa2f3dce45",
                        "type": 0
                      },
                      {
                        "code": 0,
                        "direction": "inbound",
                        "ip_version": "ipv4",
                        "port_max": 0,
                        "port_min": 0,
                        "protocol": "all",
                        "remote": "r006-3bab396a-f5f2-479f-8026-67203141f0c3",
                        "rule_id": "r006-776742c8-ae94-4943-b98f-9b093c3ce2f5",
                        "type": 0
                      }
                    ]
                  }
                ],
                "status": "available",
                "subnets": [],
                "tags": []
              },
              {
                "classic_access": false,
                "crn": "crn:v1:bluemix:public:is:us-south:a/e65910fa61ce9072d64902d03f3d4774::vpc:r006-52a3565d-6010-4db3-b491-4e1f60caf6da",
                "cse_source_addresses": [
                  {
                    "address": "10.12.127.47",
                    "zone_name": "us-south-1"
                  },
                  {
                    "address": "10.22.30.85",
                    "zone_name": "us-south-2"
                  },
                  {
                    "address": "10.12.166.47",
                    "zone_name": "us-south-3"
                  }
                ],
                "default_network_acl": "r006-e8e585da-ec6f-4754-b2a4-bc0e93b14412",
                "default_network_acl_crn": "crn:v1:bluemix:public:is:us-south:a/e65910fa61ce9072d64902d03f3d4774::network-acl:r006-e8e585da-ec6f-4754-b2a4-bc0e93b14412",
                "default_network_acl_name": "kxhuang-vpc-default",
                "default_routing_table": "r006-17bb7a1f-3b2b-40fd-b737-ff223c4f9471",
                "default_routing_table_name": "kxhuang-vpc-default",
                "default_security_group": "r006-38660792-697a-4a59-b0e5-2b5b8dac2f92",
                "default_security_group_crn": "crn:v1:bluemix:public:is:us-south:a/e65910fa61ce9072d64902d03f3d4774::security-group:r006-38660792-697a-4a59-b0e5-2b5b8dac2f92",
                "default_security_group_name": "kxhuang-vpc-default",
                "id": "r006-52a3565d-6010-4db3-b491-4e1f60caf6da",
                "name": "kxhuang-vpc",
                "resource_controller_url": "https://cloud.ibm.com/vpc-ext/network/vpcs",
                "resource_crn": "crn:v1:bluemix:public:is:us-south:a/e65910fa61ce9072d64902d03f3d4774::vpc:r006-52a3565d-6010-4db3-b491-4e1f60caf6da",
                "resource_group": "b77e30464b904df99b7eafe9ec12016a",
                "resource_group_name": "kxhuang",
                "resource_name": "kxhuang-vpc",
                "resource_status": "available",
                "security_group": [
                  {
                    "group_id": "r006-3a7eccbf-18e1-485f-8397-e3ee31b72ab6",
                    "group_name": "kxhuang-vpc-base",
                    "rules": [
                      {
                        "code": 0,
                        "direction": "outbound",
                        "ip_version": "ipv4",
                        "port_max": 53,
                        "port_min": 53,
                        "protocol": "udp",
                        "remote": "161.26.0.7",
                        "rule_id": "",
                        "type": 0
                      },
                      {
                        "code": 0,
                        "direction": "outbound",
                        "ip_version": "ipv4",
                        "port_max": 53,
                        "port_min": 53,
                        "protocol": "udp",
                        "remote": "161.26.0.10",
                        "rule_id": "",
                        "type": 0
                      },
                      {
                        "code": 0,
                        "direction": "outbound",
                        "ip_version": "ipv4",
                        "port_max": 53,
                        "port_min": 53,
                        "protocol": "udp",
                        "remote": "161.26.0.8",
                        "rule_id": "",
                        "type": 0
                      },
                      {
                        "code": 0,
                        "direction": "outbound",
                        "ip_version": "ipv4",
                        "port_max": 53,
                        "port_min": 53,
                        "protocol": "udp",
                        "remote": "161.26.0.11",
                        "rule_id": "",
                        "type": 0
                      }
                    ]
                  },
                  {
                    "group_id": "r006-38660792-697a-4a59-b0e5-2b5b8dac2f92",
                    "group_name": "kxhuang-vpc-default",
                    "rules": [
                      {
                        "code": 0,
                        "direction": "outbound",
                        "ip_version": "ipv4",
                        "port_max": 0,
                        "port_min": 0,
                        "protocol": "all",
                        "remote": "0.0.0.0/0",
                        "rule_id": "r006-1127c81c-e04c-454d-bc37-fb2f3922a209",
                        "type": 0
                      },
                      {
                        "code": 0,
                        "direction": "inbound",
                        "ip_version": "ipv4",
                        "port_max": 0,
                        "port_min": 0,
                        "protocol": "all",
                        "remote": "r006-38660792-697a-4a59-b0e5-2b5b8dac2f92",
                        "rule_id": "r006-a75bdb57-b99a-4a10-889a-d48df32f36c0",
                        "type": 0
                      },
                      {
                        "code": 0,
                        "direction": "inbound",
                        "ip_version": "ipv4",
                        "port_max": 0,
                        "port_min": 0,
                        "protocol": "icmp",
                        "remote": "0.0.0.0/0",
                        "rule_id": "r006-11699d5b-4e8c-4dab-849d-3080369af172",
                        "type": 8
                      },
                      {
                        "code": 0,
                        "direction": "inbound",
                        "ip_version": "ipv4",
                        "port_max": 80,
                        "port_min": 80,
                        "protocol": "tcp",
                        "remote": "0.0.0.0/0",
                        "rule_id": "",
                        "type": 0
                      },
                      {
                        "code": 0,
                        "direction": "outbound",
                        "ip_version": "ipv4",
                        "port_max": 53,
                        "port_min": 53,
                        "protocol": "udp",
                        "remote": "161.26.0.7",
                        "rule_id": "",
                        "type": 0
                      },
                      {
                        "code": 0,
                        "direction": "outbound",
                        "ip_version": "ipv4",
                        "port_max": 53,
                        "port_min": 53,
                        "protocol": "udp",
                        "remote": "161.26.0.10",
                        "rule_id": "",
                        "type": 0
                      },
                      {
                        "code": 0,
                        "direction": "outbound",
                        "ip_version": "ipv4",
                        "port_max": 53,
                        "port_min": 53,
                        "protocol": "udp",
                        "remote": "161.26.0.11",
                        "rule_id": "",
                        "type": 0
                      },
                      {
                        "code": 0,
                        "direction": "outbound",
                        "ip_version": "ipv4",
                        "port_max": 53,
                        "port_min": 53,
                        "protocol": "udp",
                        "remote": "161.26.0.8",
                        "rule_id": "",
                        "type": 0
                      }
                    ]
                  }
                ],
                "status": "available",
                "subnets": [
                  {
                    "available_ipv4_address_count": 251,
                    "id": "0717-f9cee046-a207-4841-89f5-4ba77080226d",
                    "name": "kxhuang-vpc-subnet-default01",
                    "status": "available",
                    "total_ipv4_address_count": 256,
                    "zone": "us-south-1"
                  }
                ],
                "tags": []
              },
              {
                "classic_access": false,
                "crn": "crn:v1:bluemix:public:is:us-south:a/e65910fa61ce9072d64902d03f3d4774::vpc:r006-7667440d-4338-4a24-a844-3a5d3173bef6",
                "cse_source_addresses": [
                  {
                    "address": "10.22.22.248",
                    "zone_name": "us-south-1"
                  },
                  {
                    "address": "10.16.242.226",
                    "zone_name": "us-south-2"
                  },
                  {
                    "address": "10.22.35.138",
                    "zone_name": "us-south-3"
                  }
                ],
                "default_network_acl": "r006-2109eab9-7df8-4e97-81c8-15c95c39b759",
                "default_network_acl_crn": "crn:v1:bluemix:public:is:us-south:a/e65910fa61ce9072d64902d03f3d4774::network-acl:r006-2109eab9-7df8-4e97-81c8-15c95c39b759",
                "default_network_acl_name": "canopy-silt-slacked-bobbing",
                "default_routing_table": "r006-c2d88a80-cb53-4d07-8d1b-adadf3fe810e",
                "default_routing_table_name": "jaws-irregular-stainless-blanching",
                "default_security_group": "r006-44eb7e89-b8fe-467b-9f9e-e028c050e620",
                "default_security_group_crn": "crn:v1:bluemix:public:is:us-south:a/e65910fa61ce9072d64902d03f3d4774::security-group:r006-44eb7e89-b8fe-467b-9f9e-e028c050e620",
                "default_security_group_name": "grid-prejudge-manicure-dig",
                "id": "r006-7667440d-4338-4a24-a844-3a5d3173bef6",
                "name": "kaushik-vpc-rg",
                "resource_controller_url": "https://cloud.ibm.com/vpc-ext/network/vpcs",
                "resource_crn": "crn:v1:bluemix:public:is:us-south:a/e65910fa61ce9072d64902d03f3d4774::vpc:r006-7667440d-4338-4a24-a844-3a5d3173bef6",
                "resource_group": "1e479183026f46cea323f1d56f9cc600",
                "resource_group_name": "kaushiksno-rg",
                "resource_name": "kaushik-vpc-rg",
                "resource_status": "available",
                "security_group": [
                  {
                    "group_id": "r006-b3c0b944-1df8-422d-b378-8dfb6474969c",
                    "group_name": "kube-cdu86qfd0e8e8uvekrd0",
                    "rules": [
                      {
                        "code": 0,
                        "direction": "outbound",
                        "ip_version": "ipv4",
                        "port_max": 0,
                        "port_min": 0,
                        "protocol": "all",
                        "remote": "161.26.0.0/16",
                        "rule_id": "r006-1ca0919e-c565-4da9-a9c7-3dc43b259bc3",
                        "type": 0
                      },
                      {
                        "code": 0,
                        "direction": "outbound",
                        "ip_version": "ipv4",
                        "port_max": 0,
                        "port_min": 0,
                        "protocol": "all",
                        "remote": "166.8.0.0/14",
                        "rule_id": "r006-c252411c-8b13-42f6-a82f-afc4c1e1cfe4",
                        "type": 0
                      },
                      {
                        "code": 0,
                        "direction": "inbound",
                        "ip_version": "ipv4",
                        "port_max": 0,
                        "port_min": 0,
                        "protocol": "all",
                        "remote": "172.17.64.0/18",
                        "rule_id": "r006-0d8862bf-5686-4a67-826c-94eb81d436e7",
                        "type": 0
                      },
                      {
                        "code": 0,
                        "direction": "inbound",
                        "ip_version": "ipv4",
                        "port_max": 32767,
                        "port_min": 30000,
                        "protocol": "tcp",
                        "remote": "0.0.0.0/0",
                        "rule_id": "",
                        "type": 0
                      },
                      {
                        "code": 0,
                        "direction": "inbound",
                        "ip_version": "ipv4",
                        "port_max": 32767,
                        "port_min": 30000,
                        "protocol": "udp",
                        "remote": "0.0.0.0/0",
                        "rule_id": "",
                        "type": 0
                      },
                      {
                        "code": 0,
                        "direction": "outbound",
                        "ip_version": "ipv4",
                        "port_max": 0,
                        "port_min": 0,
                        "protocol": "all",
                        "remote": "172.17.64.0/18",
                        "rule_id": "r006-d515c633-e6d5-43ea-aa23-6d7ea9479730",
                        "type": 0
                      },
                      {
                        "code": 0,
                        "direction": "inbound",
                        "ip_version": "ipv4",
                        "port_max": 0,
                        "port_min": 0,
                        "protocol": "icmp",
                        "remote": "0.0.0.0/0",
                        "rule_id": "r006-15892d41-fff3-4e59-979c-eb7f1a058766",
                        "type": 8
                      }
                    ]
                  },
                  {
                    "group_id": "r006-019d1e7d-8e0b-475f-9f75-21d27854101f",
                    "group_name": "kube-r006-7667440d-4338-4a24-a844-3a5d3173bef6",
                    "rules": [
                      {
                        "code": 0,
                        "direction": "outbound",
                        "ip_version": "ipv4",
                        "port_max": 32767,
                        "port_min": 30000,
                        "protocol": "tcp",
                        "remote": "0.0.0.0/0",
                        "rule_id": "",
                        "type": 0
                      },
                      {
                        "code": 0,
                        "direction": "outbound",
                        "ip_version": "ipv4",
                        "port_max": 32767,
                        "port_min": 30000,
                        "protocol": "udp",
                        "remote": "0.0.0.0/0",
                        "rule_id": "",
                        "type": 0
                      },
                      {
                        "code": 0,
                        "direction": "inbound",
                        "ip_version": "ipv4",
                        "port_max": 65535,
                        "port_min": 1,
                        "protocol": "tcp",
                        "remote": "0.0.0.0/0",
                        "rule_id": "",
                        "type": 0
                      },
                      {
                        "code": 0,
                        "direction": "inbound",
                        "ip_version": "ipv4",
                        "port_max": 65535,
                        "port_min": 1,
                        "protocol": "udp",
                        "remote": "0.0.0.0/0",
                        "rule_id": "",
                        "type": 0
                      }
                    ]
                  },
                  {
                    "group_id": "r006-88188a5d-491c-4baf-b06d-5b0f0b90a259",
                    "group_name": "snosectrum01-bastion-sg",
                    "rules": [
                      {
                        "code": 0,
                        "direction": "inbound",
                        "ip_version": "ipv4",
                        "port_max": 0,
                        "port_min": 0,
                        "protocol": "all",
                        "remote": "166.8.0.0/14",
                        "rule_id": "r006-7043b76c-e6c4-4b28-8185-a15e766506c4",
                        "type": 0
                      },
                      {
                        "code": 0,
                        "direction": "inbound",
                        "ip_version": "ipv4",
                        "port_max": 0,
                        "port_min": 0,
                        "protocol": "all",
                        "remote": "161.26.0.0/16",
                        "rule_id": "r006-770be3d9-c7ee-4405-a7bb-feedcc2e98dc",
                        "type": 0
                      },
                      {
                        "code": 0,
                        "direction": "inbound",
                        "ip_version": "ipv4",
                        "port_max": 22,
                        "port_min": 22,
                        "protocol": "tcp",
                        "remote": "0.0.0.0/0",
                        "rule_id": "",
                        "type": 0
                      },
                      {
                        "code": 0,
                        "direction": "outbound",
                        "ip_version": "ipv4",
                        "port_max": 0,
                        "port_min": 0,
                        "protocol": "all",
                        "remote": "0.0.0.0/0",
                        "rule_id": "r006-ed122326-9adb-41cd-aa83-fc5aaf10a304",
                        "type": 0
                      }
                    ]
                  },
                  {
                    "group_id": "r006-bfc44a50-5b58-4ab5-ae29-2c59eec6d771",
                    "group_name": "snosectrum01-sp-sg",
                    "rules": [
                      {
                        "code": 0,
                        "direction": "inbound",
                        "ip_version": "ipv4",
                        "port_max": 1500,
                        "port_min": 1500,
                        "protocol": "tcp",
                        "remote": "0.0.0.0/0",
                        "rule_id": "",
                        "type": 0
                      },
                      {
                        "code": 20,
                        "direction": "inbound",
                        "ip_version": "ipv4",
                        "port_max": 0,
                        "port_min": 0,
                        "protocol": "icmp",
                        "remote": "10.240.0.0/24",
                        "rule_id": "r006-e03866a3-ac73-4c9b-b7e2-d2f1cbeac2e2",
                        "type": 30
                      },
                      {
                        "code": 20,
                        "direction": "outbound",
                        "ip_version": "ipv4",
                        "port_max": 0,
                        "port_min": 0,
                        "protocol": "icmp",
                        "remote": "0.0.0.0/0",
                        "rule_id": "r006-29284add-2624-4a0b-9ce2-cdc6d5f7097c",
                        "type": 30
                      },
                      {
                        "code": 0,
                        "direction": "inbound",
                        "ip_version": "ipv4",
                        "port_max": 45,
                        "port_min": 45,
                        "protocol": "tcp",
                        "remote": "0.0.0.0/0",
                        "rule_id": "",
                        "type": 0
                      },
                      {
                        "code": 0,
                        "direction": "inbound",
                        "ip_version": "ipv4",
                        "port_max": 9028,
                        "port_min": 9028,
                        "protocol": "tcp",
                        "remote": "0.0.0.0/0",
                        "rule_id": "",
                        "type": 0
                      },
                      {
                        "code": 0,
                        "direction": "inbound",
                        "ip_version": "ipv4",
                        "port_max": 0,
                        "port_min": 0,
                        "protocol": "all",
                        "remote": "166.8.0.0/14",
                        "rule_id": "r006-8e90f324-6d95-4546-95c7-8051914e6343",
                        "type": 0
                      },
                      {
                        "code": 0,
                        "direction": "inbound",
                        "ip_version": "ipv4",
                        "port_max": 0,
                        "port_min": 0,
                        "protocol": "all",
                        "remote": "52.117.132.0/24",
                        "rule_id": "r006-ceee397b-490d-4e5b-967f-1de3a595d758",
                        "type": 0
                      },
                      {
                        "code": 0,
                        "direction": "inbound",
                        "ip_version": "ipv4",
                        "port_max": 0,
                        "port_min": 0,
                        "protocol": "all",
                        "remote": "127.0.0.1",
                        "rule_id": "r006-1ad61ecc-d664-4631-bc05-7b4cfe0cd0b5",
                        "type": 0
                      },
                      {
                        "code": 0,
                        "direction": "inbound",
                        "ip_version": "ipv4",
                        "port_max": 11090,
                        "port_min": 11090,
                        "protocol": "tcp",
                        "remote": "0.0.0.0/0",
                        "rule_id": "",
                        "type": 0
                      },
                      {
                        "code": 0,
                        "direction": "outbound",
                        "ip_version": "ipv4",
                        "port_max": 0,
                        "port_min": 0,
                        "protocol": "all",
                        "remote": "0.0.0.0/0",
                        "rule_id": "r006-404dfbbb-f722-4155-a3b7-7657ff17ebc2",
                        "type": 0
                      },
                      {
                        "code": 0,
                        "direction": "inbound",
                        "ip_version": "ipv4",
                        "port_max": 0,
                        "port_min": 0,
                        "protocol": "all",
                        "remote": "161.26.0.0/16",
                        "rule_id": "r006-fe76c30a-eccb-4d48-b649-8b133f1ae84b",
                        "type": 0
                      },
                      {
                        "code": 0,
                        "direction": "inbound",
                        "ip_version": "ipv4",
                        "port_max": 22,
                        "port_min": 22,
                        "protocol": "tcp",
                        "remote": "10.240.0.6",
                        "rule_id": "",
                        "type": 0
                      }
                    ]
                  },
                  {
                    "group_id": "r006-44eb7e89-b8fe-467b-9f9e-e028c050e620",
                    "group_name": "grid-prejudge-manicure-dig",
                    "rules": [
                      {
                        "code": 0,
                        "direction": "outbound",
                        "ip_version": "ipv4",
                        "port_max": 0,
                        "port_min": 0,
                        "protocol": "all",
                        "remote": "0.0.0.0/0",
                        "rule_id": "r006-899d25a2-2938-4b9c-93c9-0e32a656611b",
                        "type": 0
                      },
                      {
                        "code": 0,
                        "direction": "inbound",
                        "ip_version": "ipv4",
                        "port_max": 0,
                        "port_min": 0,
                        "protocol": "all",
                        "remote": "r006-44eb7e89-b8fe-467b-9f9e-e028c050e620",
                        "rule_id": "r006-ed7c7edb-f363-4312-b04a-76969f2b66d3",
                        "type": 0
                      },
                      {
                        "code": 0,
                        "direction": "inbound",
                        "ip_version": "ipv4",
                        "port_max": 0,
                        "port_min": 0,
                        "protocol": "icmp",
                        "remote": "0.0.0.0/0",
                        "rule_id": "r006-6ffa9d94-0187-4139-b3cd-5094334d7980",
                        "type": 8
                      },
                      {
                        "code": 0,
                        "direction": "inbound",
                        "ip_version": "ipv4",
                        "port_max": 22,
                        "port_min": 22,
                        "protocol": "tcp",
                        "remote": "0.0.0.0/0",
                        "rule_id": "",
                        "type": 0
                      },
                      {
                        "code": 0,
                        "direction": "inbound",
                        "ip_version": "ipv4",
                        "port_max": 65535,
                        "port_min": 1,
                        "protocol": "tcp",
                        "remote": "0.0.0.0/0",
                        "rule_id": "",
                        "type": 0
                      }
                    ]
                  }
                ],
                "status": "available",
                "subnets": [
                  {
                    "available_ipv4_address_count": 241,
                    "id": "0717-7ea96db5-ef78-4e8a-8628-a2360170c377",
                    "name": "sn-20220901-01",
                    "status": "available",
                    "total_ipv4_address_count": 256,
                    "zone": "us-south-1"
                  },
                  {
                    "available_ipv4_address_count": 251,
                    "id": "0727-86ee0f62-ab29-401a-9e93-55c5a3b4ed45",
                    "name": "sn-20220901-04",
                    "status": "available",
                    "total_ipv4_address_count": 256,
                    "zone": "us-south-2"
                  },
                  {
                    "available_ipv4_address_count": 251,
                    "id": "0727-96beb601-e503-4ce3-94cf-0443bdec4478",
                    "name": "sn-20220901-02",
                    "status": "available",
                    "total_ipv4_address_count": 256,
                    "zone": "us-south-2"
                  },
                  {
                    "available_ipv4_address_count": 251,
                    "id": "0737-5776faf6-a060-422f-b6ca-124cd75808c2",
                    "name": "sn-20220901-03",
                    "status": "available",
                    "total_ipv4_address_count": 256,
                    "zone": "us-south-3"
                  }
                ],
                "tags": [
                  "env:test"
                ]
              },
              {
                "classic_access": false,
                "crn": "crn:v1:bluemix:public:is:us-south:a/e65910fa61ce9072d64902d03f3d4774::vpc:r006-76b49ef5-0410-4b98-9832-41205a6708b7",
                "cse_source_addresses": [
                  {
                    "address": "10.16.233.53",
                    "zone_name": "us-south-1"
                  },
                  {
                    "address": "10.22.27.190",
                    "zone_name": "us-south-2"
                  },
                  {
                    "address": "10.22.32.32",
                    "zone_name": "us-south-3"
                  }
                ],
                "default_network_acl": "r006-d20220e2-7cc9-49be-a2cb-b625e772c2fd",
                "default_network_acl_crn": "crn:v1:bluemix:public:is:us-south:a/e65910fa61ce9072d64902d03f3d4774::network-acl:r006-d20220e2-7cc9-49be-a2cb-b625e772c2fd",
                "default_network_acl_name": "authentic-stimulus-engine-nag",
                "default_routing_table": "r006-455a3408-1c38-4a07-925e-28305c8d3c39",
                "default_routing_table_name": "endpin-prorate-portal-vacuole",
                "default_security_group": "r006-2ea98f94-5832-4928-9b61-a762a3d43da5",
                "default_security_group_crn": "crn:v1:bluemix:public:is:us-south:a/e65910fa61ce9072d64902d03f3d4774::security-group:r006-2ea98f94-5832-4928-9b61-a762a3d43da5",
                "default_security_group_name": "nursing-majestic-cavity-impulsive",
                "id": "r006-76b49ef5-0410-4b98-9832-41205a6708b7",
                "name": "vpc-teste-vic",
                "resource_controller_url": "https://cloud.ibm.com/vpc-ext/network/vpcs",
                "resource_crn": "crn:v1:bluemix:public:is:us-south:a/e65910fa61ce9072d64902d03f3d4774::vpc:r006-76b49ef5-0410-4b98-9832-41205a6708b7",
                "resource_group": "b8ca11a9d7364ff1b3f23dccf94f7621",
                "resource_group_name": "vmoraes",
                "resource_name": "vpc-teste-vic",
                "resource_status": "available",
                "security_group": [
                  {
                    "group_id": "r006-2ea98f94-5832-4928-9b61-a762a3d43da5",
                    "group_name": "nursing-majestic-cavity-impulsive",
                    "rules": [
                      {
                        "code": 0,
                        "direction": "outbound",
                        "ip_version": "ipv4",
                        "port_max": 0,
                        "port_min": 0,
                        "protocol": "all",
                        "remote": "0.0.0.0/0",
                        "rule_id": "r006-7038555d-0344-493f-b9ba-dcb06d1bda97",
                        "type": 0
                      },
                      {
                        "code": 0,
                        "direction": "inbound",
                        "ip_version": "ipv4",
                        "port_max": 0,
                        "port_min": 0,
                        "protocol": "all",
                        "remote": "r006-2ea98f94-5832-4928-9b61-a762a3d43da5",
                        "rule_id": "r006-f498cae7-a025-4e75-a983-fb69fcd37b81",
                        "type": 0
                      },
                      {
                        "code": 0,
                        "direction": "inbound",
                        "ip_version": "ipv4",
                        "port_max": 22,
                        "port_min": 22,
                        "protocol": "tcp",
                        "remote": "0.0.0.0/0",
                        "rule_id": "",
                        "type": 0
                      },
                      {
                        "code": 0,
                        "direction": "inbound",
                        "ip_version": "ipv4",
                        "port_max": 0,
                        "port_min": 0,
                        "protocol": "icmp",
                        "remote": "0.0.0.0/0",
                        "rule_id": "r006-0c5c4cad-76b2-4808-8e4b-8e59785db4ea",
                        "type": 8
                      }
                    ]
                  }
                ],
                "status": "available",
                "subnets": [
                  {
                    "available_ipv4_address_count": 251,
                    "id": "0717-73196b59-7787-4ecb-8a34-41328eab83e7",
                    "name": "sn-20220614-01",
                    "status": "available",
                    "total_ipv4_address_count": 256,
                    "zone": "us-south-1"
                  },
                  {
                    "available_ipv4_address_count": 251,
                    "id": "0727-fe031976-a8b8-4f81-8f55-448e853f0268",
                    "name": "sn-20220614-02",
                    "status": "available",
                    "total_ipv4_address_count": 256,
                    "zone": "us-south-2"
                  },
                  {
                    "available_ipv4_address_count": 251,
                    "id": "0737-6b4506bb-3e51-453a-a465-3192e9dc05f2",
                    "name": "sn-20220614-03",
                    "status": "available",
                    "total_ipv4_address_count": 256,
                    "zone": "us-south-3"
                  }
                ],
                "tags": []
              },
              {
                "classic_access": false,
                "crn": "crn:v1:bluemix:public:is:us-south:a/e65910fa61ce9072d64902d03f3d4774::vpc:r006-8006132b-52b6-4023-b408-d4f29d3796ff",
                "cse_source_addresses": [
                  {
                    "address": "10.12.127.189",
                    "zone_name": "us-south-1"
                  },
                  {
                    "address": "10.16.240.9",
                    "zone_name": "us-south-2"
                  },
                  {
                    "address": "10.22.34.82",
                    "zone_name": "us-south-3"
                  }
                ],
                "default_network_acl": "r006-9d34981e-47dd-4fd0-9b20-3659179a0cbe",
                "default_network_acl_crn": "crn:v1:bluemix:public:is:us-south:a/e65910fa61ce9072d64902d03f3d4774::network-acl:r006-9d34981e-47dd-4fd0-9b20-3659179a0cbe",
                "default_network_acl_name": "syrup-mourner-handed-think",
                "default_routing_table": "r006-22d8c182-e9d9-4b46-bcc6-01a67296d4ef",
                "default_routing_table_name": "unsecured-criteria-circular-gigabyte",
                "default_security_group": "r006-34475c13-e655-447b-9fa7-c470e6e43aa0",
                "default_security_group_crn": "crn:v1:bluemix:public:is:us-south:a/e65910fa61ce9072d64902d03f3d4774::security-group:r006-34475c13-e655-447b-9fa7-c470e6e43aa0",
                "default_security_group_name": "unnoticed-emphatic-drainpipe-upstage",
                "id": "r006-8006132b-52b6-4023-b408-d4f29d3796ff",
                "name": "my-vpc",
                "resource_controller_url": "https://cloud.ibm.com/vpc-ext/network/vpcs",
                "resource_crn": "crn:v1:bluemix:public:is:us-south:a/e65910fa61ce9072d64902d03f3d4774::vpc:r006-8006132b-52b6-4023-b408-d4f29d3796ff",
                "resource_group": "fdd290732f7d47909181a189494e2990",
                "resource_group_name": "default",
                "resource_name": "my-vpc",
                "resource_status": "available",
                "security_group": [
                  {
                    "group_id": "r006-34475c13-e655-447b-9fa7-c470e6e43aa0",
                    "group_name": "unnoticed-emphatic-drainpipe-upstage",
                    "rules": [
                      {
                        "code": 0,
                        "direction": "outbound",
                        "ip_version": "ipv4",
                        "port_max": 0,
                        "port_min": 0,
                        "protocol": "all",
                        "remote": "0.0.0.0/0",
                        "rule_id": "r006-060411ef-0012-48a2-8737-60f14e12c30c",
                        "type": 0
                      },
                      {
                        "code": 0,
                        "direction": "inbound",
                        "ip_version": "ipv4",
                        "port_max": 0,
                        "port_min": 0,
                        "protocol": "all",
                        "remote": "r006-34475c13-e655-447b-9fa7-c470e6e43aa0",
                        "rule_id": "r006-fd7f05c7-4833-42f9-8608-2a0cf5052505",
                        "type": 0
                      }
                    ]
                  }
                ],
                "status": "available",
                "subnets": [],
                "tags": []
              },
              {
                "classic_access": false,
                "crn": "crn:v1:bluemix:public:is:us-south:a/e65910fa61ce9072d64902d03f3d4774::vpc:r006-81aef8a0-7234-4979-8d68-891f1c38ac90",
                "cse_source_addresses": [
                  {
                    "address": "10.22.22.176",
                    "zone_name": "us-south-1"
                  },
                  {
                    "address": "10.22.25.194",
                    "zone_name": "us-south-2"
                  },
                  {
                    "address": "10.22.39.6",
                    "zone_name": "us-south-3"
                  }
                ],
                "default_network_acl": "r006-67fe844d-750e-4575-9e88-7de7df8a7856",
                "default_network_acl_crn": "crn:v1:bluemix:public:is:us-south:a/e65910fa61ce9072d64902d03f3d4774::network-acl:r006-67fe844d-750e-4575-9e88-7de7df8a7856",
                "default_network_acl_name": "subsonic-deferral-stardust-loaf",
                "default_routing_table": "r006-8c6e8dcb-4794-4b8f-a287-d314e77b6f84",
                "default_routing_table_name": "spearmint-change-probation-affianced",
                "default_security_group": "r006-083ae0e8-3fd7-40d3-9606-16bf1e7c63ba",
                "default_security_group_crn": "crn:v1:bluemix:public:is:us-south:a/e65910fa61ce9072d64902d03f3d4774::security-group:r006-083ae0e8-3fd7-40d3-9606-16bf1e7c63ba",
                "default_security_group_name": "tableful-tipped-acts-barrack",
                "id": "r006-81aef8a0-7234-4979-8d68-891f1c38ac90",
                "name": "jaffasx-01-management-vpc",
                "resource_controller_url": "https://cloud.ibm.com/vpc-ext/network/vpcs",
                "resource_crn": "crn:v1:bluemix:public:is:us-south:a/e65910fa61ce9072d64902d03f3d4774::vpc:r006-81aef8a0-7234-4979-8d68-891f1c38ac90",
                "resource_group": "4c112b02f7424415b36a1480d7f15569",
                "resource_group_name": "jaffasx-01-management-rg",
                "resource_name": "jaffasx-01-management-vpc",
                "resource_status": "available",
                "security_group": [
                  {
                    "group_id": "r006-c9ce4207-0f7b-4970-a081-00d7e1d09993",
                    "group_name": "jaffasx-01-management",
                    "rules": [
                      {
                        "code": 0,
                        "direction": "inbound",
                        "ip_version": "ipv4",
                        "port_max": 0,
                        "port_min": 0,
                        "protocol": "all",
                        "remote": "10.0.0.0/8",
                        "rule_id": "r006-147bbc9a-0fe7-4a3b-afe8-91648cbc5930",
                        "type": 0
                      },
                      {
                        "code": 0,
                        "direction": "outbound",
                        "ip_version": "ipv4",
                        "port_max": 0,
                        "port_min": 0,
                        "protocol": "all",
                        "remote": "10.0.0.0/8",
                        "rule_id": "r006-0389baad-2afe-4534-a983-c1dc3461e22b",
                        "type": 0
                      },
                      {
                        "code": 0,
                        "direction": "inbound",
                        "ip_version": "ipv4",
                        "port_max": 0,
                        "port_min": 0,
                        "protocol": "all",
                        "remote": "161.26.0.0/16",
                        "rule_id": "r006-5a18913e-cfd1-45e9-b0ed-be47a7059024",
                        "type": 0
                      },
                      {
                        "code": 0,
                        "direction": "outbound",
                        "ip_version": "ipv4",
                        "port_max": 53,
                        "port_min": 53,
                        "protocol": "tcp",
                        "remote": "161.26.0.0/16",
                        "rule_id": "",
                        "type": 0
                      },
                      {
                        "code": 0,
                        "direction": "outbound",
                        "ip_version": "ipv4",
                        "port_max": 80,
                        "port_min": 80,
                        "protocol": "tcp",
                        "remote": "161.26.0.0/16",
                        "rule_id": "",
                        "type": 0
                      },
                      {
                        "code": 0,
                        "direction": "outbound",
                        "ip_version": "ipv4",
                        "port_max": 443,
                        "port_min": 443,
                        "protocol": "tcp",
                        "remote": "161.26.0.0/16",
                        "rule_id": "",
                        "type": 0
                      }
                    ]
                  },
                  {
                    "group_id": "r006-c5e26f00-14e6-4f92-aac0-135a46a2642b",
                    "group_name": "management-vpe-sg",
                    "rules": [
                      {
                        "code": 0,
                        "direction": "inbound",
                        "ip_version": "ipv4",
                        "port_max": 0,
                        "port_min": 0,
                        "protocol": "all",
                        "remote": "10.0.0.0/8",
                        "rule_id": "r006-604368f4-16f6-41a4-8d59-4c07e5ae1d2d",
                        "type": 0
                      },
                      {
                        "code": 0,
                        "direction": "outbound",
                        "ip_version": "ipv4",
                        "port_max": 0,
                        "port_min": 0,
                        "protocol": "all",
                        "remote": "10.0.0.0/8",
                        "rule_id": "r006-dfb50172-e5c5-42d9-80a6-a5dbd68bc890",
                        "type": 0
                      },
                      {
                        "code": 0,
                        "direction": "inbound",
                        "ip_version": "ipv4",
                        "port_max": 0,
                        "port_min": 0,
                        "protocol": "all",
                        "remote": "161.26.0.0/16",
                        "rule_id": "r006-0177f78d-9cd1-459a-9332-758726f09836",
                        "type": 0
                      },
                      {
                        "code": 0,
                        "direction": "outbound",
                        "ip_version": "ipv4",
                        "port_max": 443,
                        "port_min": 443,
                        "protocol": "tcp",
                        "remote": "161.26.0.0/16",
                        "rule_id": "",
                        "type": 0
                      },
                      {
                        "code": 0,
                        "direction": "outbound",
                        "ip_version": "ipv4",
                        "port_max": 80,
                        "port_min": 80,
                        "protocol": "tcp",
                        "remote": "161.26.0.0/16",
                        "rule_id": "",
                        "type": 0
                      },
                      {
                        "code": 0,
                        "direction": "outbound",
                        "ip_version": "ipv4",
                        "port_max": 53,
                        "port_min": 53,
                        "protocol": "tcp",
                        "remote": "161.26.0.0/16",
                        "rule_id": "",
                        "type": 0
                      }
                    ]
                  },
                  {
                    "group_id": "r006-083ae0e8-3fd7-40d3-9606-16bf1e7c63ba",
                    "group_name": "tableful-tipped-acts-barrack",
                    "rules": [
                      {
                        "code": 0,
                        "direction": "outbound",
                        "ip_version": "ipv4",
                        "port_max": 0,
                        "port_min": 0,
                        "protocol": "all",
                        "remote": "0.0.0.0/0",
                        "rule_id": "r006-e2f6e704-7a64-4d62-8cd6-0a84a237a8fc",
                        "type": 0
                      },
                      {
                        "code": 0,
                        "direction": "inbound",
                        "ip_version": "ipv4",
                        "port_max": 0,
                        "port_min": 0,
                        "protocol": "all",
                        "remote": "r006-083ae0e8-3fd7-40d3-9606-16bf1e7c63ba",
                        "rule_id": "r006-7faa4ce1-6e56-4ae8-bd63-2e2bfae9bc5b",
                        "type": 0
                      }
                    ]
                  }
                ],
                "status": "available",
                "subnets": [
                  {
                    "available_ipv4_address_count": 250,
                    "id": "0717-08adadc9-5f37-4a23-9cb9-284d3623f980",
                    "name": "jaffasx-01-management-vpe-zone-1",
                    "status": "available",
                    "total_ipv4_address_count": 256,
                    "zone": "us-south-1"
                  },
                  {
                    "available_ipv4_address_count": 251,
                    "id": "0717-0873e843-67db-4c22-8e5c-71178871f858",
                    "name": "jaffasx-01-management-vpn-zone-1",
                    "status": "available",
                    "total_ipv4_address_count": 256,
                    "zone": "us-south-1"
                  },
                  {
                    "available_ipv4_address_count": 250,
                    "id": "0727-4ecae834-5334-423b-8706-f7c791ade68e",
                    "name": "jaffasx-01-management-vpe-zone-2",
                    "status": "available",
                    "total_ipv4_address_count": 256,
                    "zone": "us-south-2"
                  },
                  {
                    "available_ipv4_address_count": 251,
                    "id": "0737-a424eee1-c71e-4774-8187-22f6166b0200",
                    "name": "jaffasx-01-management-vsi-zone-3",
                    "status": "available",
                    "total_ipv4_address_count": 256,
                    "zone": "us-south-3"
                  },
                  {
                    "available_ipv4_address_count": 251,
                    "id": "0717-6ca73715-ab9a-4e63-aa7c-776dddfb2a8b",
                    "name": "jaffasx-01-management-vsi-zone-1",
                    "status": "available",
                    "total_ipv4_address_count": 256,
                    "zone": "us-south-1"
                  },
                  {
                    "available_ipv4_address_count": 251,
                    "id": "0727-36a07005-5238-4a48-a74c-b83a62edb9e3",
                    "name": "jaffasx-01-management-vsi-zone-2",
                    "status": "available",
                    "total_ipv4_address_count": 256,
                    "zone": "us-south-2"
                  },
                  {
                    "available_ipv4_address_count": 250,
                    "id": "0737-37980d0b-ff38-40cb-a369-5ea5fa62abaa",
                    "name": "jaffasx-01-management-vpe-zone-3",
                    "status": "available",
                    "total_ipv4_address_count": 256,
                    "zone": "us-south-3"
                  }
                ],
                "tags": []
              },
              {
                "classic_access": false,
                "crn": "crn:v1:bluemix:public:is:us-south:a/e65910fa61ce9072d64902d03f3d4774::vpc:r006-8687ab4e-669b-4f47-8445-b2a7f4f963df",
                "cse_source_addresses": [
                  {
                    "address": "10.16.235.243",
                    "zone_name": "us-south-1"
                  },
                  {
                    "address": "10.22.30.229",
                    "zone_name": "us-south-2"
                  },
                  {
                    "address": "10.12.166.23",
                    "zone_name": "us-south-3"
                  }
                ],
                "default_network_acl": "r006-50fa86ee-4781-4024-a192-dfab1819ff51",
                "default_network_acl_crn": "crn:v1:bluemix:public:is:us-south:a/e65910fa61ce9072d64902d03f3d4774::network-acl:r006-50fa86ee-4781-4024-a192-dfab1819ff51",
                "default_network_acl_name": "semifinal-evacuate-bassoon-boondocks",
                "default_routing_table": "r006-6483c5a5-b153-43fc-8812-30019c750287",
                "default_routing_table_name": "vexingly-floss-clubbing-zestfully",
                "default_security_group": "r006-8a2fdd09-404f-4c66-a1bc-ea1be07177cf",
                "default_security_group_crn": "crn:v1:bluemix:public:is:us-south:a/e65910fa61ce9072d64902d03f3d4774::security-group:r006-8a2fdd09-404f-4c66-a1bc-ea1be07177cf",
                "default_security_group_name": "shy-entrench-scrabble-ripcord",
                "id": "r006-8687ab4e-669b-4f47-8445-b2a7f4f963df",
                "name": "cloud-journey-vpc",
                "resource_controller_url": "https://cloud.ibm.com/vpc-ext/network/vpcs",
                "resource_crn": "crn:v1:bluemix:public:is:us-south:a/e65910fa61ce9072d64902d03f3d4774::vpc:r006-8687ab4e-669b-4f47-8445-b2a7f4f963df",
                "resource_group": "71a2d7aa5f604c81a88290b8e6d46df4",
                "resource_group_name": "sputnik-rg",
                "resource_name": "cloud-journey-vpc",
                "resource_status": "available",
                "security_group": [
                  {
                    "group_id": "r006-8a2fdd09-404f-4c66-a1bc-ea1be07177cf",
                    "group_name": "shy-entrench-scrabble-ripcord",
                    "rules": [
                      {
                        "code": 0,
                        "direction": "outbound",
                        "ip_version": "ipv4",
                        "port_max": 0,
                        "port_min": 0,
                        "protocol": "all",
                        "remote": "0.0.0.0/0",
                        "rule_id": "r006-5370b163-66b2-4bc1-877a-481e5bdab097",
                        "type": 0
                      },
                      {
                        "code": 0,
                        "direction": "inbound",
                        "ip_version": "ipv4",
                        "port_max": 0,
                        "port_min": 0,
                        "protocol": "all",
                        "remote": "r006-8a2fdd09-404f-4c66-a1bc-ea1be07177cf",
                        "rule_id": "r006-34795f92-b872-4fce-8dbe-c15b3bc484e0",
                        "type": 0
                      },
                      {
                        "code": 0,
                        "direction": "inbound",
                        "ip_version": "ipv4",
                        "port_max": 22,
                        "port_min": 22,
                        "protocol": "tcp",
                        "remote": "0.0.0.0/0",
                        "rule_id": "",
                        "type": 0
                      },
                      {
                        "code": 0,
                        "direction": "inbound",
                        "ip_version": "ipv4",
                        "port_max": 0,
                        "port_min": 0,
                        "protocol": "icmp",
                        "remote": "0.0.0.0/0",
                        "rule_id": "r006-3621a8f7-8aa5-464a-8756-2c4bded172db",
                        "type": 8
                      }
                    ]
                  }
                ],
                "status": "available",
                "subnets": [
                  {
                    "available_ipv4_address_count": 250,
                    "id": "0717-4a4a9cce-a516-48a3-8aa9-e20efaf8268a",
                    "name": "cloud-journey-vpc-subnet-a",
                    "status": "available",
                    "total_ipv4_address_count": 256,
                    "zone": "us-south-1"
                  },
                  {
                    "available_ipv4_address_count": 251,
                    "id": "0717-2868702e-4afb-4a31-a129-75d537a39523",
                    "name": "cloud-journey-bastion-subnet-a",
                    "status": "available",
                    "total_ipv4_address_count": 256,
                    "zone": "us-south-1"
                  },
                  {
                    "available_ipv4_address_count": 250,
                    "id": "0727-1af8abee-9a41-4e74-8d20-ff521c93a9c0",
                    "name": "cloud-journey-vpc-subnet-b",
                    "status": "available",
                    "total_ipv4_address_count": 256,
                    "zone": "us-south-2"
                  },
                  {
                    "available_ipv4_address_count": 250,
                    "id": "0737-834f80eb-094b-4a5f-a637-eedab6abf2d1",
                    "name": "cloud-journey-vpc-subnet-c",
                    "status": "available",
                    "total_ipv4_address_count": 256,
                    "zone": "us-south-3"
                  }
                ],
                "tags": [
                  "schematics:us-south.workspace.sputnik-workspace.cda368ef"
                ]
              },
              {
                "classic_access": false,
                "crn": "crn:v1:bluemix:public:is:us-south:a/e65910fa61ce9072d64902d03f3d4774::vpc:r006-95aa16ee-0c19-4503-899c-9a1a4b9acf0a",
                "cse_source_addresses": [
                  {
                    "address": "10.16.237.83",
                    "zone_name": "us-south-1"
                  },
                  {
                    "address": "10.22.30.174",
                    "zone_name": "us-south-2"
                  },
                  {
                    "address": "10.249.214.205",
                    "zone_name": "us-south-3"
                  }
                ],
                "default_network_acl": "r006-23e9c080-7648-441b-93e5-282d0ca64eb2",
                "default_network_acl_crn": "crn:v1:bluemix:public:is:us-south:a/e65910fa61ce9072d64902d03f3d4774::network-acl:r006-23e9c080-7648-441b-93e5-282d0ca64eb2",
                "default_network_acl_name": "remkohdev-vpc1-sn1-acl1",
                "default_routing_table": "r006-e85844b3-cf36-4c31-9978-e1a34214b699",
                "default_routing_table_name": "mutual-sized-waltz-overpass",
                "default_security_group": "r006-c32f7829-445a-4b2d-a289-9c8323fba172",
                "default_security_group_crn": "crn:v1:bluemix:public:is:us-south:a/e65910fa61ce9072d64902d03f3d4774::security-group:r006-c32f7829-445a-4b2d-a289-9c8323fba172",
                "default_security_group_name": "unpeeled-ideally-grape-radiantly",
                "id": "r006-95aa16ee-0c19-4503-899c-9a1a4b9acf0a",
                "name": "remkohdev-vpc1",
                "resource_controller_url": "https://cloud.ibm.com/vpc-ext/network/vpcs",
                "resource_crn": "crn:v1:bluemix:public:is:us-south:a/e65910fa61ce9072d64902d03f3d4774::vpc:r006-95aa16ee-0c19-4503-899c-9a1a4b9acf0a",
                "resource_group": "0d71b6d02dba487a9826cc7e5c546dd0",
                "resource_group_name": "remkohdev-vpc-rg",
                "resource_name": "remkohdev-vpc1",
                "resource_status": "available",
                "security_group": [
                  {
                    "group_id": "r006-c32f7829-445a-4b2d-a289-9c8323fba172",
                    "group_name": "unpeeled-ideally-grape-radiantly",
                    "rules": [
                      {
                        "code": 0,
                        "direction": "outbound",
                        "ip_version": "ipv4",
                        "port_max": 0,
                        "port_min": 0,
                        "protocol": "all",
                        "remote": "0.0.0.0/0",
                        "rule_id": "r006-ae8375cc-456d-4ab8-8999-2a4c8a83c39a",
                        "type": 0
                      },
                      {
                        "code": 0,
                        "direction": "inbound",
                        "ip_version": "ipv4",
                        "port_max": 0,
                        "port_min": 0,
                        "protocol": "all",
                        "remote": "r006-c32f7829-445a-4b2d-a289-9c8323fba172",
                        "rule_id": "r006-54cc9018-0650-4488-878b-919a846d53e7",
                        "type": 0
                      },
                      {
                        "code": 0,
                        "direction": "inbound",
                        "ip_version": "ipv4",
                        "port_max": 22,
                        "port_min": 22,
                        "protocol": "tcp",
                        "remote": "0.0.0.0/0",
                        "rule_id": "",
                        "type": 0
                      },
                      {
                        "code": 0,
                        "direction": "inbound",
                        "ip_version": "ipv4",
                        "port_max": 0,
                        "port_min": 0,
                        "protocol": "icmp",
                        "remote": "0.0.0.0/0",
                        "rule_id": "r006-ff4f868e-1c4b-4ca2-b9b8-d0dc1f173636",
                        "type": 8
                      }
                    ]
                  }
                ],
                "status": "available",
                "subnets": [
                  {
                    "available_ipv4_address_count": 250,
                    "id": "0717-16865048-a274-41be-92ac-23d5cd3f67f7",
                    "name": "remkohdev-sn1",
                    "status": "available",
                    "total_ipv4_address_count": 256,
                    "zone": "us-south-1"
                  },
                  {
                    "available_ipv4_address_count": 251,
                    "id": "0727-84469c7b-6d86-4dce-bba4-f1e7fcd7d55f",
                    "name": "remkohdev-sn2",
                    "status": "available",
                    "total_ipv4_address_count": 256,
                    "zone": "us-south-2"
                  }
                ],
                "tags": [
                  "dev",
                  "remkohdev"
                ]
              },
              {
                "classic_access": false,
                "crn": "crn:v1:bluemix:public:is:us-south:a/e65910fa61ce9072d64902d03f3d4774::vpc:r006-9872ba65-81eb-4bd8-be3e-821bbbb08066",
                "cse_source_addresses": [
                  {
                    "address": "10.249.199.79",
                    "zone_name": "us-south-1"
                  },
                  {
                    "address": "10.22.28.255",
                    "zone_name": "us-south-2"
                  },
                  {
                    "address": "10.12.167.18",
                    "zone_name": "us-south-3"
                  }
                ],
                "default_network_acl": "r006-ffb815ff-d34c-45e0-985a-21ff83a833c4",
                "default_network_acl_crn": "crn:v1:bluemix:public:is:us-south:a/e65910fa61ce9072d64902d03f3d4774::network-acl:r006-ffb815ff-d34c-45e0-985a-21ff83a833c4",
                "default_network_acl_name": "sitting-emcee-mower-professed",
                "default_routing_table": "r006-2ceeabe6-68c4-4dd0-a1e5-bc7e2c38cc70",
                "default_routing_table_name": "aroma-lining-voting-unknotted",
                "default_security_group": "r006-b2970d32-c10c-4ed3-86df-bf0a3f1820fa",
                "default_security_group_crn": "crn:v1:bluemix:public:is:us-south:a/e65910fa61ce9072d64902d03f3d4774::security-group:r006-b2970d32-c10c-4ed3-86df-bf0a3f1820fa",
                "default_security_group_name": "subheader-bring-drapery-ecosphere",
                "id": "r006-9872ba65-81eb-4bd8-be3e-821bbbb08066",
                "name": "ga-vpc",
                "resource_controller_url": "https://cloud.ibm.com/vpc-ext/network/vpcs",
                "resource_crn": "crn:v1:bluemix:public:is:us-south:a/e65910fa61ce9072d64902d03f3d4774::vpc:r006-9872ba65-81eb-4bd8-be3e-821bbbb08066",
                "resource_group": "f9619e7c8ed0429f8de9e7b99746b2bf",
                "resource_group_name": "build-labs-latam",
                "resource_name": "ga-vpc",
                "resource_status": "available",
                "security_group": [
                  {
                    "group_id": "r006-b2970d32-c10c-4ed3-86df-bf0a3f1820fa",
                    "group_name": "subheader-bring-drapery-ecosphere",
                    "rules": [
                      {
                        "code": 0,
                        "direction": "outbound",
                        "ip_version": "ipv4",
                        "port_max": 0,
                        "port_min": 0,
                        "protocol": "all",
                        "remote": "0.0.0.0/0",
                        "rule_id": "r006-d058a024-7161-4b20-b100-6978513495bf",
                        "type": 0
                      },
                      {
                        "code": 0,
                        "direction": "inbound",
                        "ip_version": "ipv4",
                        "port_max": 0,
                        "port_min": 0,
                        "protocol": "all",
                        "remote": "r006-b2970d32-c10c-4ed3-86df-bf0a3f1820fa",
                        "rule_id": "r006-9f9dfc9b-ca52-47d1-b165-c0a42ec40099",
                        "type": 0
                      },
                      {
                        "code": 0,
                        "direction": "inbound",
                        "ip_version": "ipv4",
                        "port_max": 22,
                        "port_min": 22,
                        "protocol": "tcp",
                        "remote": "0.0.0.0/0",
                        "rule_id": "",
                        "type": 0
                      },
                      {
                        "code": 0,
                        "direction": "inbound",
                        "ip_version": "ipv4",
                        "port_max": 0,
                        "port_min": 0,
                        "protocol": "icmp",
                        "remote": "0.0.0.0/0",
                        "rule_id": "r006-00232a9a-5f76-49e8-8cef-66966fec0834",
                        "type": 8
                      },
                      {
                        "code": 0,
                        "direction": "inbound",
                        "ip_version": "ipv4",
                        "port_max": 500,
                        "port_min": 500,
                        "protocol": "tcp",
                        "remote": "0.0.0.0/0",
                        "rule_id": "",
                        "type": 0
                      },
                      {
                        "code": 0,
                        "direction": "inbound",
                        "ip_version": "ipv4",
                        "port_max": 67,
                        "port_min": 67,
                        "protocol": "tcp",
                        "remote": "0.0.0.0/0",
                        "rule_id": "",
                        "type": 0
                      },
                      {
                        "code": 0,
                        "direction": "inbound",
                        "ip_version": "ipv4",
                        "port_max": 67,
                        "port_min": 67,
                        "protocol": "udp",
                        "remote": "0.0.0.0/0",
                        "rule_id": "",
                        "type": 0
                      },
                      {
                        "code": 0,
                        "direction": "inbound",
                        "ip_version": "ipv4",
                        "port_max": 4500,
                        "port_min": 4500,
                        "protocol": "tcp",
                        "remote": "0.0.0.0/0",
                        "rule_id": "",
                        "type": 0
                      }
                    ]
                  }
                ],
                "status": "available",
                "subnets": [
                  {
                    "available_ipv4_address_count": 251,
                    "id": "0717-a801f5b5-0aaf-44be-a78a-df4b6ae415ef",
                    "name": "sn-20220728-01",
                    "status": "available",
                    "total_ipv4_address_count": 256,
                    "zone": "us-south-1"
                  },
                  {
                    "available_ipv4_address_count": 251,
                    "id": "0737-22220801-360e-4ca3-88d3-1a3cf1828cd9",
                    "name": "sn-20220728-03",
                    "status": "available",
                    "total_ipv4_address_count": 256,
                    "zone": "us-south-3"
                  },
                  {
                    "available_ipv4_address_count": 251,
                    "id": "0727-d22b978d-57e1-4008-b64e-488b42c550bf",
                    "name": "sn-20220728-02",
                    "status": "available",
                    "total_ipv4_address_count": 256,
                    "zone": "us-south-2"
                  }
                ],
                "tags": [
                  "build-labs-latam"
                ]
              },
              {
                "classic_access": true,
                "crn": "crn:v1:bluemix:public:is:us-south:a/e65910fa61ce9072d64902d03f3d4774::vpc:r006-99f4af03-b095-41f0-b9e6-6d50059b4976",
                "cse_source_addresses": [
                  {
                    "address": "10.16.236.149",
                    "zone_name": "us-south-1"
                  },
                  {
                    "address": "10.16.241.42",
                    "zone_name": "us-south-2"
                  },
                  {
                    "address": "10.16.251.237",
                    "zone_name": "us-south-3"
                  }
                ],
                "default_network_acl": "r006-8d930ce0-b640-41ec-bab6-d1e1909d7d8c",
                "default_network_acl_crn": "crn:v1:bluemix:public:is:us-south:a/e65910fa61ce9072d64902d03f3d4774::network-acl:r006-8d930ce0-b640-41ec-bab6-d1e1909d7d8c",
                "default_network_acl_name": "untamed-jockey-simile-snowboard",
                "default_routing_table": "r006-f66944a2-4e2e-4dab-a2da-c8d9cd1d6713",
                "default_routing_table_name": "swipe-unglazed-hardwired-esquire",
                "default_security_group": "r006-a8e20530-6537-4b80-946d-13d8d6c7aaa4",
                "default_security_group_crn": "crn:v1:bluemix:public:is:us-south:a/e65910fa61ce9072d64902d03f3d4774::security-group:r006-a8e20530-6537-4b80-946d-13d8d6c7aaa4",
                "default_security_group_name": "translate-dubiously-acquaint-passport",
                "id": "r006-99f4af03-b095-41f0-b9e6-6d50059b4976",
                "name": "vmc-net",
                "resource_controller_url": "https://cloud.ibm.com/vpc-ext/network/vpcs",
                "resource_crn": "crn:v1:bluemix:public:is:us-south:a/e65910fa61ce9072d64902d03f3d4774::vpc:r006-99f4af03-b095-41f0-b9e6-6d50059b4976",
                "resource_group": "fdd290732f7d47909181a189494e2990",
                "resource_group_name": "default",
                "resource_name": "vmc-net",
                "resource_status": "available",
                "security_group": [
                  {
                    "group_id": "r006-a8e20530-6537-4b80-946d-13d8d6c7aaa4",
                    "group_name": "translate-dubiously-acquaint-passport",
                    "rules": [
                      {
                        "code": 0,
                        "direction": "outbound",
                        "ip_version": "ipv4",
                        "port_max": 0,
                        "port_min": 0,
                        "protocol": "all",
                        "remote": "0.0.0.0/0",
                        "rule_id": "r006-772f9c54-200d-4396-91af-fa241b65f3c7",
                        "type": 0
                      },
                      {
                        "code": 0,
                        "direction": "inbound",
                        "ip_version": "ipv4",
                        "port_max": 0,
                        "port_min": 0,
                        "protocol": "all",
                        "remote": "r006-a8e20530-6537-4b80-946d-13d8d6c7aaa4",
                        "rule_id": "r006-9d73dd99-104d-453c-a41b-8f47ddf16055",
                        "type": 0
                      },
                      {
                        "code": 0,
                        "direction": "inbound",
                        "ip_version": "ipv4",
                        "port_max": 0,
                        "port_min": 0,
                        "protocol": "icmp",
                        "remote": "0.0.0.0/0",
                        "rule_id": "r006-9bb3b925-f657-4e87-884d-84dd58ea3a6a",
                        "type": 8
                      },
                      {
                        "code": 0,
                        "direction": "inbound",
                        "ip_version": "ipv4",
                        "port_max": 22,
                        "port_min": 22,
                        "protocol": "tcp",
                        "remote": "0.0.0.0/0",
                        "rule_id": "",
                        "type": 0
                      }
                    ]
                  }
                ],
                "status": "available",
                "subnets": [
                  {
                    "available_ipv4_address_count": 251,
                    "id": "0727-cd65047f-5596-4e13-bbc2-ea5798c1d6a3",
                    "name": "sn-20220615-02",
                    "status": "available",
                    "total_ipv4_address_count": 256,
                    "zone": "us-south-2"
                  },
                  {
                    "available_ipv4_address_count": 251,
                    "id": "0717-ec132a40-b09f-4c70-b6c0-3ab64a65fa9b",
                    "name": "sn-20220615-01",
                    "status": "available",
                    "total_ipv4_address_count": 256,
                    "zone": "us-south-1"
                  },
                  {
                    "available_ipv4_address_count": 251,
                    "id": "0737-9107ee53-d531-45e8-bf80-5c4b57ccc754",
                    "name": "sn-20220615-03",
                    "status": "available",
                    "total_ipv4_address_count": 256,
                    "zone": "us-south-3"
                  }
                ],
                "tags": []
              },
              {
                "classic_access": false,
                "crn": "crn:v1:bluemix:public:is:us-south:a/e65910fa61ce9072d64902d03f3d4774::vpc:r006-9be32a68-4baf-48ae-87a6-f23e00cff942",
                "cse_source_addresses": [
                  {
                    "address": "10.22.20.90",
                    "zone_name": "us-south-1"
                  },
                  {
                    "address": "10.12.159.184",
                    "zone_name": "us-south-2"
                  },
                  {
                    "address": "10.249.212.67",
                    "zone_name": "us-south-3"
                  }
                ],
                "default_network_acl": "r006-9478f2c9-94bc-49a7-b213-48d5094f9c14",
                "default_network_acl_crn": "crn:v1:bluemix:public:is:us-south:a/e65910fa61ce9072d64902d03f3d4774::network-acl:r006-9478f2c9-94bc-49a7-b213-48d5094f9c14",
                "default_network_acl_name": "sagar-test-acl",
                "default_routing_table": "r006-33f95eb9-ea6c-47bb-93e4-805b526c3622",
                "default_routing_table_name": "retinal-natural-untrue-railroad",
                "default_security_group": "r006-da1d38b6-2ffb-478a-bf24-0cec5d59b891",
                "default_security_group_crn": "crn:v1:bluemix:public:is:us-south:a/e65910fa61ce9072d64902d03f3d4774::security-group:r006-da1d38b6-2ffb-478a-bf24-0cec5d59b891",
                "default_security_group_name": "polygon-distinct-manicotti-rubbed",
                "id": "r006-9be32a68-4baf-48ae-87a6-f23e00cff942",
                "name": "sagar-vpc",
                "resource_controller_url": "https://cloud.ibm.com/vpc-ext/network/vpcs",
                "resource_crn": "crn:v1:bluemix:public:is:us-south:a/e65910fa61ce9072d64902d03f3d4774::vpc:r006-9be32a68-4baf-48ae-87a6-f23e00cff942",
                "resource_group": "0121e3950d994bb6bc1b67de1f8bad85",
                "resource_group_name": "test-sagar",
                "resource_name": "sagar-vpc",
                "resource_status": "available",
                "security_group": [
                  {
                    "group_id": "r006-5253cb29-96e7-42eb-af12-a617451e56a1",
                    "group_name": "vpc-pubpriv-frontend-sg",
                    "rules": [
                      {
                        "code": 0,
                        "direction": "inbound",
                        "ip_version": "ipv4",
                        "port_max": 80,
                        "port_min": 80,
                        "protocol": "tcp",
                        "remote": "0.0.0.0/0",
                        "rule_id": "",
                        "type": 0
                      },
                      {
                        "code": 0,
                        "direction": "inbound",
                        "ip_version": "ipv4",
                        "port_max": 0,
                        "port_min": 0,
                        "protocol": "icmp",
                        "remote": "0.0.0.0/0",
                        "rule_id": "r006-8291886b-75de-48e0-99c2-340fc63806d8",
                        "type": 8
                      },
                      {
                        "code": 0,
                        "direction": "outbound",
                        "ip_version": "ipv4",
                        "port_max": 22,
                        "port_min": 22,
                        "protocol": "tcp",
                        "remote": "r006-9213a96c-289c-491e-ab35-07f49b5900a7",
                        "rule_id": "",
                        "type": 0
                      }
                    ]
                  },
                  {
                    "group_id": "r006-51a62134-4b8e-4e7d-a0fc-a4f3f7f1dbbb",
                    "group_name": "vpc-secure-private-sg",
                    "rules": [
                      {
                        "code": 0,
                        "direction": "inbound",
                        "ip_version": "ipv4",
                        "port_max": 0,
                        "port_min": 0,
                        "protocol": "icmp",
                        "remote": "0.0.0.0/0",
                        "rule_id": "r006-54375aac-a506-48cf-9626-78fccc18b882",
                        "type": 8
                      },
                      {
                        "code": 0,
                        "direction": "outbound",
                        "ip_version": "ipv4",
                        "port_max": 0,
                        "port_min": 0,
                        "protocol": "icmp",
                        "remote": "0.0.0.0/0",
                        "rule_id": "r006-9e679505-efbe-4e78-8cf7-b07fe8df42bd",
                        "type": 8
                      },
                      {
                        "code": 0,
                        "direction": "inbound",
                        "ip_version": "ipv4",
                        "port_max": 22,
                        "port_min": 22,
                        "protocol": "tcp",
                        "remote": "0.0.0.0/0",
                        "rule_id": "",
                        "type": 0
                      },
                      {
                        "code": 0,
                        "direction": "outbound",
                        "ip_version": "ipv4",
                        "port_max": 22,
                        "port_min": 22,
                        "protocol": "tcp",
                        "remote": "0.0.0.0/0",
                        "rule_id": "",
                        "type": 0
                      }
                    ]
                  },
                  {
                    "group_id": "r006-60d6cc07-4e97-428c-8566-c9ddedee7428",
                    "group_name": "vpc-secure-maintenance-sg",
                    "rules": [
                      {
                        "code": 0,
                        "direction": "inbound",
                        "ip_version": "ipv4",
                        "port_max": 22,
                        "port_min": 22,
                        "protocol": "tcp",
                        "remote": "0.0.0.0/0",
                        "rule_id": "",
                        "type": 0
                      },
                      {
                        "code": 0,
                        "direction": "outbound",
                        "ip_version": "ipv4",
                        "port_max": 80,
                        "port_min": 80,
                        "protocol": "tcp",
                        "remote": "0.0.0.0/0",
                        "rule_id": "",
                        "type": 0
                      },
                      {
                        "code": 0,
                        "direction": "outbound",
                        "ip_version": "ipv4",
                        "port_max": 53,
                        "port_min": 53,
                        "protocol": "tcp",
                        "remote": "0.0.0.0/0",
                        "rule_id": "",
                        "type": 0
                      },
                      {
                        "code": 0,
                        "direction": "outbound",
                        "ip_version": "ipv4",
                        "port_max": 443,
                        "port_min": 443,
                        "protocol": "tcp",
                        "remote": "0.0.0.0/0",
                        "rule_id": "",
                        "type": 0
                      },
                      {
                        "code": 0,
                        "direction": "outbound",
                        "ip_version": "ipv4",
                        "port_max": 53,
                        "port_min": 53,
                        "protocol": "udp",
                        "remote": "0.0.0.0/0",
                        "rule_id": "",
                        "type": 0
                      },
                      {
                        "code": 0,
                        "direction": "outbound",
                        "ip_version": "ipv4",
                        "port_max": 22,
                        "port_min": 22,
                        "protocol": "tcp",
                        "remote": "0.0.0.0/0",
                        "rule_id": "",
                        "type": 0
                      },
                      {
                        "code": 0,
                        "direction": "inbound",
                        "ip_version": "ipv4",
                        "port_max": 80,
                        "port_min": 80,
                        "protocol": "tcp",
                        "remote": "0.0.0.0/0",
                        "rule_id": "",
                        "type": 0
                      }
                    ]
                  },
                  {
                    "group_id": "r006-9213a96c-289c-491e-ab35-07f49b5900a7",
                    "group_name": "vpc-secure-bastion-sg",
                    "rules": [
                      {
                        "code": 0,
                        "direction": "inbound",
                        "ip_version": "ipv4",
                        "port_max": 22,
                        "port_min": 22,
                        "protocol": "tcp",
                        "remote": "0.0.0.0/0",
                        "rule_id": "",
                        "type": 0
                      },
                      {
                        "code": 0,
                        "direction": "inbound",
                        "ip_version": "ipv4",
                        "port_max": 0,
                        "port_min": 0,
                        "protocol": "icmp",
                        "remote": "0.0.0.0/0",
                        "rule_id": "r006-7daa2620-df11-4712-b5b4-467e97ecf5df",
                        "type": 8
                      },
                      {
                        "code": 0,
                        "direction": "outbound",
                        "ip_version": "ipv4",
                        "port_max": 0,
                        "port_min": 0,
                        "protocol": "icmp",
                        "remote": "0.0.0.0/0",
                        "rule_id": "r006-c4c98352-8943-472a-a579-46e1fc0991d5",
                        "type": 8
                      },
                      {
                        "code": 0,
                        "direction": "outbound",
                        "ip_version": "ipv4",
                        "port_max": 22,
                        "port_min": 22,
                        "protocol": "tcp",
                        "remote": "0.0.0.0/0",
                        "rule_id": "",
                        "type": 0
                      }
                    ]
                  },
                  {
                    "group_id": "r006-da1d38b6-2ffb-478a-bf24-0cec5d59b891",
                    "group_name": "polygon-distinct-manicotti-rubbed",
                    "rules": [
                      {
                        "code": 0,
                        "direction": "outbound",
                        "ip_version": "ipv4",
                        "port_max": 0,
                        "port_min": 0,
                        "protocol": "all",
                        "remote": "0.0.0.0/0",
                        "rule_id": "r006-1a76dbd9-8088-424f-95cc-d801b54f1ee3",
                        "type": 0
                      },
                      {
                        "code": 0,
                        "direction": "inbound",
                        "ip_version": "ipv4",
                        "port_max": 0,
                        "port_min": 0,
                        "protocol": "all",
                        "remote": "r006-da1d38b6-2ffb-478a-bf24-0cec5d59b891",
                        "rule_id": "r006-eaa3b063-d96b-4ff2-9cc2-9467a1e5d200",
                        "type": 0
                      },
                      {
                        "code": 0,
                        "direction": "inbound",
                        "ip_version": "ipv4",
                        "port_max": 22,
                        "port_min": 22,
                        "protocol": "tcp",
                        "remote": "0.0.0.0/0",
                        "rule_id": "",
                        "type": 0
                      },
                      {
                        "code": 0,
                        "direction": "inbound",
                        "ip_version": "ipv4",
                        "port_max": 0,
                        "port_min": 0,
                        "protocol": "icmp",
                        "remote": "0.0.0.0/0",
                        "rule_id": "r006-fcd477f5-d25b-428d-912f-79c29f632db9",
                        "type": 8
                      }
                    ]
                  }
                ],
                "status": "available",
                "subnets": [],
                "tags": [
                  "env:test"
                ]
              },
              {
                "classic_access": false,
                "crn": "crn:v1:bluemix:public:is:us-south:a/e65910fa61ce9072d64902d03f3d4774::vpc:r006-9e092bf7-863d-4c67-96e9-34306423e967",
                "cse_source_addresses": [
                  {
                    "address": "10.16.237.12",
                    "zone_name": "us-south-1"
                  },
                  {
                    "address": "10.12.159.142",
                    "zone_name": "us-south-2"
                  },
                  {
                    "address": "10.12.168.244",
                    "zone_name": "us-south-3"
                  }
                ],
                "default_network_acl": "r006-ed165dcb-071d-4e07-aacb-602ab71492c5",
                "default_network_acl_crn": "crn:v1:bluemix:public:is:us-south:a/e65910fa61ce9072d64902d03f3d4774::network-acl:r006-ed165dcb-071d-4e07-aacb-602ab71492c5",
                "default_network_acl_name": "magma-nutrient-uncommon-junkyard",
                "default_routing_table": "r006-a8e76bb3-2d3c-4f41-a94b-29630e72ec89",
                "default_routing_table_name": "shamble-dismay-chicken-scalping",
                "default_security_group": "r006-47bbe121-a611-4f50-9631-b0f685de02fc",
                "default_security_group_crn": "crn:v1:bluemix:public:is:us-south:a/e65910fa61ce9072d64902d03f3d4774::security-group:r006-47bbe121-a611-4f50-9631-b0f685de02fc",
                "default_security_group_name": "sagar-sg",
                "id": "r006-9e092bf7-863d-4c67-96e9-34306423e967",
                "name": "sagar-mgmt-vpc",
                "resource_controller_url": "https://cloud.ibm.com/vpc-ext/network/vpcs",
                "resource_crn": "crn:v1:bluemix:public:is:us-south:a/e65910fa61ce9072d64902d03f3d4774::vpc:r006-9e092bf7-863d-4c67-96e9-34306423e967",
                "resource_group": "0121e3950d994bb6bc1b67de1f8bad85",
                "resource_group_name": "test-sagar",
                "resource_name": "sagar-mgmt-vpc",
                "resource_status": "available",
                "security_group": [
                  {
                    "group_id": "r006-47bbe121-a611-4f50-9631-b0f685de02fc",
                    "group_name": "sagar-sg",
                    "rules": [
                      {
                        "code": 0,
                        "direction": "outbound",
                        "ip_version": "ipv4",
                        "port_max": 0,
                        "port_min": 0,
                        "protocol": "all",
                        "remote": "0.0.0.0/0",
                        "rule_id": "r006-d5b3cbf9-325b-47b2-8bf1-0c600896ce7d",
                        "type": 0
                      },
                      {
                        "code": 0,
                        "direction": "inbound",
                        "ip_version": "ipv4",
                        "port_max": 0,
                        "port_min": 0,
                        "protocol": "all",
                        "remote": "r006-47bbe121-a611-4f50-9631-b0f685de02fc",
                        "rule_id": "r006-73911d05-6965-49f4-b66f-c0a85c4a63d5",
                        "type": 0
                      },
                      {
                        "code": 0,
                        "direction": "inbound",
                        "ip_version": "ipv4",
                        "port_max": 0,
                        "port_min": 0,
                        "protocol": "icmp",
                        "remote": "0.0.0.0/0",
                        "rule_id": "r006-7d6798f0-3748-4519-aa78-90e9c2af5f3f",
                        "type": 8
                      },
                      {
                        "code": 0,
                        "direction": "inbound",
                        "ip_version": "ipv4",
                        "port_max": 22,
                        "port_min": 22,
                        "protocol": "tcp",
                        "remote": "0.0.0.0/0",
                        "rule_id": "",
                        "type": 0
                      }
                    ]
                  }
                ],
                "status": "available",
                "subnets": [
                  {
                    "available_ipv4_address_count": 251,
                    "id": "0737-842f6bbb-eff8-41f8-a295-99e1ba270c58",
                    "name": "subnet-3",
                    "status": "available",
                    "total_ipv4_address_count": 256,
                    "zone": "us-south-3"
                  },
                  {
                    "available_ipv4_address_count": 251,
                    "id": "0717-2e451cca-9ffc-4d05-b7fa-89d4186e9bf4",
                    "name": "subnet1",
                    "status": "available",
                    "total_ipv4_address_count": 256,
                    "zone": "us-south-1"
                  }
                ],
                "tags": []
              },
              {
                "classic_access": false,
                "crn": "crn:v1:bluemix:public:is:us-south:a/e65910fa61ce9072d64902d03f3d4774::vpc:r006-a50d85a5-e670-4497-bf9b-97deefc783f6",
                "cse_source_addresses": [
                  {
                    "address": "10.249.192.70",
                    "zone_name": "us-south-1"
                  },
                  {
                    "address": "10.249.202.118",
                    "zone_name": "us-south-2"
                  },
                  {
                    "address": "10.12.165.90",
                    "zone_name": "us-south-3"
                  }
                ],
                "default_network_acl": "r006-6738a98d-44e0-49ac-99f7-e3819e416fab",
                "default_network_acl_crn": "crn:v1:bluemix:public:is:us-south:a/e65910fa61ce9072d64902d03f3d4774::network-acl:r006-6738a98d-44e0-49ac-99f7-e3819e416fab",
                "default_network_acl_name": "propose-buckskin-flatworm-viewing",
                "default_routing_table": "r006-e2204dd8-603f-4637-8cba-58fb0be0aaf0",
                "default_routing_table_name": "shampoo-scapegoat-umbrella-unwatched",
                "default_security_group": "r006-c0c395d0-27c4-4e30-97e5-a6a638471478",
                "default_security_group_crn": "crn:v1:bluemix:public:is:us-south:a/e65910fa61ce9072d64902d03f3d4774::security-group:r006-c0c395d0-27c4-4e30-97e5-a6a638471478",
                "default_security_group_name": "bless-goodness-shakable-tactile",
                "id": "r006-a50d85a5-e670-4497-bf9b-97deefc783f6",
                "name": "rr-vpc-aiops",
                "resource_controller_url": "https://cloud.ibm.com/vpc-ext/network/vpcs",
                "resource_crn": "crn:v1:bluemix:public:is:us-south:a/e65910fa61ce9072d64902d03f3d4774::vpc:r006-a50d85a5-e670-4497-bf9b-97deefc783f6",
                "resource_group": "e23c4f564f5c43458e02c9bdc20370b2",
                "resource_group_name": "rakesh-raman-aiops",
                "resource_name": "rr-vpc-aiops",
                "resource_status": "available",
                "security_group": [
                  {
                    "group_id": "r006-c1419c7a-a851-45db-aeda-85aa6c581c22",
                    "group_name": "kube-r006-a50d85a5-e670-4497-bf9b-97deefc783f6",
                    "rules": [
                      {
                        "code": 0,
                        "direction": "outbound",
                        "ip_version": "ipv4",
                        "port_max": 32767,
                        "port_min": 30000,
                        "protocol": "tcp",
                        "remote": "0.0.0.0/0",
                        "rule_id": "",
                        "type": 0
                      },
                      {
                        "code": 0,
                        "direction": "outbound",
                        "ip_version": "ipv4",
                        "port_max": 32767,
                        "port_min": 30000,
                        "protocol": "udp",
                        "remote": "0.0.0.0/0",
                        "rule_id": "",
                        "type": 0
                      },
                      {
                        "code": 0,
                        "direction": "inbound",
                        "ip_version": "ipv4",
                        "port_max": 65535,
                        "port_min": 1,
                        "protocol": "tcp",
                        "remote": "0.0.0.0/0",
                        "rule_id": "",
                        "type": 0
                      },
                      {
                        "code": 0,
                        "direction": "inbound",
                        "ip_version": "ipv4",
                        "port_max": 65535,
                        "port_min": 1,
                        "protocol": "udp",
                        "remote": "0.0.0.0/0",
                        "rule_id": "",
                        "type": 0
                      }
                    ]
                  },
                  {
                    "group_id": "r006-c0c395d0-27c4-4e30-97e5-a6a638471478",
                    "group_name": "bless-goodness-shakable-tactile",
                    "rules": [
                      {
                        "code": 0,
                        "direction": "outbound",
                        "ip_version": "ipv4",
                        "port_max": 0,
                        "port_min": 0,
                        "protocol": "all",
                        "remote": "0.0.0.0/0",
                        "rule_id": "r006-9c3b925c-cd7e-4966-9804-4c226dfe2fb6",
                        "type": 0
                      },
                      {
                        "code": 0,
                        "direction": "inbound",
                        "ip_version": "ipv4",
                        "port_max": 0,
                        "port_min": 0,
                        "protocol": "all",
                        "remote": "r006-c0c395d0-27c4-4e30-97e5-a6a638471478",
                        "rule_id": "r006-19f1dbc7-940f-4a7a-a8a7-494fa375ea51",
                        "type": 0
                      },
                      {
                        "code": 0,
                        "direction": "inbound",
                        "ip_version": "ipv4",
                        "port_max": 0,
                        "port_min": 0,
                        "protocol": "icmp",
                        "remote": "0.0.0.0/0",
                        "rule_id": "r006-670fbce7-d3a2-4f99-b913-fcf4c92ba29e",
                        "type": 8
                      },
                      {
                        "code": 0,
                        "direction": "inbound",
                        "ip_version": "ipv4",
                        "port_max": 22,
                        "port_min": 22,
                        "protocol": "tcp",
                        "remote": "0.0.0.0/0",
                        "rule_id": "",
                        "type": 0
                      }
                    ]
                  }
                ],
                "status": "available",
                "subnets": [
                  {
                    "available_ipv4_address_count": 251,
                    "id": "0737-f3f32b25-46b9-40e7-935f-89ce44959c5a",
                    "name": "sn-20221019-03",
                    "status": "available",
                    "total_ipv4_address_count": 256,
                    "zone": "us-south-3"
                  },
                  {
                    "available_ipv4_address_count": 251,
                    "id": "0717-1f349451-4439-4419-9867-3f81b8abbd2e",
                    "name": "sn-20221019-01",
                    "status": "available",
                    "total_ipv4_address_count": 256,
                    "zone": "us-south-1"
                  },
                  {
                    "available_ipv4_address_count": 251,
                    "id": "0727-dd546109-99b9-41db-8eee-70db21b12e44",
                    "name": "sn-20221019-02",
                    "status": "available",
                    "total_ipv4_address_count": 256,
                    "zone": "us-south-2"
                  }
                ],
                "tags": []
              },
              {
                "classic_access": false,
                "crn": "crn:v1:bluemix:public:is:us-south:a/e65910fa61ce9072d64902d03f3d4774::vpc:r006-b3586670-020f-439f-ae99-28141b834322",
                "cse_source_addresses": [
                  {
                    "address": "10.12.121.146",
                    "zone_name": "us-south-1"
                  },
                  {
                    "address": "10.249.201.53",
                    "zone_name": "us-south-2"
                  },
                  {
                    "address": "10.249.213.121",
                    "zone_name": "us-south-3"
                  }
                ],
                "default_network_acl": "r006-b50b379d-02af-48f7-b65b-9057d6df4e07",
                "default_network_acl_crn": "crn:v1:bluemix:public:is:us-south:a/e65910fa61ce9072d64902d03f3d4774::network-acl:r006-b50b379d-02af-48f7-b65b-9057d6df4e07",
                "default_network_acl_name": "dilatometer-paralyses-civic-corral",
                "default_routing_table": "r006-d3afc834-0b29-4849-beb7-61a5a66c69fc",
                "default_routing_table_name": "deceptive-conflict-stroller-abridged",
                "default_security_group": "r006-e0592c74-99cf-4746-8601-b37303814587",
                "default_security_group_crn": "crn:v1:bluemix:public:is:us-south:a/e65910fa61ce9072d64902d03f3d4774::security-group:r006-e0592c74-99cf-4746-8601-b37303814587",
                "default_security_group_name": "hurdle-ritual-canary-worse",
                "id": "r006-b3586670-020f-439f-ae99-28141b834322",
                "name": "kos-vpc-dc",
                "resource_controller_url": "https://cloud.ibm.com/vpc-ext/network/vpcs",
                "resource_crn": "crn:v1:bluemix:public:is:us-south:a/e65910fa61ce9072d64902d03f3d4774::vpc:r006-b3586670-020f-439f-ae99-28141b834322",
                "resource_group": "fdd290732f7d47909181a189494e2990",
                "resource_group_name": "default",
                "resource_name": "kos-vpc-dc",
                "resource_status": "available",
                "security_group": [
                  {
                    "group_id": "r006-e0592c74-99cf-4746-8601-b37303814587",
                    "group_name": "hurdle-ritual-canary-worse",
                    "rules": [
                      {
                        "code": 0,
                        "direction": "outbound",
                        "ip_version": "ipv4",
                        "port_max": 0,
                        "port_min": 0,
                        "protocol": "all",
                        "remote": "0.0.0.0/0",
                        "rule_id": "r006-b93389f5-4852-4472-a76f-16d25c35e706",
                        "type": 0
                      },
                      {
                        "code": 0,
                        "direction": "inbound",
                        "ip_version": "ipv4",
                        "port_max": 0,
                        "port_min": 0,
                        "protocol": "all",
                        "remote": "r006-e0592c74-99cf-4746-8601-b37303814587",
                        "rule_id": "r006-83145047-6acc-456d-9aaf-fd9bab4b5cb1",
                        "type": 0
                      },
                      {
                        "code": 0,
                        "direction": "inbound",
                        "ip_version": "ipv4",
                        "port_max": 22,
                        "port_min": 22,
                        "protocol": "tcp",
                        "remote": "0.0.0.0/0",
                        "rule_id": "",
                        "type": 0
                      },
                      {
                        "code": 0,
                        "direction": "inbound",
                        "ip_version": "ipv4",
                        "port_max": 0,
                        "port_min": 0,
                        "protocol": "icmp",
                        "remote": "0.0.0.0/0",
                        "rule_id": "r006-ed3abcdd-e488-4a45-970e-2791c4997e6c",
                        "type": 8
                      }
                    ]
                  }
                ],
                "status": "available",
                "subnets": [
                  {
                    "available_ipv4_address_count": 251,
                    "id": "0717-c0178230-69b1-4908-b2a3-dc99800c1be9",
                    "name": "sn-20220422-01",
                    "status": "available",
                    "total_ipv4_address_count": 256,
                    "zone": "us-south-1"
                  },
                  {
                    "available_ipv4_address_count": 251,
                    "id": "0727-390a2fad-d0ba-4d55-b06f-afb51d54657f",
                    "name": "sn-20220422-02",
                    "status": "available",
                    "total_ipv4_address_count": 256,
                    "zone": "us-south-2"
                  },
                  {
                    "available_ipv4_address_count": 251,
                    "id": "0737-4ac26e1f-bb34-49e0-a604-7fa4a05b92f2",
                    "name": "sn-20220422-03",
                    "status": "available",
                    "total_ipv4_address_count": 256,
                    "zone": "us-south-3"
                  }
                ],
                "tags": [
                  "dc",
                  "kos"
                ]
              },
              {
                "classic_access": false,
                "crn": "crn:v1:bluemix:public:is:us-south:a/e65910fa61ce9072d64902d03f3d4774::vpc:r006-b9aa4103-1e9c-4e34-bb92-cab984298c2d",
                "cse_source_addresses": [
                  {
                    "address": "10.249.196.18",
                    "zone_name": "us-south-1"
                  },
                  {
                    "address": "10.249.72.1",
                    "zone_name": "us-south-2"
                  },
                  {
                    "address": "10.22.36.125",
                    "zone_name": "us-south-3"
                  }
                ],
                "default_network_acl": "r006-7661978d-cd64-4555-a0fb-0440475c69f8",
                "default_network_acl_crn": "crn:v1:bluemix:public:is:us-south:a/e65910fa61ce9072d64902d03f3d4774::network-acl:r006-7661978d-cd64-4555-a0fb-0440475c69f8",
                "default_network_acl_name": "matchbook-smoking-grafting-bondless",
                "default_routing_table": "r006-9ace7f4c-3f53-4903-a78f-19bb401600e9",
                "default_routing_table_name": "unstirred-reverence-carload-pecan",
                "default_security_group": "r006-e2547faf-8ea6-401b-9f14-98760fb70644",
                "default_security_group_crn": "crn:v1:bluemix:public:is:us-south:a/e65910fa61ce9072d64902d03f3d4774::security-group:r006-e2547faf-8ea6-401b-9f14-98760fb70644",
                "default_security_group_name": "voltage-wifi-trapping-manhole",
                "id": "r006-b9aa4103-1e9c-4e34-bb92-cab984298c2d",
                "name": "jprina-vpc",
                "resource_controller_url": "https://cloud.ibm.com/vpc-ext/network/vpcs",
                "resource_crn": "crn:v1:bluemix:public:is:us-south:a/e65910fa61ce9072d64902d03f3d4774::vpc:r006-b9aa4103-1e9c-4e34-bb92-cab984298c2d",
                "resource_group": "0ee6288fb81f465f8d3544739f3d4c61",
                "resource_group_name": "jprina",
                "resource_name": "jprina-vpc",
                "resource_status": "available",
                "security_group": [
                  {
                    "group_id": "r006-e2547faf-8ea6-401b-9f14-98760fb70644",
                    "group_name": "voltage-wifi-trapping-manhole",
                    "rules": [
                      {
                        "code": 0,
                        "direction": "outbound",
                        "ip_version": "ipv4",
                        "port_max": 0,
                        "port_min": 0,
                        "protocol": "all",
                        "remote": "0.0.0.0/0",
                        "rule_id": "r006-03c07f39-c722-4e58-8d19-672d48a3fe2d",
                        "type": 0
                      },
                      {
                        "code": 0,
                        "direction": "inbound",
                        "ip_version": "ipv4",
                        "port_max": 0,
                        "port_min": 0,
                        "protocol": "all",
                        "remote": "r006-e2547faf-8ea6-401b-9f14-98760fb70644",
                        "rule_id": "r006-ff12fd41-eb68-4233-a4ea-03b55714af7d",
                        "type": 0
                      },
                      {
                        "code": 0,
                        "direction": "inbound",
                        "ip_version": "ipv4",
                        "port_max": 0,
                        "port_min": 0,
                        "protocol": "icmp",
                        "remote": "0.0.0.0/0",
                        "rule_id": "r006-2bb949a6-5c91-475b-8463-de969fffed89",
                        "type": 8
                      },
                      {
                        "code": 0,
                        "direction": "inbound",
                        "ip_version": "ipv4",
                        "port_max": 22,
                        "port_min": 22,
                        "protocol": "tcp",
                        "remote": "0.0.0.0/0",
                        "rule_id": "",
                        "type": 0
                      },
                      {
                        "code": 0,
                        "direction": "inbound",
                        "ip_version": "ipv4",
                        "port_max": 3389,
                        "port_min": 3389,
                        "protocol": "tcp",
                        "remote": "0.0.0.0/0",
                        "rule_id": "",
                        "type": 0
                      }
                    ]
                  }
                ],
                "status": "available",
                "subnets": [
                  {
                    "available_ipv4_address_count": 251,
                    "id": "0717-eab991d6-e0fd-4640-a927-1f8d029b1cd1",
                    "name": "hab-subnet",
                    "status": "available",
                    "total_ipv4_address_count": 256,
                    "zone": "us-south-1"
                  },
                  {
                    "available_ipv4_address_count": 251,
                    "id": "0717-8bda0f9c-bfde-4acc-bc62-bf88ad1af861",
                    "name": "sn-20220620-01",
                    "status": "available",
                    "total_ipv4_address_count": 256,
                    "zone": "us-south-1"
                  },
                  {
                    "available_ipv4_address_count": 249,
                    "id": "0727-1eacc5dd-fab2-4a89-856e-b8916a640417",
                    "name": "sn-20220620-02",
                    "status": "available",
                    "total_ipv4_address_count": 256,
                    "zone": "us-south-2"
                  },
                  {
                    "available_ipv4_address_count": 251,
                    "id": "0737-43f4a5cc-a8b2-4852-83f8-4fbe0c4b72fa",
                    "name": "sn-20220620-03",
                    "status": "available",
                    "total_ipv4_address_count": 256,
                    "zone": "us-south-3"
                  }
                ],
                "tags": [
                  "jprina"
                ]
              },
              {
                "classic_access": false,
                "crn": "crn:v1:bluemix:public:is:us-south:a/e65910fa61ce9072d64902d03f3d4774::vpc:r006-c125f515-36b2-45a8-aa63-622faef51159",
                "cse_source_addresses": [
                  {
                    "address": "10.16.239.15",
                    "zone_name": "us-south-1"
                  },
                  {
                    "address": "10.12.161.131",
                    "zone_name": "us-south-2"
                  },
                  {
                    "address": "10.249.81.63",
                    "zone_name": "us-south-3"
                  }
                ],
                "default_network_acl": "r006-241ee8e8-df78-44c4-aca5-2f4f47dd743c",
                "default_network_acl_crn": "crn:v1:bluemix:public:is:us-south:a/e65910fa61ce9072d64902d03f3d4774::network-acl:r006-241ee8e8-df78-44c4-aca5-2f4f47dd743c",
                "default_network_acl_name": "spectrum-scale-vpc-nwacl",
                "default_routing_table": "r006-d2b30424-2520-4196-9fe2-fa1fe56e7ce1",
                "default_routing_table_name": "spectrum-scale-vpc-rt",
                "default_security_group": "r006-acb97fe8-aca6-4341-9834-f30050f6662e",
                "default_security_group_crn": "crn:v1:bluemix:public:is:us-south:a/e65910fa61ce9072d64902d03f3d4774::security-group:r006-acb97fe8-aca6-4341-9834-f30050f6662e",
                "default_security_group_name": "spectrum-scale-vpc-sg",
                "id": "r006-c125f515-36b2-45a8-aa63-622faef51159",
                "name": "spectrum-scale-vpc",
                "resource_controller_url": "https://cloud.ibm.com/vpc-ext/network/vpcs",
                "resource_crn": "crn:v1:bluemix:public:is:us-south:a/e65910fa61ce9072d64902d03f3d4774::vpc:r006-c125f515-36b2-45a8-aa63-622faef51159",
                "resource_group": "fdd290732f7d47909181a189494e2990",
                "resource_group_name": "default",
                "resource_name": "spectrum-scale-vpc",
                "resource_status": "available",
                "security_group": [
                  {
                    "group_id": "r006-f3837b32-51ef-4dba-b3ed-85f55d00beb1",
                    "group_name": "spectrum-scale-bastion-sg",
                    "rules": [
                      {
                        "code": 20,
                        "direction": "inbound",
                        "ip_version": "ipv4",
                        "port_max": 0,
                        "port_min": 0,
                        "protocol": "icmp",
                        "remote": "10.38.96.181",
                        "rule_id": "r006-a3117f43-9e41-48f1-8fdf-d4c9090c6253",
                        "type": 8
                      },
                      {
                        "code": 0,
                        "direction": "inbound",
                        "ip_version": "ipv4",
                        "port_max": 22,
                        "port_min": 22,
                        "protocol": "tcp",
                        "remote": "10.38.96.183",
                        "rule_id": "",
                        "type": 0
                      },
                      {
                        "code": 0,
                        "direction": "inbound",
                        "ip_version": "ipv4",
                        "port_max": 443,
                        "port_min": 443,
                        "protocol": "tcp",
                        "remote": "10.38.96.182",
                        "rule_id": "",
                        "type": 0
                      },
                      {
                        "code": 0,
                        "direction": "inbound",
                        "ip_version": "ipv4",
                        "port_max": 443,
                        "port_min": 443,
                        "protocol": "tcp",
                        "remote": "10.38.96.183",
                        "rule_id": "",
                        "type": 0
                      },
                      {
                        "code": 0,
                        "direction": "inbound",
                        "ip_version": "ipv4",
                        "port_max": 22,
                        "port_min": 22,
                        "protocol": "tcp",
                        "remote": "10.38.96.182",
                        "rule_id": "",
                        "type": 0
                      },
                      {
                        "code": 0,
                        "direction": "inbound",
                        "ip_version": "ipv4",
                        "port_max": 22,
                        "port_min": 22,
                        "protocol": "tcp",
                        "remote": "150.238.230.133",
                        "rule_id": "",
                        "type": 0
                      },
                      {
                        "code": 0,
                        "direction": "inbound",
                        "ip_version": "ipv4",
                        "port_max": 22,
                        "port_min": 22,
                        "protocol": "tcp",
                        "remote": "10.38.96.181",
                        "rule_id": "",
                        "type": 0
                      },
                      {
                        "code": 0,
                        "direction": "inbound",
                        "ip_version": "ipv4",
                        "port_max": 443,
                        "port_min": 443,
                        "protocol": "tcp",
                        "remote": "10.38.96.181",
                        "rule_id": "",
                        "type": 0
                      },
                      {
                        "code": 0,
                        "direction": "outbound",
                        "ip_version": "ipv4",
                        "port_max": 0,
                        "port_min": 0,
                        "protocol": "all",
                        "remote": "0.0.0.0/0",
                        "rule_id": "r006-450fe880-5b97-46cc-94e3-498192b55192",
                        "type": 0
                      }
                    ]
                  },
                  {
                    "group_id": "r006-f50a2037-db71-44d0-9e4c-401558ece5dd",
                    "group_name": "spectrum-scale-bootstrap-sg",
                    "rules": [
                      {
                        "code": 0,
                        "direction": "outbound",
                        "ip_version": "ipv4",
                        "port_max": 0,
                        "port_min": 0,
                        "protocol": "all",
                        "remote": "0.0.0.0/0",
                        "rule_id": "r006-29dfff88-a0dc-4424-9572-01d898ceac58",
                        "type": 0
                      },
                      {
                        "code": 20,
                        "direction": "inbound",
                        "ip_version": "ipv4",
                        "port_max": 0,
                        "port_min": 0,
                        "protocol": "icmp",
                        "remote": "10.38.96.181",
                        "rule_id": "r006-69f45646-4bf4-426d-bb7e-1735abda8237",
                        "type": 8
                      },
                      {
                        "code": 0,
                        "direction": "inbound",
                        "ip_version": "ipv4",
                        "port_max": 22,
                        "port_min": 22,
                        "protocol": "tcp",
                        "remote": "r006-f3837b32-51ef-4dba-b3ed-85f55d00beb1",
                        "rule_id": "",
                        "type": 0
                      }
                    ]
                  },
                  {
                    "group_id": "r006-acb97fe8-aca6-4341-9834-f30050f6662e",
                    "group_name": "spectrum-scale-vpc-sg",
                    "rules": [
                      {
                        "code": 0,
                        "direction": "outbound",
                        "ip_version": "ipv4",
                        "port_max": 0,
                        "port_min": 0,
                        "protocol": "all",
                        "remote": "0.0.0.0/0",
                        "rule_id": "r006-34ad69d8-ed0c-445b-ba80-45bcd7dec5ee",
                        "type": 0
                      },
                      {
                        "code": 0,
                        "direction": "inbound",
                        "ip_version": "ipv4",
                        "port_max": 0,
                        "port_min": 0,
                        "protocol": "all",
                        "remote": "r006-acb97fe8-aca6-4341-9834-f30050f6662e",
                        "rule_id": "r006-d094e078-6bc2-4374-8f56-4404933b84e2",
                        "type": 0
                      }
                    ]
                  }
                ],
                "status": "available",
                "subnets": [
                  {
                    "available_ipv4_address_count": 250,
                    "id": "0717-45dd24c9-4c20-483b-b097-fc197bb7358a",
                    "name": "spectrum-scale-comp-pvt-1",
                    "status": "available",
                    "total_ipv4_address_count": 256,
                    "zone": "us-south-1"
                  },
                  {
                    "available_ipv4_address_count": 248,
                    "id": "0717-97dede4a-81b6-4786-bd6b-01599117a859",
                    "name": "spectrum-scale-strg-pvt-1",
                    "status": "available",
                    "total_ipv4_address_count": 256,
                    "zone": "us-south-1"
                  }
                ],
                "tags": [
                  "hpcc",
                  "schematics:us-south.workspace.globalcatalog-collection.8f0f57f3",
                  "spectrum-scale"
                ]
              },
              {
                "classic_access": false,
                "crn": "crn:v1:bluemix:public:is:us-south:a/e65910fa61ce9072d64902d03f3d4774::vpc:r006-d8465333-260c-4e38-9519-e9f1eec2f3d5",
                "cse_source_addresses": [
                  {
                    "address": "10.249.194.2",
                    "zone_name": "us-south-1"
                  },
                  {
                    "address": "10.16.243.198",
                    "zone_name": "us-south-2"
                  },
                  {
                    "address": "10.12.165.224",
                    "zone_name": "us-south-3"
                  }
                ],
                "default_network_acl": "r006-0e20d27b-fa26-4026-b695-c3924b2d42ec",
                "default_network_acl_crn": "crn:v1:bluemix:public:is:us-south:a/e65910fa61ce9072d64902d03f3d4774::network-acl:r006-0e20d27b-fa26-4026-b695-c3924b2d42ec",
                "default_network_acl_name": "savanna-wrongly-aqua-mayday",
                "default_routing_table": "r006-a321eded-da51-447a-ab1d-04e3a1f0a5ee",
                "default_routing_table_name": "sadly-affect-legwork-rekindle",
                "default_security_group": "r006-5f674cb4-dc48-4990-99e1-e2f1b10de20b",
                "default_security_group_crn": "crn:v1:bluemix:public:is:us-south:a/e65910fa61ce9072d64902d03f3d4774::security-group:r006-5f674cb4-dc48-4990-99e1-e2f1b10de20b",
                "default_security_group_name": "childlike-broadside-overstay-passerby",
                "id": "r006-d8465333-260c-4e38-9519-e9f1eec2f3d5",
                "name": "jaffasx-01-workload-vpc",
                "resource_controller_url": "https://cloud.ibm.com/vpc-ext/network/vpcs",
                "resource_crn": "crn:v1:bluemix:public:is:us-south:a/e65910fa61ce9072d64902d03f3d4774::vpc:r006-d8465333-260c-4e38-9519-e9f1eec2f3d5",
                "resource_group": "045fcf0192ad49c9890b499875af4a82",
                "resource_group_name": "jaffasx-01-workload-rg",
                "resource_name": "jaffasx-01-workload-vpc",
                "resource_status": "available",
                "security_group": [
                  {
                    "group_id": "r006-66724d66-150e-4cdf-87dc-66cc084ec2b0",
                    "group_name": "jaffasx-01-workload",
                    "rules": [
                      {
                        "code": 0,
                        "direction": "outbound",
                        "ip_version": "ipv4",
                        "port_max": 0,
                        "port_min": 0,
                        "protocol": "all",
                        "remote": "10.0.0.0/8",
                        "rule_id": "r006-d7d15763-59f3-4833-998e-9b57c395c9f5",
                        "type": 0
                      },
                      {
                        "code": 0,
                        "direction": "inbound",
                        "ip_version": "ipv4",
                        "port_max": 0,
                        "port_min": 0,
                        "protocol": "all",
                        "remote": "161.26.0.0/16",
                        "rule_id": "r006-4725e935-c43d-4847-87ad-a97e4c01deed",
                        "type": 0
                      },
                      {
                        "code": 0,
                        "direction": "outbound",
                        "ip_version": "ipv4",
                        "port_max": 53,
                        "port_min": 53,
                        "protocol": "tcp",
                        "remote": "161.26.0.0/16",
                        "rule_id": "",
                        "type": 0
                      },
                      {
                        "code": 0,
                        "direction": "inbound",
                        "ip_version": "ipv4",
                        "port_max": 0,
                        "port_min": 0,
                        "protocol": "all",
                        "remote": "10.0.0.0/8",
                        "rule_id": "r006-a051f7f4-f6de-43b6-806e-71cdf785d6c6",
                        "type": 0
                      },
                      {
                        "code": 0,
                        "direction": "outbound",
                        "ip_version": "ipv4",
                        "port_max": 443,
                        "port_min": 443,
                        "protocol": "tcp",
                        "remote": "161.26.0.0/16",
                        "rule_id": "",
                        "type": 0
                      },
                      {
                        "code": 0,
                        "direction": "outbound",
                        "ip_version": "ipv4",
                        "port_max": 80,
                        "port_min": 80,
                        "protocol": "tcp",
                        "remote": "161.26.0.0/16",
                        "rule_id": "",
                        "type": 0
                      }
                    ]
                  },
                  {
                    "group_id": "r006-045f8219-a8ce-44e4-8947-d0e4ed021e14",
                    "group_name": "workload-vpe-sg",
                    "rules": [
                      {
                        "code": 0,
                        "direction": "outbound",
                        "ip_version": "ipv4",
                        "port_max": 80,
                        "port_min": 80,
                        "protocol": "tcp",
                        "remote": "161.26.0.0/16",
                        "rule_id": "",
                        "type": 0
                      },
                      {
                        "code": 0,
                        "direction": "outbound",
                        "ip_version": "ipv4",
                        "port_max": 0,
                        "port_min": 0,
                        "protocol": "all",
                        "remote": "10.0.0.0/8",
                        "rule_id": "r006-8aef3c0d-ef08-46b5-a45c-aebffd92df5e",
                        "type": 0
                      },
                      {
                        "code": 0,
                        "direction": "inbound",
                        "ip_version": "ipv4",
                        "port_max": 0,
                        "port_min": 0,
                        "protocol": "all",
                        "remote": "161.26.0.0/16",
                        "rule_id": "r006-2ec1cb54-8931-4e87-824c-f9ee7701b1f2",
                        "type": 0
                      },
                      {
                        "code": 0,
                        "direction": "inbound",
                        "ip_version": "ipv4",
                        "port_max": 0,
                        "port_min": 0,
                        "protocol": "all",
                        "remote": "10.0.0.0/8",
                        "rule_id": "r006-f37fde0e-c61a-492f-aa40-83dfd31a74c5",
                        "type": 0
                      },
                      {
                        "code": 0,
                        "direction": "outbound",
                        "ip_version": "ipv4",
                        "port_max": 53,
                        "port_min": 53,
                        "protocol": "tcp",
                        "remote": "161.26.0.0/16",
                        "rule_id": "",
                        "type": 0
                      },
                      {
                        "code": 0,
                        "direction": "outbound",
                        "ip_version": "ipv4",
                        "port_max": 443,
                        "port_min": 443,
                        "protocol": "tcp",
                        "remote": "161.26.0.0/16",
                        "rule_id": "",
                        "type": 0
                      }
                    ]
                  },
                  {
                    "group_id": "r006-5f674cb4-dc48-4990-99e1-e2f1b10de20b",
                    "group_name": "childlike-broadside-overstay-passerby",
                    "rules": [
                      {
                        "code": 0,
                        "direction": "outbound",
                        "ip_version": "ipv4",
                        "port_max": 0,
                        "port_min": 0,
                        "protocol": "all",
                        "remote": "0.0.0.0/0",
                        "rule_id": "r006-05b28a49-04ea-4e82-9d46-fc4710d41f39",
                        "type": 0
                      },
                      {
                        "code": 0,
                        "direction": "inbound",
                        "ip_version": "ipv4",
                        "port_max": 0,
                        "port_min": 0,
                        "protocol": "all",
                        "remote": "r006-5f674cb4-dc48-4990-99e1-e2f1b10de20b",
                        "rule_id": "r006-ead2672e-210d-4be0-b370-6799afad5f12",
                        "type": 0
                      }
                    ]
                  }
                ],
                "status": "available",
                "subnets": [
                  {
                    "available_ipv4_address_count": 250,
                    "id": "0737-9e2ce979-2396-42ed-b70f-86aa1c9b78fc",
                    "name": "jaffasx-01-workload-vpe-zone-3",
                    "status": "available",
                    "total_ipv4_address_count": 256,
                    "zone": "us-south-3"
                  },
                  {
                    "available_ipv4_address_count": 251,
                    "id": "0727-f36b3bab-b2e1-4797-9a4a-22bd59bdc4b0",
                    "name": "jaffasx-01-workload-vsi-zone-2",
                    "status": "available",
                    "total_ipv4_address_count": 256,
                    "zone": "us-south-2"
                  },
                  {
                    "available_ipv4_address_count": 251,
                    "id": "0717-d4b1df46-d0fe-403d-92f5-b2dde5988977",
                    "name": "jaffasx-01-workload-vsi-zone-1",
                    "status": "available",
                    "total_ipv4_address_count": 256,
                    "zone": "us-south-1"
                  },
                  {
                    "available_ipv4_address_count": 251,
                    "id": "0737-349473c8-dbf4-48c4-89b1-c6f478bbfc73",
                    "name": "jaffasx-01-workload-vsi-zone-3",
                    "status": "available",
                    "total_ipv4_address_count": 256,
                    "zone": "us-south-3"
                  },
                  {
                    "available_ipv4_address_count": 250,
                    "id": "0727-edbb5503-7a6f-464d-b64c-5af79770f883",
                    "name": "jaffasx-01-workload-vpe-zone-2",
                    "status": "available",
                    "total_ipv4_address_count": 256,
                    "zone": "us-south-2"
                  },
                  {
                    "available_ipv4_address_count": 250,
                    "id": "0717-c58bc512-8e98-4136-8829-e916b3593e8c",
                    "name": "jaffasx-01-workload-vpe-zone-1",
                    "status": "available",
                    "total_ipv4_address_count": 256,
                    "zone": "us-south-1"
                  }
                ],
                "tags": []
              },
              {
                "classic_access": false,
                "crn": "crn:v1:bluemix:public:is:us-south:a/e65910fa61ce9072d64902d03f3d4774::vpc:r006-de230a59-c37a-48d7-a174-ea2f7718f411",
                "cse_source_addresses": [
                  {
                    "address": "10.16.238.252",
                    "zone_name": "us-south-1"
                  },
                  {
                    "address": "10.16.240.224",
                    "zone_name": "us-south-2"
                  },
                  {
                    "address": "10.249.215.245",
                    "zone_name": "us-south-3"
                  }
                ],
                "default_network_acl": "r006-1f8ff982-c051-4e93-94da-90dfa59e41f2",
                "default_network_acl_crn": "crn:v1:bluemix:public:is:us-south:a/e65910fa61ce9072d64902d03f3d4774::network-acl:r006-1f8ff982-c051-4e93-94da-90dfa59e41f2",
                "default_network_acl_name": "fancy-process-shoptalk-causation",
                "default_routing_table": "r006-f821e7e0-ddf9-452c-a1e1-a8c7f3b0ace9",
                "default_routing_table_name": "widen-swimsuit-crayoned-clumsy",
                "default_security_group": "r006-9b664606-bb4d-46d5-b748-d13468256e5d",
                "default_security_group_crn": "crn:v1:bluemix:public:is:us-south:a/e65910fa61ce9072d64902d03f3d4774::security-group:r006-9b664606-bb4d-46d5-b748-d13468256e5d",
                "default_security_group_name": "detection-strategy-axis-amount",
                "id": "r006-de230a59-c37a-48d7-a174-ea2f7718f411",
                "name": "sec-tenant-alpha",
                "resource_controller_url": "https://cloud.ibm.com/vpc-ext/network/vpcs",
                "resource_crn": "crn:v1:bluemix:public:is:us-south:a/e65910fa61ce9072d64902d03f3d4774::vpc:r006-de230a59-c37a-48d7-a174-ea2f7718f411",
                "resource_group": "08ec6f8ac7a84c17b7925cbf56b46886",
                "resource_group_name": "aaron5-rg",
                "resource_name": "sec-tenant-alpha",
                "resource_status": "available",
                "security_group": [
                  {
                    "group_id": "r006-d98cbbc1-8b6b-4157-bcd8-f9847b4b6d25",
                    "group_name": "kube-r006-de230a59-c37a-48d7-a174-ea2f7718f411",
                    "rules": [
                      {
                        "code": 0,
                        "direction": "outbound",
                        "ip_version": "ipv4",
                        "port_max": 32767,
                        "port_min": 30000,
                        "protocol": "tcp",
                        "remote": "0.0.0.0/0",
                        "rule_id": "",
                        "type": 0
                      },
                      {
                        "code": 0,
                        "direction": "outbound",
                        "ip_version": "ipv4",
                        "port_max": 32767,
                        "port_min": 30000,
                        "protocol": "udp",
                        "remote": "0.0.0.0/0",
                        "rule_id": "",
                        "type": 0
                      },
                      {
                        "code": 0,
                        "direction": "inbound",
                        "ip_version": "ipv4",
                        "port_max": 65535,
                        "port_min": 1,
                        "protocol": "tcp",
                        "remote": "0.0.0.0/0",
                        "rule_id": "",
                        "type": 0
                      },
                      {
                        "code": 0,
                        "direction": "inbound",
                        "ip_version": "ipv4",
                        "port_max": 65535,
                        "port_min": 1,
                        "protocol": "udp",
                        "remote": "0.0.0.0/0",
                        "rule_id": "",
                        "type": 0
                      }
                    ]
                  },
                  {
                    "group_id": "r006-bc5b04a5-877a-495c-8c4f-0b37f901cce4",
                    "group_name": "kube-ccptvu0d0u17b3gdv7o0",
                    "rules": [
                      {
                        "code": 0,
                        "direction": "inbound",
                        "ip_version": "ipv4",
                        "port_max": 0,
                        "port_min": 0,
                        "protocol": "all",
                        "remote": "172.17.0.0/18",
                        "rule_id": "r006-59e9208c-6d94-4cfb-bc97-764d2f400bfe",
                        "type": 0
                      },
                      {
                        "code": 0,
                        "direction": "inbound",
                        "ip_version": "ipv4",
                        "port_max": 32767,
                        "port_min": 30000,
                        "protocol": "tcp",
                        "remote": "0.0.0.0/0",
                        "rule_id": "",
                        "type": 0
                      },
                      {
                        "code": 0,
                        "direction": "inbound",
                        "ip_version": "ipv4",
                        "port_max": 32767,
                        "port_min": 30000,
                        "protocol": "udp",
                        "remote": "0.0.0.0/0",
                        "rule_id": "",
                        "type": 0
                      },
                      {
                        "code": 0,
                        "direction": "outbound",
                        "ip_version": "ipv4",
                        "port_max": 0,
                        "port_min": 0,
                        "protocol": "all",
                        "remote": "172.17.0.0/18",
                        "rule_id": "r006-a369a7c7-dda9-44d7-b01d-1dbf72685bfd",
                        "type": 0
                      }
                    ]
                  },
                  {
                    "group_id": "r006-9b664606-bb4d-46d5-b748-d13468256e5d",
                    "group_name": "detection-strategy-axis-amount",
                    "rules": [
                      {
                        "code": 0,
                        "direction": "outbound",
                        "ip_version": "ipv4",
                        "port_max": 0,
                        "port_min": 0,
                        "protocol": "all",
                        "remote": "0.0.0.0/0",
                        "rule_id": "r006-901f9468-7e45-4801-9547-22c6b3eaee7c",
                        "type": 0
                      },
                      {
                        "code": 0,
                        "direction": "inbound",
                        "ip_version": "ipv4",
                        "port_max": 0,
                        "port_min": 0,
                        "protocol": "all",
                        "remote": "r006-9b664606-bb4d-46d5-b748-d13468256e5d",
                        "rule_id": "r006-1392ddb9-84a3-48ac-98c3-6951284a86ae",
                        "type": 0
                      },
                      {
                        "code": 0,
                        "direction": "inbound",
                        "ip_version": "ipv4",
                        "port_max": 22,
                        "port_min": 22,
                        "protocol": "tcp",
                        "remote": "0.0.0.0/0",
                        "rule_id": "",
                        "type": 0
                      },
                      {
                        "code": 0,
                        "direction": "inbound",
                        "ip_version": "ipv4",
                        "port_max": 0,
                        "port_min": 0,
                        "protocol": "icmp",
                        "remote": "0.0.0.0/0",
                        "rule_id": "r006-3b6e813c-258b-42e9-a128-ddd2e139752a",
                        "type": 8
                      }
                    ]
                  }
                ],
                "status": "available",
                "subnets": [
                  {
                    "available_ipv4_address_count": 246,
                    "id": "0727-1092b3ef-0a84-4846-8816-be6868f99bda",
                    "name": "sn-20220928-02",
                    "status": "available",
                    "total_ipv4_address_count": 256,
                    "zone": "us-south-2"
                  },
                  {
                    "available_ipv4_address_count": 248,
                    "id": "0717-8870de02-b9fe-4d2e-aae6-b3d39e5d87f2",
                    "name": "sn-20220928-01",
                    "status": "available",
                    "total_ipv4_address_count": 256,
                    "zone": "us-south-1"
                  },
                  {
                    "available_ipv4_address_count": 247,
                    "id": "0737-91532120-08c3-4ae3-ae2a-b9b354fdf181",
                    "name": "sn-20220928-03",
                    "status": "available",
                    "total_ipv4_address_count": 256,
                    "zone": "us-south-3"
                  }
                ],
                "tags": [
                  "creator:djb",
                  "env:dev",
                  "group:security"
                ]
              },
              {
                "classic_access": false,
                "crn": "crn:v1:bluemix:public:is:us-south:a/e65910fa61ce9072d64902d03f3d4774::vpc:r006-e59f0f0b-f431-428a-ac57-9ea398776070",
                "cse_source_addresses": [
                  {
                    "address": "10.249.66.44",
                    "zone_name": "us-south-1"
                  },
                  {
                    "address": "10.249.73.154",
                    "zone_name": "us-south-2"
                  },
                  {
                    "address": "10.12.165.7",
                    "zone_name": "us-south-3"
                  }
                ],
                "default_network_acl": "r006-26b71676-d055-492c-ace4-cd0ec68bc6d0",
                "default_network_acl_crn": "crn:v1:bluemix:public:is:us-south:a/e65910fa61ce9072d64902d03f3d4774::network-acl:r006-26b71676-d055-492c-ace4-cd0ec68bc6d0",
                "default_network_acl_name": "glorious-eldest-periwigs-stoplight",
                "default_routing_table": "r006-90a59c3a-300c-45ef-8f08-966b7937dc58",
                "default_routing_table_name": "unselect-wand-cultivate-elective",
                "default_security_group": "r006-1068a362-9b22-4c38-92b6-2ade99be1166",
                "default_security_group_crn": "crn:v1:bluemix:public:is:us-south:a/e65910fa61ce9072d64902d03f3d4774::security-group:r006-1068a362-9b22-4c38-92b6-2ade99be1166",
                "default_security_group_name": "disarray-huff-acre-gloating",
                "id": "r006-e59f0f0b-f431-428a-ac57-9ea398776070",
                "name": "nrc-vpc",
                "resource_controller_url": "https://cloud.ibm.com/vpc-ext/network/vpcs",
                "resource_crn": "crn:v1:bluemix:public:is:us-south:a/e65910fa61ce9072d64902d03f3d4774::vpc:r006-e59f0f0b-f431-428a-ac57-9ea398776070",
                "resource_group": "fdd290732f7d47909181a189494e2990",
                "resource_group_name": "default",
                "resource_name": "nrc-vpc",
                "resource_status": "available",
                "security_group": [
                  {
                    "group_id": "r006-1068a362-9b22-4c38-92b6-2ade99be1166",
                    "group_name": "disarray-huff-acre-gloating",
                    "rules": [
                      {
                        "code": 0,
                        "direction": "outbound",
                        "ip_version": "ipv4",
                        "port_max": 0,
                        "port_min": 0,
                        "protocol": "all",
                        "remote": "0.0.0.0/0",
                        "rule_id": "r006-c88127b3-5085-43c8-9e07-0b7053c71df7",
                        "type": 0
                      },
                      {
                        "code": 0,
                        "direction": "inbound",
                        "ip_version": "ipv4",
                        "port_max": 0,
                        "port_min": 0,
                        "protocol": "all",
                        "remote": "r006-1068a362-9b22-4c38-92b6-2ade99be1166",
                        "rule_id": "r006-99c82e43-09b1-4444-b47d-3e2a283f02fe",
                        "type": 0
                      },
                      {
                        "code": 0,
                        "direction": "inbound",
                        "ip_version": "ipv4",
                        "port_max": 0,
                        "port_min": 0,
                        "protocol": "icmp",
                        "remote": "0.0.0.0/0",
                        "rule_id": "r006-87f1948f-bfb4-4817-a6c1-9d8061e4c515",
                        "type": 8
                      },
                      {
                        "code": 0,
                        "direction": "inbound",
                        "ip_version": "ipv4",
                        "port_max": 22,
                        "port_min": 22,
                        "protocol": "tcp",
                        "remote": "0.0.0.0/0",
                        "rule_id": "",
                        "type": 0
                      }
                    ]
                  }
                ],
                "status": "available",
                "subnets": [
                  {
                    "available_ipv4_address_count": 250,
                    "id": "0727-8e130e18-88f9-4456-900e-0261a268df99",
                    "name": "nrc-subnet",
                    "status": "available",
                    "total_ipv4_address_count": 256,
                    "zone": "us-south-2"
                  }
                ],
                "tags": [
                  "epic",
                  "nrchaney"
                ]
              },
              {
                "classic_access": false,
                "crn": "crn:v1:bluemix:public:is:us-south:a/e65910fa61ce9072d64902d03f3d4774::vpc:r006-e8443037-8060-4918-a147-a5ee281209b7",
                "cse_source_addresses": [
                  {
                    "address": "10.22.22.142",
                    "zone_name": "us-south-1"
                  },
                  {
                    "address": "10.12.156.62",
                    "zone_name": "us-south-2"
                  },
                  {
                    "address": "10.249.211.22",
                    "zone_name": "us-south-3"
                  }
                ],
                "default_network_acl": "r006-bec8d748-5c58-4156-ac14-bff15861e2c5",
                "default_network_acl_crn": "crn:v1:bluemix:public:is:us-south:a/e65910fa61ce9072d64902d03f3d4774::network-acl:r006-bec8d748-5c58-4156-ac14-bff15861e2c5",
                "default_network_acl_name": "track-jumbo-curliness-wham",
                "default_routing_table": "r006-cd50f630-6a62-48b1-a549-8164f5660475",
                "default_routing_table_name": "unopened-hamburger-craziness-drinking",
                "default_security_group": "r006-ad678206-745a-4819-bedd-328c492e2bf6",
                "default_security_group_crn": "crn:v1:bluemix:public:is:us-south:a/e65910fa61ce9072d64902d03f3d4774::security-group:r006-ad678206-745a-4819-bedd-328c492e2bf6",
                "default_security_group_name": "build-labs-latam-rpa-project-sg",
                "id": "r006-e8443037-8060-4918-a147-a5ee281209b7",
                "name": "build-labs-latam-rpa-project",
                "resource_controller_url": "https://cloud.ibm.com/vpc-ext/network/vpcs",
                "resource_crn": "crn:v1:bluemix:public:is:us-south:a/e65910fa61ce9072d64902d03f3d4774::vpc:r006-e8443037-8060-4918-a147-a5ee281209b7",
                "resource_group": "e74a0a5d70754731abfc1f9c48f785a7",
                "resource_group_name": "build-labs-latam-rpa-project",
                "resource_name": "build-labs-latam-rpa-project",
                "resource_status": "available",
                "security_group": [
                  {
                    "group_id": "r006-ad678206-745a-4819-bedd-328c492e2bf6",
                    "group_name": "build-labs-latam-rpa-project-sg",
                    "rules": [
                      {
                        "code": 0,
                        "direction": "outbound",
                        "ip_version": "ipv4",
                        "port_max": 0,
                        "port_min": 0,
                        "protocol": "all",
                        "remote": "0.0.0.0/0",
                        "rule_id": "r006-0413dff9-faa4-4cf4-92e2-0f438abfeac3",
                        "type": 0
                      },
                      {
                        "code": 0,
                        "direction": "inbound",
                        "ip_version": "ipv4",
                        "port_max": 0,
                        "port_min": 0,
                        "protocol": "all",
                        "remote": "r006-ad678206-745a-4819-bedd-328c492e2bf6",
                        "rule_id": "r006-09e72cab-0f53-41d7-a207-4292384c2ab4",
                        "type": 0
                      },
                      {
                        "code": 0,
                        "direction": "inbound",
                        "ip_version": "ipv4",
                        "port_max": 0,
                        "port_min": 0,
                        "protocol": "icmp",
                        "remote": "0.0.0.0/0",
                        "rule_id": "r006-25b68a9e-344b-45c7-b87f-ef601a8be919",
                        "type": 8
                      },
                      {
                        "code": 0,
                        "direction": "inbound",
                        "ip_version": "ipv4",
                        "port_max": 22,
                        "port_min": 22,
                        "protocol": "tcp",
                        "remote": "0.0.0.0/0",
                        "rule_id": "",
                        "type": 0
                      },
                      {
                        "code": 0,
                        "direction": "inbound",
                        "ip_version": "ipv4",
                        "port_max": 3389,
                        "port_min": 3389,
                        "protocol": "tcp",
                        "remote": "0.0.0.0/0",
                        "rule_id": "",
                        "type": 0
                      }
                    ]
                  }
                ],
                "status": "available",
                "subnets": [
                  {
                    "available_ipv4_address_count": 251,
                    "id": "0717-46a894d6-94bb-478f-afe6-27a1b8d73a98",
                    "name": "sn-20220912-01",
                    "status": "available",
                    "total_ipv4_address_count": 256,
                    "zone": "us-south-1"
                  },
                  {
                    "available_ipv4_address_count": 250,
                    "id": "0727-8be5b4e6-b3b1-4998-952c-631f0a2315b4",
                    "name": "sn-20220912-02",
                    "status": "available",
                    "total_ipv4_address_count": 256,
                    "zone": "us-south-2"
                  },
                  {
                    "available_ipv4_address_count": 251,
                    "id": "0737-3d4e861d-23c0-4052-ae00-cfcffec4a68b",
                    "name": "sn-20220912-03",
                    "status": "available",
                    "total_ipv4_address_count": 256,
                    "zone": "us-south-3"
                  }
                ],
                "tags": [
                  "build-labs-latam",
                  "jrcasan",
                  "rpa-project"
                ]
              },
              {
                "classic_access": false,
                "crn": "crn:v1:bluemix:public:is:us-south:a/e65910fa61ce9072d64902d03f3d4774::vpc:r006-ed9baa33-5223-42ad-be04-cba8290fd1ac",
                "cse_source_addresses": [
                  {
                    "address": "10.16.234.120",
                    "zone_name": "us-south-1"
                  },
                  {
                    "address": "10.22.31.5",
                    "zone_name": "us-south-2"
                  },
                  {
                    "address": "10.22.37.215",
                    "zone_name": "us-south-3"
                  }
                ],
                "default_network_acl": "r006-90c6c06d-26c3-4b70-a3bd-039b4047f637",
                "default_network_acl_crn": "crn:v1:bluemix:public:is:us-south:a/e65910fa61ce9072d64902d03f3d4774::network-acl:r006-90c6c06d-26c3-4b70-a3bd-039b4047f637",
                "default_network_acl_name": "glamour-pulse-canyon-aflutter",
                "default_routing_table": "r006-c31a03e4-f2bc-49ab-98c8-c99fcefa5902",
                "default_routing_table_name": "decent-surfacing-chamber-monsieur",
                "default_security_group": "r006-4ab2b05b-41bc-4e2c-8c7d-e4f7aeb60a4d",
                "default_security_group_crn": "crn:v1:bluemix:public:is:us-south:a/e65910fa61ce9072d64902d03f3d4774::security-group:r006-4ab2b05b-41bc-4e2c-8c7d-e4f7aeb60a4d",
                "default_security_group_name": "flier-architecture-quintuple-exposable",
                "id": "r006-ed9baa33-5223-42ad-be04-cba8290fd1ac",
                "name": "aaron5-vpc",
                "resource_controller_url": "https://cloud.ibm.com/vpc-ext/network/vpcs",
                "resource_crn": "crn:v1:bluemix:public:is:us-south:a/e65910fa61ce9072d64902d03f3d4774::vpc:r006-ed9baa33-5223-42ad-be04-cba8290fd1ac",
                "resource_group": "08ec6f8ac7a84c17b7925cbf56b46886",
                "resource_group_name": "aaron5-rg",
                "resource_name": "aaron5-vpc",
                "resource_status": "available",
                "security_group": [
                  {
                    "group_id": "r006-5a0f45aa-6294-4f84-b727-603427efaa65",
                    "group_name": "kube-r006-ed9baa33-5223-42ad-be04-cba8290fd1ac",
                    "rules": [
                      {
                        "code": 0,
                        "direction": "outbound",
                        "ip_version": "ipv4",
                        "port_max": 32767,
                        "port_min": 30000,
                        "protocol": "tcp",
                        "remote": "0.0.0.0/0",
                        "rule_id": "",
                        "type": 0
                      },
                      {
                        "code": 0,
                        "direction": "outbound",
                        "ip_version": "ipv4",
                        "port_max": 32767,
                        "port_min": 30000,
                        "protocol": "udp",
                        "remote": "0.0.0.0/0",
                        "rule_id": "",
                        "type": 0
                      },
                      {
                        "code": 0,
                        "direction": "inbound",
                        "ip_version": "ipv4",
                        "port_max": 65535,
                        "port_min": 1,
                        "protocol": "tcp",
                        "remote": "0.0.0.0/0",
                        "rule_id": "",
                        "type": 0
                      },
                      {
                        "code": 0,
                        "direction": "inbound",
                        "ip_version": "ipv4",
                        "port_max": 65535,
                        "port_min": 1,
                        "protocol": "udp",
                        "remote": "0.0.0.0/0",
                        "rule_id": "",
                        "type": 0
                      }
                    ]
                  },
                  {
                    "group_id": "r006-4ab2b05b-41bc-4e2c-8c7d-e4f7aeb60a4d",
                    "group_name": "flier-architecture-quintuple-exposable",
                    "rules": [
                      {
                        "code": 0,
                        "direction": "outbound",
                        "ip_version": "ipv4",
                        "port_max": 0,
                        "port_min": 0,
                        "protocol": "all",
                        "remote": "0.0.0.0/0",
                        "rule_id": "r006-7fccc99d-d708-423b-af44-0f8d4d944836",
                        "type": 0
                      },
                      {
                        "code": 0,
                        "direction": "inbound",
                        "ip_version": "ipv4",
                        "port_max": 0,
                        "port_min": 0,
                        "protocol": "all",
                        "remote": "r006-4ab2b05b-41bc-4e2c-8c7d-e4f7aeb60a4d",
                        "rule_id": "r006-0968070f-9533-45b6-b311-2f1db587d29b",
                        "type": 0
                      },
                      {
                        "code": 0,
                        "direction": "inbound",
                        "ip_version": "ipv4",
                        "port_max": 0,
                        "port_min": 0,
                        "protocol": "icmp",
                        "remote": "0.0.0.0/0",
                        "rule_id": "r006-fa5c4ecd-b640-4d3b-9d21-b0752a71421a",
                        "type": 8
                      },
                      {
                        "code": 0,
                        "direction": "inbound",
                        "ip_version": "ipv4",
                        "port_max": 3389,
                        "port_min": 22,
                        "protocol": "tcp",
                        "remote": "0.0.0.0/0",
                        "rule_id": "",
                        "type": 0
                      }
                    ]
                  }
                ],
                "status": "available",
                "subnets": [
                  {
                    "available_ipv4_address_count": 249,
                    "id": "0717-1ecdc9cf-886c-4123-8d60-e7a353d3c834",
                    "name": "sn-20220126-01",
                    "status": "available",
                    "total_ipv4_address_count": 256,
                    "zone": "us-south-1"
                  },
                  {
                    "available_ipv4_address_count": 248,
                    "id": "0727-81a46761-270b-454f-83d3-335f7c2be068",
                    "name": "sn-20220126-02",
                    "status": "available",
                    "total_ipv4_address_count": 256,
                    "zone": "us-south-2"
                  },
                  {
                    "available_ipv4_address_count": 251,
                    "id": "0737-c93614b8-ebe5-4152-8b8f-9a5880614811",
                    "name": "sn-20220126-03",
                    "status": "available",
                    "total_ipv4_address_count": 256,
                    "zone": "us-south-3"
                  }
                ],
                "tags": [
                  "djb"
                ]
              },
              {
                "classic_access": false,
                "crn": "crn:v1:bluemix:public:is:us-south:a/e65910fa61ce9072d64902d03f3d4774::vpc:r006-f5ed6e8f-e754-4e4e-b7a4-6918e768a59d",
                "cse_source_addresses": [
                  {
                    "address": "10.16.239.247",
                    "zone_name": "us-south-1"
                  },
                  {
                    "address": "10.12.158.85",
                    "zone_name": "us-south-2"
                  },
                  {
                    "address": "10.16.255.40",
                    "zone_name": "us-south-3"
                  }
                ],
                "default_network_acl": "r006-656ae786-8a52-41f8-ac1f-30c2d5e33978",
                "default_network_acl_crn": "crn:v1:bluemix:public:is:us-south:a/e65910fa61ce9072d64902d03f3d4774::network-acl:r006-656ae786-8a52-41f8-ac1f-30c2d5e33978",
                "default_network_acl_name": "cobbler-cackermander-evident-cone",
                "default_routing_table": "r006-4d545f62-017e-456a-9f37-71644bd59a35",
                "default_routing_table_name": "angler-wince-bronchial-canning",
                "default_security_group": "r006-346883dd-5e5a-4902-8e53-c08b88ef1f47",
                "default_security_group_crn": "crn:v1:bluemix:public:is:us-south:a/e65910fa61ce9072d64902d03f3d4774::security-group:r006-346883dd-5e5a-4902-8e53-c08b88ef1f47",
                "default_security_group_name": "cornfield-relearn-backer-revenge",
                "id": "r006-f5ed6e8f-e754-4e4e-b7a4-6918e768a59d",
                "name": "kos-vpc-dxc-poc",
                "resource_controller_url": "https://cloud.ibm.com/vpc-ext/network/vpcs",
                "resource_crn": "crn:v1:bluemix:public:is:us-south:a/e65910fa61ce9072d64902d03f3d4774::vpc:r006-f5ed6e8f-e754-4e4e-b7a4-6918e768a59d",
                "resource_group": "fdd290732f7d47909181a189494e2990",
                "resource_group_name": "default",
                "resource_name": "kos-vpc-dxc-poc",
                "resource_status": "available",
                "security_group": [
                  {
                    "group_id": "r006-aa7fb8ec-7047-4dcd-80ad-403d51db0462",
                    "group_name": "kube-r006-f5ed6e8f-e754-4e4e-b7a4-6918e768a59d",
                    "rules": [
                      {
                        "code": 0,
                        "direction": "outbound",
                        "ip_version": "ipv4",
                        "port_max": 32767,
                        "port_min": 30000,
                        "protocol": "tcp",
                        "remote": "0.0.0.0/0",
                        "rule_id": "",
                        "type": 0
                      },
                      {
                        "code": 0,
                        "direction": "outbound",
                        "ip_version": "ipv4",
                        "port_max": 32767,
                        "port_min": 30000,
                        "protocol": "udp",
                        "remote": "0.0.0.0/0",
                        "rule_id": "",
                        "type": 0
                      },
                      {
                        "code": 0,
                        "direction": "inbound",
                        "ip_version": "ipv4",
                        "port_max": 65535,
                        "port_min": 1,
                        "protocol": "tcp",
                        "remote": "0.0.0.0/0",
                        "rule_id": "",
                        "type": 0
                      },
                      {
                        "code": 0,
                        "direction": "inbound",
                        "ip_version": "ipv4",
                        "port_max": 65535,
                        "port_min": 1,
                        "protocol": "udp",
                        "remote": "0.0.0.0/0",
                        "rule_id": "",
                        "type": 0
                      }
                    ]
                  },
                  {
                    "group_id": "r006-346883dd-5e5a-4902-8e53-c08b88ef1f47",
                    "group_name": "cornfield-relearn-backer-revenge",
                    "rules": [
                      {
                        "code": 0,
                        "direction": "outbound",
                        "ip_version": "ipv4",
                        "port_max": 0,
                        "port_min": 0,
                        "protocol": "all",
                        "remote": "0.0.0.0/0",
                        "rule_id": "r006-396fc2aa-d665-489f-b78d-e6f22a429ab8",
                        "type": 0
                      },
                      {
                        "code": 0,
                        "direction": "inbound",
                        "ip_version": "ipv4",
                        "port_max": 0,
                        "port_min": 0,
                        "protocol": "all",
                        "remote": "r006-346883dd-5e5a-4902-8e53-c08b88ef1f47",
                        "rule_id": "r006-b64ecec6-3b18-43a7-bb40-0553d4aa8a5f",
                        "type": 0
                      },
                      {
                        "code": 0,
                        "direction": "inbound",
                        "ip_version": "ipv4",
                        "port_max": 0,
                        "port_min": 0,
                        "protocol": "icmp",
                        "remote": "0.0.0.0/0",
                        "rule_id": "r006-57ca184f-a8e3-4123-94f9-b6afa8c4c1d5",
                        "type": 8
                      },
                      {
                        "code": 0,
                        "direction": "inbound",
                        "ip_version": "ipv4",
                        "port_max": 22,
                        "port_min": 22,
                        "protocol": "tcp",
                        "remote": "0.0.0.0/0",
                        "rule_id": "",
                        "type": 0
                      },
                      {
                        "code": 0,
                        "direction": "inbound",
                        "ip_version": "ipv4",
                        "port_max": 32767,
                        "port_min": 30000,
                        "protocol": "tcp",
                        "remote": "0.0.0.0/0",
                        "rule_id": "",
                        "type": 0
                      }
                    ]
                  }
                ],
                "status": "available",
                "subnets": [
                  {
                    "available_ipv4_address_count": 246,
                    "id": "0717-17c9f32b-9e4f-495c-ad96-7750287724b3",
                    "name": "sn-20211116-01",
                    "status": "available",
                    "total_ipv4_address_count": 256,
                    "zone": "us-south-1"
                  },
                  {
                    "available_ipv4_address_count": 248,
                    "id": "0727-04fb1c21-9b5a-4239-bbc1-befa4d210c40",
                    "name": "sn-20211116-02",
                    "status": "available",
                    "total_ipv4_address_count": 256,
                    "zone": "us-south-2"
                  },
                  {
                    "available_ipv4_address_count": 249,
                    "id": "0737-f30c0da2-f9f9-494a-85e4-b9256c4ce0c0",
                    "name": "sn-20211116-03",
                    "status": "available",
                    "total_ipv4_address_count": 256,
                    "zone": "us-south-3"
                  }
                ],
                "tags": [
                  "dxc",
                  "kos",
                  "vpc"
                ]
              },
              {
                "classic_access": false,
                "crn": "crn:v1:bluemix:public:is:us-south:a/e65910fa61ce9072d64902d03f3d4774::vpc:r006-f97bcfd4-08b3-4d60-9b52-a8f61ef393ab",
                "cse_source_addresses": [
                  {
                    "address": "10.22.23.246",
                    "zone_name": "us-south-1"
                  },
                  {
                    "address": "10.249.75.248",
                    "zone_name": "us-south-2"
                  },
                  {
                    "address": "10.249.213.246",
                    "zone_name": "us-south-3"
                  }
                ],
                "default_network_acl": "r006-987370c0-e522-411b-b720-86418c9c3e5b",
                "default_network_acl_crn": "crn:v1:bluemix:public:is:us-south:a/e65910fa61ce9072d64902d03f3d4774::network-acl:r006-987370c0-e522-411b-b720-86418c9c3e5b",
                "default_network_acl_name": "suggest-untidy-animal-unwind",
                "default_routing_table": "r006-ab4d5a57-57e4-4c48-8437-9703383ba802",
                "default_routing_table_name": "enrich-excusable-unlade-sympathy",
                "default_security_group": "r006-59431cb6-1ca6-45eb-9533-e7dff4231feb",
                "default_security_group_crn": "crn:v1:bluemix:public:is:us-south:a/e65910fa61ce9072d64902d03f3d4774::security-group:r006-59431cb6-1ca6-45eb-9533-e7dff4231feb",
                "default_security_group_name": "cylinder-obedient-spree-spousal",
                "id": "r006-f97bcfd4-08b3-4d60-9b52-a8f61ef393ab",
                "name": "build-labs-latam-paas-vpc",
                "resource_controller_url": "https://cloud.ibm.com/vpc-ext/network/vpcs",
                "resource_crn": "crn:v1:bluemix:public:is:us-south:a/e65910fa61ce9072d64902d03f3d4774::vpc:r006-f97bcfd4-08b3-4d60-9b52-a8f61ef393ab",
                "resource_group": "f9619e7c8ed0429f8de9e7b99746b2bf",
                "resource_group_name": "build-labs-latam",
                "resource_name": "build-labs-latam-paas-vpc",
                "resource_status": "available",
                "security_group": [
                  {
                    "group_id": "r006-8521e985-8405-4e33-a896-f48d06fb8f39",
                    "group_name": "kube-cds64hud0t6gjkbqa0i0",
                    "rules": [
                      {
                        "code": 0,
                        "direction": "outbound",
                        "ip_version": "ipv4",
                        "port_max": 0,
                        "port_min": 0,
                        "protocol": "all",
                        "remote": "161.26.0.0/16",
                        "rule_id": "r006-b161e7b0-72b5-4042-b989-d800a572cfae",
                        "type": 0
                      },
                      {
                        "code": 0,
                        "direction": "outbound",
                        "ip_version": "ipv4",
                        "port_max": 0,
                        "port_min": 0,
                        "protocol": "all",
                        "remote": "166.8.0.0/14",
                        "rule_id": "r006-9e0f65cf-950c-4103-b5df-d73d94d2a0b4",
                        "type": 0
                      },
                      {
                        "code": 0,
                        "direction": "inbound",
                        "ip_version": "ipv4",
                        "port_max": 0,
                        "port_min": 0,
                        "protocol": "all",
                        "remote": "172.17.0.0/18",
                        "rule_id": "r006-2861366b-75e7-4ec0-8837-9fcef28dc3de",
                        "type": 0
                      },
                      {
                        "code": 0,
                        "direction": "inbound",
                        "ip_version": "ipv4",
                        "port_max": 32767,
                        "port_min": 30000,
                        "protocol": "tcp",
                        "remote": "0.0.0.0/0",
                        "rule_id": "",
                        "type": 0
                      },
                      {
                        "code": 0,
                        "direction": "inbound",
                        "ip_version": "ipv4",
                        "port_max": 32767,
                        "port_min": 30000,
                        "protocol": "udp",
                        "remote": "0.0.0.0/0",
                        "rule_id": "",
                        "type": 0
                      },
                      {
                        "code": 0,
                        "direction": "outbound",
                        "ip_version": "ipv4",
                        "port_max": 0,
                        "port_min": 0,
                        "protocol": "all",
                        "remote": "172.17.0.0/18",
                        "rule_id": "r006-9d8c0c4e-97d0-478f-9c0c-65b244910017",
                        "type": 0
                      },
                      {
                        "code": 0,
                        "direction": "inbound",
                        "ip_version": "ipv4",
                        "port_max": 0,
                        "port_min": 0,
                        "protocol": "icmp",
                        "remote": "0.0.0.0/0",
                        "rule_id": "r006-aa2ff3e7-01b8-4e4a-a8b4-cb65376ddb35",
                        "type": 8
                      },
                      {
                        "code": 0,
                        "direction": "inbound",
                        "ip_version": "ipv4",
                        "port_max": 0,
                        "port_min": 0,
                        "protocol": "all",
                        "remote": "r006-8521e985-8405-4e33-a896-f48d06fb8f39",
                        "rule_id": "r006-25639083-4ed6-4af5-981f-66da1c5e0b91",
                        "type": 0
                      },
                      {
                        "code": 0,
                        "direction": "outbound",
                        "ip_version": "ipv4",
                        "port_max": 0,
                        "port_min": 0,
                        "protocol": "all",
                        "remote": "r006-8521e985-8405-4e33-a896-f48d06fb8f39",
                        "rule_id": "r006-9c7b5d58-3eee-4a0c-b49b-fdcb9e91705c",
                        "type": 0
                      },
                      {
                        "code": 0,
                        "direction": "outbound",
                        "ip_version": "ipv4",
                        "port_max": 30541,
                        "port_min": 30541,
                        "protocol": "tcp",
                        "remote": "10.240.0.16",
                        "rule_id": "",
                        "type": 0
                      },
                      {
                        "code": 0,
                        "direction": "outbound",
                        "ip_version": "ipv4",
                        "port_max": 30341,
                        "port_min": 30341,
                        "protocol": "tcp",
                        "remote": "10.240.0.16",
                        "rule_id": "",
                        "type": 0
                      }
                    ]
                  },
                  {
                    "group_id": "r006-bbf66bc1-aa94-4fd8-bb2d-6869b481ef18",
                    "group_name": "kube-r006-f97bcfd4-08b3-4d60-9b52-a8f61ef393ab",
                    "rules": [
                      {
                        "code": 0,
                        "direction": "outbound",
                        "ip_version": "ipv4",
                        "port_max": 32767,
                        "port_min": 30000,
                        "protocol": "tcp",
                        "remote": "0.0.0.0/0",
                        "rule_id": "",
                        "type": 0
                      },
                      {
                        "code": 0,
                        "direction": "outbound",
                        "ip_version": "ipv4",
                        "port_max": 32767,
                        "port_min": 30000,
                        "protocol": "udp",
                        "remote": "0.0.0.0/0",
                        "rule_id": "",
                        "type": 0
                      },
                      {
                        "code": 0,
                        "direction": "inbound",
                        "ip_version": "ipv4",
                        "port_max": 65535,
                        "port_min": 1,
                        "protocol": "tcp",
                        "remote": "0.0.0.0/0",
                        "rule_id": "",
                        "type": 0
                      },
                      {
                        "code": 0,
                        "direction": "inbound",
                        "ip_version": "ipv4",
                        "port_max": 65535,
                        "port_min": 1,
                        "protocol": "udp",
                        "remote": "0.0.0.0/0",
                        "rule_id": "",
                        "type": 0
                      }
                    ]
                  },
                  {
                    "group_id": "r006-59431cb6-1ca6-45eb-9533-e7dff4231feb",
                    "group_name": "cylinder-obedient-spree-spousal",
                    "rules": [
                      {
                        "code": 0,
                        "direction": "outbound",
                        "ip_version": "ipv4",
                        "port_max": 0,
                        "port_min": 0,
                        "protocol": "all",
                        "remote": "0.0.0.0/0",
                        "rule_id": "r006-068406ed-ff7f-4acb-a6b4-a2e20d416aad",
                        "type": 0
                      },
                      {
                        "code": 0,
                        "direction": "inbound",
                        "ip_version": "ipv4",
                        "port_max": 0,
                        "port_min": 0,
                        "protocol": "all",
                        "remote": "r006-59431cb6-1ca6-45eb-9533-e7dff4231feb",
                        "rule_id": "r006-bebc3d79-c2df-48dd-ad27-9df237fe4716",
                        "type": 0
                      },
                      {
                        "code": 0,
                        "direction": "inbound",
                        "ip_version": "ipv4",
                        "port_max": 0,
                        "port_min": 0,
                        "protocol": "icmp",
                        "remote": "0.0.0.0/0",
                        "rule_id": "r006-3284bc9b-ca90-4925-92cb-9b1006aef744",
                        "type": 8
                      },
                      {
                        "code": 0,
                        "direction": "inbound",
                        "ip_version": "ipv4",
                        "port_max": 22,
                        "port_min": 22,
                        "protocol": "tcp",
                        "remote": "0.0.0.0/0",
                        "rule_id": "",
                        "type": 0
                      },
                      {
                        "code": 0,
                        "direction": "inbound",
                        "ip_version": "ipv4",
                        "port_max": 80,
                        "port_min": 80,
                        "protocol": "tcp",
                        "remote": "0.0.0.0/0",
                        "rule_id": "",
                        "type": 0
                      }
                    ]
                  }
                ],
                "status": "available",
                "subnets": [
                  {
                    "available_ipv4_address_count": 249,
                    "id": "0727-e6064eaa-9217-4bd3-808b-d1c16a3908c3",
                    "name": "sn-20220816-02",
                    "status": "available",
                    "total_ipv4_address_count": 256,
                    "zone": "us-south-2"
                  },
                  {
                    "available_ipv4_address_count": 251,
                    "id": "0737-0f069409-e364-4cd5-887c-77ec89705496",
                    "name": "sn-20220816-03",
                    "status": "available",
                    "total_ipv4_address_count": 256,
                    "zone": "us-south-3"
                  },
                  {
                    "available_ipv4_address_count": 244,
                    "id": "0717-fa910486-a695-4ff4-859c-400302e54c15",
                    "name": "sn-20220816-01",
                    "status": "available",
                    "total_ipv4_address_count": 256,
                    "zone": "us-south-1"
                  }
                ],
                "tags": [
                  "build-labs-latam",
                  "jrcasan"
                ]
              },
              {
                "classic_access": false,
                "crn": "crn:v1:bluemix:public:is:us-south:a/e65910fa61ce9072d64902d03f3d4774::vpc:r006-fb3846c8-75f0-4b02-b059-20350cab2959",
                "cse_source_addresses": [
                  {
                    "address": "10.249.195.172",
                    "zone_name": "us-south-1"
                  },
                  {
                    "address": "10.249.74.183",
                    "zone_name": "us-south-2"
                  },
                  {
                    "address": "10.22.34.106",
                    "zone_name": "us-south-3"
                  }
                ],
                "default_network_acl": "r006-83611982-aabf-48e2-aa9a-65cb9af9c87a",
                "default_network_acl_crn": "crn:v1:bluemix:public:is:us-south:a/e65910fa61ce9072d64902d03f3d4774::network-acl:r006-83611982-aabf-48e2-aa9a-65cb9af9c87a",
                "default_network_acl_name": "squeamish-skinned-squint-proponent",
                "default_routing_table": "r006-a9befc49-09fa-4dee-bac6-ea26709c2f0f",
                "default_routing_table_name": "almost-derailed-deposit-festive",
                "default_security_group": "r006-913af9e8-4bd5-4c48-9e93-e86b032a5099",
                "default_security_group_crn": "crn:v1:bluemix:public:is:us-south:a/e65910fa61ce9072d64902d03f3d4774::security-group:r006-913af9e8-4bd5-4c48-9e93-e86b032a5099",
                "default_security_group_name": "foe-sack-depletion-certainty",
                "id": "r006-fb3846c8-75f0-4b02-b059-20350cab2959",
                "name": "bdoshi-vpc",
                "resource_controller_url": "https://cloud.ibm.com/vpc-ext/network/vpcs",
                "resource_crn": "crn:v1:bluemix:public:is:us-south:a/e65910fa61ce9072d64902d03f3d4774::vpc:r006-fb3846c8-75f0-4b02-b059-20350cab2959",
                "resource_group": "36e1899275f746db979eeb5510083ecf",
                "resource_group_name": "bdoshi-rg",
                "resource_name": "bdoshi-vpc",
                "resource_status": "available",
                "security_group": [
                  {
                    "group_id": "r006-913af9e8-4bd5-4c48-9e93-e86b032a5099",
                    "group_name": "foe-sack-depletion-certainty",
                    "rules": [
                      {
                        "code": 0,
                        "direction": "outbound",
                        "ip_version": "ipv4",
                        "port_max": 0,
                        "port_min": 0,
                        "protocol": "all",
                        "remote": "0.0.0.0/0",
                        "rule_id": "r006-b757b250-67ab-447a-b58e-1df5e4a42f0f",
                        "type": 0
                      },
                      {
                        "code": 0,
                        "direction": "inbound",
                        "ip_version": "ipv4",
                        "port_max": 0,
                        "port_min": 0,
                        "protocol": "all",
                        "remote": "r006-913af9e8-4bd5-4c48-9e93-e86b032a5099",
                        "rule_id": "r006-5e858550-6702-418d-8618-4f4327693bc6",
                        "type": 0
                      },
                      {
                        "code": 0,
                        "direction": "inbound",
                        "ip_version": "ipv4",
                        "port_max": 0,
                        "port_min": 0,
                        "protocol": "icmp",
                        "remote": "0.0.0.0/0",
                        "rule_id": "r006-fee7005b-5738-492a-a1da-0374daf4c1a7",
                        "type": 8
                      },
                      {
                        "code": 0,
                        "direction": "inbound",
                        "ip_version": "ipv4",
                        "port_max": 22,
                        "port_min": 22,
                        "protocol": "tcp",
                        "remote": "0.0.0.0/0",
                        "rule_id": "",
                        "type": 0
                      },
                      {
                        "code": 0,
                        "direction": "inbound",
                        "ip_version": "ipv4",
                        "port_max": 80,
                        "port_min": 80,
                        "protocol": "tcp",
                        "remote": "0.0.0.0/0",
                        "rule_id": "",
                        "type": 0
                      },
                      {
                        "code": 0,
                        "direction": "inbound",
                        "ip_version": "ipv4",
                        "port_max": 9090,
                        "port_min": 9090,
                        "protocol": "tcp",
                        "remote": "0.0.0.0/0",
                        "rule_id": "",
                        "type": 0
                      },
                      {
                        "code": 0,
                        "direction": "inbound",
                        "ip_version": "ipv4",
                        "port_max": 9100,
                        "port_min": 9100,
                        "protocol": "tcp",
                        "remote": "0.0.0.0/0",
                        "rule_id": "",
                        "type": 0
                      },
                      {
                        "code": 0,
                        "direction": "inbound",
                        "ip_version": "ipv4",
                        "port_max": 9094,
                        "port_min": 9094,
                        "protocol": "tcp",
                        "remote": "0.0.0.0/0",
                        "rule_id": "",
                        "type": 0
                      },
                      {
                        "code": 0,
                        "direction": "inbound",
                        "ip_version": "ipv4",
                        "port_max": 9093,
                        "port_min": 9093,
                        "protocol": "tcp",
                        "remote": "0.0.0.0/0",
                        "rule_id": "",
                        "type": 0
                      },
                      {
                        "code": 0,
                        "direction": "inbound",
                        "ip_version": "ipv4",
                        "port_max": 9115,
                        "port_min": 9115,
                        "protocol": "tcp",
                        "remote": "0.0.0.0/0",
                        "rule_id": "",
                        "type": 0
                      },
                      {
                        "code": 0,
                        "direction": "inbound",
                        "ip_version": "ipv4",
                        "port_max": 3000,
                        "port_min": 3000,
                        "protocol": "tcp",
                        "remote": "0.0.0.0/0",
                        "rule_id": "",
                        "type": 0
                      },
                      {
                        "code": 0,
                        "direction": "inbound",
                        "ip_version": "ipv4",
                        "port_max": 8000,
                        "port_min": 8000,
                        "protocol": "tcp",
                        "remote": "0.0.0.0/0",
                        "rule_id": "",
                        "type": 0
                      },
                      {
                        "code": 0,
                        "direction": "inbound",
                        "ip_version": "ipv4",
                        "port_max": 10901,
                        "port_min": 10901,
                        "protocol": "tcp",
                        "remote": "0.0.0.0/0",
                        "rule_id": "",
                        "type": 0
                      },
                      {
                        "code": 0,
                        "direction": "inbound",
                        "ip_version": "ipv4",
                        "port_max": 10902,
                        "port_min": 10902,
                        "protocol": "tcp",
                        "remote": "0.0.0.0/0",
                        "rule_id": "",
                        "type": 0
                      },
                      {
                        "code": 0,
                        "direction": "inbound",
                        "ip_version": "ipv4",
                        "port_max": 10903,
                        "port_min": 10903,
                        "protocol": "tcp",
                        "remote": "0.0.0.0/0",
                        "rule_id": "",
                        "type": 0
                      }
                    ]
                  }
                ],
                "status": "available",
                "subnets": [
                  {
                    "available_ipv4_address_count": 251,
                    "id": "0727-dac7d39d-005c-43a0-b49e-20fc3e96372d",
                    "name": "sn-20220805-02",
                    "status": "available",
                    "total_ipv4_address_count": 256,
                    "zone": "us-south-2"
                  },
                  {
                    "available_ipv4_address_count": 251,
                    "id": "0737-e01858f9-ebc0-49c0-8db5-9d1eda8e06dc",
                    "name": "sn-20220805-03",
                    "status": "available",
                    "total_ipv4_address_count": 256,
                    "zone": "us-south-3"
                  },
                  {
                    "available_ipv4_address_count": 251,
                    "id": "0717-bbbff450-f21c-4c59-bfaa-b054b33ab7b1",
                    "name": "sn-20220805-01",
                    "status": "available",
                    "total_ipv4_address_count": 256,
                    "zone": "us-south-1"
                  }
                ],
                "tags": []
              },
              {
                "classic_access": false,
                "crn": "crn:v1:bluemix:public:is:us-south:a/e65910fa61ce9072d64902d03f3d4774::vpc:r006-ffdc10a2-dd0a-4058-a579-827632fe512b",
                "cse_source_addresses": [
                  {
                    "address": "10.22.23.182",
                    "zone_name": "us-south-1"
                  },
                  {
                    "address": "10.16.240.34",
                    "zone_name": "us-south-2"
                  },
                  {
                    "address": "10.12.167.246",
                    "zone_name": "us-south-3"
                  }
                ],
                "default_network_acl": "r006-d0f2a9de-b5a9-414f-91e5-060bc88e2e96",
                "default_network_acl_crn": "crn:v1:bluemix:public:is:us-south:a/e65910fa61ce9072d64902d03f3d4774::network-acl:r006-d0f2a9de-b5a9-414f-91e5-060bc88e2e96",
                "default_network_acl_name": "appealing-monsieur-self-unengaged",
                "default_routing_table": "r006-2d830aff-5045-44a0-9ef7-f041e0dfbf61",
                "default_routing_table_name": "handprint-rename-trimmer-surely",
                "default_security_group": "r006-f5cf4aba-1674-4767-8ed8-4e36f5b4ef9c",
                "default_security_group_crn": "crn:v1:bluemix:public:is:us-south:a/e65910fa61ce9072d64902d03f3d4774::security-group:r006-f5cf4aba-1674-4767-8ed8-4e36f5b4ef9c",
                "default_security_group_name": "remolded-groove-depict-almanac",
                "id": "r006-ffdc10a2-dd0a-4058-a579-827632fe512b",
                "name": "seismic-poc",
                "resource_controller_url": "https://cloud.ibm.com/vpc-ext/network/vpcs",
                "resource_crn": "crn:v1:bluemix:public:is:us-south:a/e65910fa61ce9072d64902d03f3d4774::vpc:r006-ffdc10a2-dd0a-4058-a579-827632fe512b",
                "resource_group": "fdd290732f7d47909181a189494e2990",
                "resource_group_name": "default",
                "resource_name": "seismic-poc",
                "resource_status": "available",
                "security_group": [
                  {
                    "group_id": "r006-b1272955-d001-40d3-afba-fa55d48f90b4",
                    "group_name": "kube-r006-ffdc10a2-dd0a-4058-a579-827632fe512b",
                    "rules": [
                      {
                        "code": 0,
                        "direction": "outbound",
                        "ip_version": "ipv4",
                        "port_max": 32767,
                        "port_min": 30000,
                        "protocol": "tcp",
                        "remote": "0.0.0.0/0",
                        "rule_id": "",
                        "type": 0
                      },
                      {
                        "code": 0,
                        "direction": "outbound",
                        "ip_version": "ipv4",
                        "port_max": 32767,
                        "port_min": 30000,
                        "protocol": "udp",
                        "remote": "0.0.0.0/0",
                        "rule_id": "",
                        "type": 0
                      },
                      {
                        "code": 0,
                        "direction": "inbound",
                        "ip_version": "ipv4",
                        "port_max": 65535,
                        "port_min": 1,
                        "protocol": "tcp",
                        "remote": "0.0.0.0/0",
                        "rule_id": "",
                        "type": 0
                      },
                      {
                        "code": 0,
                        "direction": "inbound",
                        "ip_version": "ipv4",
                        "port_max": 65535,
                        "port_min": 1,
                        "protocol": "udp",
                        "remote": "0.0.0.0/0",
                        "rule_id": "",
                        "type": 0
                      }
                    ]
                  },
                  {
                    "group_id": "r006-914be839-930b-47d7-b9fc-9ab50b870b02",
                    "group_name": "kube-cad5ljcd0e7tqhbegkgg",
                    "rules": [
                      {
                        "code": 0,
                        "direction": "inbound",
                        "ip_version": "ipv4",
                        "port_max": 0,
                        "port_min": 0,
                        "protocol": "all",
                        "remote": "172.17.0.0/18",
                        "rule_id": "r006-8b48596d-a7db-4ab0-a4bb-95bfd8b7cadd",
                        "type": 0
                      },
                      {
                        "code": 0,
                        "direction": "inbound",
                        "ip_version": "ipv4",
                        "port_max": 32767,
                        "port_min": 30000,
                        "protocol": "tcp",
                        "remote": "0.0.0.0/0",
                        "rule_id": "",
                        "type": 0
                      },
                      {
                        "code": 0,
                        "direction": "inbound",
                        "ip_version": "ipv4",
                        "port_max": 32767,
                        "port_min": 30000,
                        "protocol": "udp",
                        "remote": "0.0.0.0/0",
                        "rule_id": "",
                        "type": 0
                      },
                      {
                        "code": 0,
                        "direction": "outbound",
                        "ip_version": "ipv4",
                        "port_max": 0,
                        "port_min": 0,
                        "protocol": "all",
                        "remote": "172.17.0.0/18",
                        "rule_id": "r006-1c6e44cb-c416-4f39-90e7-f3c5b6422ab3",
                        "type": 0
                      }
                    ]
                  },
                  {
                    "group_id": "r006-f5cf4aba-1674-4767-8ed8-4e36f5b4ef9c",
                    "group_name": "remolded-groove-depict-almanac",
                    "rules": [
                      {
                        "code": 0,
                        "direction": "outbound",
                        "ip_version": "ipv4",
                        "port_max": 0,
                        "port_min": 0,
                        "protocol": "all",
                        "remote": "0.0.0.0/0",
                        "rule_id": "r006-13e8602a-c92a-4dbe-aa2b-dde9dcffcbbe",
                        "type": 0
                      },
                      {
                        "code": 0,
                        "direction": "inbound",
                        "ip_version": "ipv4",
                        "port_max": 0,
                        "port_min": 0,
                        "protocol": "all",
                        "remote": "r006-f5cf4aba-1674-4767-8ed8-4e36f5b4ef9c",
                        "rule_id": "r006-f68c8f68-5c4a-4b23-8278-0fdd234efd4b",
                        "type": 0
                      },
                      {
                        "code": 0,
                        "direction": "inbound",
                        "ip_version": "ipv4",
                        "port_max": 0,
                        "port_min": 0,
                        "protocol": "icmp",
                        "remote": "0.0.0.0/0",
                        "rule_id": "r006-ec16d006-c642-4ae5-9608-dafaaeceecce",
                        "type": 8
                      },
                      {
                        "code": 0,
                        "direction": "inbound",
                        "ip_version": "ipv4",
                        "port_max": 22,
                        "port_min": 22,
                        "protocol": "tcp",
                        "remote": "0.0.0.0/0",
                        "rule_id": "",
                        "type": 0
                      }
                    ]
                  }
                ],
                "status": "available",
                "subnets": [
                  {
                    "available_ipv4_address_count": 246,
                    "id": "0727-f14a757b-5311-4a05-b89a-fe718c40636a",
                    "name": "sn-20220603-02",
                    "status": "available",
                    "total_ipv4_address_count": 256,
                    "zone": "us-south-2"
                  }
                ],
                "tags": []
              }
            ]
          },
          "sensitive_attributes": []
        }
      ]
    },
    {
      "module": "module.landing_zone.module.landing_zone.module.vsi[\"jaffasx-01-management-server\"]",
      "mode": "managed",
      "type": "ibm_is_instance",
      "name": "vsi",
      "provider": "module.landing_zone.provider[\"registry.terraform.io/ibm-cloud/ibm\"]",
      "instances": [
        {
          "index_key": "jaffasx-01-management-server-1",
          "schema_version": 0,
          "attributes": {
            "action": null,
            "auto_delete_volume": null,
            "availability_policy_host_failure": "restart",
            "bandwidth": 8000,
            "boot_volume": [
              {
                "encryption": "crn:v1:bluemix:public:kms:us-south:a/e65910fa61ce9072d64902d03f3d4774:1628d3b4-92f6-4553-9998-4e433b56286d:key:6d5df0d6-5041-42b8-8bd3-eb04b5f18fea",
                "iops": 3000,
                "name": "untidy-record-unroll-platinum",
                "profile": "general-purpose",
                "size": 100,
                "snapshot": "",
                "volume_id": "r006-80e7a948-6ad4-40d4-ae2f-419d33ddb542"
              }
            ],
            "crn": "crn:v1:bluemix:public:is:us-south-1:a/e65910fa61ce9072d64902d03f3d4774::instance:0717_724c1040-f0e5-46c9-bb14-de22171e9275",
            "dedicated_host": null,
            "dedicated_host_group": null,
            "default_trusted_profile_auto_link": null,
            "default_trusted_profile_target": null,
            "disks": [],
            "force_action": false,
            "force_recovery_time": null,
            "gpu": [],
            "id": "0717_724c1040-f0e5-46c9-bb14-de22171e9275",
            "image": "r006-35668c13-c034-43b2-b0a1-2994b9044cec",
            "instance_template": null,
            "keys": [
              "r006-ab06633d-2aba-4f51-bcee-c5a6f48652f1"
            ],
            "memory": 8,
            "metadata_service_enabled": false,
            "name": "jaffasx-01-management-server-1",
            "network_interfaces": [],
            "placement_group": null,
            "placement_target": [],
            "primary_network_interface": [
              {
                "allow_ip_spoofing": false,
                "id": "0717-b9c5f769-f74e-4b8b-bb59-780c4154ef94",
                "name": "afterparty-androids-attic-twentieth",
                "port_speed": 6000,
                "primary_ip": [
                  {
                    "address": "10.10.10.4",
                    "auto_delete": true,
                    "href": "https://us-south.iaas.cloud.ibm.com/v1/subnets/0717-6ca73715-ab9a-4e63-aa7c-776dddfb2a8b/reserved_ips/0717-b389414a-dc27-403a-a421-71037a49a482",
                    "name": "visiting-frays-crusher-maturing",
                    "reserved_ip": "0717-b389414a-dc27-403a-a421-71037a49a482",
                    "resource_type": "subnet_reserved_ip"
                  }
                ],
                "primary_ipv4_address": "10.10.10.4",
                "security_groups": [
                  "r006-c9ce4207-0f7b-4970-a081-00d7e1d09993"
                ],
                "subnet": "0717-6ca73715-ab9a-4e63-aa7c-776dddfb2a8b"
              }
            ],
            "profile": "cx2-4x8",
            "resource_controller_url": "https://cloud.ibm.com/vpc-ext/compute/vs",
            "resource_crn": "crn:v1:bluemix:public:is:us-south-1:a/e65910fa61ce9072d64902d03f3d4774::instance:0717_724c1040-f0e5-46c9-bb14-de22171e9275",
            "resource_group": "4c112b02f7424415b36a1480d7f15569",
            "resource_group_name": "jaffasx-01-management-rg",
            "resource_name": "jaffasx-01-management-server-1",
            "resource_status": "running",
            "status": "running",
            "status_reasons": [],
            "tags": [],
            "timeouts": null,
            "total_network_bandwidth": 6000,
            "total_volume_bandwidth": 2000,
            "user_data": null,
            "vcpu": [
              {
                "architecture": "amd64",
                "count": 4
              }
            ],
            "volume_attachments": [
              {
                "id": "0717-ae358656-8639-44a0-9c72-aaf2960f7230",
                "name": "unseen-mangrove-widely-trustee",
                "volume_crn": "crn:v1:bluemix:public:is:us-south-1:a/e65910fa61ce9072d64902d03f3d4774::volume:r006-80e7a948-6ad4-40d4-ae2f-419d33ddb542",
                "volume_id": "r006-80e7a948-6ad4-40d4-ae2f-419d33ddb542",
                "volume_name": "untidy-record-unroll-platinum"
              }
            ],
            "volumes": null,
            "vpc": "r006-81aef8a0-7234-4979-8d68-891f1c38ac90",
            "wait_before_delete": true,
            "zone": "us-south-1"
          },
          "sensitive_attributes": [],
          "private": "eyJlMmJmYjczMC1lY2FhLTExZTYtOGY4OC0zNDM2M2JjN2M0YzAiOnsiY3JlYXRlIjoxODAwMDAwMDAwMDAwLCJkZWxldGUiOjE4MDAwMDAwMDAwMDAsInVwZGF0ZSI6MTgwMDAwMDAwMDAwMH19",
          "dependencies": [
            "module.landing_zone.module.landing_zone.data.ibm_is_image.image",
            "module.landing_zone.module.landing_zone.data.ibm_resource_group.resource_groups",
            "module.landing_zone.module.landing_zone.ibm_is_security_group.security_group",
            "module.landing_zone.module.landing_zone.ibm_resource_group.resource_groups",
            "module.landing_zone.module.landing_zone.module.key_management.data.ibm_resource_instance.hpcs_instance",
            "module.landing_zone.module.landing_zone.module.key_management.data.ibm_resource_instance.kms",
            "module.landing_zone.module.landing_zone.module.key_management.ibm_kms_key.key",
            "module.landing_zone.module.landing_zone.module.key_management.ibm_kms_key_rings.rings",
            "module.landing_zone.module.landing_zone.module.key_management.ibm_resource_instance.kms",
            "module.landing_zone.module.landing_zone.module.ssh_keys.data.ibm_is_ssh_key.ssh_key",
            "module.landing_zone.module.landing_zone.module.ssh_keys.ibm_is_ssh_key.ssh_key",
            "module.landing_zone.module.landing_zone.module.vpc.ibm_is_network_acl.network_acl",
            "module.landing_zone.module.landing_zone.module.vpc.ibm_is_public_gateway.gateway",
            "module.landing_zone.module.landing_zone.module.vpc.ibm_is_security_group_rule.default_vpc_rule",
            "module.landing_zone.module.landing_zone.module.vpc.ibm_is_subnet.subnet",
            "module.landing_zone.module.landing_zone.module.vpc.ibm_is_vpc.vpc",
            "module.landing_zone.module.landing_zone.module.vpc.ibm_is_vpc_address_prefix.address_prefixes",
            "module.landing_zone.module.landing_zone.module.vpc.ibm_is_vpc_address_prefix.subnet_prefix",
            "module.landing_zone.module.landing_zone.module.vpc.ibm_is_vpc_route.route",
            "module.landing_zone.module.landing_zone.module.vsi.data.ibm_is_vpc.vpc",
            "module.landing_zone.module.landing_zone.module.vsi.data.ibm_is_vpcs.vpcs",
            "module.landing_zone.module.landing_zone.module.vsi.ibm_is_security_group.security_group",
            "module.landing_zone.module.landing_zone.module.vsi.ibm_is_volume.volume"
          ]
        },
        {
          "index_key": "jaffasx-01-management-server-2",
          "schema_version": 0,
          "attributes": {
            "action": null,
            "auto_delete_volume": null,
            "availability_policy_host_failure": "restart",
            "bandwidth": 8000,
            "boot_volume": [
              {
                "encryption": "crn:v1:bluemix:public:kms:us-south:a/e65910fa61ce9072d64902d03f3d4774:1628d3b4-92f6-4553-9998-4e433b56286d:key:6d5df0d6-5041-42b8-8bd3-eb04b5f18fea",
                "iops": 3000,
                "name": "frown-activity-fretful-giddiness",
                "profile": "general-purpose",
                "size": 100,
                "snapshot": "",
                "volume_id": "r006-d8fd3e36-670f-45c7-86c5-7f5102e909fd"
              }
            ],
            "crn": "crn:v1:bluemix:public:is:us-south-2:a/e65910fa61ce9072d64902d03f3d4774::instance:0727_0fef7264-8cc6-4cf7-8761-73ee9ad1ee33",
            "dedicated_host": null,
            "dedicated_host_group": null,
            "default_trusted_profile_auto_link": null,
            "default_trusted_profile_target": null,
            "disks": [],
            "force_action": false,
            "force_recovery_time": null,
            "gpu": [],
            "id": "0727_0fef7264-8cc6-4cf7-8761-73ee9ad1ee33",
            "image": "r006-35668c13-c034-43b2-b0a1-2994b9044cec",
            "instance_template": null,
            "keys": [
              "r006-ab06633d-2aba-4f51-bcee-c5a6f48652f1"
            ],
            "memory": 8,
            "metadata_service_enabled": false,
            "name": "jaffasx-01-management-server-2",
            "network_interfaces": [],
            "placement_group": null,
            "placement_target": [],
            "primary_network_interface": [
              {
                "allow_ip_spoofing": false,
                "id": "0727-b9f52220-f4ff-4476-90e9-62b544d3c744",
                "name": "bargraph-tainted-yoyo-symptom",
                "port_speed": 6000,
                "primary_ip": [
                  {
                    "address": "10.20.10.4",
                    "auto_delete": true,
                    "href": "https://us-south.iaas.cloud.ibm.com/v1/subnets/0727-36a07005-5238-4a48-a74c-b83a62edb9e3/reserved_ips/0727-0282c9a3-1f48-4ecf-b13b-09dd76890628",
                    "name": "trespass-amplify-parking-unrefined",
                    "reserved_ip": "0727-0282c9a3-1f48-4ecf-b13b-09dd76890628",
                    "resource_type": "subnet_reserved_ip"
                  }
                ],
                "primary_ipv4_address": "10.20.10.4",
                "security_groups": [
                  "r006-c9ce4207-0f7b-4970-a081-00d7e1d09993"
                ],
                "subnet": "0727-36a07005-5238-4a48-a74c-b83a62edb9e3"
              }
            ],
            "profile": "cx2-4x8",
            "resource_controller_url": "https://cloud.ibm.com/vpc-ext/compute/vs",
            "resource_crn": "crn:v1:bluemix:public:is:us-south-2:a/e65910fa61ce9072d64902d03f3d4774::instance:0727_0fef7264-8cc6-4cf7-8761-73ee9ad1ee33",
            "resource_group": "4c112b02f7424415b36a1480d7f15569",
            "resource_group_name": "jaffasx-01-management-rg",
            "resource_name": "jaffasx-01-management-server-2",
            "resource_status": "running",
            "status": "running",
            "status_reasons": [],
            "tags": [],
            "timeouts": null,
            "total_network_bandwidth": 6000,
            "total_volume_bandwidth": 2000,
            "user_data": null,
            "vcpu": [
              {
                "architecture": "amd64",
                "count": 4
              }
            ],
            "volume_attachments": [
              {
                "id": "0727-b7c88cba-0bb1-4d4f-83e4-955e0ae0d040",
                "name": "yoyo-herb-expert-unshaken",
                "volume_crn": "crn:v1:bluemix:public:is:us-south-2:a/e65910fa61ce9072d64902d03f3d4774::volume:r006-d8fd3e36-670f-45c7-86c5-7f5102e909fd",
                "volume_id": "r006-d8fd3e36-670f-45c7-86c5-7f5102e909fd",
                "volume_name": "frown-activity-fretful-giddiness"
              }
            ],
            "volumes": null,
            "vpc": "r006-81aef8a0-7234-4979-8d68-891f1c38ac90",
            "wait_before_delete": true,
            "zone": "us-south-2"
          },
          "sensitive_attributes": [],
          "private": "eyJlMmJmYjczMC1lY2FhLTExZTYtOGY4OC0zNDM2M2JjN2M0YzAiOnsiY3JlYXRlIjoxODAwMDAwMDAwMDAwLCJkZWxldGUiOjE4MDAwMDAwMDAwMDAsInVwZGF0ZSI6MTgwMDAwMDAwMDAwMH19",
          "dependencies": [
            "module.landing_zone.module.landing_zone.data.ibm_is_image.image",
            "module.landing_zone.module.landing_zone.data.ibm_resource_group.resource_groups",
            "module.landing_zone.module.landing_zone.ibm_is_security_group.security_group",
            "module.landing_zone.module.landing_zone.ibm_resource_group.resource_groups",
            "module.landing_zone.module.landing_zone.module.key_management.data.ibm_resource_instance.hpcs_instance",
            "module.landing_zone.module.landing_zone.module.key_management.data.ibm_resource_instance.kms",
            "module.landing_zone.module.landing_zone.module.key_management.ibm_kms_key.key",
            "module.landing_zone.module.landing_zone.module.key_management.ibm_kms_key_rings.rings",
            "module.landing_zone.module.landing_zone.module.key_management.ibm_resource_instance.kms",
            "module.landing_zone.module.landing_zone.module.ssh_keys.data.ibm_is_ssh_key.ssh_key",
            "module.landing_zone.module.landing_zone.module.ssh_keys.ibm_is_ssh_key.ssh_key",
            "module.landing_zone.module.landing_zone.module.vpc.ibm_is_network_acl.network_acl",
            "module.landing_zone.module.landing_zone.module.vpc.ibm_is_public_gateway.gateway",
            "module.landing_zone.module.landing_zone.module.vpc.ibm_is_security_group_rule.default_vpc_rule",
            "module.landing_zone.module.landing_zone.module.vpc.ibm_is_subnet.subnet",
            "module.landing_zone.module.landing_zone.module.vpc.ibm_is_vpc.vpc",
            "module.landing_zone.module.landing_zone.module.vpc.ibm_is_vpc_address_prefix.address_prefixes",
            "module.landing_zone.module.landing_zone.module.vpc.ibm_is_vpc_address_prefix.subnet_prefix",
            "module.landing_zone.module.landing_zone.module.vpc.ibm_is_vpc_route.route",
            "module.landing_zone.module.landing_zone.module.vsi.data.ibm_is_vpc.vpc",
            "module.landing_zone.module.landing_zone.module.vsi.data.ibm_is_vpcs.vpcs",
            "module.landing_zone.module.landing_zone.module.vsi.ibm_is_security_group.security_group",
            "module.landing_zone.module.landing_zone.module.vsi.ibm_is_volume.volume"
          ]
        },
        {
          "index_key": "jaffasx-01-management-server-3",
          "schema_version": 0,
          "attributes": {
            "action": null,
            "auto_delete_volume": null,
            "availability_policy_host_failure": "restart",
            "bandwidth": 8000,
            "boot_volume": [
              {
                "encryption": "crn:v1:bluemix:public:kms:us-south:a/e65910fa61ce9072d64902d03f3d4774:1628d3b4-92f6-4553-9998-4e433b56286d:key:6d5df0d6-5041-42b8-8bd3-eb04b5f18fea",
                "iops": 3000,
                "name": "underpass-definite-greyhound-semantic",
                "profile": "general-purpose",
                "size": 100,
                "snapshot": "",
                "volume_id": "r006-168f6af4-c188-4b07-b908-b3e320560731"
              }
            ],
            "crn": "crn:v1:bluemix:public:is:us-south-3:a/e65910fa61ce9072d64902d03f3d4774::instance:0737_c3565625-82ee-4148-a6dd-86a142f82a0b",
            "dedicated_host": null,
            "dedicated_host_group": null,
            "default_trusted_profile_auto_link": null,
            "default_trusted_profile_target": null,
            "disks": [],
            "force_action": false,
            "force_recovery_time": null,
            "gpu": [],
            "id": "0737_c3565625-82ee-4148-a6dd-86a142f82a0b",
            "image": "r006-35668c13-c034-43b2-b0a1-2994b9044cec",
            "instance_template": null,
            "keys": [
              "r006-ab06633d-2aba-4f51-bcee-c5a6f48652f1"
            ],
            "memory": 8,
            "metadata_service_enabled": false,
            "name": "jaffasx-01-management-server-3",
            "network_interfaces": [],
            "placement_group": null,
            "placement_target": [],
            "primary_network_interface": [
              {
                "allow_ip_spoofing": false,
                "id": "0737-ba2d476f-b313-4b18-b8cf-5ed657b64476",
                "name": "nest-frenzied-drip-udometer",
                "port_speed": 6000,
                "primary_ip": [
                  {
                    "address": "10.30.10.4",
                    "auto_delete": true,
                    "href": "https://us-south.iaas.cloud.ibm.com/v1/subnets/0737-a424eee1-c71e-4774-8187-22f6166b0200/reserved_ips/0737-8a49de6d-0e4d-4ff8-9a6f-1ad6b68738ba",
                    "name": "halved-wafer-conical-duked",
                    "reserved_ip": "0737-8a49de6d-0e4d-4ff8-9a6f-1ad6b68738ba",
                    "resource_type": "subnet_reserved_ip"
                  }
                ],
                "primary_ipv4_address": "10.30.10.4",
                "security_groups": [
                  "r006-c9ce4207-0f7b-4970-a081-00d7e1d09993"
                ],
                "subnet": "0737-a424eee1-c71e-4774-8187-22f6166b0200"
              }
            ],
            "profile": "cx2-4x8",
            "resource_controller_url": "https://cloud.ibm.com/vpc-ext/compute/vs",
            "resource_crn": "crn:v1:bluemix:public:is:us-south-3:a/e65910fa61ce9072d64902d03f3d4774::instance:0737_c3565625-82ee-4148-a6dd-86a142f82a0b",
            "resource_group": "4c112b02f7424415b36a1480d7f15569",
            "resource_group_name": "jaffasx-01-management-rg",
            "resource_name": "jaffasx-01-management-server-3",
            "resource_status": "running",
            "status": "running",
            "status_reasons": [],
            "tags": [],
            "timeouts": null,
            "total_network_bandwidth": 6000,
            "total_volume_bandwidth": 2000,
            "user_data": null,
            "vcpu": [
              {
                "architecture": "amd64",
                "count": 4
              }
            ],
            "volume_attachments": [
              {
                "id": "0737-c1880094-0243-4ed7-9d43-586b6f4719f6",
                "name": "dubbed-popcorn-computing-salaried",
                "volume_crn": "crn:v1:bluemix:public:is:us-south-3:a/e65910fa61ce9072d64902d03f3d4774::volume:r006-168f6af4-c188-4b07-b908-b3e320560731",
                "volume_id": "r006-168f6af4-c188-4b07-b908-b3e320560731",
                "volume_name": "underpass-definite-greyhound-semantic"
              }
            ],
            "volumes": null,
            "vpc": "r006-81aef8a0-7234-4979-8d68-891f1c38ac90",
            "wait_before_delete": true,
            "zone": "us-south-3"
          },
          "sensitive_attributes": [],
          "private": "eyJlMmJmYjczMC1lY2FhLTExZTYtOGY4OC0zNDM2M2JjN2M0YzAiOnsiY3JlYXRlIjoxODAwMDAwMDAwMDAwLCJkZWxldGUiOjE4MDAwMDAwMDAwMDAsInVwZGF0ZSI6MTgwMDAwMDAwMDAwMH19",
          "dependencies": [
            "module.landing_zone.module.landing_zone.data.ibm_is_image.image",
            "module.landing_zone.module.landing_zone.data.ibm_resource_group.resource_groups",
            "module.landing_zone.module.landing_zone.ibm_is_security_group.security_group",
            "module.landing_zone.module.landing_zone.ibm_resource_group.resource_groups",
            "module.landing_zone.module.landing_zone.module.key_management.data.ibm_resource_instance.hpcs_instance",
            "module.landing_zone.module.landing_zone.module.key_management.data.ibm_resource_instance.kms",
            "module.landing_zone.module.landing_zone.module.key_management.ibm_kms_key.key",
            "module.landing_zone.module.landing_zone.module.key_management.ibm_kms_key_rings.rings",
            "module.landing_zone.module.landing_zone.module.key_management.ibm_resource_instance.kms",
            "module.landing_zone.module.landing_zone.module.ssh_keys.data.ibm_is_ssh_key.ssh_key",
            "module.landing_zone.module.landing_zone.module.ssh_keys.ibm_is_ssh_key.ssh_key",
            "module.landing_zone.module.landing_zone.module.vpc.ibm_is_network_acl.network_acl",
            "module.landing_zone.module.landing_zone.module.vpc.ibm_is_public_gateway.gateway",
            "module.landing_zone.module.landing_zone.module.vpc.ibm_is_security_group_rule.default_vpc_rule",
            "module.landing_zone.module.landing_zone.module.vpc.ibm_is_subnet.subnet",
            "module.landing_zone.module.landing_zone.module.vpc.ibm_is_vpc.vpc",
            "module.landing_zone.module.landing_zone.module.vpc.ibm_is_vpc_address_prefix.address_prefixes",
            "module.landing_zone.module.landing_zone.module.vpc.ibm_is_vpc_address_prefix.subnet_prefix",
            "module.landing_zone.module.landing_zone.module.vpc.ibm_is_vpc_route.route",
            "module.landing_zone.module.landing_zone.module.vsi.data.ibm_is_vpc.vpc",
            "module.landing_zone.module.landing_zone.module.vsi.data.ibm_is_vpcs.vpcs",
            "module.landing_zone.module.landing_zone.module.vsi.ibm_is_security_group.security_group",
            "module.landing_zone.module.landing_zone.module.vsi.ibm_is_volume.volume"
          ]
        }
      ]
    },
    {
      "module": "module.landing_zone.module.landing_zone.module.vsi[\"jaffasx-01-management-server\"]",
      "mode": "managed",
      "type": "ibm_is_security_group",
      "name": "security_group",
      "provider": "module.landing_zone.provider[\"registry.terraform.io/ibm-cloud/ibm\"]",
      "instances": [
        {
          "index_key": "jaffasx-01-management",
          "schema_version": 0,
          "attributes": {
            "crn": "crn:v1:bluemix:public:is:us-south:a/e65910fa61ce9072d64902d03f3d4774::security-group:r006-c9ce4207-0f7b-4970-a081-00d7e1d09993",
            "id": "r006-c9ce4207-0f7b-4970-a081-00d7e1d09993",
            "name": "jaffasx-01-management",
            "resource_controller_url": "https://cloud.ibm.com/vpc-ext/network/securityGroups",
            "resource_crn": "crn:v1:bluemix:public:is:us-south:a/e65910fa61ce9072d64902d03f3d4774::security-group:r006-c9ce4207-0f7b-4970-a081-00d7e1d09993",
            "resource_group": "4c112b02f7424415b36a1480d7f15569",
            "resource_group_name": "jaffasx-01-management-rg",
            "resource_name": "jaffasx-01-management",
            "rules": [],
            "tags": [],
            "timeouts": null,
            "vpc": "r006-81aef8a0-7234-4979-8d68-891f1c38ac90"
          },
          "sensitive_attributes": [],
          "private": "eyJlMmJmYjczMC1lY2FhLTExZTYtOGY4OC0zNDM2M2JjN2M0YzAiOnsiY3JlYXRlIjo2MDAwMDAwMDAwMDAsImRlbGV0ZSI6NjAwMDAwMDAwMDAwfX0=",
          "dependencies": [
            "module.landing_zone.module.landing_zone.data.ibm_resource_group.resource_groups",
            "module.landing_zone.module.landing_zone.ibm_resource_group.resource_groups",
            "module.landing_zone.module.landing_zone.module.ssh_keys.data.ibm_is_ssh_key.ssh_key",
            "module.landing_zone.module.landing_zone.module.ssh_keys.ibm_is_ssh_key.ssh_key",
            "module.landing_zone.module.landing_zone.module.vpc.ibm_is_network_acl.network_acl",
            "module.landing_zone.module.landing_zone.module.vpc.ibm_is_public_gateway.gateway",
            "module.landing_zone.module.landing_zone.module.vpc.ibm_is_security_group_rule.default_vpc_rule",
            "module.landing_zone.module.landing_zone.module.vpc.ibm_is_subnet.subnet",
            "module.landing_zone.module.landing_zone.module.vpc.ibm_is_vpc.vpc",
            "module.landing_zone.module.landing_zone.module.vpc.ibm_is_vpc_address_prefix.address_prefixes",
            "module.landing_zone.module.landing_zone.module.vpc.ibm_is_vpc_address_prefix.subnet_prefix",
            "module.landing_zone.module.landing_zone.module.vpc.ibm_is_vpc_route.route"
          ]
        }
      ]
    },
    {
      "module": "module.landing_zone.module.landing_zone.module.vsi[\"jaffasx-01-management-server\"]",
      "mode": "managed",
      "type": "ibm_is_security_group_rule",
      "name": "security_group_rules",
      "provider": "module.landing_zone.provider[\"registry.terraform.io/ibm-cloud/ibm\"]",
      "instances": [
        {
          "index_key": "jaffasx-01-management-allow-ibm-inbound",
          "schema_version": 0,
          "attributes": {
            "direction": "inbound",
            "group": "r006-c9ce4207-0f7b-4970-a081-00d7e1d09993",
            "icmp": [],
            "id": "r006-c9ce4207-0f7b-4970-a081-00d7e1d09993.r006-5a18913e-cfd1-45e9-b0ed-be47a7059024",
            "ip_version": "ipv4",
            "protocol": "all",
            "related_crn": "crn:v1:bluemix:public:is:us-south:a/e65910fa61ce9072d64902d03f3d4774::security-group:r006-c9ce4207-0f7b-4970-a081-00d7e1d09993",
            "remote": "161.26.0.0/16",
            "rule_id": "r006-5a18913e-cfd1-45e9-b0ed-be47a7059024",
            "tcp": [],
            "udp": []
          },
          "sensitive_attributes": [],
          "private": "bnVsbA==",
          "dependencies": [
            "module.landing_zone.module.landing_zone.data.ibm_resource_group.resource_groups",
            "module.landing_zone.module.landing_zone.ibm_resource_group.resource_groups",
            "module.landing_zone.module.landing_zone.module.ssh_keys.data.ibm_is_ssh_key.ssh_key",
            "module.landing_zone.module.landing_zone.module.ssh_keys.ibm_is_ssh_key.ssh_key",
            "module.landing_zone.module.landing_zone.module.vpc.ibm_is_network_acl.network_acl",
            "module.landing_zone.module.landing_zone.module.vpc.ibm_is_public_gateway.gateway",
            "module.landing_zone.module.landing_zone.module.vpc.ibm_is_security_group_rule.default_vpc_rule",
            "module.landing_zone.module.landing_zone.module.vpc.ibm_is_subnet.subnet",
            "module.landing_zone.module.landing_zone.module.vpc.ibm_is_vpc.vpc",
            "module.landing_zone.module.landing_zone.module.vpc.ibm_is_vpc_address_prefix.address_prefixes",
            "module.landing_zone.module.landing_zone.module.vpc.ibm_is_vpc_address_prefix.subnet_prefix",
            "module.landing_zone.module.landing_zone.module.vpc.ibm_is_vpc_route.route",
            "module.landing_zone.module.landing_zone.module.vsi.ibm_is_security_group.security_group"
          ]
        },
        {
          "index_key": "jaffasx-01-management-allow-ibm-tcp-443-outbound",
          "schema_version": 0,
          "attributes": {
            "direction": "outbound",
            "group": "r006-c9ce4207-0f7b-4970-a081-00d7e1d09993",
            "icmp": [],
            "id": "r006-c9ce4207-0f7b-4970-a081-00d7e1d09993.r006-4a88c8d6-7622-4c3d-b849-f9fa5f3d38fe",
            "ip_version": "ipv4",
            "protocol": "tcp",
            "related_crn": "crn:v1:bluemix:public:is:us-south:a/e65910fa61ce9072d64902d03f3d4774::security-group:r006-c9ce4207-0f7b-4970-a081-00d7e1d09993",
            "remote": "161.26.0.0/16",
            "rule_id": "r006-4a88c8d6-7622-4c3d-b849-f9fa5f3d38fe",
            "tcp": [
              {
                "port_max": 443,
                "port_min": 443
              }
            ],
            "udp": []
          },
          "sensitive_attributes": [],
          "private": "bnVsbA==",
          "dependencies": [
            "module.landing_zone.module.landing_zone.data.ibm_resource_group.resource_groups",
            "module.landing_zone.module.landing_zone.ibm_resource_group.resource_groups",
            "module.landing_zone.module.landing_zone.module.ssh_keys.data.ibm_is_ssh_key.ssh_key",
            "module.landing_zone.module.landing_zone.module.ssh_keys.ibm_is_ssh_key.ssh_key",
            "module.landing_zone.module.landing_zone.module.vpc.ibm_is_network_acl.network_acl",
            "module.landing_zone.module.landing_zone.module.vpc.ibm_is_public_gateway.gateway",
            "module.landing_zone.module.landing_zone.module.vpc.ibm_is_security_group_rule.default_vpc_rule",
            "module.landing_zone.module.landing_zone.module.vpc.ibm_is_subnet.subnet",
            "module.landing_zone.module.landing_zone.module.vpc.ibm_is_vpc.vpc",
            "module.landing_zone.module.landing_zone.module.vpc.ibm_is_vpc_address_prefix.address_prefixes",
            "module.landing_zone.module.landing_zone.module.vpc.ibm_is_vpc_address_prefix.subnet_prefix",
            "module.landing_zone.module.landing_zone.module.vpc.ibm_is_vpc_route.route",
            "module.landing_zone.module.landing_zone.module.vsi.ibm_is_security_group.security_group"
          ]
        },
        {
          "index_key": "jaffasx-01-management-allow-ibm-tcp-53-outbound",
          "schema_version": 0,
          "attributes": {
            "direction": "outbound",
            "group": "r006-c9ce4207-0f7b-4970-a081-00d7e1d09993",
            "icmp": [],
            "id": "r006-c9ce4207-0f7b-4970-a081-00d7e1d09993.r006-8839fd43-7471-4f11-951f-4cb82d9e75bf",
            "ip_version": "ipv4",
            "protocol": "tcp",
            "related_crn": "crn:v1:bluemix:public:is:us-south:a/e65910fa61ce9072d64902d03f3d4774::security-group:r006-c9ce4207-0f7b-4970-a081-00d7e1d09993",
            "remote": "161.26.0.0/16",
            "rule_id": "r006-8839fd43-7471-4f11-951f-4cb82d9e75bf",
            "tcp": [
              {
                "port_max": 53,
                "port_min": 53
              }
            ],
            "udp": []
          },
          "sensitive_attributes": [],
          "private": "bnVsbA==",
          "dependencies": [
            "module.landing_zone.module.landing_zone.data.ibm_resource_group.resource_groups",
            "module.landing_zone.module.landing_zone.ibm_resource_group.resource_groups",
            "module.landing_zone.module.landing_zone.module.ssh_keys.data.ibm_is_ssh_key.ssh_key",
            "module.landing_zone.module.landing_zone.module.ssh_keys.ibm_is_ssh_key.ssh_key",
            "module.landing_zone.module.landing_zone.module.vpc.ibm_is_network_acl.network_acl",
            "module.landing_zone.module.landing_zone.module.vpc.ibm_is_public_gateway.gateway",
            "module.landing_zone.module.landing_zone.module.vpc.ibm_is_security_group_rule.default_vpc_rule",
            "module.landing_zone.module.landing_zone.module.vpc.ibm_is_subnet.subnet",
            "module.landing_zone.module.landing_zone.module.vpc.ibm_is_vpc.vpc",
            "module.landing_zone.module.landing_zone.module.vpc.ibm_is_vpc_address_prefix.address_prefixes",
            "module.landing_zone.module.landing_zone.module.vpc.ibm_is_vpc_address_prefix.subnet_prefix",
            "module.landing_zone.module.landing_zone.module.vpc.ibm_is_vpc_route.route",
            "module.landing_zone.module.landing_zone.module.vsi.ibm_is_security_group.security_group"
          ]
        },
        {
          "index_key": "jaffasx-01-management-allow-ibm-tcp-80-outbound",
          "schema_version": 0,
          "attributes": {
            "direction": "outbound",
            "group": "r006-c9ce4207-0f7b-4970-a081-00d7e1d09993",
            "icmp": [],
            "id": "r006-c9ce4207-0f7b-4970-a081-00d7e1d09993.r006-abcb6928-c907-47f0-be63-7d15f326c626",
            "ip_version": "ipv4",
            "protocol": "tcp",
            "related_crn": "crn:v1:bluemix:public:is:us-south:a/e65910fa61ce9072d64902d03f3d4774::security-group:r006-c9ce4207-0f7b-4970-a081-00d7e1d09993",
            "remote": "161.26.0.0/16",
            "rule_id": "r006-abcb6928-c907-47f0-be63-7d15f326c626",
            "tcp": [
              {
                "port_max": 80,
                "port_min": 80
              }
            ],
            "udp": []
          },
          "sensitive_attributes": [],
          "private": "bnVsbA==",
          "dependencies": [
            "module.landing_zone.module.landing_zone.data.ibm_resource_group.resource_groups",
            "module.landing_zone.module.landing_zone.ibm_resource_group.resource_groups",
            "module.landing_zone.module.landing_zone.module.ssh_keys.data.ibm_is_ssh_key.ssh_key",
            "module.landing_zone.module.landing_zone.module.ssh_keys.ibm_is_ssh_key.ssh_key",
            "module.landing_zone.module.landing_zone.module.vpc.ibm_is_network_acl.network_acl",
            "module.landing_zone.module.landing_zone.module.vpc.ibm_is_public_gateway.gateway",
            "module.landing_zone.module.landing_zone.module.vpc.ibm_is_security_group_rule.default_vpc_rule",
            "module.landing_zone.module.landing_zone.module.vpc.ibm_is_subnet.subnet",
            "module.landing_zone.module.landing_zone.module.vpc.ibm_is_vpc.vpc",
            "module.landing_zone.module.landing_zone.module.vpc.ibm_is_vpc_address_prefix.address_prefixes",
            "module.landing_zone.module.landing_zone.module.vpc.ibm_is_vpc_address_prefix.subnet_prefix",
            "module.landing_zone.module.landing_zone.module.vpc.ibm_is_vpc_route.route",
            "module.landing_zone.module.landing_zone.module.vsi.ibm_is_security_group.security_group"
          ]
        },
        {
          "index_key": "jaffasx-01-management-allow-vpc-inbound",
          "schema_version": 0,
          "attributes": {
            "direction": "inbound",
            "group": "r006-c9ce4207-0f7b-4970-a081-00d7e1d09993",
            "icmp": [],
            "id": "r006-c9ce4207-0f7b-4970-a081-00d7e1d09993.r006-147bbc9a-0fe7-4a3b-afe8-91648cbc5930",
            "ip_version": "ipv4",
            "protocol": "all",
            "related_crn": "crn:v1:bluemix:public:is:us-south:a/e65910fa61ce9072d64902d03f3d4774::security-group:r006-c9ce4207-0f7b-4970-a081-00d7e1d09993",
            "remote": "10.0.0.0/8",
            "rule_id": "r006-147bbc9a-0fe7-4a3b-afe8-91648cbc5930",
            "tcp": [],
            "udp": []
          },
          "sensitive_attributes": [],
          "private": "bnVsbA==",
          "dependencies": [
            "module.landing_zone.module.landing_zone.data.ibm_resource_group.resource_groups",
            "module.landing_zone.module.landing_zone.ibm_resource_group.resource_groups",
            "module.landing_zone.module.landing_zone.module.ssh_keys.data.ibm_is_ssh_key.ssh_key",
            "module.landing_zone.module.landing_zone.module.ssh_keys.ibm_is_ssh_key.ssh_key",
            "module.landing_zone.module.landing_zone.module.vpc.ibm_is_network_acl.network_acl",
            "module.landing_zone.module.landing_zone.module.vpc.ibm_is_public_gateway.gateway",
            "module.landing_zone.module.landing_zone.module.vpc.ibm_is_security_group_rule.default_vpc_rule",
            "module.landing_zone.module.landing_zone.module.vpc.ibm_is_subnet.subnet",
            "module.landing_zone.module.landing_zone.module.vpc.ibm_is_vpc.vpc",
            "module.landing_zone.module.landing_zone.module.vpc.ibm_is_vpc_address_prefix.address_prefixes",
            "module.landing_zone.module.landing_zone.module.vpc.ibm_is_vpc_address_prefix.subnet_prefix",
            "module.landing_zone.module.landing_zone.module.vpc.ibm_is_vpc_route.route",
            "module.landing_zone.module.landing_zone.module.vsi.ibm_is_security_group.security_group"
          ]
        },
        {
          "index_key": "jaffasx-01-management-allow-vpc-outbound",
          "schema_version": 0,
          "attributes": {
            "direction": "outbound",
            "group": "r006-c9ce4207-0f7b-4970-a081-00d7e1d09993",
            "icmp": [],
            "id": "r006-c9ce4207-0f7b-4970-a081-00d7e1d09993.r006-0389baad-2afe-4534-a983-c1dc3461e22b",
            "ip_version": "ipv4",
            "protocol": "all",
            "related_crn": "crn:v1:bluemix:public:is:us-south:a/e65910fa61ce9072d64902d03f3d4774::security-group:r006-c9ce4207-0f7b-4970-a081-00d7e1d09993",
            "remote": "10.0.0.0/8",
            "rule_id": "r006-0389baad-2afe-4534-a983-c1dc3461e22b",
            "tcp": [],
            "udp": []
          },
          "sensitive_attributes": [],
          "private": "bnVsbA==",
          "dependencies": [
            "module.landing_zone.module.landing_zone.data.ibm_resource_group.resource_groups",
            "module.landing_zone.module.landing_zone.ibm_resource_group.resource_groups",
            "module.landing_zone.module.landing_zone.module.ssh_keys.data.ibm_is_ssh_key.ssh_key",
            "module.landing_zone.module.landing_zone.module.ssh_keys.ibm_is_ssh_key.ssh_key",
            "module.landing_zone.module.landing_zone.module.vpc.ibm_is_network_acl.network_acl",
            "module.landing_zone.module.landing_zone.module.vpc.ibm_is_public_gateway.gateway",
            "module.landing_zone.module.landing_zone.module.vpc.ibm_is_security_group_rule.default_vpc_rule",
            "module.landing_zone.module.landing_zone.module.vpc.ibm_is_subnet.subnet",
            "module.landing_zone.module.landing_zone.module.vpc.ibm_is_vpc.vpc",
            "module.landing_zone.module.landing_zone.module.vpc.ibm_is_vpc_address_prefix.address_prefixes",
            "module.landing_zone.module.landing_zone.module.vpc.ibm_is_vpc_address_prefix.subnet_prefix",
            "module.landing_zone.module.landing_zone.module.vpc.ibm_is_vpc_route.route",
            "module.landing_zone.module.landing_zone.module.vsi.ibm_is_security_group.security_group"
          ]
        }
      ]
    },
    {
      "module": "module.landing_zone.module.landing_zone.module.vsi[\"jaffasx-01-workload-server\"]",
      "mode": "data",
      "type": "ibm_is_vpc",
      "name": "vpc",
      "provider": "module.landing_zone.provider[\"registry.terraform.io/ibm-cloud/ibm\"]",
      "instances": [
        {
          "schema_version": 0,
          "attributes": {
            "classic_access": false,
            "crn": "crn:v1:bluemix:public:is:us-south:a/e65910fa61ce9072d64902d03f3d4774::vpc:r006-d8465333-260c-4e38-9519-e9f1eec2f3d5",
            "cse_source_addresses": [
              {
                "address": "10.249.194.2",
                "zone_name": "us-south-1"
              },
              {
                "address": "10.16.243.198",
                "zone_name": "us-south-2"
              },
              {
                "address": "10.12.165.224",
                "zone_name": "us-south-3"
              }
            ],
            "default_network_acl": "r006-0e20d27b-fa26-4026-b695-c3924b2d42ec",
            "default_network_acl_crn": "crn:v1:bluemix:public:is:us-south:a/e65910fa61ce9072d64902d03f3d4774::network-acl:r006-0e20d27b-fa26-4026-b695-c3924b2d42ec",
            "default_network_acl_name": "savanna-wrongly-aqua-mayday",
            "default_routing_table": "r006-a321eded-da51-447a-ab1d-04e3a1f0a5ee",
            "default_routing_table_name": "sadly-affect-legwork-rekindle",
            "default_security_group": "r006-5f674cb4-dc48-4990-99e1-e2f1b10de20b",
            "default_security_group_crn": "crn:v1:bluemix:public:is:us-south:a/e65910fa61ce9072d64902d03f3d4774::security-group:r006-5f674cb4-dc48-4990-99e1-e2f1b10de20b",
            "default_security_group_name": "childlike-broadside-overstay-passerby",
            "id": "r006-d8465333-260c-4e38-9519-e9f1eec2f3d5",
            "identifier": "r006-d8465333-260c-4e38-9519-e9f1eec2f3d5",
            "name": "jaffasx-01-workload-vpc",
            "resource_controller_url": "https://cloud.ibm.com/vpc-ext/network/vpcs",
            "resource_crn": "crn:v1:bluemix:public:is:us-south:a/e65910fa61ce9072d64902d03f3d4774::vpc:r006-d8465333-260c-4e38-9519-e9f1eec2f3d5",
            "resource_group": "045fcf0192ad49c9890b499875af4a82",
            "resource_group_name": "jaffasx-01-workload-rg",
            "resource_name": "jaffasx-01-workload-vpc",
            "resource_status": "available",
            "security_group": [
              {
                "group_id": "r006-66724d66-150e-4cdf-87dc-66cc084ec2b0",
                "group_name": "jaffasx-01-workload",
                "rules": [
                  {
                    "code": 0,
                    "direction": "outbound",
                    "ip_version": "ipv4",
                    "port_max": 0,
                    "port_min": 0,
                    "protocol": "all",
                    "remote": "10.0.0.0/8",
                    "rule_id": "r006-d7d15763-59f3-4833-998e-9b57c395c9f5",
                    "type": 0
                  },
                  {
                    "code": 0,
                    "direction": "inbound",
                    "ip_version": "ipv4",
                    "port_max": 0,
                    "port_min": 0,
                    "protocol": "all",
                    "remote": "161.26.0.0/16",
                    "rule_id": "r006-4725e935-c43d-4847-87ad-a97e4c01deed",
                    "type": 0
                  },
                  {
                    "code": 0,
                    "direction": "outbound",
                    "ip_version": "ipv4",
                    "port_max": 53,
                    "port_min": 53,
                    "protocol": "tcp",
                    "remote": "161.26.0.0/16",
                    "rule_id": "r006-d5999a67-8219-4b37-879a-d37b41a04522",
                    "type": 0
                  },
                  {
                    "code": 0,
                    "direction": "inbound",
                    "ip_version": "ipv4",
                    "port_max": 0,
                    "port_min": 0,
                    "protocol": "all",
                    "remote": "10.0.0.0/8",
                    "rule_id": "r006-a051f7f4-f6de-43b6-806e-71cdf785d6c6",
                    "type": 0
                  },
                  {
                    "code": 0,
                    "direction": "outbound",
                    "ip_version": "ipv4",
                    "port_max": 443,
                    "port_min": 443,
                    "protocol": "tcp",
                    "remote": "161.26.0.0/16",
                    "rule_id": "r006-95145902-dec3-4e9a-a4d8-c3b6282913b2",
                    "type": 0
                  },
                  {
                    "code": 0,
                    "direction": "outbound",
                    "ip_version": "ipv4",
                    "port_max": 80,
                    "port_min": 80,
                    "protocol": "tcp",
                    "remote": "161.26.0.0/16",
                    "rule_id": "r006-52474b00-1f4e-4cec-989e-10d4e42b65fd",
                    "type": 0
                  }
                ]
              },
              {
                "group_id": "r006-045f8219-a8ce-44e4-8947-d0e4ed021e14",
                "group_name": "workload-vpe-sg",
                "rules": [
                  {
                    "code": 0,
                    "direction": "outbound",
                    "ip_version": "ipv4",
                    "port_max": 80,
                    "port_min": 80,
                    "protocol": "tcp",
                    "remote": "161.26.0.0/16",
                    "rule_id": "r006-8f06f3b8-af85-439c-b55e-db280dad5f62",
                    "type": 0
                  },
                  {
                    "code": 0,
                    "direction": "outbound",
                    "ip_version": "ipv4",
                    "port_max": 0,
                    "port_min": 0,
                    "protocol": "all",
                    "remote": "10.0.0.0/8",
                    "rule_id": "r006-8aef3c0d-ef08-46b5-a45c-aebffd92df5e",
                    "type": 0
                  },
                  {
                    "code": 0,
                    "direction": "inbound",
                    "ip_version": "ipv4",
                    "port_max": 0,
                    "port_min": 0,
                    "protocol": "all",
                    "remote": "161.26.0.0/16",
                    "rule_id": "r006-2ec1cb54-8931-4e87-824c-f9ee7701b1f2",
                    "type": 0
                  },
                  {
                    "code": 0,
                    "direction": "inbound",
                    "ip_version": "ipv4",
                    "port_max": 0,
                    "port_min": 0,
                    "protocol": "all",
                    "remote": "10.0.0.0/8",
                    "rule_id": "r006-f37fde0e-c61a-492f-aa40-83dfd31a74c5",
                    "type": 0
                  },
                  {
                    "code": 0,
                    "direction": "outbound",
                    "ip_version": "ipv4",
                    "port_max": 53,
                    "port_min": 53,
                    "protocol": "tcp",
                    "remote": "161.26.0.0/16",
                    "rule_id": "r006-85add6aa-5f00-4ee3-98f0-4cdd3beb0627",
                    "type": 0
                  },
                  {
                    "code": 0,
                    "direction": "outbound",
                    "ip_version": "ipv4",
                    "port_max": 443,
                    "port_min": 443,
                    "protocol": "tcp",
                    "remote": "161.26.0.0/16",
                    "rule_id": "r006-3b97a757-e79a-4fe1-85d1-ff60b7c5da1f",
                    "type": 0
                  }
                ]
              },
              {
                "group_id": "r006-5f674cb4-dc48-4990-99e1-e2f1b10de20b",
                "group_name": "childlike-broadside-overstay-passerby",
                "rules": [
                  {
                    "code": 0,
                    "direction": "outbound",
                    "ip_version": "ipv4",
                    "port_max": 0,
                    "port_min": 0,
                    "protocol": "all",
                    "remote": "0.0.0.0/0",
                    "rule_id": "r006-05b28a49-04ea-4e82-9d46-fc4710d41f39",
                    "type": 0
                  },
                  {
                    "code": 0,
                    "direction": "inbound",
                    "ip_version": "ipv4",
                    "port_max": 0,
                    "port_min": 0,
                    "protocol": "all",
                    "remote": "r006-5f674cb4-dc48-4990-99e1-e2f1b10de20b",
                    "rule_id": "r006-ead2672e-210d-4be0-b370-6799afad5f12",
                    "type": 0
                  }
                ]
              }
            ],
            "status": "available",
            "subnets": [
              {
                "available_ipv4_address_count": 250,
                "id": "0737-9e2ce979-2396-42ed-b70f-86aa1c9b78fc",
                "name": "jaffasx-01-workload-vpe-zone-3",
                "status": "available",
                "total_ipv4_address_count": 256,
                "zone": "us-south-3"
              },
              {
                "available_ipv4_address_count": 251,
                "id": "0727-f36b3bab-b2e1-4797-9a4a-22bd59bdc4b0",
                "name": "jaffasx-01-workload-vsi-zone-2",
                "status": "available",
                "total_ipv4_address_count": 256,
                "zone": "us-south-2"
              },
              {
                "available_ipv4_address_count": 251,
                "id": "0717-d4b1df46-d0fe-403d-92f5-b2dde5988977",
                "name": "jaffasx-01-workload-vsi-zone-1",
                "status": "available",
                "total_ipv4_address_count": 256,
                "zone": "us-south-1"
              },
              {
                "available_ipv4_address_count": 251,
                "id": "0737-349473c8-dbf4-48c4-89b1-c6f478bbfc73",
                "name": "jaffasx-01-workload-vsi-zone-3",
                "status": "available",
                "total_ipv4_address_count": 256,
                "zone": "us-south-3"
              },
              {
                "available_ipv4_address_count": 250,
                "id": "0727-edbb5503-7a6f-464d-b64c-5af79770f883",
                "name": "jaffasx-01-workload-vpe-zone-2",
                "status": "available",
                "total_ipv4_address_count": 256,
                "zone": "us-south-2"
              },
              {
                "available_ipv4_address_count": 250,
                "id": "0717-c58bc512-8e98-4136-8829-e916b3593e8c",
                "name": "jaffasx-01-workload-vpe-zone-1",
                "status": "available",
                "total_ipv4_address_count": 256,
                "zone": "us-south-1"
              }
            ],
            "tags": []
          },
          "sensitive_attributes": []
        }
      ]
    },
    {
      "module": "module.landing_zone.module.landing_zone.module.vsi[\"jaffasx-01-workload-server\"]",
      "mode": "data",
      "type": "ibm_is_vpcs",
      "name": "vpcs",
      "provider": "module.landing_zone.provider[\"registry.terraform.io/ibm-cloud/ibm\"]",
      "instances": [
        {
          "schema_version": 0,
          "attributes": {
            "id": "2022-11-23 10:14:52.057341 +0000 UTC",
            "vpcs": [
              {
                "classic_access": false,
                "crn": "crn:v1:bluemix:public:is:us-south:a/e65910fa61ce9072d64902d03f3d4774::vpc:r006-05215575-de8a-41cc-85a8-f5d920870143",
                "cse_source_addresses": [
                  {
                    "address": "10.12.127.112",
                    "zone_name": "us-south-1"
                  },
                  {
                    "address": "10.12.161.186",
                    "zone_name": "us-south-2"
                  },
                  {
                    "address": "10.249.208.55",
                    "zone_name": "us-south-3"
                  }
                ],
                "default_network_acl": "r006-73936c1a-6ff5-4b08-b2ec-3f6ee119c91e",
                "default_network_acl_crn": "crn:v1:bluemix:public:is:us-south:a/e65910fa61ce9072d64902d03f3d4774::network-acl:r006-73936c1a-6ff5-4b08-b2ec-3f6ee119c91e",
                "default_network_acl_name": "monotone-mathematical-evident-bankbook",
                "default_routing_table": "r006-af25af01-9105-47b7-94f4-05e47056c846",
                "default_routing_table_name": "habitual-idealness-negligent-affiliate",
                "default_security_group": "r006-1f44ecb7-52af-448a-8df5-6cb46b2f8fb6",
                "default_security_group_crn": "crn:v1:bluemix:public:is:us-south:a/e65910fa61ce9072d64902d03f3d4774::security-group:r006-1f44ecb7-52af-448a-8df5-6cb46b2f8fb6",
                "default_security_group_name": "swiftness-shorts-ancient-outbound",
                "id": "r006-05215575-de8a-41cc-85a8-f5d920870143",
                "name": "envisage-vpc",
                "resource_controller_url": "https://cloud.ibm.com/vpc-ext/network/vpcs",
                "resource_crn": "crn:v1:bluemix:public:is:us-south:a/e65910fa61ce9072d64902d03f3d4774::vpc:r006-05215575-de8a-41cc-85a8-f5d920870143",
                "resource_group": "60d4fb09783b45d8ba672de8ea0fb093",
                "resource_group_name": "vyomk-rg",
                "resource_name": "envisage-vpc",
                "resource_status": "available",
                "security_group": [
                  {
                    "group_id": "r006-62ec714b-c460-4ada-a580-af69aa614aea",
                    "group_name": "kube-r006-05215575-de8a-41cc-85a8-f5d920870143",
                    "rules": [
                      {
                        "code": 0,
                        "direction": "outbound",
                        "ip_version": "ipv4",
                        "port_max": 32767,
                        "port_min": 30000,
                        "protocol": "tcp",
                        "remote": "0.0.0.0/0",
                        "rule_id": "",
                        "type": 0
                      },
                      {
                        "code": 0,
                        "direction": "outbound",
                        "ip_version": "ipv4",
                        "port_max": 32767,
                        "port_min": 30000,
                        "protocol": "udp",
                        "remote": "0.0.0.0/0",
                        "rule_id": "",
                        "type": 0
                      },
                      {
                        "code": 0,
                        "direction": "inbound",
                        "ip_version": "ipv4",
                        "port_max": 65535,
                        "port_min": 1,
                        "protocol": "tcp",
                        "remote": "0.0.0.0/0",
                        "rule_id": "",
                        "type": 0
                      },
                      {
                        "code": 0,
                        "direction": "inbound",
                        "ip_version": "ipv4",
                        "port_max": 65535,
                        "port_min": 1,
                        "protocol": "udp",
                        "remote": "0.0.0.0/0",
                        "rule_id": "",
                        "type": 0
                      }
                    ]
                  },
                  {
                    "group_id": "r006-08d0f2e2-653c-4fcf-bb4b-fbf65738273f",
                    "group_name": "envisage-netcool-sg",
                    "rules": [
                      {
                        "code": 0,
                        "direction": "inbound",
                        "ip_version": "ipv4",
                        "port_max": 443,
                        "port_min": 443,
                        "protocol": "tcp",
                        "remote": "0.0.0.0/0",
                        "rule_id": "",
                        "type": 0
                      },
                      {
                        "code": 0,
                        "direction": "outbound",
                        "ip_version": "ipv4",
                        "port_max": 0,
                        "port_min": 0,
                        "protocol": "all",
                        "remote": "0.0.0.0/0",
                        "rule_id": "r006-71227512-79cb-44eb-9e97-b39a37084c19",
                        "type": 0
                      },
                      {
                        "code": 0,
                        "direction": "inbound",
                        "ip_version": "ipv4",
                        "port_max": 0,
                        "port_min": 0,
                        "protocol": "icmp",
                        "remote": "0.0.0.0/0",
                        "rule_id": "r006-e667079d-7ade-4662-979b-a93918dadef1",
                        "type": 8
                      },
                      {
                        "code": 0,
                        "direction": "inbound",
                        "ip_version": "ipv4",
                        "port_max": 9090,
                        "port_min": 9090,
                        "protocol": "tcp",
                        "remote": "0.0.0.0/0",
                        "rule_id": "",
                        "type": 0
                      },
                      {
                        "code": 0,
                        "direction": "inbound",
                        "ip_version": "ipv4",
                        "port_max": 22,
                        "port_min": 22,
                        "protocol": "tcp",
                        "remote": "0.0.0.0/0",
                        "rule_id": "",
                        "type": 0
                      },
                      {
                        "code": 0,
                        "direction": "inbound",
                        "ip_version": "ipv4",
                        "port_max": 8080,
                        "port_min": 8080,
                        "protocol": "tcp",
                        "remote": "0.0.0.0/0",
                        "rule_id": "",
                        "type": 0
                      }
                    ]
                  },
                  {
                    "group_id": "r006-296638b0-9014-4e9e-b57d-640e8a69efa5",
                    "group_name": "envisage-nci-sg",
                    "rules": [
                      {
                        "code": 0,
                        "direction": "inbound",
                        "ip_version": "ipv4",
                        "port_max": 22,
                        "port_min": 22,
                        "protocol": "tcp",
                        "remote": "0.0.0.0/0",
                        "rule_id": "",
                        "type": 0
                      },
                      {
                        "code": 0,
                        "direction": "inbound",
                        "ip_version": "ipv4",
                        "port_max": 8080,
                        "port_min": 8080,
                        "protocol": "tcp",
                        "remote": "0.0.0.0/0",
                        "rule_id": "",
                        "type": 0
                      },
                      {
                        "code": 0,
                        "direction": "outbound",
                        "ip_version": "ipv4",
                        "port_max": 0,
                        "port_min": 0,
                        "protocol": "all",
                        "remote": "0.0.0.0/0",
                        "rule_id": "r006-a3f6e26b-d111-4df3-bd5a-bc5ac6428976",
                        "type": 0
                      },
                      {
                        "code": 0,
                        "direction": "inbound",
                        "ip_version": "ipv4",
                        "port_max": 0,
                        "port_min": 0,
                        "protocol": "icmp",
                        "remote": "0.0.0.0/0",
                        "rule_id": "r006-cb3eb50d-713d-4de5-8ada-02eb23f0586d",
                        "type": 8
                      },
                      {
                        "code": 0,
                        "direction": "inbound",
                        "ip_version": "ipv4",
                        "port_max": 443,
                        "port_min": 443,
                        "protocol": "tcp",
                        "remote": "0.0.0.0/0",
                        "rule_id": "",
                        "type": 0
                      },
                      {
                        "code": 0,
                        "direction": "inbound",
                        "ip_version": "ipv4",
                        "port_max": 9090,
                        "port_min": 9090,
                        "protocol": "tcp",
                        "remote": "0.0.0.0/0",
                        "rule_id": "",
                        "type": 0
                      }
                    ]
                  },
                  {
                    "group_id": "r006-902bd2bc-a599-4f58-bce8-196affe138ec",
                    "group_name": "envisage-history-sg",
                    "rules": [
                      {
                        "code": 0,
                        "direction": "outbound",
                        "ip_version": "ipv4",
                        "port_max": 0,
                        "port_min": 0,
                        "protocol": "all",
                        "remote": "0.0.0.0/0",
                        "rule_id": "r006-88d91fcc-f84e-4653-bfc7-bc589e29fd4b",
                        "type": 0
                      },
                      {
                        "code": 0,
                        "direction": "inbound",
                        "ip_version": "ipv4",
                        "port_max": 9090,
                        "port_min": 9090,
                        "protocol": "tcp",
                        "remote": "0.0.0.0/0",
                        "rule_id": "",
                        "type": 0
                      },
                      {
                        "code": 0,
                        "direction": "inbound",
                        "ip_version": "ipv4",
                        "port_max": 8080,
                        "port_min": 8080,
                        "protocol": "tcp",
                        "remote": "0.0.0.0/0",
                        "rule_id": "",
                        "type": 0
                      },
                      {
                        "code": 0,
                        "direction": "inbound",
                        "ip_version": "ipv4",
                        "port_max": 0,
                        "port_min": 0,
                        "protocol": "icmp",
                        "remote": "0.0.0.0/0",
                        "rule_id": "r006-cbd3f8e8-7ca8-4811-8e26-ba4c7c2673ac",
                        "type": 8
                      },
                      {
                        "code": 0,
                        "direction": "inbound",
                        "ip_version": "ipv4",
                        "port_max": 443,
                        "port_min": 443,
                        "protocol": "tcp",
                        "remote": "0.0.0.0/0",
                        "rule_id": "",
                        "type": 0
                      },
                      {
                        "code": 0,
                        "direction": "inbound",
                        "ip_version": "ipv4",
                        "port_max": 22,
                        "port_min": 22,
                        "protocol": "tcp",
                        "remote": "0.0.0.0/0",
                        "rule_id": "",
                        "type": 0
                      }
                    ]
                  },
                  {
                    "group_id": "r006-f6ecf56b-a7f1-4119-875b-17144033ca84",
                    "group_name": "envisage-dash-sg",
                    "rules": [
                      {
                        "code": 0,
                        "direction": "inbound",
                        "ip_version": "ipv4",
                        "port_max": 0,
                        "port_min": 0,
                        "protocol": "icmp",
                        "remote": "0.0.0.0/0",
                        "rule_id": "r006-e8948500-50d6-4d4b-a4b3-d1583e06f9ea",
                        "type": 8
                      },
                      {
                        "code": 0,
                        "direction": "inbound",
                        "ip_version": "ipv4",
                        "port_max": 443,
                        "port_min": 443,
                        "protocol": "tcp",
                        "remote": "0.0.0.0/0",
                        "rule_id": "",
                        "type": 0
                      },
                      {
                        "code": 0,
                        "direction": "inbound",
                        "ip_version": "ipv4",
                        "port_max": 22,
                        "port_min": 22,
                        "protocol": "tcp",
                        "remote": "0.0.0.0/0",
                        "rule_id": "",
                        "type": 0
                      },
                      {
                        "code": 0,
                        "direction": "inbound",
                        "ip_version": "ipv4",
                        "port_max": 8080,
                        "port_min": 8080,
                        "protocol": "tcp",
                        "remote": "0.0.0.0/0",
                        "rule_id": "",
                        "type": 0
                      },
                      {
                        "code": 0,
                        "direction": "inbound",
                        "ip_version": "ipv4",
                        "port_max": 9090,
                        "port_min": 9090,
                        "protocol": "tcp",
                        "remote": "0.0.0.0/0",
                        "rule_id": "",
                        "type": 0
                      },
                      {
                        "code": 0,
                        "direction": "outbound",
                        "ip_version": "ipv4",
                        "port_max": 0,
                        "port_min": 0,
                        "protocol": "all",
                        "remote": "0.0.0.0/0",
                        "rule_id": "r006-65b91ecb-d065-4bf4-825a-7bb889949195",
                        "type": 0
                      }
                    ]
                  },
                  {
                    "group_id": "r006-1f44ecb7-52af-448a-8df5-6cb46b2f8fb6",
                    "group_name": "swiftness-shorts-ancient-outbound",
                    "rules": [
                      {
                        "code": 0,
                        "direction": "outbound",
                        "ip_version": "ipv4",
                        "port_max": 0,
                        "port_min": 0,
                        "protocol": "all",
                        "remote": "0.0.0.0/0",
                        "rule_id": "r006-afa2fb13-2518-4e35-a2d1-c86de26c265d",
                        "type": 0
                      },
                      {
                        "code": 0,
                        "direction": "inbound",
                        "ip_version": "ipv4",
                        "port_max": 0,
                        "port_min": 0,
                        "protocol": "all",
                        "remote": "r006-1f44ecb7-52af-448a-8df5-6cb46b2f8fb6",
                        "rule_id": "r006-789889ab-f117-4ed7-af3d-9f2c20858d6e",
                        "type": 0
                      }
                    ]
                  }
                ],
                "status": "available",
                "subnets": [
                  {
                    "available_ipv4_address_count": 249,
                    "id": "0717-28c2893e-c7a6-41b5-a05e-8d39d6aa2b60",
                    "name": "vyomk-gw-local-subnet",
                    "status": "available",
                    "total_ipv4_address_count": 256,
                    "zone": "us-south-1"
                  },
                  {
                    "available_ipv4_address_count": 251,
                    "id": "0717-a241de37-64a2-4013-97a9-5bc7441141ee",
                    "name": "vyomk-gw-peer-subnet",
                    "status": "available",
                    "total_ipv4_address_count": 256,
                    "zone": "us-south-1"
                  },
                  {
                    "available_ipv4_address_count": 251,
                    "id": "0727-02367c68-5bd7-4a05-a77e-bcfe4367250e",
                    "name": "vyomk-test-subnet-2",
                    "status": "available",
                    "total_ipv4_address_count": 256,
                    "zone": "us-south-2"
                  },
                  {
                    "available_ipv4_address_count": 251,
                    "id": "0727-5ab042a4-211b-4427-9f72-483e141de41b",
                    "name": "vyomk-test-subnet-1",
                    "status": "available",
                    "total_ipv4_address_count": 256,
                    "zone": "us-south-2"
                  },
                  {
                    "available_ipv4_address_count": 244,
                    "id": "0717-cb9a5e71-ec96-4a9c-a170-4f547a471c1a",
                    "name": "envisage-subnet-1",
                    "status": "available",
                    "total_ipv4_address_count": 256,
                    "zone": "us-south-1"
                  }
                ],
                "tags": [
                  "schematics:us-east.workspace.envisage.af963c23"
                ]
              },
              {
                "classic_access": false,
                "crn": "crn:v1:bluemix:public:is:us-south:a/e65910fa61ce9072d64902d03f3d4774::vpc:r006-08e70871-7920-41ee-bc7e-c2d909d94c5f",
                "cse_source_addresses": [
                  {
                    "address": "10.16.239.175",
                    "zone_name": "us-south-1"
                  },
                  {
                    "address": "10.249.200.74",
                    "zone_name": "us-south-2"
                  },
                  {
                    "address": "10.249.80.3",
                    "zone_name": "us-south-3"
                  }
                ],
                "default_network_acl": "r006-ceb1b516-1186-43f9-a566-1ec602c8bf62",
                "default_network_acl_crn": "crn:v1:bluemix:public:is:us-south:a/e65910fa61ce9072d64902d03f3d4774::network-acl:r006-ceb1b516-1186-43f9-a566-1ec602c8bf62",
                "default_network_acl_name": "unplug-vividness-flinty-thunder",
                "default_routing_table": "r006-d0b3529c-594b-4ec3-84c2-45734da835cd",
                "default_routing_table_name": "fruit-elongated-squeezed-fondly",
                "default_security_group": "r006-6ba1f8f2-1e36-464b-b2e3-ed95f74ab6f9",
                "default_security_group_crn": "crn:v1:bluemix:public:is:us-south:a/e65910fa61ce9072d64902d03f3d4774::security-group:r006-6ba1f8f2-1e36-464b-b2e3-ed95f74ab6f9",
                "default_security_group_name": "follow-strenuous-litmus-spool",
                "id": "r006-08e70871-7920-41ee-bc7e-c2d909d94c5f",
                "name": "apptio-vpc",
                "resource_controller_url": "https://cloud.ibm.com/vpc-ext/network/vpcs",
                "resource_crn": "crn:v1:bluemix:public:is:us-south:a/e65910fa61ce9072d64902d03f3d4774::vpc:r006-08e70871-7920-41ee-bc7e-c2d909d94c5f",
                "resource_group": "b440e4a0404b4193ae7b2c68b198cf42",
                "resource_group_name": "apptio-rg",
                "resource_name": "apptio-vpc",
                "resource_status": "available",
                "security_group": [
                  {
                    "group_id": "r006-cc1e24ab-3ae1-41f1-af90-72bde9743406",
                    "group_name": "kube-r006-08e70871-7920-41ee-bc7e-c2d909d94c5f",
                    "rules": [
                      {
                        "code": 0,
                        "direction": "outbound",
                        "ip_version": "ipv4",
                        "port_max": 32767,
                        "port_min": 30000,
                        "protocol": "tcp",
                        "remote": "0.0.0.0/0",
                        "rule_id": "",
                        "type": 0
                      },
                      {
                        "code": 0,
                        "direction": "outbound",
                        "ip_version": "ipv4",
                        "port_max": 32767,
                        "port_min": 30000,
                        "protocol": "udp",
                        "remote": "0.0.0.0/0",
                        "rule_id": "",
                        "type": 0
                      },
                      {
                        "code": 0,
                        "direction": "inbound",
                        "ip_version": "ipv4",
                        "port_max": 65535,
                        "port_min": 1,
                        "protocol": "tcp",
                        "remote": "0.0.0.0/0",
                        "rule_id": "",
                        "type": 0
                      },
                      {
                        "code": 0,
                        "direction": "inbound",
                        "ip_version": "ipv4",
                        "port_max": 65535,
                        "port_min": 1,
                        "protocol": "udp",
                        "remote": "0.0.0.0/0",
                        "rule_id": "",
                        "type": 0
                      }
                    ]
                  },
                  {
                    "group_id": "r006-df3555ef-6965-4f5c-aee3-a249973e57cd",
                    "group_name": "kube-c81vevud0208l2vfudj0",
                    "rules": [
                      {
                        "code": 0,
                        "direction": "outbound",
                        "ip_version": "ipv4",
                        "port_max": 0,
                        "port_min": 0,
                        "protocol": "all",
                        "remote": "172.17.0.0/18",
                        "rule_id": "r006-aa2b008a-0c8e-4e2c-9667-fc5382cc86c9",
                        "type": 0
                      },
                      {
                        "code": 0,
                        "direction": "inbound",
                        "ip_version": "ipv4",
                        "port_max": 0,
                        "port_min": 0,
                        "protocol": "all",
                        "remote": "172.17.0.0/18",
                        "rule_id": "r006-3529deb7-7e19-4f8f-96e1-49aef8449e52",
                        "type": 0
                      },
                      {
                        "code": 0,
                        "direction": "inbound",
                        "ip_version": "ipv4",
                        "port_max": 32767,
                        "port_min": 30000,
                        "protocol": "tcp",
                        "remote": "0.0.0.0/0",
                        "rule_id": "",
                        "type": 0
                      },
                      {
                        "code": 0,
                        "direction": "inbound",
                        "ip_version": "ipv4",
                        "port_max": 32767,
                        "port_min": 30000,
                        "protocol": "udp",
                        "remote": "0.0.0.0/0",
                        "rule_id": "",
                        "type": 0
                      }
                    ]
                  },
                  {
                    "group_id": "r006-6ba1f8f2-1e36-464b-b2e3-ed95f74ab6f9",
                    "group_name": "follow-strenuous-litmus-spool",
                    "rules": [
                      {
                        "code": 0,
                        "direction": "outbound",
                        "ip_version": "ipv4",
                        "port_max": 0,
                        "port_min": 0,
                        "protocol": "all",
                        "remote": "0.0.0.0/0",
                        "rule_id": "r006-5a36d1ad-51bc-4497-83b9-4c4447b03643",
                        "type": 0
                      },
                      {
                        "code": 0,
                        "direction": "inbound",
                        "ip_version": "ipv4",
                        "port_max": 0,
                        "port_min": 0,
                        "protocol": "all",
                        "remote": "r006-6ba1f8f2-1e36-464b-b2e3-ed95f74ab6f9",
                        "rule_id": "r006-19c526fc-6719-4a7b-80eb-a1fecd005804",
                        "type": 0
                      },
                      {
                        "code": 0,
                        "direction": "inbound",
                        "ip_version": "ipv4",
                        "port_max": 22,
                        "port_min": 22,
                        "protocol": "tcp",
                        "remote": "0.0.0.0/0",
                        "rule_id": "",
                        "type": 0
                      },
                      {
                        "code": 0,
                        "direction": "inbound",
                        "ip_version": "ipv4",
                        "port_max": 0,
                        "port_min": 0,
                        "protocol": "icmp",
                        "remote": "0.0.0.0/0",
                        "rule_id": "r006-ce722778-cbe0-41ae-80c3-585454c1ecf0",
                        "type": 8
                      }
                    ]
                  }
                ],
                "status": "available",
                "subnets": [
                  {
                    "available_ipv4_address_count": 241,
                    "id": "0717-032dd2b7-a6f1-43b9-a31d-b58abd412da8",
                    "name": "sn-20220209-01",
                    "status": "available",
                    "total_ipv4_address_count": 256,
                    "zone": "us-south-1"
                  },
                  {
                    "available_ipv4_address_count": 239,
                    "id": "0727-ec98615d-2494-4c5d-9d9b-45b5303e3354",
                    "name": "sn-20220209-02",
                    "status": "available",
                    "total_ipv4_address_count": 256,
                    "zone": "us-south-2"
                  },
                  {
                    "available_ipv4_address_count": 248,
                    "id": "0737-8e22e192-9557-42ee-a408-9fdd976e2413",
                    "name": "sn-20220209-03",
                    "status": "available",
                    "total_ipv4_address_count": 256,
                    "zone": "us-south-3"
                  }
                ],
                "tags": []
              },
              {
                "classic_access": false,
                "crn": "crn:v1:bluemix:public:is:us-south:a/e65910fa61ce9072d64902d03f3d4774::vpc:r006-1de9fa57-a666-4147-857f-8504baaedb2a",
                "cse_source_addresses": [
                  {
                    "address": "10.249.196.115",
                    "zone_name": "us-south-1"
                  },
                  {
                    "address": "10.249.207.48",
                    "zone_name": "us-south-2"
                  },
                  {
                    "address": "10.249.214.61",
                    "zone_name": "us-south-3"
                  }
                ],
                "default_network_acl": "r006-1c442aa7-3483-47fe-b637-d3c2923ec123",
                "default_network_acl_crn": "crn:v1:bluemix:public:is:us-south:a/e65910fa61ce9072d64902d03f3d4774::network-acl:r006-1c442aa7-3483-47fe-b637-d3c2923ec123",
                "default_network_acl_name": "onepipeline-default-network-acl",
                "default_routing_table": "r006-bd2f4517-11e1-4334-8bdc-19c4c9aabd8b",
                "default_routing_table_name": "onepipeline-default-routing-table",
                "default_security_group": "r006-357f0625-ba3f-481d-b6ae-90540758a0ea",
                "default_security_group_crn": "crn:v1:bluemix:public:is:us-south:a/e65910fa61ce9072d64902d03f3d4774::security-group:r006-357f0625-ba3f-481d-b6ae-90540758a0ea",
                "default_security_group_name": "onepipeline-default-security-group",
                "id": "r006-1de9fa57-a666-4147-857f-8504baaedb2a",
                "name": "onepipeline",
                "resource_controller_url": "https://cloud.ibm.com/vpc-ext/network/vpcs",
                "resource_crn": "crn:v1:bluemix:public:is:us-south:a/e65910fa61ce9072d64902d03f3d4774::vpc:r006-1de9fa57-a666-4147-857f-8504baaedb2a",
                "resource_group": "0b8ffc9bc5444b58a217dd362cc0f00d",
                "resource_group_name": "onepipeline",
                "resource_name": "onepipeline",
                "resource_status": "available",
                "security_group": [
                  {
                    "group_id": "r006-4934a815-5df1-4e9a-bcac-2824a8e1c6aa",
                    "group_name": "onepipeline-maintenance-sg",
                    "rules": [
                      {
                        "code": 0,
                        "direction": "outbound",
                        "ip_version": "ipv4",
                        "port_max": 53,
                        "port_min": 53,
                        "protocol": "udp",
                        "remote": "0.0.0.0/0",
                        "rule_id": "",
                        "type": 0
                      },
                      {
                        "code": 0,
                        "direction": "outbound",
                        "ip_version": "ipv4",
                        "port_max": 53,
                        "port_min": 53,
                        "protocol": "tcp",
                        "remote": "0.0.0.0/0",
                        "rule_id": "",
                        "type": 0
                      },
                      {
                        "code": 0,
                        "direction": "outbound",
                        "ip_version": "ipv4",
                        "port_max": 80,
                        "port_min": 80,
                        "protocol": "tcp",
                        "remote": "0.0.0.0/0",
                        "rule_id": "",
                        "type": 0
                      },
                      {
                        "code": 0,
                        "direction": "outbound",
                        "ip_version": "ipv4",
                        "port_max": 443,
                        "port_min": 443,
                        "protocol": "tcp",
                        "remote": "0.0.0.0/0",
                        "rule_id": "",
                        "type": 0
                      },
                      {
                        "code": 0,
                        "direction": "inbound",
                        "ip_version": "ipv4",
                        "port_max": 22,
                        "port_min": 22,
                        "protocol": "tcp",
                        "remote": "r006-02f103e3-d14a-4bff-aae4-9b884933877f",
                        "rule_id": "",
                        "type": 0
                      }
                    ]
                  },
                  {
                    "group_id": "r006-02f103e3-d14a-4bff-aae4-9b884933877f",
                    "group_name": "onepipeline-bastion-sg",
                    "rules": [
                      {
                        "code": 0,
                        "direction": "inbound",
                        "ip_version": "ipv4",
                        "port_max": 0,
                        "port_min": 0,
                        "protocol": "icmp",
                        "remote": "0.0.0.0/0",
                        "rule_id": "r006-edf4457c-9d65-43cc-bf1d-2f39847780f1",
                        "type": 8
                      },
                      {
                        "code": 0,
                        "direction": "inbound",
                        "ip_version": "ipv4",
                        "port_max": 22,
                        "port_min": 22,
                        "protocol": "tcp",
                        "remote": "0.0.0.0/0",
                        "rule_id": "",
                        "type": 0
                      },
                      {
                        "code": 0,
                        "direction": "outbound",
                        "ip_version": "ipv4",
                        "port_max": 22,
                        "port_min": 22,
                        "protocol": "tcp",
                        "remote": "r006-4934a815-5df1-4e9a-bcac-2824a8e1c6aa",
                        "rule_id": "",
                        "type": 0
                      }
                    ]
                  },
                  {
                    "group_id": "r006-357f0625-ba3f-481d-b6ae-90540758a0ea",
                    "group_name": "onepipeline-default-security-group",
                    "rules": [
                      {
                        "code": 0,
                        "direction": "outbound",
                        "ip_version": "ipv4",
                        "port_max": 0,
                        "port_min": 0,
                        "protocol": "all",
                        "remote": "0.0.0.0/0",
                        "rule_id": "r006-0e67daee-98ad-4c3c-a5cc-578d1c63b39c",
                        "type": 0
                      },
                      {
                        "code": 0,
                        "direction": "inbound",
                        "ip_version": "ipv4",
                        "port_max": 0,
                        "port_min": 0,
                        "protocol": "all",
                        "remote": "r006-357f0625-ba3f-481d-b6ae-90540758a0ea",
                        "rule_id": "r006-36b5264a-5b8e-4255-af2d-64210ded81a5",
                        "type": 0
                      }
                    ]
                  }
                ],
                "status": "available",
                "subnets": [
                  {
                    "available_ipv4_address_count": 250,
                    "id": "0727-7ab33be3-88d1-4842-8c1a-313fc238c583",
                    "name": "onepipeline-us-south-2-sn",
                    "status": "available",
                    "total_ipv4_address_count": 256,
                    "zone": "us-south-2"
                  },
                  {
                    "available_ipv4_address_count": 250,
                    "id": "0717-aa09379a-8234-4b7b-9abd-346921e1d9c9",
                    "name": "onepipeline-us-south-1-sn",
                    "status": "available",
                    "total_ipv4_address_count": 256,
                    "zone": "us-south-1"
                  },
                  {
                    "available_ipv4_address_count": 250,
                    "id": "0737-83c69900-2f65-42da-9d21-d609b18a6eee",
                    "name": "onepipeline-us-south-3-sn",
                    "status": "available",
                    "total_ipv4_address_count": 256,
                    "zone": "us-south-3"
                  }
                ],
                "tags": [
                  "schematics:us-south.workspace.onepipeline-us-south-0-infra-vpc.23535a9b"
                ]
              },
              {
                "classic_access": false,
                "crn": "crn:v1:bluemix:public:is:us-south:a/e65910fa61ce9072d64902d03f3d4774::vpc:r006-28c3decb-dcd6-49cc-a646-3c9291626d8d",
                "cse_source_addresses": [
                  {
                    "address": "10.16.237.110",
                    "zone_name": "us-south-1"
                  },
                  {
                    "address": "10.22.31.54",
                    "zone_name": "us-south-2"
                  },
                  {
                    "address": "10.16.249.19",
                    "zone_name": "us-south-3"
                  }
                ],
                "default_network_acl": "r006-60c516e6-2c1b-49b2-96bf-c247b20b3377",
                "default_network_acl_crn": "crn:v1:bluemix:public:is:us-south:a/e65910fa61ce9072d64902d03f3d4774::network-acl:r006-60c516e6-2c1b-49b2-96bf-c247b20b3377",
                "default_network_acl_name": "numeric-attic-scrutiny-kerosene",
                "default_routing_table": "r006-67ce793a-a6dd-42bc-9812-2ccffca36b46",
                "default_routing_table_name": "answering-skater-drainpipe-splurge",
                "default_security_group": "r006-30c0ea94-71b2-4170-b929-6f67ab26da4d",
                "default_security_group_crn": "crn:v1:bluemix:public:is:us-south:a/e65910fa61ce9072d64902d03f3d4774::security-group:r006-30c0ea94-71b2-4170-b929-6f67ab26da4d",
                "default_security_group_name": "canopy-wildly-relish-perfume",
                "id": "r006-28c3decb-dcd6-49cc-a646-3c9291626d8d",
                "name": "jrcasan-vpc-demos",
                "resource_controller_url": "https://cloud.ibm.com/vpc-ext/network/vpcs",
                "resource_crn": "crn:v1:bluemix:public:is:us-south:a/e65910fa61ce9072d64902d03f3d4774::vpc:r006-28c3decb-dcd6-49cc-a646-3c9291626d8d",
                "resource_group": "2abdcbc030ea44819a425f4340ddfa8f",
                "resource_group_name": "jrcasan",
                "resource_name": "jrcasan-vpc-demos",
                "resource_status": "available",
                "security_group": [
                  {
                    "group_id": "r006-30c0ea94-71b2-4170-b929-6f67ab26da4d",
                    "group_name": "canopy-wildly-relish-perfume",
                    "rules": [
                      {
                        "code": 0,
                        "direction": "outbound",
                        "ip_version": "ipv4",
                        "port_max": 0,
                        "port_min": 0,
                        "protocol": "all",
                        "remote": "0.0.0.0/0",
                        "rule_id": "r006-0458122b-4464-46c6-a647-da9193a39190",
                        "type": 0
                      },
                      {
                        "code": 0,
                        "direction": "inbound",
                        "ip_version": "ipv4",
                        "port_max": 0,
                        "port_min": 0,
                        "protocol": "all",
                        "remote": "r006-30c0ea94-71b2-4170-b929-6f67ab26da4d",
                        "rule_id": "r006-764858c3-6af8-499b-93e0-9041779f5052",
                        "type": 0
                      },
                      {
                        "code": 0,
                        "direction": "inbound",
                        "ip_version": "ipv4",
                        "port_max": 0,
                        "port_min": 0,
                        "protocol": "icmp",
                        "remote": "0.0.0.0/0",
                        "rule_id": "r006-bfb81cd7-2b4f-4ed8-83a2-e55b06268272",
                        "type": 0
                      },
                      {
                        "code": 0,
                        "direction": "inbound",
                        "ip_version": "ipv4",
                        "port_max": 65535,
                        "port_min": 1,
                        "protocol": "tcp",
                        "remote": "0.0.0.0/0",
                        "rule_id": "",
                        "type": 0
                      },
                      {
                        "code": 0,
                        "direction": "outbound",
                        "ip_version": "ipv4",
                        "port_max": 65535,
                        "port_min": 1,
                        "protocol": "tcp",
                        "remote": "0.0.0.0/0",
                        "rule_id": "",
                        "type": 0
                      }
                    ]
                  }
                ],
                "status": "available",
                "subnets": [
                  {
                    "available_ipv4_address_count": 251,
                    "id": "0737-4e6513e5-6642-45ce-87ef-9d1f5a96d90d",
                    "name": "sn-20220523-03",
                    "status": "available",
                    "total_ipv4_address_count": 256,
                    "zone": "us-south-3"
                  },
                  {
                    "available_ipv4_address_count": 251,
                    "id": "0717-633ddb33-6638-4a43-abc5-b12bc7edc3d4",
                    "name": "sn-20220523-01",
                    "status": "available",
                    "total_ipv4_address_count": 256,
                    "zone": "us-south-1"
                  },
                  {
                    "available_ipv4_address_count": 249,
                    "id": "0727-b3bb3470-80cd-4fb7-bb48-c0d11961c1f0",
                    "name": "sn-20220523-02",
                    "status": "available",
                    "total_ipv4_address_count": 256,
                    "zone": "us-south-2"
                  }
                ],
                "tags": [
                  "build-labs-latam",
                  "jrcasan"
                ]
              },
              {
                "classic_access": false,
                "crn": "crn:v1:bluemix:public:is:us-south:a/e65910fa61ce9072d64902d03f3d4774::vpc:r006-2b8ea56d-3adb-4cd8-b52f-2b4f5af35b94",
                "cse_source_addresses": [
                  {
                    "address": "10.22.14.129",
                    "zone_name": "us-south-1"
                  },
                  {
                    "address": "10.16.244.219",
                    "zone_name": "us-south-2"
                  },
                  {
                    "address": "10.22.34.145",
                    "zone_name": "us-south-3"
                  }
                ],
                "default_network_acl": "r006-2b762952-523f-475b-a4aa-18d82117cd7a",
                "default_network_acl_crn": "crn:v1:bluemix:public:is:us-south:a/e65910fa61ce9072d64902d03f3d4774::network-acl:r006-2b762952-523f-475b-a4aa-18d82117cd7a",
                "default_network_acl_name": "neglector-sloped-chess-apprehend",
                "default_routing_table": "r006-d8d6274d-d2c0-4cb9-8d28-cc5d3dd3595d",
                "default_routing_table_name": "waving-rockband-perfectly-prewar",
                "default_security_group": "r006-0d3c7095-839c-4c6e-9a8f-4b39bae3113c",
                "default_security_group_crn": "crn:v1:bluemix:public:is:us-south:a/e65910fa61ce9072d64902d03f3d4774::security-group:r006-0d3c7095-839c-4c6e-9a8f-4b39bae3113c",
                "default_security_group_name": "essence-koala-washout-uncooked",
                "id": "r006-2b8ea56d-3adb-4cd8-b52f-2b4f5af35b94",
                "name": "djc-vpc-dal",
                "resource_controller_url": "https://cloud.ibm.com/vpc-ext/network/vpcs",
                "resource_crn": "crn:v1:bluemix:public:is:us-south:a/e65910fa61ce9072d64902d03f3d4774::vpc:r006-2b8ea56d-3adb-4cd8-b52f-2b4f5af35b94",
                "resource_group": "bafc8918739b4119a608fd7ac51a6abe",
                "resource_group_name": "djc-rg",
                "resource_name": "djc-vpc-dal",
                "resource_status": "available",
                "security_group": [
                  {
                    "group_id": "r006-70d9d452-38f6-4831-8c94-45145753a4c7",
                    "group_name": "kube-r006-2b8ea56d-3adb-4cd8-b52f-2b4f5af35b94",
                    "rules": [
                      {
                        "code": 0,
                        "direction": "outbound",
                        "ip_version": "ipv4",
                        "port_max": 32767,
                        "port_min": 30000,
                        "protocol": "tcp",
                        "remote": "0.0.0.0/0",
                        "rule_id": "",
                        "type": 0
                      },
                      {
                        "code": 0,
                        "direction": "outbound",
                        "ip_version": "ipv4",
                        "port_max": 32767,
                        "port_min": 30000,
                        "protocol": "udp",
                        "remote": "0.0.0.0/0",
                        "rule_id": "",
                        "type": 0
                      },
                      {
                        "code": 0,
                        "direction": "inbound",
                        "ip_version": "ipv4",
                        "port_max": 65535,
                        "port_min": 1,
                        "protocol": "tcp",
                        "remote": "0.0.0.0/0",
                        "rule_id": "",
                        "type": 0
                      },
                      {
                        "code": 0,
                        "direction": "inbound",
                        "ip_version": "ipv4",
                        "port_max": 65535,
                        "port_min": 1,
                        "protocol": "udp",
                        "remote": "0.0.0.0/0",
                        "rule_id": "",
                        "type": 0
                      }
                    ]
                  },
                  {
                    "group_id": "r006-0d3c7095-839c-4c6e-9a8f-4b39bae3113c",
                    "group_name": "essence-koala-washout-uncooked",
                    "rules": [
                      {
                        "code": 0,
                        "direction": "outbound",
                        "ip_version": "ipv4",
                        "port_max": 0,
                        "port_min": 0,
                        "protocol": "all",
                        "remote": "0.0.0.0/0",
                        "rule_id": "r006-2e9c421e-135a-4a9e-aeb1-023d8d5a4712",
                        "type": 0
                      },
                      {
                        "code": 0,
                        "direction": "inbound",
                        "ip_version": "ipv4",
                        "port_max": 0,
                        "port_min": 0,
                        "protocol": "all",
                        "remote": "r006-0d3c7095-839c-4c6e-9a8f-4b39bae3113c",
                        "rule_id": "r006-7a7b4677-d79d-41a0-b9fb-9dd83fad1e23",
                        "type": 0
                      },
                      {
                        "code": 0,
                        "direction": "inbound",
                        "ip_version": "ipv4",
                        "port_max": 22,
                        "port_min": 22,
                        "protocol": "tcp",
                        "remote": "0.0.0.0/0",
                        "rule_id": "",
                        "type": 0
                      },
                      {
                        "code": 0,
                        "direction": "inbound",
                        "ip_version": "ipv4",
                        "port_max": 0,
                        "port_min": 0,
                        "protocol": "icmp",
                        "remote": "0.0.0.0/0",
                        "rule_id": "r006-8d192e6a-db59-47cb-a350-ef3bece3c146",
                        "type": 8
                      }
                    ]
                  }
                ],
                "status": "available",
                "subnets": [
                  {
                    "available_ipv4_address_count": 250,
                    "id": "0717-aa11c146-5ff0-44c3-98f5-2b7e676fb85e",
                    "name": "djc-vpc-dal-subnet01",
                    "status": "available",
                    "total_ipv4_address_count": 256,
                    "zone": "us-south-1"
                  }
                ],
                "tags": []
              },
              {
                "classic_access": false,
                "crn": "crn:v1:bluemix:public:is:us-south:a/e65910fa61ce9072d64902d03f3d4774::vpc:r006-3a56d911-b310-4f83-a34f-4354378cc444",
                "cse_source_addresses": [
                  {
                    "address": "10.249.194.31",
                    "zone_name": "us-south-1"
                  },
                  {
                    "address": "10.12.156.188",
                    "zone_name": "us-south-2"
                  },
                  {
                    "address": "10.249.211.204",
                    "zone_name": "us-south-3"
                  }
                ],
                "default_network_acl": "r006-60d992a3-59d0-405e-bf5b-3eeb9339b26f",
                "default_network_acl_crn": "crn:v1:bluemix:public:is:us-south:a/e65910fa61ce9072d64902d03f3d4774::network-acl:r006-60d992a3-59d0-405e-bf5b-3eeb9339b26f",
                "default_network_acl_name": "qualified-ruby-monetary-unbuilt",
                "default_routing_table": "r006-0a6d1582-08ec-4ca8-9d5c-dd6d64572710",
                "default_routing_table_name": "spool-undocked-brew-corporate",
                "default_security_group": "r006-c87952d5-3248-4dff-b342-8a1c9fe96790",
                "default_security_group_crn": "crn:v1:bluemix:public:is:us-south:a/e65910fa61ce9072d64902d03f3d4774::security-group:r006-c87952d5-3248-4dff-b342-8a1c9fe96790",
                "default_security_group_name": "buckshot-reverse-educator-eloquence",
                "id": "r006-3a56d911-b310-4f83-a34f-4354378cc444",
                "name": "sc-vpc-dal-1",
                "resource_controller_url": "https://cloud.ibm.com/vpc-ext/network/vpcs",
                "resource_crn": "crn:v1:bluemix:public:is:us-south:a/e65910fa61ce9072d64902d03f3d4774::vpc:r006-3a56d911-b310-4f83-a34f-4354378cc444",
                "resource_group": "b7b513473311474dbf8966d57daa47ee",
                "resource_group_name": "suresh-rg",
                "resource_name": "sc-vpc-dal-1",
                "resource_status": "available",
                "security_group": [
                  {
                    "group_id": "r006-c87952d5-3248-4dff-b342-8a1c9fe96790",
                    "group_name": "buckshot-reverse-educator-eloquence",
                    "rules": [
                      {
                        "code": 0,
                        "direction": "outbound",
                        "ip_version": "ipv4",
                        "port_max": 0,
                        "port_min": 0,
                        "protocol": "all",
                        "remote": "0.0.0.0/0",
                        "rule_id": "r006-27dabf7c-0c25-4a03-b2ba-231c7630f9be",
                        "type": 0
                      },
                      {
                        "code": 0,
                        "direction": "inbound",
                        "ip_version": "ipv4",
                        "port_max": 0,
                        "port_min": 0,
                        "protocol": "all",
                        "remote": "r006-c87952d5-3248-4dff-b342-8a1c9fe96790",
                        "rule_id": "r006-88f08b9e-6f7d-468f-b850-ecfd48761918",
                        "type": 0
                      },
                      {
                        "code": 0,
                        "direction": "inbound",
                        "ip_version": "ipv4",
                        "port_max": 0,
                        "port_min": 0,
                        "protocol": "icmp",
                        "remote": "0.0.0.0/0",
                        "rule_id": "r006-4309a018-60eb-418b-9b0c-e627599533a5",
                        "type": 8
                      },
                      {
                        "code": 0,
                        "direction": "inbound",
                        "ip_version": "ipv4",
                        "port_max": 22,
                        "port_min": 22,
                        "protocol": "tcp",
                        "remote": "0.0.0.0/0",
                        "rule_id": "",
                        "type": 0
                      },
                      {
                        "code": 0,
                        "direction": "inbound",
                        "ip_version": "ipv4",
                        "port_max": 51820,
                        "port_min": 51820,
                        "protocol": "udp",
                        "remote": "0.0.0.0/0",
                        "rule_id": "",
                        "type": 0
                      },
                      {
                        "code": 0,
                        "direction": "inbound",
                        "ip_version": "ipv4",
                        "port_max": 443,
                        "port_min": 443,
                        "protocol": "tcp",
                        "remote": "0.0.0.0/0",
                        "rule_id": "",
                        "type": 0
                      },
                      {
                        "code": 0,
                        "direction": "inbound",
                        "ip_version": "ipv4",
                        "port_max": 80,
                        "port_min": 80,
                        "protocol": "tcp",
                        "remote": "0.0.0.0/0",
                        "rule_id": "",
                        "type": 0
                      },
                      {
                        "code": 0,
                        "direction": "inbound",
                        "ip_version": "ipv4",
                        "port_max": 32767,
                        "port_min": 30000,
                        "protocol": "tcp",
                        "remote": "0.0.0.0/0",
                        "rule_id": "",
                        "type": 0
                      },
                      {
                        "code": 0,
                        "direction": "inbound",
                        "ip_version": "ipv4",
                        "port_max": 32767,
                        "port_min": 30000,
                        "protocol": "udp",
                        "remote": "0.0.0.0/0",
                        "rule_id": "",
                        "type": 0
                      }
                    ]
                  }
                ],
                "status": "available",
                "subnets": [
                  {
                    "available_ipv4_address_count": 251,
                    "id": "0737-3d04bbdc-5e45-4adf-9fac-fbc91bdc7b33",
                    "name": "sc-vpc-sn-dal-3",
                    "status": "available",
                    "total_ipv4_address_count": 256,
                    "zone": "us-south-3"
                  },
                  {
                    "available_ipv4_address_count": 250,
                    "id": "0717-00476253-3039-417a-a716-e55985ed7091",
                    "name": "sc-vpc-sn-dal-1",
                    "status": "available",
                    "total_ipv4_address_count": 256,
                    "zone": "us-south-1"
                  },
                  {
                    "available_ipv4_address_count": 251,
                    "id": "0717-91435055-1fec-4c69-8bd4-c4dcbd2dda30",
                    "name": "sc-vpc-sn-0",
                    "status": "available",
                    "total_ipv4_address_count": 256,
                    "zone": "us-south-1"
                  },
                  {
                    "available_ipv4_address_count": 251,
                    "id": "0727-9a89fb37-12ab-438d-8cc5-59fa5d1e5303",
                    "name": "sc-vpc-sn-dal-2",
                    "status": "available",
                    "total_ipv4_address_count": 256,
                    "zone": "us-south-2"
                  }
                ],
                "tags": [
                  "suresh"
                ]
              },
              {
                "classic_access": false,
                "crn": "crn:v1:bluemix:public:is:us-south:a/e65910fa61ce9072d64902d03f3d4774::vpc:r006-3cc20118-a1b5-4519-88ee-b006aad6cfc5",
                "cse_source_addresses": [
                  {
                    "address": "10.16.234.141",
                    "zone_name": "us-south-1"
                  },
                  {
                    "address": "10.16.242.96",
                    "zone_name": "us-south-2"
                  },
                  {
                    "address": "10.22.39.142",
                    "zone_name": "us-south-3"
                  }
                ],
                "default_network_acl": "r006-945daa95-849c-4504-82b4-8b829d3f47c4",
                "default_network_acl_crn": "crn:v1:bluemix:public:is:us-south:a/e65910fa61ce9072d64902d03f3d4774::network-acl:r006-945daa95-849c-4504-82b4-8b829d3f47c4",
                "default_network_acl_name": "shrine-feeling-mulberry-undesirable",
                "default_routing_table": "r006-5a1bd352-a1cd-431f-ac5d-494dac137da1",
                "default_routing_table_name": "clerk-stream-exclusion-gents",
                "default_security_group": "r006-3bab396a-f5f2-479f-8026-67203141f0c3",
                "default_security_group_crn": "crn:v1:bluemix:public:is:us-south:a/e65910fa61ce9072d64902d03f3d4774::security-group:r006-3bab396a-f5f2-479f-8026-67203141f0c3",
                "default_security_group_name": "existing-daytime-snowsuit-twenty",
                "id": "r006-3cc20118-a1b5-4519-88ee-b006aad6cfc5",
                "name": "sagar-vpc-test",
                "resource_controller_url": "https://cloud.ibm.com/vpc-ext/network/vpcs",
                "resource_crn": "crn:v1:bluemix:public:is:us-south:a/e65910fa61ce9072d64902d03f3d4774::vpc:r006-3cc20118-a1b5-4519-88ee-b006aad6cfc5",
                "resource_group": "fdd290732f7d47909181a189494e2990",
                "resource_group_name": "default",
                "resource_name": "sagar-vpc-test",
                "resource_status": "available",
                "security_group": [
                  {
                    "group_id": "r006-3bab396a-f5f2-479f-8026-67203141f0c3",
                    "group_name": "existing-daytime-snowsuit-twenty",
                    "rules": [
                      {
                        "code": 0,
                        "direction": "outbound",
                        "ip_version": "ipv4",
                        "port_max": 0,
                        "port_min": 0,
                        "protocol": "all",
                        "remote": "0.0.0.0/0",
                        "rule_id": "r006-a858f3c7-9a6f-4dc6-bb1e-95fa2f3dce45",
                        "type": 0
                      },
                      {
                        "code": 0,
                        "direction": "inbound",
                        "ip_version": "ipv4",
                        "port_max": 0,
                        "port_min": 0,
                        "protocol": "all",
                        "remote": "r006-3bab396a-f5f2-479f-8026-67203141f0c3",
                        "rule_id": "r006-776742c8-ae94-4943-b98f-9b093c3ce2f5",
                        "type": 0
                      }
                    ]
                  }
                ],
                "status": "available",
                "subnets": [],
                "tags": []
              },
              {
                "classic_access": false,
                "crn": "crn:v1:bluemix:public:is:us-south:a/e65910fa61ce9072d64902d03f3d4774::vpc:r006-52a3565d-6010-4db3-b491-4e1f60caf6da",
                "cse_source_addresses": [
                  {
                    "address": "10.12.127.47",
                    "zone_name": "us-south-1"
                  },
                  {
                    "address": "10.22.30.85",
                    "zone_name": "us-south-2"
                  },
                  {
                    "address": "10.12.166.47",
                    "zone_name": "us-south-3"
                  }
                ],
                "default_network_acl": "r006-e8e585da-ec6f-4754-b2a4-bc0e93b14412",
                "default_network_acl_crn": "crn:v1:bluemix:public:is:us-south:a/e65910fa61ce9072d64902d03f3d4774::network-acl:r006-e8e585da-ec6f-4754-b2a4-bc0e93b14412",
                "default_network_acl_name": "kxhuang-vpc-default",
                "default_routing_table": "r006-17bb7a1f-3b2b-40fd-b737-ff223c4f9471",
                "default_routing_table_name": "kxhuang-vpc-default",
                "default_security_group": "r006-38660792-697a-4a59-b0e5-2b5b8dac2f92",
                "default_security_group_crn": "crn:v1:bluemix:public:is:us-south:a/e65910fa61ce9072d64902d03f3d4774::security-group:r006-38660792-697a-4a59-b0e5-2b5b8dac2f92",
                "default_security_group_name": "kxhuang-vpc-default",
                "id": "r006-52a3565d-6010-4db3-b491-4e1f60caf6da",
                "name": "kxhuang-vpc",
                "resource_controller_url": "https://cloud.ibm.com/vpc-ext/network/vpcs",
                "resource_crn": "crn:v1:bluemix:public:is:us-south:a/e65910fa61ce9072d64902d03f3d4774::vpc:r006-52a3565d-6010-4db3-b491-4e1f60caf6da",
                "resource_group": "b77e30464b904df99b7eafe9ec12016a",
                "resource_group_name": "kxhuang",
                "resource_name": "kxhuang-vpc",
                "resource_status": "available",
                "security_group": [
                  {
                    "group_id": "r006-3a7eccbf-18e1-485f-8397-e3ee31b72ab6",
                    "group_name": "kxhuang-vpc-base",
                    "rules": [
                      {
                        "code": 0,
                        "direction": "outbound",
                        "ip_version": "ipv4",
                        "port_max": 53,
                        "port_min": 53,
                        "protocol": "udp",
                        "remote": "161.26.0.7",
                        "rule_id": "",
                        "type": 0
                      },
                      {
                        "code": 0,
                        "direction": "outbound",
                        "ip_version": "ipv4",
                        "port_max": 53,
                        "port_min": 53,
                        "protocol": "udp",
                        "remote": "161.26.0.10",
                        "rule_id": "",
                        "type": 0
                      },
                      {
                        "code": 0,
                        "direction": "outbound",
                        "ip_version": "ipv4",
                        "port_max": 53,
                        "port_min": 53,
                        "protocol": "udp",
                        "remote": "161.26.0.8",
                        "rule_id": "",
                        "type": 0
                      },
                      {
                        "code": 0,
                        "direction": "outbound",
                        "ip_version": "ipv4",
                        "port_max": 53,
                        "port_min": 53,
                        "protocol": "udp",
                        "remote": "161.26.0.11",
                        "rule_id": "",
                        "type": 0
                      }
                    ]
                  },
                  {
                    "group_id": "r006-38660792-697a-4a59-b0e5-2b5b8dac2f92",
                    "group_name": "kxhuang-vpc-default",
                    "rules": [
                      {
                        "code": 0,
                        "direction": "outbound",
                        "ip_version": "ipv4",
                        "port_max": 0,
                        "port_min": 0,
                        "protocol": "all",
                        "remote": "0.0.0.0/0",
                        "rule_id": "r006-1127c81c-e04c-454d-bc37-fb2f3922a209",
                        "type": 0
                      },
                      {
                        "code": 0,
                        "direction": "inbound",
                        "ip_version": "ipv4",
                        "port_max": 0,
                        "port_min": 0,
                        "protocol": "all",
                        "remote": "r006-38660792-697a-4a59-b0e5-2b5b8dac2f92",
                        "rule_id": "r006-a75bdb57-b99a-4a10-889a-d48df32f36c0",
                        "type": 0
                      },
                      {
                        "code": 0,
                        "direction": "inbound",
                        "ip_version": "ipv4",
                        "port_max": 0,
                        "port_min": 0,
                        "protocol": "icmp",
                        "remote": "0.0.0.0/0",
                        "rule_id": "r006-11699d5b-4e8c-4dab-849d-3080369af172",
                        "type": 8
                      },
                      {
                        "code": 0,
                        "direction": "inbound",
                        "ip_version": "ipv4",
                        "port_max": 80,
                        "port_min": 80,
                        "protocol": "tcp",
                        "remote": "0.0.0.0/0",
                        "rule_id": "",
                        "type": 0
                      },
                      {
                        "code": 0,
                        "direction": "outbound",
                        "ip_version": "ipv4",
                        "port_max": 53,
                        "port_min": 53,
                        "protocol": "udp",
                        "remote": "161.26.0.7",
                        "rule_id": "",
                        "type": 0
                      },
                      {
                        "code": 0,
                        "direction": "outbound",
                        "ip_version": "ipv4",
                        "port_max": 53,
                        "port_min": 53,
                        "protocol": "udp",
                        "remote": "161.26.0.10",
                        "rule_id": "",
                        "type": 0
                      },
                      {
                        "code": 0,
                        "direction": "outbound",
                        "ip_version": "ipv4",
                        "port_max": 53,
                        "port_min": 53,
                        "protocol": "udp",
                        "remote": "161.26.0.11",
                        "rule_id": "",
                        "type": 0
                      },
                      {
                        "code": 0,
                        "direction": "outbound",
                        "ip_version": "ipv4",
                        "port_max": 53,
                        "port_min": 53,
                        "protocol": "udp",
                        "remote": "161.26.0.8",
                        "rule_id": "",
                        "type": 0
                      }
                    ]
                  }
                ],
                "status": "available",
                "subnets": [
                  {
                    "available_ipv4_address_count": 251,
                    "id": "0717-f9cee046-a207-4841-89f5-4ba77080226d",
                    "name": "kxhuang-vpc-subnet-default01",
                    "status": "available",
                    "total_ipv4_address_count": 256,
                    "zone": "us-south-1"
                  }
                ],
                "tags": []
              },
              {
                "classic_access": false,
                "crn": "crn:v1:bluemix:public:is:us-south:a/e65910fa61ce9072d64902d03f3d4774::vpc:r006-7667440d-4338-4a24-a844-3a5d3173bef6",
                "cse_source_addresses": [
                  {
                    "address": "10.22.22.248",
                    "zone_name": "us-south-1"
                  },
                  {
                    "address": "10.16.242.226",
                    "zone_name": "us-south-2"
                  },
                  {
                    "address": "10.22.35.138",
                    "zone_name": "us-south-3"
                  }
                ],
                "default_network_acl": "r006-2109eab9-7df8-4e97-81c8-15c95c39b759",
                "default_network_acl_crn": "crn:v1:bluemix:public:is:us-south:a/e65910fa61ce9072d64902d03f3d4774::network-acl:r006-2109eab9-7df8-4e97-81c8-15c95c39b759",
                "default_network_acl_name": "canopy-silt-slacked-bobbing",
                "default_routing_table": "r006-c2d88a80-cb53-4d07-8d1b-adadf3fe810e",
                "default_routing_table_name": "jaws-irregular-stainless-blanching",
                "default_security_group": "r006-44eb7e89-b8fe-467b-9f9e-e028c050e620",
                "default_security_group_crn": "crn:v1:bluemix:public:is:us-south:a/e65910fa61ce9072d64902d03f3d4774::security-group:r006-44eb7e89-b8fe-467b-9f9e-e028c050e620",
                "default_security_group_name": "grid-prejudge-manicure-dig",
                "id": "r006-7667440d-4338-4a24-a844-3a5d3173bef6",
                "name": "kaushik-vpc-rg",
                "resource_controller_url": "https://cloud.ibm.com/vpc-ext/network/vpcs",
                "resource_crn": "crn:v1:bluemix:public:is:us-south:a/e65910fa61ce9072d64902d03f3d4774::vpc:r006-7667440d-4338-4a24-a844-3a5d3173bef6",
                "resource_group": "1e479183026f46cea323f1d56f9cc600",
                "resource_group_name": "kaushiksno-rg",
                "resource_name": "kaushik-vpc-rg",
                "resource_status": "available",
                "security_group": [
                  {
                    "group_id": "r006-b3c0b944-1df8-422d-b378-8dfb6474969c",
                    "group_name": "kube-cdu86qfd0e8e8uvekrd0",
                    "rules": [
                      {
                        "code": 0,
                        "direction": "outbound",
                        "ip_version": "ipv4",
                        "port_max": 0,
                        "port_min": 0,
                        "protocol": "all",
                        "remote": "161.26.0.0/16",
                        "rule_id": "r006-1ca0919e-c565-4da9-a9c7-3dc43b259bc3",
                        "type": 0
                      },
                      {
                        "code": 0,
                        "direction": "outbound",
                        "ip_version": "ipv4",
                        "port_max": 0,
                        "port_min": 0,
                        "protocol": "all",
                        "remote": "166.8.0.0/14",
                        "rule_id": "r006-c252411c-8b13-42f6-a82f-afc4c1e1cfe4",
                        "type": 0
                      },
                      {
                        "code": 0,
                        "direction": "inbound",
                        "ip_version": "ipv4",
                        "port_max": 0,
                        "port_min": 0,
                        "protocol": "all",
                        "remote": "172.17.64.0/18",
                        "rule_id": "r006-0d8862bf-5686-4a67-826c-94eb81d436e7",
                        "type": 0
                      },
                      {
                        "code": 0,
                        "direction": "inbound",
                        "ip_version": "ipv4",
                        "port_max": 32767,
                        "port_min": 30000,
                        "protocol": "tcp",
                        "remote": "0.0.0.0/0",
                        "rule_id": "",
                        "type": 0
                      },
                      {
                        "code": 0,
                        "direction": "inbound",
                        "ip_version": "ipv4",
                        "port_max": 32767,
                        "port_min": 30000,
                        "protocol": "udp",
                        "remote": "0.0.0.0/0",
                        "rule_id": "",
                        "type": 0
                      },
                      {
                        "code": 0,
                        "direction": "outbound",
                        "ip_version": "ipv4",
                        "port_max": 0,
                        "port_min": 0,
                        "protocol": "all",
                        "remote": "172.17.64.0/18",
                        "rule_id": "r006-d515c633-e6d5-43ea-aa23-6d7ea9479730",
                        "type": 0
                      },
                      {
                        "code": 0,
                        "direction": "inbound",
                        "ip_version": "ipv4",
                        "port_max": 0,
                        "port_min": 0,
                        "protocol": "icmp",
                        "remote": "0.0.0.0/0",
                        "rule_id": "r006-15892d41-fff3-4e59-979c-eb7f1a058766",
                        "type": 8
                      }
                    ]
                  },
                  {
                    "group_id": "r006-019d1e7d-8e0b-475f-9f75-21d27854101f",
                    "group_name": "kube-r006-7667440d-4338-4a24-a844-3a5d3173bef6",
                    "rules": [
                      {
                        "code": 0,
                        "direction": "outbound",
                        "ip_version": "ipv4",
                        "port_max": 32767,
                        "port_min": 30000,
                        "protocol": "tcp",
                        "remote": "0.0.0.0/0",
                        "rule_id": "",
                        "type": 0
                      },
                      {
                        "code": 0,
                        "direction": "outbound",
                        "ip_version": "ipv4",
                        "port_max": 32767,
                        "port_min": 30000,
                        "protocol": "udp",
                        "remote": "0.0.0.0/0",
                        "rule_id": "",
                        "type": 0
                      },
                      {
                        "code": 0,
                        "direction": "inbound",
                        "ip_version": "ipv4",
                        "port_max": 65535,
                        "port_min": 1,
                        "protocol": "tcp",
                        "remote": "0.0.0.0/0",
                        "rule_id": "",
                        "type": 0
                      },
                      {
                        "code": 0,
                        "direction": "inbound",
                        "ip_version": "ipv4",
                        "port_max": 65535,
                        "port_min": 1,
                        "protocol": "udp",
                        "remote": "0.0.0.0/0",
                        "rule_id": "",
                        "type": 0
                      }
                    ]
                  },
                  {
                    "group_id": "r006-88188a5d-491c-4baf-b06d-5b0f0b90a259",
                    "group_name": "snosectrum01-bastion-sg",
                    "rules": [
                      {
                        "code": 0,
                        "direction": "inbound",
                        "ip_version": "ipv4",
                        "port_max": 0,
                        "port_min": 0,
                        "protocol": "all",
                        "remote": "166.8.0.0/14",
                        "rule_id": "r006-7043b76c-e6c4-4b28-8185-a15e766506c4",
                        "type": 0
                      },
                      {
                        "code": 0,
                        "direction": "inbound",
                        "ip_version": "ipv4",
                        "port_max": 0,
                        "port_min": 0,
                        "protocol": "all",
                        "remote": "161.26.0.0/16",
                        "rule_id": "r006-770be3d9-c7ee-4405-a7bb-feedcc2e98dc",
                        "type": 0
                      },
                      {
                        "code": 0,
                        "direction": "inbound",
                        "ip_version": "ipv4",
                        "port_max": 22,
                        "port_min": 22,
                        "protocol": "tcp",
                        "remote": "0.0.0.0/0",
                        "rule_id": "",
                        "type": 0
                      },
                      {
                        "code": 0,
                        "direction": "outbound",
                        "ip_version": "ipv4",
                        "port_max": 0,
                        "port_min": 0,
                        "protocol": "all",
                        "remote": "0.0.0.0/0",
                        "rule_id": "r006-ed122326-9adb-41cd-aa83-fc5aaf10a304",
                        "type": 0
                      }
                    ]
                  },
                  {
                    "group_id": "r006-bfc44a50-5b58-4ab5-ae29-2c59eec6d771",
                    "group_name": "snosectrum01-sp-sg",
                    "rules": [
                      {
                        "code": 0,
                        "direction": "inbound",
                        "ip_version": "ipv4",
                        "port_max": 1500,
                        "port_min": 1500,
                        "protocol": "tcp",
                        "remote": "0.0.0.0/0",
                        "rule_id": "",
                        "type": 0
                      },
                      {
                        "code": 20,
                        "direction": "inbound",
                        "ip_version": "ipv4",
                        "port_max": 0,
                        "port_min": 0,
                        "protocol": "icmp",
                        "remote": "10.240.0.0/24",
                        "rule_id": "r006-e03866a3-ac73-4c9b-b7e2-d2f1cbeac2e2",
                        "type": 30
                      },
                      {
                        "code": 20,
                        "direction": "outbound",
                        "ip_version": "ipv4",
                        "port_max": 0,
                        "port_min": 0,
                        "protocol": "icmp",
                        "remote": "0.0.0.0/0",
                        "rule_id": "r006-29284add-2624-4a0b-9ce2-cdc6d5f7097c",
                        "type": 30
                      },
                      {
                        "code": 0,
                        "direction": "inbound",
                        "ip_version": "ipv4",
                        "port_max": 45,
                        "port_min": 45,
                        "protocol": "tcp",
                        "remote": "0.0.0.0/0",
                        "rule_id": "",
                        "type": 0
                      },
                      {
                        "code": 0,
                        "direction": "inbound",
                        "ip_version": "ipv4",
                        "port_max": 9028,
                        "port_min": 9028,
                        "protocol": "tcp",
                        "remote": "0.0.0.0/0",
                        "rule_id": "",
                        "type": 0
                      },
                      {
                        "code": 0,
                        "direction": "inbound",
                        "ip_version": "ipv4",
                        "port_max": 0,
                        "port_min": 0,
                        "protocol": "all",
                        "remote": "166.8.0.0/14",
                        "rule_id": "r006-8e90f324-6d95-4546-95c7-8051914e6343",
                        "type": 0
                      },
                      {
                        "code": 0,
                        "direction": "inbound",
                        "ip_version": "ipv4",
                        "port_max": 0,
                        "port_min": 0,
                        "protocol": "all",
                        "remote": "52.117.132.0/24",
                        "rule_id": "r006-ceee397b-490d-4e5b-967f-1de3a595d758",
                        "type": 0
                      },
                      {
                        "code": 0,
                        "direction": "inbound",
                        "ip_version": "ipv4",
                        "port_max": 0,
                        "port_min": 0,
                        "protocol": "all",
                        "remote": "127.0.0.1",
                        "rule_id": "r006-1ad61ecc-d664-4631-bc05-7b4cfe0cd0b5",
                        "type": 0
                      },
                      {
                        "code": 0,
                        "direction": "inbound",
                        "ip_version": "ipv4",
                        "port_max": 11090,
                        "port_min": 11090,
                        "protocol": "tcp",
                        "remote": "0.0.0.0/0",
                        "rule_id": "",
                        "type": 0
                      },
                      {
                        "code": 0,
                        "direction": "outbound",
                        "ip_version": "ipv4",
                        "port_max": 0,
                        "port_min": 0,
                        "protocol": "all",
                        "remote": "0.0.0.0/0",
                        "rule_id": "r006-404dfbbb-f722-4155-a3b7-7657ff17ebc2",
                        "type": 0
                      },
                      {
                        "code": 0,
                        "direction": "inbound",
                        "ip_version": "ipv4",
                        "port_max": 0,
                        "port_min": 0,
                        "protocol": "all",
                        "remote": "161.26.0.0/16",
                        "rule_id": "r006-fe76c30a-eccb-4d48-b649-8b133f1ae84b",
                        "type": 0
                      },
                      {
                        "code": 0,
                        "direction": "inbound",
                        "ip_version": "ipv4",
                        "port_max": 22,
                        "port_min": 22,
                        "protocol": "tcp",
                        "remote": "10.240.0.6",
                        "rule_id": "",
                        "type": 0
                      }
                    ]
                  },
                  {
                    "group_id": "r006-44eb7e89-b8fe-467b-9f9e-e028c050e620",
                    "group_name": "grid-prejudge-manicure-dig",
                    "rules": [
                      {
                        "code": 0,
                        "direction": "outbound",
                        "ip_version": "ipv4",
                        "port_max": 0,
                        "port_min": 0,
                        "protocol": "all",
                        "remote": "0.0.0.0/0",
                        "rule_id": "r006-899d25a2-2938-4b9c-93c9-0e32a656611b",
                        "type": 0
                      },
                      {
                        "code": 0,
                        "direction": "inbound",
                        "ip_version": "ipv4",
                        "port_max": 0,
                        "port_min": 0,
                        "protocol": "all",
                        "remote": "r006-44eb7e89-b8fe-467b-9f9e-e028c050e620",
                        "rule_id": "r006-ed7c7edb-f363-4312-b04a-76969f2b66d3",
                        "type": 0
                      },
                      {
                        "code": 0,
                        "direction": "inbound",
                        "ip_version": "ipv4",
                        "port_max": 0,
                        "port_min": 0,
                        "protocol": "icmp",
                        "remote": "0.0.0.0/0",
                        "rule_id": "r006-6ffa9d94-0187-4139-b3cd-5094334d7980",
                        "type": 8
                      },
                      {
                        "code": 0,
                        "direction": "inbound",
                        "ip_version": "ipv4",
                        "port_max": 22,
                        "port_min": 22,
                        "protocol": "tcp",
                        "remote": "0.0.0.0/0",
                        "rule_id": "",
                        "type": 0
                      },
                      {
                        "code": 0,
                        "direction": "inbound",
                        "ip_version": "ipv4",
                        "port_max": 65535,
                        "port_min": 1,
                        "protocol": "tcp",
                        "remote": "0.0.0.0/0",
                        "rule_id": "",
                        "type": 0
                      }
                    ]
                  }
                ],
                "status": "available",
                "subnets": [
                  {
                    "available_ipv4_address_count": 241,
                    "id": "0717-7ea96db5-ef78-4e8a-8628-a2360170c377",
                    "name": "sn-20220901-01",
                    "status": "available",
                    "total_ipv4_address_count": 256,
                    "zone": "us-south-1"
                  },
                  {
                    "available_ipv4_address_count": 251,
                    "id": "0727-86ee0f62-ab29-401a-9e93-55c5a3b4ed45",
                    "name": "sn-20220901-04",
                    "status": "available",
                    "total_ipv4_address_count": 256,
                    "zone": "us-south-2"
                  },
                  {
                    "available_ipv4_address_count": 251,
                    "id": "0727-96beb601-e503-4ce3-94cf-0443bdec4478",
                    "name": "sn-20220901-02",
                    "status": "available",
                    "total_ipv4_address_count": 256,
                    "zone": "us-south-2"
                  },
                  {
                    "available_ipv4_address_count": 251,
                    "id": "0737-5776faf6-a060-422f-b6ca-124cd75808c2",
                    "name": "sn-20220901-03",
                    "status": "available",
                    "total_ipv4_address_count": 256,
                    "zone": "us-south-3"
                  }
                ],
                "tags": [
                  "env:test"
                ]
              },
              {
                "classic_access": false,
                "crn": "crn:v1:bluemix:public:is:us-south:a/e65910fa61ce9072d64902d03f3d4774::vpc:r006-76b49ef5-0410-4b98-9832-41205a6708b7",
                "cse_source_addresses": [
                  {
                    "address": "10.16.233.53",
                    "zone_name": "us-south-1"
                  },
                  {
                    "address": "10.22.27.190",
                    "zone_name": "us-south-2"
                  },
                  {
                    "address": "10.22.32.32",
                    "zone_name": "us-south-3"
                  }
                ],
                "default_network_acl": "r006-d20220e2-7cc9-49be-a2cb-b625e772c2fd",
                "default_network_acl_crn": "crn:v1:bluemix:public:is:us-south:a/e65910fa61ce9072d64902d03f3d4774::network-acl:r006-d20220e2-7cc9-49be-a2cb-b625e772c2fd",
                "default_network_acl_name": "authentic-stimulus-engine-nag",
                "default_routing_table": "r006-455a3408-1c38-4a07-925e-28305c8d3c39",
                "default_routing_table_name": "endpin-prorate-portal-vacuole",
                "default_security_group": "r006-2ea98f94-5832-4928-9b61-a762a3d43da5",
                "default_security_group_crn": "crn:v1:bluemix:public:is:us-south:a/e65910fa61ce9072d64902d03f3d4774::security-group:r006-2ea98f94-5832-4928-9b61-a762a3d43da5",
                "default_security_group_name": "nursing-majestic-cavity-impulsive",
                "id": "r006-76b49ef5-0410-4b98-9832-41205a6708b7",
                "name": "vpc-teste-vic",
                "resource_controller_url": "https://cloud.ibm.com/vpc-ext/network/vpcs",
                "resource_crn": "crn:v1:bluemix:public:is:us-south:a/e65910fa61ce9072d64902d03f3d4774::vpc:r006-76b49ef5-0410-4b98-9832-41205a6708b7",
                "resource_group": "b8ca11a9d7364ff1b3f23dccf94f7621",
                "resource_group_name": "vmoraes",
                "resource_name": "vpc-teste-vic",
                "resource_status": "available",
                "security_group": [
                  {
                    "group_id": "r006-2ea98f94-5832-4928-9b61-a762a3d43da5",
                    "group_name": "nursing-majestic-cavity-impulsive",
                    "rules": [
                      {
                        "code": 0,
                        "direction": "outbound",
                        "ip_version": "ipv4",
                        "port_max": 0,
                        "port_min": 0,
                        "protocol": "all",
                        "remote": "0.0.0.0/0",
                        "rule_id": "r006-7038555d-0344-493f-b9ba-dcb06d1bda97",
                        "type": 0
                      },
                      {
                        "code": 0,
                        "direction": "inbound",
                        "ip_version": "ipv4",
                        "port_max": 0,
                        "port_min": 0,
                        "protocol": "all",
                        "remote": "r006-2ea98f94-5832-4928-9b61-a762a3d43da5",
                        "rule_id": "r006-f498cae7-a025-4e75-a983-fb69fcd37b81",
                        "type": 0
                      },
                      {
                        "code": 0,
                        "direction": "inbound",
                        "ip_version": "ipv4",
                        "port_max": 22,
                        "port_min": 22,
                        "protocol": "tcp",
                        "remote": "0.0.0.0/0",
                        "rule_id": "",
                        "type": 0
                      },
                      {
                        "code": 0,
                        "direction": "inbound",
                        "ip_version": "ipv4",
                        "port_max": 0,
                        "port_min": 0,
                        "protocol": "icmp",
                        "remote": "0.0.0.0/0",
                        "rule_id": "r006-0c5c4cad-76b2-4808-8e4b-8e59785db4ea",
                        "type": 8
                      }
                    ]
                  }
                ],
                "status": "available",
                "subnets": [
                  {
                    "available_ipv4_address_count": 251,
                    "id": "0717-73196b59-7787-4ecb-8a34-41328eab83e7",
                    "name": "sn-20220614-01",
                    "status": "available",
                    "total_ipv4_address_count": 256,
                    "zone": "us-south-1"
                  },
                  {
                    "available_ipv4_address_count": 251,
                    "id": "0727-fe031976-a8b8-4f81-8f55-448e853f0268",
                    "name": "sn-20220614-02",
                    "status": "available",
                    "total_ipv4_address_count": 256,
                    "zone": "us-south-2"
                  },
                  {
                    "available_ipv4_address_count": 251,
                    "id": "0737-6b4506bb-3e51-453a-a465-3192e9dc05f2",
                    "name": "sn-20220614-03",
                    "status": "available",
                    "total_ipv4_address_count": 256,
                    "zone": "us-south-3"
                  }
                ],
                "tags": []
              },
              {
                "classic_access": false,
                "crn": "crn:v1:bluemix:public:is:us-south:a/e65910fa61ce9072d64902d03f3d4774::vpc:r006-8006132b-52b6-4023-b408-d4f29d3796ff",
                "cse_source_addresses": [
                  {
                    "address": "10.12.127.189",
                    "zone_name": "us-south-1"
                  },
                  {
                    "address": "10.16.240.9",
                    "zone_name": "us-south-2"
                  },
                  {
                    "address": "10.22.34.82",
                    "zone_name": "us-south-3"
                  }
                ],
                "default_network_acl": "r006-9d34981e-47dd-4fd0-9b20-3659179a0cbe",
                "default_network_acl_crn": "crn:v1:bluemix:public:is:us-south:a/e65910fa61ce9072d64902d03f3d4774::network-acl:r006-9d34981e-47dd-4fd0-9b20-3659179a0cbe",
                "default_network_acl_name": "syrup-mourner-handed-think",
                "default_routing_table": "r006-22d8c182-e9d9-4b46-bcc6-01a67296d4ef",
                "default_routing_table_name": "unsecured-criteria-circular-gigabyte",
                "default_security_group": "r006-34475c13-e655-447b-9fa7-c470e6e43aa0",
                "default_security_group_crn": "crn:v1:bluemix:public:is:us-south:a/e65910fa61ce9072d64902d03f3d4774::security-group:r006-34475c13-e655-447b-9fa7-c470e6e43aa0",
                "default_security_group_name": "unnoticed-emphatic-drainpipe-upstage",
                "id": "r006-8006132b-52b6-4023-b408-d4f29d3796ff",
                "name": "my-vpc",
                "resource_controller_url": "https://cloud.ibm.com/vpc-ext/network/vpcs",
                "resource_crn": "crn:v1:bluemix:public:is:us-south:a/e65910fa61ce9072d64902d03f3d4774::vpc:r006-8006132b-52b6-4023-b408-d4f29d3796ff",
                "resource_group": "fdd290732f7d47909181a189494e2990",
                "resource_group_name": "default",
                "resource_name": "my-vpc",
                "resource_status": "available",
                "security_group": [
                  {
                    "group_id": "r006-34475c13-e655-447b-9fa7-c470e6e43aa0",
                    "group_name": "unnoticed-emphatic-drainpipe-upstage",
                    "rules": [
                      {
                        "code": 0,
                        "direction": "outbound",
                        "ip_version": "ipv4",
                        "port_max": 0,
                        "port_min": 0,
                        "protocol": "all",
                        "remote": "0.0.0.0/0",
                        "rule_id": "r006-060411ef-0012-48a2-8737-60f14e12c30c",
                        "type": 0
                      },
                      {
                        "code": 0,
                        "direction": "inbound",
                        "ip_version": "ipv4",
                        "port_max": 0,
                        "port_min": 0,
                        "protocol": "all",
                        "remote": "r006-34475c13-e655-447b-9fa7-c470e6e43aa0",
                        "rule_id": "r006-fd7f05c7-4833-42f9-8608-2a0cf5052505",
                        "type": 0
                      }
                    ]
                  }
                ],
                "status": "available",
                "subnets": [],
                "tags": []
              },
              {
                "classic_access": false,
                "crn": "crn:v1:bluemix:public:is:us-south:a/e65910fa61ce9072d64902d03f3d4774::vpc:r006-81aef8a0-7234-4979-8d68-891f1c38ac90",
                "cse_source_addresses": [
                  {
                    "address": "10.22.22.176",
                    "zone_name": "us-south-1"
                  },
                  {
                    "address": "10.22.25.194",
                    "zone_name": "us-south-2"
                  },
                  {
                    "address": "10.22.39.6",
                    "zone_name": "us-south-3"
                  }
                ],
                "default_network_acl": "r006-67fe844d-750e-4575-9e88-7de7df8a7856",
                "default_network_acl_crn": "crn:v1:bluemix:public:is:us-south:a/e65910fa61ce9072d64902d03f3d4774::network-acl:r006-67fe844d-750e-4575-9e88-7de7df8a7856",
                "default_network_acl_name": "subsonic-deferral-stardust-loaf",
                "default_routing_table": "r006-8c6e8dcb-4794-4b8f-a287-d314e77b6f84",
                "default_routing_table_name": "spearmint-change-probation-affianced",
                "default_security_group": "r006-083ae0e8-3fd7-40d3-9606-16bf1e7c63ba",
                "default_security_group_crn": "crn:v1:bluemix:public:is:us-south:a/e65910fa61ce9072d64902d03f3d4774::security-group:r006-083ae0e8-3fd7-40d3-9606-16bf1e7c63ba",
                "default_security_group_name": "tableful-tipped-acts-barrack",
                "id": "r006-81aef8a0-7234-4979-8d68-891f1c38ac90",
                "name": "jaffasx-01-management-vpc",
                "resource_controller_url": "https://cloud.ibm.com/vpc-ext/network/vpcs",
                "resource_crn": "crn:v1:bluemix:public:is:us-south:a/e65910fa61ce9072d64902d03f3d4774::vpc:r006-81aef8a0-7234-4979-8d68-891f1c38ac90",
                "resource_group": "4c112b02f7424415b36a1480d7f15569",
                "resource_group_name": "jaffasx-01-management-rg",
                "resource_name": "jaffasx-01-management-vpc",
                "resource_status": "available",
                "security_group": [
                  {
                    "group_id": "r006-c9ce4207-0f7b-4970-a081-00d7e1d09993",
                    "group_name": "jaffasx-01-management",
                    "rules": [
                      {
                        "code": 0,
                        "direction": "inbound",
                        "ip_version": "ipv4",
                        "port_max": 0,
                        "port_min": 0,
                        "protocol": "all",
                        "remote": "10.0.0.0/8",
                        "rule_id": "r006-147bbc9a-0fe7-4a3b-afe8-91648cbc5930",
                        "type": 0
                      },
                      {
                        "code": 0,
                        "direction": "outbound",
                        "ip_version": "ipv4",
                        "port_max": 0,
                        "port_min": 0,
                        "protocol": "all",
                        "remote": "10.0.0.0/8",
                        "rule_id": "r006-0389baad-2afe-4534-a983-c1dc3461e22b",
                        "type": 0
                      },
                      {
                        "code": 0,
                        "direction": "inbound",
                        "ip_version": "ipv4",
                        "port_max": 0,
                        "port_min": 0,
                        "protocol": "all",
                        "remote": "161.26.0.0/16",
                        "rule_id": "r006-5a18913e-cfd1-45e9-b0ed-be47a7059024",
                        "type": 0
                      },
                      {
                        "code": 0,
                        "direction": "outbound",
                        "ip_version": "ipv4",
                        "port_max": 53,
                        "port_min": 53,
                        "protocol": "tcp",
                        "remote": "161.26.0.0/16",
                        "rule_id": "",
                        "type": 0
                      },
                      {
                        "code": 0,
                        "direction": "outbound",
                        "ip_version": "ipv4",
                        "port_max": 80,
                        "port_min": 80,
                        "protocol": "tcp",
                        "remote": "161.26.0.0/16",
                        "rule_id": "",
                        "type": 0
                      },
                      {
                        "code": 0,
                        "direction": "outbound",
                        "ip_version": "ipv4",
                        "port_max": 443,
                        "port_min": 443,
                        "protocol": "tcp",
                        "remote": "161.26.0.0/16",
                        "rule_id": "",
                        "type": 0
                      }
                    ]
                  },
                  {
                    "group_id": "r006-c5e26f00-14e6-4f92-aac0-135a46a2642b",
                    "group_name": "management-vpe-sg",
                    "rules": [
                      {
                        "code": 0,
                        "direction": "inbound",
                        "ip_version": "ipv4",
                        "port_max": 0,
                        "port_min": 0,
                        "protocol": "all",
                        "remote": "10.0.0.0/8",
                        "rule_id": "r006-604368f4-16f6-41a4-8d59-4c07e5ae1d2d",
                        "type": 0
                      },
                      {
                        "code": 0,
                        "direction": "outbound",
                        "ip_version": "ipv4",
                        "port_max": 0,
                        "port_min": 0,
                        "protocol": "all",
                        "remote": "10.0.0.0/8",
                        "rule_id": "r006-dfb50172-e5c5-42d9-80a6-a5dbd68bc890",
                        "type": 0
                      },
                      {
                        "code": 0,
                        "direction": "inbound",
                        "ip_version": "ipv4",
                        "port_max": 0,
                        "port_min": 0,
                        "protocol": "all",
                        "remote": "161.26.0.0/16",
                        "rule_id": "r006-0177f78d-9cd1-459a-9332-758726f09836",
                        "type": 0
                      },
                      {
                        "code": 0,
                        "direction": "outbound",
                        "ip_version": "ipv4",
                        "port_max": 443,
                        "port_min": 443,
                        "protocol": "tcp",
                        "remote": "161.26.0.0/16",
                        "rule_id": "",
                        "type": 0
                      },
                      {
                        "code": 0,
                        "direction": "outbound",
                        "ip_version": "ipv4",
                        "port_max": 80,
                        "port_min": 80,
                        "protocol": "tcp",
                        "remote": "161.26.0.0/16",
                        "rule_id": "",
                        "type": 0
                      },
                      {
                        "code": 0,
                        "direction": "outbound",
                        "ip_version": "ipv4",
                        "port_max": 53,
                        "port_min": 53,
                        "protocol": "tcp",
                        "remote": "161.26.0.0/16",
                        "rule_id": "",
                        "type": 0
                      }
                    ]
                  },
                  {
                    "group_id": "r006-083ae0e8-3fd7-40d3-9606-16bf1e7c63ba",
                    "group_name": "tableful-tipped-acts-barrack",
                    "rules": [
                      {
                        "code": 0,
                        "direction": "outbound",
                        "ip_version": "ipv4",
                        "port_max": 0,
                        "port_min": 0,
                        "protocol": "all",
                        "remote": "0.0.0.0/0",
                        "rule_id": "r006-e2f6e704-7a64-4d62-8cd6-0a84a237a8fc",
                        "type": 0
                      },
                      {
                        "code": 0,
                        "direction": "inbound",
                        "ip_version": "ipv4",
                        "port_max": 0,
                        "port_min": 0,
                        "protocol": "all",
                        "remote": "r006-083ae0e8-3fd7-40d3-9606-16bf1e7c63ba",
                        "rule_id": "r006-7faa4ce1-6e56-4ae8-bd63-2e2bfae9bc5b",
                        "type": 0
                      }
                    ]
                  }
                ],
                "status": "available",
                "subnets": [
                  {
                    "available_ipv4_address_count": 250,
                    "id": "0717-08adadc9-5f37-4a23-9cb9-284d3623f980",
                    "name": "jaffasx-01-management-vpe-zone-1",
                    "status": "available",
                    "total_ipv4_address_count": 256,
                    "zone": "us-south-1"
                  },
                  {
                    "available_ipv4_address_count": 251,
                    "id": "0717-0873e843-67db-4c22-8e5c-71178871f858",
                    "name": "jaffasx-01-management-vpn-zone-1",
                    "status": "available",
                    "total_ipv4_address_count": 256,
                    "zone": "us-south-1"
                  },
                  {
                    "available_ipv4_address_count": 250,
                    "id": "0727-4ecae834-5334-423b-8706-f7c791ade68e",
                    "name": "jaffasx-01-management-vpe-zone-2",
                    "status": "available",
                    "total_ipv4_address_count": 256,
                    "zone": "us-south-2"
                  },
                  {
                    "available_ipv4_address_count": 251,
                    "id": "0737-a424eee1-c71e-4774-8187-22f6166b0200",
                    "name": "jaffasx-01-management-vsi-zone-3",
                    "status": "available",
                    "total_ipv4_address_count": 256,
                    "zone": "us-south-3"
                  },
                  {
                    "available_ipv4_address_count": 251,
                    "id": "0717-6ca73715-ab9a-4e63-aa7c-776dddfb2a8b",
                    "name": "jaffasx-01-management-vsi-zone-1",
                    "status": "available",
                    "total_ipv4_address_count": 256,
                    "zone": "us-south-1"
                  },
                  {
                    "available_ipv4_address_count": 251,
                    "id": "0727-36a07005-5238-4a48-a74c-b83a62edb9e3",
                    "name": "jaffasx-01-management-vsi-zone-2",
                    "status": "available",
                    "total_ipv4_address_count": 256,
                    "zone": "us-south-2"
                  },
                  {
                    "available_ipv4_address_count": 250,
                    "id": "0737-37980d0b-ff38-40cb-a369-5ea5fa62abaa",
                    "name": "jaffasx-01-management-vpe-zone-3",
                    "status": "available",
                    "total_ipv4_address_count": 256,
                    "zone": "us-south-3"
                  }
                ],
                "tags": []
              },
              {
                "classic_access": false,
                "crn": "crn:v1:bluemix:public:is:us-south:a/e65910fa61ce9072d64902d03f3d4774::vpc:r006-8687ab4e-669b-4f47-8445-b2a7f4f963df",
                "cse_source_addresses": [
                  {
                    "address": "10.16.235.243",
                    "zone_name": "us-south-1"
                  },
                  {
                    "address": "10.22.30.229",
                    "zone_name": "us-south-2"
                  },
                  {
                    "address": "10.12.166.23",
                    "zone_name": "us-south-3"
                  }
                ],
                "default_network_acl": "r006-50fa86ee-4781-4024-a192-dfab1819ff51",
                "default_network_acl_crn": "crn:v1:bluemix:public:is:us-south:a/e65910fa61ce9072d64902d03f3d4774::network-acl:r006-50fa86ee-4781-4024-a192-dfab1819ff51",
                "default_network_acl_name": "semifinal-evacuate-bassoon-boondocks",
                "default_routing_table": "r006-6483c5a5-b153-43fc-8812-30019c750287",
                "default_routing_table_name": "vexingly-floss-clubbing-zestfully",
                "default_security_group": "r006-8a2fdd09-404f-4c66-a1bc-ea1be07177cf",
                "default_security_group_crn": "crn:v1:bluemix:public:is:us-south:a/e65910fa61ce9072d64902d03f3d4774::security-group:r006-8a2fdd09-404f-4c66-a1bc-ea1be07177cf",
                "default_security_group_name": "shy-entrench-scrabble-ripcord",
                "id": "r006-8687ab4e-669b-4f47-8445-b2a7f4f963df",
                "name": "cloud-journey-vpc",
                "resource_controller_url": "https://cloud.ibm.com/vpc-ext/network/vpcs",
                "resource_crn": "crn:v1:bluemix:public:is:us-south:a/e65910fa61ce9072d64902d03f3d4774::vpc:r006-8687ab4e-669b-4f47-8445-b2a7f4f963df",
                "resource_group": "71a2d7aa5f604c81a88290b8e6d46df4",
                "resource_group_name": "sputnik-rg",
                "resource_name": "cloud-journey-vpc",
                "resource_status": "available",
                "security_group": [
                  {
                    "group_id": "r006-8a2fdd09-404f-4c66-a1bc-ea1be07177cf",
                    "group_name": "shy-entrench-scrabble-ripcord",
                    "rules": [
                      {
                        "code": 0,
                        "direction": "outbound",
                        "ip_version": "ipv4",
                        "port_max": 0,
                        "port_min": 0,
                        "protocol": "all",
                        "remote": "0.0.0.0/0",
                        "rule_id": "r006-5370b163-66b2-4bc1-877a-481e5bdab097",
                        "type": 0
                      },
                      {
                        "code": 0,
                        "direction": "inbound",
                        "ip_version": "ipv4",
                        "port_max": 0,
                        "port_min": 0,
                        "protocol": "all",
                        "remote": "r006-8a2fdd09-404f-4c66-a1bc-ea1be07177cf",
                        "rule_id": "r006-34795f92-b872-4fce-8dbe-c15b3bc484e0",
                        "type": 0
                      },
                      {
                        "code": 0,
                        "direction": "inbound",
                        "ip_version": "ipv4",
                        "port_max": 22,
                        "port_min": 22,
                        "protocol": "tcp",
                        "remote": "0.0.0.0/0",
                        "rule_id": "",
                        "type": 0
                      },
                      {
                        "code": 0,
                        "direction": "inbound",
                        "ip_version": "ipv4",
                        "port_max": 0,
                        "port_min": 0,
                        "protocol": "icmp",
                        "remote": "0.0.0.0/0",
                        "rule_id": "r006-3621a8f7-8aa5-464a-8756-2c4bded172db",
                        "type": 8
                      }
                    ]
                  }
                ],
                "status": "available",
                "subnets": [
                  {
                    "available_ipv4_address_count": 250,
                    "id": "0717-4a4a9cce-a516-48a3-8aa9-e20efaf8268a",
                    "name": "cloud-journey-vpc-subnet-a",
                    "status": "available",
                    "total_ipv4_address_count": 256,
                    "zone": "us-south-1"
                  },
                  {
                    "available_ipv4_address_count": 251,
                    "id": "0717-2868702e-4afb-4a31-a129-75d537a39523",
                    "name": "cloud-journey-bastion-subnet-a",
                    "status": "available",
                    "total_ipv4_address_count": 256,
                    "zone": "us-south-1"
                  },
                  {
                    "available_ipv4_address_count": 250,
                    "id": "0727-1af8abee-9a41-4e74-8d20-ff521c93a9c0",
                    "name": "cloud-journey-vpc-subnet-b",
                    "status": "available",
                    "total_ipv4_address_count": 256,
                    "zone": "us-south-2"
                  },
                  {
                    "available_ipv4_address_count": 250,
                    "id": "0737-834f80eb-094b-4a5f-a637-eedab6abf2d1",
                    "name": "cloud-journey-vpc-subnet-c",
                    "status": "available",
                    "total_ipv4_address_count": 256,
                    "zone": "us-south-3"
                  }
                ],
                "tags": [
                  "schematics:us-south.workspace.sputnik-workspace.cda368ef"
                ]
              },
              {
                "classic_access": false,
                "crn": "crn:v1:bluemix:public:is:us-south:a/e65910fa61ce9072d64902d03f3d4774::vpc:r006-95aa16ee-0c19-4503-899c-9a1a4b9acf0a",
                "cse_source_addresses": [
                  {
                    "address": "10.16.237.83",
                    "zone_name": "us-south-1"
                  },
                  {
                    "address": "10.22.30.174",
                    "zone_name": "us-south-2"
                  },
                  {
                    "address": "10.249.214.205",
                    "zone_name": "us-south-3"
                  }
                ],
                "default_network_acl": "r006-23e9c080-7648-441b-93e5-282d0ca64eb2",
                "default_network_acl_crn": "crn:v1:bluemix:public:is:us-south:a/e65910fa61ce9072d64902d03f3d4774::network-acl:r006-23e9c080-7648-441b-93e5-282d0ca64eb2",
                "default_network_acl_name": "remkohdev-vpc1-sn1-acl1",
                "default_routing_table": "r006-e85844b3-cf36-4c31-9978-e1a34214b699",
                "default_routing_table_name": "mutual-sized-waltz-overpass",
                "default_security_group": "r006-c32f7829-445a-4b2d-a289-9c8323fba172",
                "default_security_group_crn": "crn:v1:bluemix:public:is:us-south:a/e65910fa61ce9072d64902d03f3d4774::security-group:r006-c32f7829-445a-4b2d-a289-9c8323fba172",
                "default_security_group_name": "unpeeled-ideally-grape-radiantly",
                "id": "r006-95aa16ee-0c19-4503-899c-9a1a4b9acf0a",
                "name": "remkohdev-vpc1",
                "resource_controller_url": "https://cloud.ibm.com/vpc-ext/network/vpcs",
                "resource_crn": "crn:v1:bluemix:public:is:us-south:a/e65910fa61ce9072d64902d03f3d4774::vpc:r006-95aa16ee-0c19-4503-899c-9a1a4b9acf0a",
                "resource_group": "0d71b6d02dba487a9826cc7e5c546dd0",
                "resource_group_name": "remkohdev-vpc-rg",
                "resource_name": "remkohdev-vpc1",
                "resource_status": "available",
                "security_group": [
                  {
                    "group_id": "r006-c32f7829-445a-4b2d-a289-9c8323fba172",
                    "group_name": "unpeeled-ideally-grape-radiantly",
                    "rules": [
                      {
                        "code": 0,
                        "direction": "outbound",
                        "ip_version": "ipv4",
                        "port_max": 0,
                        "port_min": 0,
                        "protocol": "all",
                        "remote": "0.0.0.0/0",
                        "rule_id": "r006-ae8375cc-456d-4ab8-8999-2a4c8a83c39a",
                        "type": 0
                      },
                      {
                        "code": 0,
                        "direction": "inbound",
                        "ip_version": "ipv4",
                        "port_max": 0,
                        "port_min": 0,
                        "protocol": "all",
                        "remote": "r006-c32f7829-445a-4b2d-a289-9c8323fba172",
                        "rule_id": "r006-54cc9018-0650-4488-878b-919a846d53e7",
                        "type": 0
                      },
                      {
                        "code": 0,
                        "direction": "inbound",
                        "ip_version": "ipv4",
                        "port_max": 22,
                        "port_min": 22,
                        "protocol": "tcp",
                        "remote": "0.0.0.0/0",
                        "rule_id": "",
                        "type": 0
                      },
                      {
                        "code": 0,
                        "direction": "inbound",
                        "ip_version": "ipv4",
                        "port_max": 0,
                        "port_min": 0,
                        "protocol": "icmp",
                        "remote": "0.0.0.0/0",
                        "rule_id": "r006-ff4f868e-1c4b-4ca2-b9b8-d0dc1f173636",
                        "type": 8
                      }
                    ]
                  }
                ],
                "status": "available",
                "subnets": [
                  {
                    "available_ipv4_address_count": 250,
                    "id": "0717-16865048-a274-41be-92ac-23d5cd3f67f7",
                    "name": "remkohdev-sn1",
                    "status": "available",
                    "total_ipv4_address_count": 256,
                    "zone": "us-south-1"
                  },
                  {
                    "available_ipv4_address_count": 251,
                    "id": "0727-84469c7b-6d86-4dce-bba4-f1e7fcd7d55f",
                    "name": "remkohdev-sn2",
                    "status": "available",
                    "total_ipv4_address_count": 256,
                    "zone": "us-south-2"
                  }
                ],
                "tags": [
                  "dev",
                  "remkohdev"
                ]
              },
              {
                "classic_access": false,
                "crn": "crn:v1:bluemix:public:is:us-south:a/e65910fa61ce9072d64902d03f3d4774::vpc:r006-9872ba65-81eb-4bd8-be3e-821bbbb08066",
                "cse_source_addresses": [
                  {
                    "address": "10.249.199.79",
                    "zone_name": "us-south-1"
                  },
                  {
                    "address": "10.22.28.255",
                    "zone_name": "us-south-2"
                  },
                  {
                    "address": "10.12.167.18",
                    "zone_name": "us-south-3"
                  }
                ],
                "default_network_acl": "r006-ffb815ff-d34c-45e0-985a-21ff83a833c4",
                "default_network_acl_crn": "crn:v1:bluemix:public:is:us-south:a/e65910fa61ce9072d64902d03f3d4774::network-acl:r006-ffb815ff-d34c-45e0-985a-21ff83a833c4",
                "default_network_acl_name": "sitting-emcee-mower-professed",
                "default_routing_table": "r006-2ceeabe6-68c4-4dd0-a1e5-bc7e2c38cc70",
                "default_routing_table_name": "aroma-lining-voting-unknotted",
                "default_security_group": "r006-b2970d32-c10c-4ed3-86df-bf0a3f1820fa",
                "default_security_group_crn": "crn:v1:bluemix:public:is:us-south:a/e65910fa61ce9072d64902d03f3d4774::security-group:r006-b2970d32-c10c-4ed3-86df-bf0a3f1820fa",
                "default_security_group_name": "subheader-bring-drapery-ecosphere",
                "id": "r006-9872ba65-81eb-4bd8-be3e-821bbbb08066",
                "name": "ga-vpc",
                "resource_controller_url": "https://cloud.ibm.com/vpc-ext/network/vpcs",
                "resource_crn": "crn:v1:bluemix:public:is:us-south:a/e65910fa61ce9072d64902d03f3d4774::vpc:r006-9872ba65-81eb-4bd8-be3e-821bbbb08066",
                "resource_group": "f9619e7c8ed0429f8de9e7b99746b2bf",
                "resource_group_name": "build-labs-latam",
                "resource_name": "ga-vpc",
                "resource_status": "available",
                "security_group": [
                  {
                    "group_id": "r006-b2970d32-c10c-4ed3-86df-bf0a3f1820fa",
                    "group_name": "subheader-bring-drapery-ecosphere",
                    "rules": [
                      {
                        "code": 0,
                        "direction": "outbound",
                        "ip_version": "ipv4",
                        "port_max": 0,
                        "port_min": 0,
                        "protocol": "all",
                        "remote": "0.0.0.0/0",
                        "rule_id": "r006-d058a024-7161-4b20-b100-6978513495bf",
                        "type": 0
                      },
                      {
                        "code": 0,
                        "direction": "inbound",
                        "ip_version": "ipv4",
                        "port_max": 0,
                        "port_min": 0,
                        "protocol": "all",
                        "remote": "r006-b2970d32-c10c-4ed3-86df-bf0a3f1820fa",
                        "rule_id": "r006-9f9dfc9b-ca52-47d1-b165-c0a42ec40099",
                        "type": 0
                      },
                      {
                        "code": 0,
                        "direction": "inbound",
                        "ip_version": "ipv4",
                        "port_max": 22,
                        "port_min": 22,
                        "protocol": "tcp",
                        "remote": "0.0.0.0/0",
                        "rule_id": "",
                        "type": 0
                      },
                      {
                        "code": 0,
                        "direction": "inbound",
                        "ip_version": "ipv4",
                        "port_max": 0,
                        "port_min": 0,
                        "protocol": "icmp",
                        "remote": "0.0.0.0/0",
                        "rule_id": "r006-00232a9a-5f76-49e8-8cef-66966fec0834",
                        "type": 8
                      },
                      {
                        "code": 0,
                        "direction": "inbound",
                        "ip_version": "ipv4",
                        "port_max": 500,
                        "port_min": 500,
                        "protocol": "tcp",
                        "remote": "0.0.0.0/0",
                        "rule_id": "",
                        "type": 0
                      },
                      {
                        "code": 0,
                        "direction": "inbound",
                        "ip_version": "ipv4",
                        "port_max": 67,
                        "port_min": 67,
                        "protocol": "tcp",
                        "remote": "0.0.0.0/0",
                        "rule_id": "",
                        "type": 0
                      },
                      {
                        "code": 0,
                        "direction": "inbound",
                        "ip_version": "ipv4",
                        "port_max": 67,
                        "port_min": 67,
                        "protocol": "udp",
                        "remote": "0.0.0.0/0",
                        "rule_id": "",
                        "type": 0
                      },
                      {
                        "code": 0,
                        "direction": "inbound",
                        "ip_version": "ipv4",
                        "port_max": 4500,
                        "port_min": 4500,
                        "protocol": "tcp",
                        "remote": "0.0.0.0/0",
                        "rule_id": "",
                        "type": 0
                      }
                    ]
                  }
                ],
                "status": "available",
                "subnets": [
                  {
                    "available_ipv4_address_count": 251,
                    "id": "0717-a801f5b5-0aaf-44be-a78a-df4b6ae415ef",
                    "name": "sn-20220728-01",
                    "status": "available",
                    "total_ipv4_address_count": 256,
                    "zone": "us-south-1"
                  },
                  {
                    "available_ipv4_address_count": 251,
                    "id": "0737-22220801-360e-4ca3-88d3-1a3cf1828cd9",
                    "name": "sn-20220728-03",
                    "status": "available",
                    "total_ipv4_address_count": 256,
                    "zone": "us-south-3"
                  },
                  {
                    "available_ipv4_address_count": 251,
                    "id": "0727-d22b978d-57e1-4008-b64e-488b42c550bf",
                    "name": "sn-20220728-02",
                    "status": "available",
                    "total_ipv4_address_count": 256,
                    "zone": "us-south-2"
                  }
                ],
                "tags": [
                  "build-labs-latam"
                ]
              },
              {
                "classic_access": true,
                "crn": "crn:v1:bluemix:public:is:us-south:a/e65910fa61ce9072d64902d03f3d4774::vpc:r006-99f4af03-b095-41f0-b9e6-6d50059b4976",
                "cse_source_addresses": [
                  {
                    "address": "10.16.236.149",
                    "zone_name": "us-south-1"
                  },
                  {
                    "address": "10.16.241.42",
                    "zone_name": "us-south-2"
                  },
                  {
                    "address": "10.16.251.237",
                    "zone_name": "us-south-3"
                  }
                ],
                "default_network_acl": "r006-8d930ce0-b640-41ec-bab6-d1e1909d7d8c",
                "default_network_acl_crn": "crn:v1:bluemix:public:is:us-south:a/e65910fa61ce9072d64902d03f3d4774::network-acl:r006-8d930ce0-b640-41ec-bab6-d1e1909d7d8c",
                "default_network_acl_name": "untamed-jockey-simile-snowboard",
                "default_routing_table": "r006-f66944a2-4e2e-4dab-a2da-c8d9cd1d6713",
                "default_routing_table_name": "swipe-unglazed-hardwired-esquire",
                "default_security_group": "r006-a8e20530-6537-4b80-946d-13d8d6c7aaa4",
                "default_security_group_crn": "crn:v1:bluemix:public:is:us-south:a/e65910fa61ce9072d64902d03f3d4774::security-group:r006-a8e20530-6537-4b80-946d-13d8d6c7aaa4",
                "default_security_group_name": "translate-dubiously-acquaint-passport",
                "id": "r006-99f4af03-b095-41f0-b9e6-6d50059b4976",
                "name": "vmc-net",
                "resource_controller_url": "https://cloud.ibm.com/vpc-ext/network/vpcs",
                "resource_crn": "crn:v1:bluemix:public:is:us-south:a/e65910fa61ce9072d64902d03f3d4774::vpc:r006-99f4af03-b095-41f0-b9e6-6d50059b4976",
                "resource_group": "fdd290732f7d47909181a189494e2990",
                "resource_group_name": "default",
                "resource_name": "vmc-net",
                "resource_status": "available",
                "security_group": [
                  {
                    "group_id": "r006-a8e20530-6537-4b80-946d-13d8d6c7aaa4",
                    "group_name": "translate-dubiously-acquaint-passport",
                    "rules": [
                      {
                        "code": 0,
                        "direction": "outbound",
                        "ip_version": "ipv4",
                        "port_max": 0,
                        "port_min": 0,
                        "protocol": "all",
                        "remote": "0.0.0.0/0",
                        "rule_id": "r006-772f9c54-200d-4396-91af-fa241b65f3c7",
                        "type": 0
                      },
                      {
                        "code": 0,
                        "direction": "inbound",
                        "ip_version": "ipv4",
                        "port_max": 0,
                        "port_min": 0,
                        "protocol": "all",
                        "remote": "r006-a8e20530-6537-4b80-946d-13d8d6c7aaa4",
                        "rule_id": "r006-9d73dd99-104d-453c-a41b-8f47ddf16055",
                        "type": 0
                      },
                      {
                        "code": 0,
                        "direction": "inbound",
                        "ip_version": "ipv4",
                        "port_max": 0,
                        "port_min": 0,
                        "protocol": "icmp",
                        "remote": "0.0.0.0/0",
                        "rule_id": "r006-9bb3b925-f657-4e87-884d-84dd58ea3a6a",
                        "type": 8
                      },
                      {
                        "code": 0,
                        "direction": "inbound",
                        "ip_version": "ipv4",
                        "port_max": 22,
                        "port_min": 22,
                        "protocol": "tcp",
                        "remote": "0.0.0.0/0",
                        "rule_id": "",
                        "type": 0
                      }
                    ]
                  }
                ],
                "status": "available",
                "subnets": [
                  {
                    "available_ipv4_address_count": 251,
                    "id": "0727-cd65047f-5596-4e13-bbc2-ea5798c1d6a3",
                    "name": "sn-20220615-02",
                    "status": "available",
                    "total_ipv4_address_count": 256,
                    "zone": "us-south-2"
                  },
                  {
                    "available_ipv4_address_count": 251,
                    "id": "0717-ec132a40-b09f-4c70-b6c0-3ab64a65fa9b",
                    "name": "sn-20220615-01",
                    "status": "available",
                    "total_ipv4_address_count": 256,
                    "zone": "us-south-1"
                  },
                  {
                    "available_ipv4_address_count": 251,
                    "id": "0737-9107ee53-d531-45e8-bf80-5c4b57ccc754",
                    "name": "sn-20220615-03",
                    "status": "available",
                    "total_ipv4_address_count": 256,
                    "zone": "us-south-3"
                  }
                ],
                "tags": []
              },
              {
                "classic_access": false,
                "crn": "crn:v1:bluemix:public:is:us-south:a/e65910fa61ce9072d64902d03f3d4774::vpc:r006-9be32a68-4baf-48ae-87a6-f23e00cff942",
                "cse_source_addresses": [
                  {
                    "address": "10.22.20.90",
                    "zone_name": "us-south-1"
                  },
                  {
                    "address": "10.12.159.184",
                    "zone_name": "us-south-2"
                  },
                  {
                    "address": "10.249.212.67",
                    "zone_name": "us-south-3"
                  }
                ],
                "default_network_acl": "r006-9478f2c9-94bc-49a7-b213-48d5094f9c14",
                "default_network_acl_crn": "crn:v1:bluemix:public:is:us-south:a/e65910fa61ce9072d64902d03f3d4774::network-acl:r006-9478f2c9-94bc-49a7-b213-48d5094f9c14",
                "default_network_acl_name": "sagar-test-acl",
                "default_routing_table": "r006-33f95eb9-ea6c-47bb-93e4-805b526c3622",
                "default_routing_table_name": "retinal-natural-untrue-railroad",
                "default_security_group": "r006-da1d38b6-2ffb-478a-bf24-0cec5d59b891",
                "default_security_group_crn": "crn:v1:bluemix:public:is:us-south:a/e65910fa61ce9072d64902d03f3d4774::security-group:r006-da1d38b6-2ffb-478a-bf24-0cec5d59b891",
                "default_security_group_name": "polygon-distinct-manicotti-rubbed",
                "id": "r006-9be32a68-4baf-48ae-87a6-f23e00cff942",
                "name": "sagar-vpc",
                "resource_controller_url": "https://cloud.ibm.com/vpc-ext/network/vpcs",
                "resource_crn": "crn:v1:bluemix:public:is:us-south:a/e65910fa61ce9072d64902d03f3d4774::vpc:r006-9be32a68-4baf-48ae-87a6-f23e00cff942",
                "resource_group": "0121e3950d994bb6bc1b67de1f8bad85",
                "resource_group_name": "test-sagar",
                "resource_name": "sagar-vpc",
                "resource_status": "available",
                "security_group": [
                  {
                    "group_id": "r006-5253cb29-96e7-42eb-af12-a617451e56a1",
                    "group_name": "vpc-pubpriv-frontend-sg",
                    "rules": [
                      {
                        "code": 0,
                        "direction": "inbound",
                        "ip_version": "ipv4",
                        "port_max": 80,
                        "port_min": 80,
                        "protocol": "tcp",
                        "remote": "0.0.0.0/0",
                        "rule_id": "",
                        "type": 0
                      },
                      {
                        "code": 0,
                        "direction": "inbound",
                        "ip_version": "ipv4",
                        "port_max": 0,
                        "port_min": 0,
                        "protocol": "icmp",
                        "remote": "0.0.0.0/0",
                        "rule_id": "r006-8291886b-75de-48e0-99c2-340fc63806d8",
                        "type": 8
                      },
                      {
                        "code": 0,
                        "direction": "outbound",
                        "ip_version": "ipv4",
                        "port_max": 22,
                        "port_min": 22,
                        "protocol": "tcp",
                        "remote": "r006-9213a96c-289c-491e-ab35-07f49b5900a7",
                        "rule_id": "",
                        "type": 0
                      }
                    ]
                  },
                  {
                    "group_id": "r006-51a62134-4b8e-4e7d-a0fc-a4f3f7f1dbbb",
                    "group_name": "vpc-secure-private-sg",
                    "rules": [
                      {
                        "code": 0,
                        "direction": "inbound",
                        "ip_version": "ipv4",
                        "port_max": 0,
                        "port_min": 0,
                        "protocol": "icmp",
                        "remote": "0.0.0.0/0",
                        "rule_id": "r006-54375aac-a506-48cf-9626-78fccc18b882",
                        "type": 8
                      },
                      {
                        "code": 0,
                        "direction": "outbound",
                        "ip_version": "ipv4",
                        "port_max": 0,
                        "port_min": 0,
                        "protocol": "icmp",
                        "remote": "0.0.0.0/0",
                        "rule_id": "r006-9e679505-efbe-4e78-8cf7-b07fe8df42bd",
                        "type": 8
                      },
                      {
                        "code": 0,
                        "direction": "inbound",
                        "ip_version": "ipv4",
                        "port_max": 22,
                        "port_min": 22,
                        "protocol": "tcp",
                        "remote": "0.0.0.0/0",
                        "rule_id": "",
                        "type": 0
                      },
                      {
                        "code": 0,
                        "direction": "outbound",
                        "ip_version": "ipv4",
                        "port_max": 22,
                        "port_min": 22,
                        "protocol": "tcp",
                        "remote": "0.0.0.0/0",
                        "rule_id": "",
                        "type": 0
                      }
                    ]
                  },
                  {
                    "group_id": "r006-60d6cc07-4e97-428c-8566-c9ddedee7428",
                    "group_name": "vpc-secure-maintenance-sg",
                    "rules": [
                      {
                        "code": 0,
                        "direction": "inbound",
                        "ip_version": "ipv4",
                        "port_max": 22,
                        "port_min": 22,
                        "protocol": "tcp",
                        "remote": "0.0.0.0/0",
                        "rule_id": "",
                        "type": 0
                      },
                      {
                        "code": 0,
                        "direction": "outbound",
                        "ip_version": "ipv4",
                        "port_max": 80,
                        "port_min": 80,
                        "protocol": "tcp",
                        "remote": "0.0.0.0/0",
                        "rule_id": "",
                        "type": 0
                      },
                      {
                        "code": 0,
                        "direction": "outbound",
                        "ip_version": "ipv4",
                        "port_max": 53,
                        "port_min": 53,
                        "protocol": "tcp",
                        "remote": "0.0.0.0/0",
                        "rule_id": "",
                        "type": 0
                      },
                      {
                        "code": 0,
                        "direction": "outbound",
                        "ip_version": "ipv4",
                        "port_max": 443,
                        "port_min": 443,
                        "protocol": "tcp",
                        "remote": "0.0.0.0/0",
                        "rule_id": "",
                        "type": 0
                      },
                      {
                        "code": 0,
                        "direction": "outbound",
                        "ip_version": "ipv4",
                        "port_max": 53,
                        "port_min": 53,
                        "protocol": "udp",
                        "remote": "0.0.0.0/0",
                        "rule_id": "",
                        "type": 0
                      },
                      {
                        "code": 0,
                        "direction": "outbound",
                        "ip_version": "ipv4",
                        "port_max": 22,
                        "port_min": 22,
                        "protocol": "tcp",
                        "remote": "0.0.0.0/0",
                        "rule_id": "",
                        "type": 0
                      },
                      {
                        "code": 0,
                        "direction": "inbound",
                        "ip_version": "ipv4",
                        "port_max": 80,
                        "port_min": 80,
                        "protocol": "tcp",
                        "remote": "0.0.0.0/0",
                        "rule_id": "",
                        "type": 0
                      }
                    ]
                  },
                  {
                    "group_id": "r006-9213a96c-289c-491e-ab35-07f49b5900a7",
                    "group_name": "vpc-secure-bastion-sg",
                    "rules": [
                      {
                        "code": 0,
                        "direction": "inbound",
                        "ip_version": "ipv4",
                        "port_max": 22,
                        "port_min": 22,
                        "protocol": "tcp",
                        "remote": "0.0.0.0/0",
                        "rule_id": "",
                        "type": 0
                      },
                      {
                        "code": 0,
                        "direction": "inbound",
                        "ip_version": "ipv4",
                        "port_max": 0,
                        "port_min": 0,
                        "protocol": "icmp",
                        "remote": "0.0.0.0/0",
                        "rule_id": "r006-7daa2620-df11-4712-b5b4-467e97ecf5df",
                        "type": 8
                      },
                      {
                        "code": 0,
                        "direction": "outbound",
                        "ip_version": "ipv4",
                        "port_max": 0,
                        "port_min": 0,
                        "protocol": "icmp",
                        "remote": "0.0.0.0/0",
                        "rule_id": "r006-c4c98352-8943-472a-a579-46e1fc0991d5",
                        "type": 8
                      },
                      {
                        "code": 0,
                        "direction": "outbound",
                        "ip_version": "ipv4",
                        "port_max": 22,
                        "port_min": 22,
                        "protocol": "tcp",
                        "remote": "0.0.0.0/0",
                        "rule_id": "",
                        "type": 0
                      }
                    ]
                  },
                  {
                    "group_id": "r006-da1d38b6-2ffb-478a-bf24-0cec5d59b891",
                    "group_name": "polygon-distinct-manicotti-rubbed",
                    "rules": [
                      {
                        "code": 0,
                        "direction": "outbound",
                        "ip_version": "ipv4",
                        "port_max": 0,
                        "port_min": 0,
                        "protocol": "all",
                        "remote": "0.0.0.0/0",
                        "rule_id": "r006-1a76dbd9-8088-424f-95cc-d801b54f1ee3",
                        "type": 0
                      },
                      {
                        "code": 0,
                        "direction": "inbound",
                        "ip_version": "ipv4",
                        "port_max": 0,
                        "port_min": 0,
                        "protocol": "all",
                        "remote": "r006-da1d38b6-2ffb-478a-bf24-0cec5d59b891",
                        "rule_id": "r006-eaa3b063-d96b-4ff2-9cc2-9467a1e5d200",
                        "type": 0
                      },
                      {
                        "code": 0,
                        "direction": "inbound",
                        "ip_version": "ipv4",
                        "port_max": 22,
                        "port_min": 22,
                        "protocol": "tcp",
                        "remote": "0.0.0.0/0",
                        "rule_id": "",
                        "type": 0
                      },
                      {
                        "code": 0,
                        "direction": "inbound",
                        "ip_version": "ipv4",
                        "port_max": 0,
                        "port_min": 0,
                        "protocol": "icmp",
                        "remote": "0.0.0.0/0",
                        "rule_id": "r006-fcd477f5-d25b-428d-912f-79c29f632db9",
                        "type": 8
                      }
                    ]
                  }
                ],
                "status": "available",
                "subnets": [],
                "tags": [
                  "env:test"
                ]
              },
              {
                "classic_access": false,
                "crn": "crn:v1:bluemix:public:is:us-south:a/e65910fa61ce9072d64902d03f3d4774::vpc:r006-9e092bf7-863d-4c67-96e9-34306423e967",
                "cse_source_addresses": [
                  {
                    "address": "10.16.237.12",
                    "zone_name": "us-south-1"
                  },
                  {
                    "address": "10.12.159.142",
                    "zone_name": "us-south-2"
                  },
                  {
                    "address": "10.12.168.244",
                    "zone_name": "us-south-3"
                  }
                ],
                "default_network_acl": "r006-ed165dcb-071d-4e07-aacb-602ab71492c5",
                "default_network_acl_crn": "crn:v1:bluemix:public:is:us-south:a/e65910fa61ce9072d64902d03f3d4774::network-acl:r006-ed165dcb-071d-4e07-aacb-602ab71492c5",
                "default_network_acl_name": "magma-nutrient-uncommon-junkyard",
                "default_routing_table": "r006-a8e76bb3-2d3c-4f41-a94b-29630e72ec89",
                "default_routing_table_name": "shamble-dismay-chicken-scalping",
                "default_security_group": "r006-47bbe121-a611-4f50-9631-b0f685de02fc",
                "default_security_group_crn": "crn:v1:bluemix:public:is:us-south:a/e65910fa61ce9072d64902d03f3d4774::security-group:r006-47bbe121-a611-4f50-9631-b0f685de02fc",
                "default_security_group_name": "sagar-sg",
                "id": "r006-9e092bf7-863d-4c67-96e9-34306423e967",
                "name": "sagar-mgmt-vpc",
                "resource_controller_url": "https://cloud.ibm.com/vpc-ext/network/vpcs",
                "resource_crn": "crn:v1:bluemix:public:is:us-south:a/e65910fa61ce9072d64902d03f3d4774::vpc:r006-9e092bf7-863d-4c67-96e9-34306423e967",
                "resource_group": "0121e3950d994bb6bc1b67de1f8bad85",
                "resource_group_name": "test-sagar",
                "resource_name": "sagar-mgmt-vpc",
                "resource_status": "available",
                "security_group": [
                  {
                    "group_id": "r006-47bbe121-a611-4f50-9631-b0f685de02fc",
                    "group_name": "sagar-sg",
                    "rules": [
                      {
                        "code": 0,
                        "direction": "outbound",
                        "ip_version": "ipv4",
                        "port_max": 0,
                        "port_min": 0,
                        "protocol": "all",
                        "remote": "0.0.0.0/0",
                        "rule_id": "r006-d5b3cbf9-325b-47b2-8bf1-0c600896ce7d",
                        "type": 0
                      },
                      {
                        "code": 0,
                        "direction": "inbound",
                        "ip_version": "ipv4",
                        "port_max": 0,
                        "port_min": 0,
                        "protocol": "all",
                        "remote": "r006-47bbe121-a611-4f50-9631-b0f685de02fc",
                        "rule_id": "r006-73911d05-6965-49f4-b66f-c0a85c4a63d5",
                        "type": 0
                      },
                      {
                        "code": 0,
                        "direction": "inbound",
                        "ip_version": "ipv4",
                        "port_max": 0,
                        "port_min": 0,
                        "protocol": "icmp",
                        "remote": "0.0.0.0/0",
                        "rule_id": "r006-7d6798f0-3748-4519-aa78-90e9c2af5f3f",
                        "type": 8
                      },
                      {
                        "code": 0,
                        "direction": "inbound",
                        "ip_version": "ipv4",
                        "port_max": 22,
                        "port_min": 22,
                        "protocol": "tcp",
                        "remote": "0.0.0.0/0",
                        "rule_id": "",
                        "type": 0
                      }
                    ]
                  }
                ],
                "status": "available",
                "subnets": [
                  {
                    "available_ipv4_address_count": 251,
                    "id": "0737-842f6bbb-eff8-41f8-a295-99e1ba270c58",
                    "name": "subnet-3",
                    "status": "available",
                    "total_ipv4_address_count": 256,
                    "zone": "us-south-3"
                  },
                  {
                    "available_ipv4_address_count": 251,
                    "id": "0717-2e451cca-9ffc-4d05-b7fa-89d4186e9bf4",
                    "name": "subnet1",
                    "status": "available",
                    "total_ipv4_address_count": 256,
                    "zone": "us-south-1"
                  }
                ],
                "tags": []
              },
              {
                "classic_access": false,
                "crn": "crn:v1:bluemix:public:is:us-south:a/e65910fa61ce9072d64902d03f3d4774::vpc:r006-a50d85a5-e670-4497-bf9b-97deefc783f6",
                "cse_source_addresses": [
                  {
                    "address": "10.249.192.70",
                    "zone_name": "us-south-1"
                  },
                  {
                    "address": "10.249.202.118",
                    "zone_name": "us-south-2"
                  },
                  {
                    "address": "10.12.165.90",
                    "zone_name": "us-south-3"
                  }
                ],
                "default_network_acl": "r006-6738a98d-44e0-49ac-99f7-e3819e416fab",
                "default_network_acl_crn": "crn:v1:bluemix:public:is:us-south:a/e65910fa61ce9072d64902d03f3d4774::network-acl:r006-6738a98d-44e0-49ac-99f7-e3819e416fab",
                "default_network_acl_name": "propose-buckskin-flatworm-viewing",
                "default_routing_table": "r006-e2204dd8-603f-4637-8cba-58fb0be0aaf0",
                "default_routing_table_name": "shampoo-scapegoat-umbrella-unwatched",
                "default_security_group": "r006-c0c395d0-27c4-4e30-97e5-a6a638471478",
                "default_security_group_crn": "crn:v1:bluemix:public:is:us-south:a/e65910fa61ce9072d64902d03f3d4774::security-group:r006-c0c395d0-27c4-4e30-97e5-a6a638471478",
                "default_security_group_name": "bless-goodness-shakable-tactile",
                "id": "r006-a50d85a5-e670-4497-bf9b-97deefc783f6",
                "name": "rr-vpc-aiops",
                "resource_controller_url": "https://cloud.ibm.com/vpc-ext/network/vpcs",
                "resource_crn": "crn:v1:bluemix:public:is:us-south:a/e65910fa61ce9072d64902d03f3d4774::vpc:r006-a50d85a5-e670-4497-bf9b-97deefc783f6",
                "resource_group": "e23c4f564f5c43458e02c9bdc20370b2",
                "resource_group_name": "rakesh-raman-aiops",
                "resource_name": "rr-vpc-aiops",
                "resource_status": "available",
                "security_group": [
                  {
                    "group_id": "r006-c1419c7a-a851-45db-aeda-85aa6c581c22",
                    "group_name": "kube-r006-a50d85a5-e670-4497-bf9b-97deefc783f6",
                    "rules": [
                      {
                        "code": 0,
                        "direction": "outbound",
                        "ip_version": "ipv4",
                        "port_max": 32767,
                        "port_min": 30000,
                        "protocol": "tcp",
                        "remote": "0.0.0.0/0",
                        "rule_id": "",
                        "type": 0
                      },
                      {
                        "code": 0,
                        "direction": "outbound",
                        "ip_version": "ipv4",
                        "port_max": 32767,
                        "port_min": 30000,
                        "protocol": "udp",
                        "remote": "0.0.0.0/0",
                        "rule_id": "",
                        "type": 0
                      },
                      {
                        "code": 0,
                        "direction": "inbound",
                        "ip_version": "ipv4",
                        "port_max": 65535,
                        "port_min": 1,
                        "protocol": "tcp",
                        "remote": "0.0.0.0/0",
                        "rule_id": "",
                        "type": 0
                      },
                      {
                        "code": 0,
                        "direction": "inbound",
                        "ip_version": "ipv4",
                        "port_max": 65535,
                        "port_min": 1,
                        "protocol": "udp",
                        "remote": "0.0.0.0/0",
                        "rule_id": "",
                        "type": 0
                      }
                    ]
                  },
                  {
                    "group_id": "r006-c0c395d0-27c4-4e30-97e5-a6a638471478",
                    "group_name": "bless-goodness-shakable-tactile",
                    "rules": [
                      {
                        "code": 0,
                        "direction": "outbound",
                        "ip_version": "ipv4",
                        "port_max": 0,
                        "port_min": 0,
                        "protocol": "all",
                        "remote": "0.0.0.0/0",
                        "rule_id": "r006-9c3b925c-cd7e-4966-9804-4c226dfe2fb6",
                        "type": 0
                      },
                      {
                        "code": 0,
                        "direction": "inbound",
                        "ip_version": "ipv4",
                        "port_max": 0,
                        "port_min": 0,
                        "protocol": "all",
                        "remote": "r006-c0c395d0-27c4-4e30-97e5-a6a638471478",
                        "rule_id": "r006-19f1dbc7-940f-4a7a-a8a7-494fa375ea51",
                        "type": 0
                      },
                      {
                        "code": 0,
                        "direction": "inbound",
                        "ip_version": "ipv4",
                        "port_max": 0,
                        "port_min": 0,
                        "protocol": "icmp",
                        "remote": "0.0.0.0/0",
                        "rule_id": "r006-670fbce7-d3a2-4f99-b913-fcf4c92ba29e",
                        "type": 8
                      },
                      {
                        "code": 0,
                        "direction": "inbound",
                        "ip_version": "ipv4",
                        "port_max": 22,
                        "port_min": 22,
                        "protocol": "tcp",
                        "remote": "0.0.0.0/0",
                        "rule_id": "",
                        "type": 0
                      }
                    ]
                  }
                ],
                "status": "available",
                "subnets": [
                  {
                    "available_ipv4_address_count": 251,
                    "id": "0737-f3f32b25-46b9-40e7-935f-89ce44959c5a",
                    "name": "sn-20221019-03",
                    "status": "available",
                    "total_ipv4_address_count": 256,
                    "zone": "us-south-3"
                  },
                  {
                    "available_ipv4_address_count": 251,
                    "id": "0717-1f349451-4439-4419-9867-3f81b8abbd2e",
                    "name": "sn-20221019-01",
                    "status": "available",
                    "total_ipv4_address_count": 256,
                    "zone": "us-south-1"
                  },
                  {
                    "available_ipv4_address_count": 251,
                    "id": "0727-dd546109-99b9-41db-8eee-70db21b12e44",
                    "name": "sn-20221019-02",
                    "status": "available",
                    "total_ipv4_address_count": 256,
                    "zone": "us-south-2"
                  }
                ],
                "tags": []
              },
              {
                "classic_access": false,
                "crn": "crn:v1:bluemix:public:is:us-south:a/e65910fa61ce9072d64902d03f3d4774::vpc:r006-b3586670-020f-439f-ae99-28141b834322",
                "cse_source_addresses": [
                  {
                    "address": "10.12.121.146",
                    "zone_name": "us-south-1"
                  },
                  {
                    "address": "10.249.201.53",
                    "zone_name": "us-south-2"
                  },
                  {
                    "address": "10.249.213.121",
                    "zone_name": "us-south-3"
                  }
                ],
                "default_network_acl": "r006-b50b379d-02af-48f7-b65b-9057d6df4e07",
                "default_network_acl_crn": "crn:v1:bluemix:public:is:us-south:a/e65910fa61ce9072d64902d03f3d4774::network-acl:r006-b50b379d-02af-48f7-b65b-9057d6df4e07",
                "default_network_acl_name": "dilatometer-paralyses-civic-corral",
                "default_routing_table": "r006-d3afc834-0b29-4849-beb7-61a5a66c69fc",
                "default_routing_table_name": "deceptive-conflict-stroller-abridged",
                "default_security_group": "r006-e0592c74-99cf-4746-8601-b37303814587",
                "default_security_group_crn": "crn:v1:bluemix:public:is:us-south:a/e65910fa61ce9072d64902d03f3d4774::security-group:r006-e0592c74-99cf-4746-8601-b37303814587",
                "default_security_group_name": "hurdle-ritual-canary-worse",
                "id": "r006-b3586670-020f-439f-ae99-28141b834322",
                "name": "kos-vpc-dc",
                "resource_controller_url": "https://cloud.ibm.com/vpc-ext/network/vpcs",
                "resource_crn": "crn:v1:bluemix:public:is:us-south:a/e65910fa61ce9072d64902d03f3d4774::vpc:r006-b3586670-020f-439f-ae99-28141b834322",
                "resource_group": "fdd290732f7d47909181a189494e2990",
                "resource_group_name": "default",
                "resource_name": "kos-vpc-dc",
                "resource_status": "available",
                "security_group": [
                  {
                    "group_id": "r006-e0592c74-99cf-4746-8601-b37303814587",
                    "group_name": "hurdle-ritual-canary-worse",
                    "rules": [
                      {
                        "code": 0,
                        "direction": "outbound",
                        "ip_version": "ipv4",
                        "port_max": 0,
                        "port_min": 0,
                        "protocol": "all",
                        "remote": "0.0.0.0/0",
                        "rule_id": "r006-b93389f5-4852-4472-a76f-16d25c35e706",
                        "type": 0
                      },
                      {
                        "code": 0,
                        "direction": "inbound",
                        "ip_version": "ipv4",
                        "port_max": 0,
                        "port_min": 0,
                        "protocol": "all",
                        "remote": "r006-e0592c74-99cf-4746-8601-b37303814587",
                        "rule_id": "r006-83145047-6acc-456d-9aaf-fd9bab4b5cb1",
                        "type": 0
                      },
                      {
                        "code": 0,
                        "direction": "inbound",
                        "ip_version": "ipv4",
                        "port_max": 22,
                        "port_min": 22,
                        "protocol": "tcp",
                        "remote": "0.0.0.0/0",
                        "rule_id": "",
                        "type": 0
                      },
                      {
                        "code": 0,
                        "direction": "inbound",
                        "ip_version": "ipv4",
                        "port_max": 0,
                        "port_min": 0,
                        "protocol": "icmp",
                        "remote": "0.0.0.0/0",
                        "rule_id": "r006-ed3abcdd-e488-4a45-970e-2791c4997e6c",
                        "type": 8
                      }
                    ]
                  }
                ],
                "status": "available",
                "subnets": [
                  {
                    "available_ipv4_address_count": 251,
                    "id": "0717-c0178230-69b1-4908-b2a3-dc99800c1be9",
                    "name": "sn-20220422-01",
                    "status": "available",
                    "total_ipv4_address_count": 256,
                    "zone": "us-south-1"
                  },
                  {
                    "available_ipv4_address_count": 251,
                    "id": "0727-390a2fad-d0ba-4d55-b06f-afb51d54657f",
                    "name": "sn-20220422-02",
                    "status": "available",
                    "total_ipv4_address_count": 256,
                    "zone": "us-south-2"
                  },
                  {
                    "available_ipv4_address_count": 251,
                    "id": "0737-4ac26e1f-bb34-49e0-a604-7fa4a05b92f2",
                    "name": "sn-20220422-03",
                    "status": "available",
                    "total_ipv4_address_count": 256,
                    "zone": "us-south-3"
                  }
                ],
                "tags": [
                  "dc",
                  "kos"
                ]
              },
              {
                "classic_access": false,
                "crn": "crn:v1:bluemix:public:is:us-south:a/e65910fa61ce9072d64902d03f3d4774::vpc:r006-b9aa4103-1e9c-4e34-bb92-cab984298c2d",
                "cse_source_addresses": [
                  {
                    "address": "10.249.196.18",
                    "zone_name": "us-south-1"
                  },
                  {
                    "address": "10.249.72.1",
                    "zone_name": "us-south-2"
                  },
                  {
                    "address": "10.22.36.125",
                    "zone_name": "us-south-3"
                  }
                ],
                "default_network_acl": "r006-7661978d-cd64-4555-a0fb-0440475c69f8",
                "default_network_acl_crn": "crn:v1:bluemix:public:is:us-south:a/e65910fa61ce9072d64902d03f3d4774::network-acl:r006-7661978d-cd64-4555-a0fb-0440475c69f8",
                "default_network_acl_name": "matchbook-smoking-grafting-bondless",
                "default_routing_table": "r006-9ace7f4c-3f53-4903-a78f-19bb401600e9",
                "default_routing_table_name": "unstirred-reverence-carload-pecan",
                "default_security_group": "r006-e2547faf-8ea6-401b-9f14-98760fb70644",
                "default_security_group_crn": "crn:v1:bluemix:public:is:us-south:a/e65910fa61ce9072d64902d03f3d4774::security-group:r006-e2547faf-8ea6-401b-9f14-98760fb70644",
                "default_security_group_name": "voltage-wifi-trapping-manhole",
                "id": "r006-b9aa4103-1e9c-4e34-bb92-cab984298c2d",
                "name": "jprina-vpc",
                "resource_controller_url": "https://cloud.ibm.com/vpc-ext/network/vpcs",
                "resource_crn": "crn:v1:bluemix:public:is:us-south:a/e65910fa61ce9072d64902d03f3d4774::vpc:r006-b9aa4103-1e9c-4e34-bb92-cab984298c2d",
                "resource_group": "0ee6288fb81f465f8d3544739f3d4c61",
                "resource_group_name": "jprina",
                "resource_name": "jprina-vpc",
                "resource_status": "available",
                "security_group": [
                  {
                    "group_id": "r006-e2547faf-8ea6-401b-9f14-98760fb70644",
                    "group_name": "voltage-wifi-trapping-manhole",
                    "rules": [
                      {
                        "code": 0,
                        "direction": "outbound",
                        "ip_version": "ipv4",
                        "port_max": 0,
                        "port_min": 0,
                        "protocol": "all",
                        "remote": "0.0.0.0/0",
                        "rule_id": "r006-03c07f39-c722-4e58-8d19-672d48a3fe2d",
                        "type": 0
                      },
                      {
                        "code": 0,
                        "direction": "inbound",
                        "ip_version": "ipv4",
                        "port_max": 0,
                        "port_min": 0,
                        "protocol": "all",
                        "remote": "r006-e2547faf-8ea6-401b-9f14-98760fb70644",
                        "rule_id": "r006-ff12fd41-eb68-4233-a4ea-03b55714af7d",
                        "type": 0
                      },
                      {
                        "code": 0,
                        "direction": "inbound",
                        "ip_version": "ipv4",
                        "port_max": 0,
                        "port_min": 0,
                        "protocol": "icmp",
                        "remote": "0.0.0.0/0",
                        "rule_id": "r006-2bb949a6-5c91-475b-8463-de969fffed89",
                        "type": 8
                      },
                      {
                        "code": 0,
                        "direction": "inbound",
                        "ip_version": "ipv4",
                        "port_max": 22,
                        "port_min": 22,
                        "protocol": "tcp",
                        "remote": "0.0.0.0/0",
                        "rule_id": "",
                        "type": 0
                      },
                      {
                        "code": 0,
                        "direction": "inbound",
                        "ip_version": "ipv4",
                        "port_max": 3389,
                        "port_min": 3389,
                        "protocol": "tcp",
                        "remote": "0.0.0.0/0",
                        "rule_id": "",
                        "type": 0
                      }
                    ]
                  }
                ],
                "status": "available",
                "subnets": [
                  {
                    "available_ipv4_address_count": 251,
                    "id": "0717-eab991d6-e0fd-4640-a927-1f8d029b1cd1",
                    "name": "hab-subnet",
                    "status": "available",
                    "total_ipv4_address_count": 256,
                    "zone": "us-south-1"
                  },
                  {
                    "available_ipv4_address_count": 251,
                    "id": "0717-8bda0f9c-bfde-4acc-bc62-bf88ad1af861",
                    "name": "sn-20220620-01",
                    "status": "available",
                    "total_ipv4_address_count": 256,
                    "zone": "us-south-1"
                  },
                  {
                    "available_ipv4_address_count": 249,
                    "id": "0727-1eacc5dd-fab2-4a89-856e-b8916a640417",
                    "name": "sn-20220620-02",
                    "status": "available",
                    "total_ipv4_address_count": 256,
                    "zone": "us-south-2"
                  },
                  {
                    "available_ipv4_address_count": 251,
                    "id": "0737-43f4a5cc-a8b2-4852-83f8-4fbe0c4b72fa",
                    "name": "sn-20220620-03",
                    "status": "available",
                    "total_ipv4_address_count": 256,
                    "zone": "us-south-3"
                  }
                ],
                "tags": [
                  "jprina"
                ]
              },
              {
                "classic_access": false,
                "crn": "crn:v1:bluemix:public:is:us-south:a/e65910fa61ce9072d64902d03f3d4774::vpc:r006-c125f515-36b2-45a8-aa63-622faef51159",
                "cse_source_addresses": [
                  {
                    "address": "10.16.239.15",
                    "zone_name": "us-south-1"
                  },
                  {
                    "address": "10.12.161.131",
                    "zone_name": "us-south-2"
                  },
                  {
                    "address": "10.249.81.63",
                    "zone_name": "us-south-3"
                  }
                ],
                "default_network_acl": "r006-241ee8e8-df78-44c4-aca5-2f4f47dd743c",
                "default_network_acl_crn": "crn:v1:bluemix:public:is:us-south:a/e65910fa61ce9072d64902d03f3d4774::network-acl:r006-241ee8e8-df78-44c4-aca5-2f4f47dd743c",
                "default_network_acl_name": "spectrum-scale-vpc-nwacl",
                "default_routing_table": "r006-d2b30424-2520-4196-9fe2-fa1fe56e7ce1",
                "default_routing_table_name": "spectrum-scale-vpc-rt",
                "default_security_group": "r006-acb97fe8-aca6-4341-9834-f30050f6662e",
                "default_security_group_crn": "crn:v1:bluemix:public:is:us-south:a/e65910fa61ce9072d64902d03f3d4774::security-group:r006-acb97fe8-aca6-4341-9834-f30050f6662e",
                "default_security_group_name": "spectrum-scale-vpc-sg",
                "id": "r006-c125f515-36b2-45a8-aa63-622faef51159",
                "name": "spectrum-scale-vpc",
                "resource_controller_url": "https://cloud.ibm.com/vpc-ext/network/vpcs",
                "resource_crn": "crn:v1:bluemix:public:is:us-south:a/e65910fa61ce9072d64902d03f3d4774::vpc:r006-c125f515-36b2-45a8-aa63-622faef51159",
                "resource_group": "fdd290732f7d47909181a189494e2990",
                "resource_group_name": "default",
                "resource_name": "spectrum-scale-vpc",
                "resource_status": "available",
                "security_group": [
                  {
                    "group_id": "r006-f3837b32-51ef-4dba-b3ed-85f55d00beb1",
                    "group_name": "spectrum-scale-bastion-sg",
                    "rules": [
                      {
                        "code": 20,
                        "direction": "inbound",
                        "ip_version": "ipv4",
                        "port_max": 0,
                        "port_min": 0,
                        "protocol": "icmp",
                        "remote": "10.38.96.181",
                        "rule_id": "r006-a3117f43-9e41-48f1-8fdf-d4c9090c6253",
                        "type": 8
                      },
                      {
                        "code": 0,
                        "direction": "inbound",
                        "ip_version": "ipv4",
                        "port_max": 22,
                        "port_min": 22,
                        "protocol": "tcp",
                        "remote": "10.38.96.183",
                        "rule_id": "",
                        "type": 0
                      },
                      {
                        "code": 0,
                        "direction": "inbound",
                        "ip_version": "ipv4",
                        "port_max": 443,
                        "port_min": 443,
                        "protocol": "tcp",
                        "remote": "10.38.96.182",
                        "rule_id": "",
                        "type": 0
                      },
                      {
                        "code": 0,
                        "direction": "inbound",
                        "ip_version": "ipv4",
                        "port_max": 443,
                        "port_min": 443,
                        "protocol": "tcp",
                        "remote": "10.38.96.183",
                        "rule_id": "",
                        "type": 0
                      },
                      {
                        "code": 0,
                        "direction": "inbound",
                        "ip_version": "ipv4",
                        "port_max": 22,
                        "port_min": 22,
                        "protocol": "tcp",
                        "remote": "10.38.96.182",
                        "rule_id": "",
                        "type": 0
                      },
                      {
                        "code": 0,
                        "direction": "inbound",
                        "ip_version": "ipv4",
                        "port_max": 22,
                        "port_min": 22,
                        "protocol": "tcp",
                        "remote": "150.238.230.133",
                        "rule_id": "",
                        "type": 0
                      },
                      {
                        "code": 0,
                        "direction": "inbound",
                        "ip_version": "ipv4",
                        "port_max": 22,
                        "port_min": 22,
                        "protocol": "tcp",
                        "remote": "10.38.96.181",
                        "rule_id": "",
                        "type": 0
                      },
                      {
                        "code": 0,
                        "direction": "inbound",
                        "ip_version": "ipv4",
                        "port_max": 443,
                        "port_min": 443,
                        "protocol": "tcp",
                        "remote": "10.38.96.181",
                        "rule_id": "",
                        "type": 0
                      },
                      {
                        "code": 0,
                        "direction": "outbound",
                        "ip_version": "ipv4",
                        "port_max": 0,
                        "port_min": 0,
                        "protocol": "all",
                        "remote": "0.0.0.0/0",
                        "rule_id": "r006-450fe880-5b97-46cc-94e3-498192b55192",
                        "type": 0
                      }
                    ]
                  },
                  {
                    "group_id": "r006-f50a2037-db71-44d0-9e4c-401558ece5dd",
                    "group_name": "spectrum-scale-bootstrap-sg",
                    "rules": [
                      {
                        "code": 0,
                        "direction": "outbound",
                        "ip_version": "ipv4",
                        "port_max": 0,
                        "port_min": 0,
                        "protocol": "all",
                        "remote": "0.0.0.0/0",
                        "rule_id": "r006-29dfff88-a0dc-4424-9572-01d898ceac58",
                        "type": 0
                      },
                      {
                        "code": 20,
                        "direction": "inbound",
                        "ip_version": "ipv4",
                        "port_max": 0,
                        "port_min": 0,
                        "protocol": "icmp",
                        "remote": "10.38.96.181",
                        "rule_id": "r006-69f45646-4bf4-426d-bb7e-1735abda8237",
                        "type": 8
                      },
                      {
                        "code": 0,
                        "direction": "inbound",
                        "ip_version": "ipv4",
                        "port_max": 22,
                        "port_min": 22,
                        "protocol": "tcp",
                        "remote": "r006-f3837b32-51ef-4dba-b3ed-85f55d00beb1",
                        "rule_id": "",
                        "type": 0
                      }
                    ]
                  },
                  {
                    "group_id": "r006-acb97fe8-aca6-4341-9834-f30050f6662e",
                    "group_name": "spectrum-scale-vpc-sg",
                    "rules": [
                      {
                        "code": 0,
                        "direction": "outbound",
                        "ip_version": "ipv4",
                        "port_max": 0,
                        "port_min": 0,
                        "protocol": "all",
                        "remote": "0.0.0.0/0",
                        "rule_id": "r006-34ad69d8-ed0c-445b-ba80-45bcd7dec5ee",
                        "type": 0
                      },
                      {
                        "code": 0,
                        "direction": "inbound",
                        "ip_version": "ipv4",
                        "port_max": 0,
                        "port_min": 0,
                        "protocol": "all",
                        "remote": "r006-acb97fe8-aca6-4341-9834-f30050f6662e",
                        "rule_id": "r006-d094e078-6bc2-4374-8f56-4404933b84e2",
                        "type": 0
                      }
                    ]
                  }
                ],
                "status": "available",
                "subnets": [
                  {
                    "available_ipv4_address_count": 250,
                    "id": "0717-45dd24c9-4c20-483b-b097-fc197bb7358a",
                    "name": "spectrum-scale-comp-pvt-1",
                    "status": "available",
                    "total_ipv4_address_count": 256,
                    "zone": "us-south-1"
                  },
                  {
                    "available_ipv4_address_count": 248,
                    "id": "0717-97dede4a-81b6-4786-bd6b-01599117a859",
                    "name": "spectrum-scale-strg-pvt-1",
                    "status": "available",
                    "total_ipv4_address_count": 256,
                    "zone": "us-south-1"
                  }
                ],
                "tags": [
                  "hpcc",
                  "schematics:us-south.workspace.globalcatalog-collection.8f0f57f3",
                  "spectrum-scale"
                ]
              },
              {
                "classic_access": false,
                "crn": "crn:v1:bluemix:public:is:us-south:a/e65910fa61ce9072d64902d03f3d4774::vpc:r006-d8465333-260c-4e38-9519-e9f1eec2f3d5",
                "cse_source_addresses": [
                  {
                    "address": "10.249.194.2",
                    "zone_name": "us-south-1"
                  },
                  {
                    "address": "10.16.243.198",
                    "zone_name": "us-south-2"
                  },
                  {
                    "address": "10.12.165.224",
                    "zone_name": "us-south-3"
                  }
                ],
                "default_network_acl": "r006-0e20d27b-fa26-4026-b695-c3924b2d42ec",
                "default_network_acl_crn": "crn:v1:bluemix:public:is:us-south:a/e65910fa61ce9072d64902d03f3d4774::network-acl:r006-0e20d27b-fa26-4026-b695-c3924b2d42ec",
                "default_network_acl_name": "savanna-wrongly-aqua-mayday",
                "default_routing_table": "r006-a321eded-da51-447a-ab1d-04e3a1f0a5ee",
                "default_routing_table_name": "sadly-affect-legwork-rekindle",
                "default_security_group": "r006-5f674cb4-dc48-4990-99e1-e2f1b10de20b",
                "default_security_group_crn": "crn:v1:bluemix:public:is:us-south:a/e65910fa61ce9072d64902d03f3d4774::security-group:r006-5f674cb4-dc48-4990-99e1-e2f1b10de20b",
                "default_security_group_name": "childlike-broadside-overstay-passerby",
                "id": "r006-d8465333-260c-4e38-9519-e9f1eec2f3d5",
                "name": "jaffasx-01-workload-vpc",
                "resource_controller_url": "https://cloud.ibm.com/vpc-ext/network/vpcs",
                "resource_crn": "crn:v1:bluemix:public:is:us-south:a/e65910fa61ce9072d64902d03f3d4774::vpc:r006-d8465333-260c-4e38-9519-e9f1eec2f3d5",
                "resource_group": "045fcf0192ad49c9890b499875af4a82",
                "resource_group_name": "jaffasx-01-workload-rg",
                "resource_name": "jaffasx-01-workload-vpc",
                "resource_status": "available",
                "security_group": [
                  {
                    "group_id": "r006-66724d66-150e-4cdf-87dc-66cc084ec2b0",
                    "group_name": "jaffasx-01-workload",
                    "rules": [
                      {
                        "code": 0,
                        "direction": "outbound",
                        "ip_version": "ipv4",
                        "port_max": 0,
                        "port_min": 0,
                        "protocol": "all",
                        "remote": "10.0.0.0/8",
                        "rule_id": "r006-d7d15763-59f3-4833-998e-9b57c395c9f5",
                        "type": 0
                      },
                      {
                        "code": 0,
                        "direction": "inbound",
                        "ip_version": "ipv4",
                        "port_max": 0,
                        "port_min": 0,
                        "protocol": "all",
                        "remote": "161.26.0.0/16",
                        "rule_id": "r006-4725e935-c43d-4847-87ad-a97e4c01deed",
                        "type": 0
                      },
                      {
                        "code": 0,
                        "direction": "outbound",
                        "ip_version": "ipv4",
                        "port_max": 53,
                        "port_min": 53,
                        "protocol": "tcp",
                        "remote": "161.26.0.0/16",
                        "rule_id": "",
                        "type": 0
                      },
                      {
                        "code": 0,
                        "direction": "inbound",
                        "ip_version": "ipv4",
                        "port_max": 0,
                        "port_min": 0,
                        "protocol": "all",
                        "remote": "10.0.0.0/8",
                        "rule_id": "r006-a051f7f4-f6de-43b6-806e-71cdf785d6c6",
                        "type": 0
                      },
                      {
                        "code": 0,
                        "direction": "outbound",
                        "ip_version": "ipv4",
                        "port_max": 443,
                        "port_min": 443,
                        "protocol": "tcp",
                        "remote": "161.26.0.0/16",
                        "rule_id": "",
                        "type": 0
                      },
                      {
                        "code": 0,
                        "direction": "outbound",
                        "ip_version": "ipv4",
                        "port_max": 80,
                        "port_min": 80,
                        "protocol": "tcp",
                        "remote": "161.26.0.0/16",
                        "rule_id": "",
                        "type": 0
                      }
                    ]
                  },
                  {
                    "group_id": "r006-045f8219-a8ce-44e4-8947-d0e4ed021e14",
                    "group_name": "workload-vpe-sg",
                    "rules": [
                      {
                        "code": 0,
                        "direction": "outbound",
                        "ip_version": "ipv4",
                        "port_max": 80,
                        "port_min": 80,
                        "protocol": "tcp",
                        "remote": "161.26.0.0/16",
                        "rule_id": "",
                        "type": 0
                      },
                      {
                        "code": 0,
                        "direction": "outbound",
                        "ip_version": "ipv4",
                        "port_max": 0,
                        "port_min": 0,
                        "protocol": "all",
                        "remote": "10.0.0.0/8",
                        "rule_id": "r006-8aef3c0d-ef08-46b5-a45c-aebffd92df5e",
                        "type": 0
                      },
                      {
                        "code": 0,
                        "direction": "inbound",
                        "ip_version": "ipv4",
                        "port_max": 0,
                        "port_min": 0,
                        "protocol": "all",
                        "remote": "161.26.0.0/16",
                        "rule_id": "r006-2ec1cb54-8931-4e87-824c-f9ee7701b1f2",
                        "type": 0
                      },
                      {
                        "code": 0,
                        "direction": "inbound",
                        "ip_version": "ipv4",
                        "port_max": 0,
                        "port_min": 0,
                        "protocol": "all",
                        "remote": "10.0.0.0/8",
                        "rule_id": "r006-f37fde0e-c61a-492f-aa40-83dfd31a74c5",
                        "type": 0
                      },
                      {
                        "code": 0,
                        "direction": "outbound",
                        "ip_version": "ipv4",
                        "port_max": 53,
                        "port_min": 53,
                        "protocol": "tcp",
                        "remote": "161.26.0.0/16",
                        "rule_id": "",
                        "type": 0
                      },
                      {
                        "code": 0,
                        "direction": "outbound",
                        "ip_version": "ipv4",
                        "port_max": 443,
                        "port_min": 443,
                        "protocol": "tcp",
                        "remote": "161.26.0.0/16",
                        "rule_id": "",
                        "type": 0
                      }
                    ]
                  },
                  {
                    "group_id": "r006-5f674cb4-dc48-4990-99e1-e2f1b10de20b",
                    "group_name": "childlike-broadside-overstay-passerby",
                    "rules": [
                      {
                        "code": 0,
                        "direction": "outbound",
                        "ip_version": "ipv4",
                        "port_max": 0,
                        "port_min": 0,
                        "protocol": "all",
                        "remote": "0.0.0.0/0",
                        "rule_id": "r006-05b28a49-04ea-4e82-9d46-fc4710d41f39",
                        "type": 0
                      },
                      {
                        "code": 0,
                        "direction": "inbound",
                        "ip_version": "ipv4",
                        "port_max": 0,
                        "port_min": 0,
                        "protocol": "all",
                        "remote": "r006-5f674cb4-dc48-4990-99e1-e2f1b10de20b",
                        "rule_id": "r006-ead2672e-210d-4be0-b370-6799afad5f12",
                        "type": 0
                      }
                    ]
                  }
                ],
                "status": "available",
                "subnets": [
                  {
                    "available_ipv4_address_count": 250,
                    "id": "0737-9e2ce979-2396-42ed-b70f-86aa1c9b78fc",
                    "name": "jaffasx-01-workload-vpe-zone-3",
                    "status": "available",
                    "total_ipv4_address_count": 256,
                    "zone": "us-south-3"
                  },
                  {
                    "available_ipv4_address_count": 251,
                    "id": "0727-f36b3bab-b2e1-4797-9a4a-22bd59bdc4b0",
                    "name": "jaffasx-01-workload-vsi-zone-2",
                    "status": "available",
                    "total_ipv4_address_count": 256,
                    "zone": "us-south-2"
                  },
                  {
                    "available_ipv4_address_count": 251,
                    "id": "0717-d4b1df46-d0fe-403d-92f5-b2dde5988977",
                    "name": "jaffasx-01-workload-vsi-zone-1",
                    "status": "available",
                    "total_ipv4_address_count": 256,
                    "zone": "us-south-1"
                  },
                  {
                    "available_ipv4_address_count": 251,
                    "id": "0737-349473c8-dbf4-48c4-89b1-c6f478bbfc73",
                    "name": "jaffasx-01-workload-vsi-zone-3",
                    "status": "available",
                    "total_ipv4_address_count": 256,
                    "zone": "us-south-3"
                  },
                  {
                    "available_ipv4_address_count": 250,
                    "id": "0727-edbb5503-7a6f-464d-b64c-5af79770f883",
                    "name": "jaffasx-01-workload-vpe-zone-2",
                    "status": "available",
                    "total_ipv4_address_count": 256,
                    "zone": "us-south-2"
                  },
                  {
                    "available_ipv4_address_count": 250,
                    "id": "0717-c58bc512-8e98-4136-8829-e916b3593e8c",
                    "name": "jaffasx-01-workload-vpe-zone-1",
                    "status": "available",
                    "total_ipv4_address_count": 256,
                    "zone": "us-south-1"
                  }
                ],
                "tags": []
              },
              {
                "classic_access": false,
                "crn": "crn:v1:bluemix:public:is:us-south:a/e65910fa61ce9072d64902d03f3d4774::vpc:r006-de230a59-c37a-48d7-a174-ea2f7718f411",
                "cse_source_addresses": [
                  {
                    "address": "10.16.238.252",
                    "zone_name": "us-south-1"
                  },
                  {
                    "address": "10.16.240.224",
                    "zone_name": "us-south-2"
                  },
                  {
                    "address": "10.249.215.245",
                    "zone_name": "us-south-3"
                  }
                ],
                "default_network_acl": "r006-1f8ff982-c051-4e93-94da-90dfa59e41f2",
                "default_network_acl_crn": "crn:v1:bluemix:public:is:us-south:a/e65910fa61ce9072d64902d03f3d4774::network-acl:r006-1f8ff982-c051-4e93-94da-90dfa59e41f2",
                "default_network_acl_name": "fancy-process-shoptalk-causation",
                "default_routing_table": "r006-f821e7e0-ddf9-452c-a1e1-a8c7f3b0ace9",
                "default_routing_table_name": "widen-swimsuit-crayoned-clumsy",
                "default_security_group": "r006-9b664606-bb4d-46d5-b748-d13468256e5d",
                "default_security_group_crn": "crn:v1:bluemix:public:is:us-south:a/e65910fa61ce9072d64902d03f3d4774::security-group:r006-9b664606-bb4d-46d5-b748-d13468256e5d",
                "default_security_group_name": "detection-strategy-axis-amount",
                "id": "r006-de230a59-c37a-48d7-a174-ea2f7718f411",
                "name": "sec-tenant-alpha",
                "resource_controller_url": "https://cloud.ibm.com/vpc-ext/network/vpcs",
                "resource_crn": "crn:v1:bluemix:public:is:us-south:a/e65910fa61ce9072d64902d03f3d4774::vpc:r006-de230a59-c37a-48d7-a174-ea2f7718f411",
                "resource_group": "08ec6f8ac7a84c17b7925cbf56b46886",
                "resource_group_name": "aaron5-rg",
                "resource_name": "sec-tenant-alpha",
                "resource_status": "available",
                "security_group": [
                  {
                    "group_id": "r006-d98cbbc1-8b6b-4157-bcd8-f9847b4b6d25",
                    "group_name": "kube-r006-de230a59-c37a-48d7-a174-ea2f7718f411",
                    "rules": [
                      {
                        "code": 0,
                        "direction": "outbound",
                        "ip_version": "ipv4",
                        "port_max": 32767,
                        "port_min": 30000,
                        "protocol": "tcp",
                        "remote": "0.0.0.0/0",
                        "rule_id": "",
                        "type": 0
                      },
                      {
                        "code": 0,
                        "direction": "outbound",
                        "ip_version": "ipv4",
                        "port_max": 32767,
                        "port_min": 30000,
                        "protocol": "udp",
                        "remote": "0.0.0.0/0",
                        "rule_id": "",
                        "type": 0
                      },
                      {
                        "code": 0,
                        "direction": "inbound",
                        "ip_version": "ipv4",
                        "port_max": 65535,
                        "port_min": 1,
                        "protocol": "tcp",
                        "remote": "0.0.0.0/0",
                        "rule_id": "",
                        "type": 0
                      },
                      {
                        "code": 0,
                        "direction": "inbound",
                        "ip_version": "ipv4",
                        "port_max": 65535,
                        "port_min": 1,
                        "protocol": "udp",
                        "remote": "0.0.0.0/0",
                        "rule_id": "",
                        "type": 0
                      }
                    ]
                  },
                  {
                    "group_id": "r006-bc5b04a5-877a-495c-8c4f-0b37f901cce4",
                    "group_name": "kube-ccptvu0d0u17b3gdv7o0",
                    "rules": [
                      {
                        "code": 0,
                        "direction": "inbound",
                        "ip_version": "ipv4",
                        "port_max": 0,
                        "port_min": 0,
                        "protocol": "all",
                        "remote": "172.17.0.0/18",
                        "rule_id": "r006-59e9208c-6d94-4cfb-bc97-764d2f400bfe",
                        "type": 0
                      },
                      {
                        "code": 0,
                        "direction": "inbound",
                        "ip_version": "ipv4",
                        "port_max": 32767,
                        "port_min": 30000,
                        "protocol": "tcp",
                        "remote": "0.0.0.0/0",
                        "rule_id": "",
                        "type": 0
                      },
                      {
                        "code": 0,
                        "direction": "inbound",
                        "ip_version": "ipv4",
                        "port_max": 32767,
                        "port_min": 30000,
                        "protocol": "udp",
                        "remote": "0.0.0.0/0",
                        "rule_id": "",
                        "type": 0
                      },
                      {
                        "code": 0,
                        "direction": "outbound",
                        "ip_version": "ipv4",
                        "port_max": 0,
                        "port_min": 0,
                        "protocol": "all",
                        "remote": "172.17.0.0/18",
                        "rule_id": "r006-a369a7c7-dda9-44d7-b01d-1dbf72685bfd",
                        "type": 0
                      }
                    ]
                  },
                  {
                    "group_id": "r006-9b664606-bb4d-46d5-b748-d13468256e5d",
                    "group_name": "detection-strategy-axis-amount",
                    "rules": [
                      {
                        "code": 0,
                        "direction": "outbound",
                        "ip_version": "ipv4",
                        "port_max": 0,
                        "port_min": 0,
                        "protocol": "all",
                        "remote": "0.0.0.0/0",
                        "rule_id": "r006-901f9468-7e45-4801-9547-22c6b3eaee7c",
                        "type": 0
                      },
                      {
                        "code": 0,
                        "direction": "inbound",
                        "ip_version": "ipv4",
                        "port_max": 0,
                        "port_min": 0,
                        "protocol": "all",
                        "remote": "r006-9b664606-bb4d-46d5-b748-d13468256e5d",
                        "rule_id": "r006-1392ddb9-84a3-48ac-98c3-6951284a86ae",
                        "type": 0
                      },
                      {
                        "code": 0,
                        "direction": "inbound",
                        "ip_version": "ipv4",
                        "port_max": 22,
                        "port_min": 22,
                        "protocol": "tcp",
                        "remote": "0.0.0.0/0",
                        "rule_id": "",
                        "type": 0
                      },
                      {
                        "code": 0,
                        "direction": "inbound",
                        "ip_version": "ipv4",
                        "port_max": 0,
                        "port_min": 0,
                        "protocol": "icmp",
                        "remote": "0.0.0.0/0",
                        "rule_id": "r006-3b6e813c-258b-42e9-a128-ddd2e139752a",
                        "type": 8
                      }
                    ]
                  }
                ],
                "status": "available",
                "subnets": [
                  {
                    "available_ipv4_address_count": 246,
                    "id": "0727-1092b3ef-0a84-4846-8816-be6868f99bda",
                    "name": "sn-20220928-02",
                    "status": "available",
                    "total_ipv4_address_count": 256,
                    "zone": "us-south-2"
                  },
                  {
                    "available_ipv4_address_count": 248,
                    "id": "0717-8870de02-b9fe-4d2e-aae6-b3d39e5d87f2",
                    "name": "sn-20220928-01",
                    "status": "available",
                    "total_ipv4_address_count": 256,
                    "zone": "us-south-1"
                  },
                  {
                    "available_ipv4_address_count": 247,
                    "id": "0737-91532120-08c3-4ae3-ae2a-b9b354fdf181",
                    "name": "sn-20220928-03",
                    "status": "available",
                    "total_ipv4_address_count": 256,
                    "zone": "us-south-3"
                  }
                ],
                "tags": [
                  "creator:djb",
                  "env:dev",
                  "group:security"
                ]
              },
              {
                "classic_access": false,
                "crn": "crn:v1:bluemix:public:is:us-south:a/e65910fa61ce9072d64902d03f3d4774::vpc:r006-e59f0f0b-f431-428a-ac57-9ea398776070",
                "cse_source_addresses": [
                  {
                    "address": "10.249.66.44",
                    "zone_name": "us-south-1"
                  },
                  {
                    "address": "10.249.73.154",
                    "zone_name": "us-south-2"
                  },
                  {
                    "address": "10.12.165.7",
                    "zone_name": "us-south-3"
                  }
                ],
                "default_network_acl": "r006-26b71676-d055-492c-ace4-cd0ec68bc6d0",
                "default_network_acl_crn": "crn:v1:bluemix:public:is:us-south:a/e65910fa61ce9072d64902d03f3d4774::network-acl:r006-26b71676-d055-492c-ace4-cd0ec68bc6d0",
                "default_network_acl_name": "glorious-eldest-periwigs-stoplight",
                "default_routing_table": "r006-90a59c3a-300c-45ef-8f08-966b7937dc58",
                "default_routing_table_name": "unselect-wand-cultivate-elective",
                "default_security_group": "r006-1068a362-9b22-4c38-92b6-2ade99be1166",
                "default_security_group_crn": "crn:v1:bluemix:public:is:us-south:a/e65910fa61ce9072d64902d03f3d4774::security-group:r006-1068a362-9b22-4c38-92b6-2ade99be1166",
                "default_security_group_name": "disarray-huff-acre-gloating",
                "id": "r006-e59f0f0b-f431-428a-ac57-9ea398776070",
                "name": "nrc-vpc",
                "resource_controller_url": "https://cloud.ibm.com/vpc-ext/network/vpcs",
                "resource_crn": "crn:v1:bluemix:public:is:us-south:a/e65910fa61ce9072d64902d03f3d4774::vpc:r006-e59f0f0b-f431-428a-ac57-9ea398776070",
                "resource_group": "fdd290732f7d47909181a189494e2990",
                "resource_group_name": "default",
                "resource_name": "nrc-vpc",
                "resource_status": "available",
                "security_group": [
                  {
                    "group_id": "r006-1068a362-9b22-4c38-92b6-2ade99be1166",
                    "group_name": "disarray-huff-acre-gloating",
                    "rules": [
                      {
                        "code": 0,
                        "direction": "outbound",
                        "ip_version": "ipv4",
                        "port_max": 0,
                        "port_min": 0,
                        "protocol": "all",
                        "remote": "0.0.0.0/0",
                        "rule_id": "r006-c88127b3-5085-43c8-9e07-0b7053c71df7",
                        "type": 0
                      },
                      {
                        "code": 0,
                        "direction": "inbound",
                        "ip_version": "ipv4",
                        "port_max": 0,
                        "port_min": 0,
                        "protocol": "all",
                        "remote": "r006-1068a362-9b22-4c38-92b6-2ade99be1166",
                        "rule_id": "r006-99c82e43-09b1-4444-b47d-3e2a283f02fe",
                        "type": 0
                      },
                      {
                        "code": 0,
                        "direction": "inbound",
                        "ip_version": "ipv4",
                        "port_max": 0,
                        "port_min": 0,
                        "protocol": "icmp",
                        "remote": "0.0.0.0/0",
                        "rule_id": "r006-87f1948f-bfb4-4817-a6c1-9d8061e4c515",
                        "type": 8
                      },
                      {
                        "code": 0,
                        "direction": "inbound",
                        "ip_version": "ipv4",
                        "port_max": 22,
                        "port_min": 22,
                        "protocol": "tcp",
                        "remote": "0.0.0.0/0",
                        "rule_id": "",
                        "type": 0
                      }
                    ]
                  }
                ],
                "status": "available",
                "subnets": [
                  {
                    "available_ipv4_address_count": 250,
                    "id": "0727-8e130e18-88f9-4456-900e-0261a268df99",
                    "name": "nrc-subnet",
                    "status": "available",
                    "total_ipv4_address_count": 256,
                    "zone": "us-south-2"
                  }
                ],
                "tags": [
                  "epic",
                  "nrchaney"
                ]
              },
              {
                "classic_access": false,
                "crn": "crn:v1:bluemix:public:is:us-south:a/e65910fa61ce9072d64902d03f3d4774::vpc:r006-e8443037-8060-4918-a147-a5ee281209b7",
                "cse_source_addresses": [
                  {
                    "address": "10.22.22.142",
                    "zone_name": "us-south-1"
                  },
                  {
                    "address": "10.12.156.62",
                    "zone_name": "us-south-2"
                  },
                  {
                    "address": "10.249.211.22",
                    "zone_name": "us-south-3"
                  }
                ],
                "default_network_acl": "r006-bec8d748-5c58-4156-ac14-bff15861e2c5",
                "default_network_acl_crn": "crn:v1:bluemix:public:is:us-south:a/e65910fa61ce9072d64902d03f3d4774::network-acl:r006-bec8d748-5c58-4156-ac14-bff15861e2c5",
                "default_network_acl_name": "track-jumbo-curliness-wham",
                "default_routing_table": "r006-cd50f630-6a62-48b1-a549-8164f5660475",
                "default_routing_table_name": "unopened-hamburger-craziness-drinking",
                "default_security_group": "r006-ad678206-745a-4819-bedd-328c492e2bf6",
                "default_security_group_crn": "crn:v1:bluemix:public:is:us-south:a/e65910fa61ce9072d64902d03f3d4774::security-group:r006-ad678206-745a-4819-bedd-328c492e2bf6",
                "default_security_group_name": "build-labs-latam-rpa-project-sg",
                "id": "r006-e8443037-8060-4918-a147-a5ee281209b7",
                "name": "build-labs-latam-rpa-project",
                "resource_controller_url": "https://cloud.ibm.com/vpc-ext/network/vpcs",
                "resource_crn": "crn:v1:bluemix:public:is:us-south:a/e65910fa61ce9072d64902d03f3d4774::vpc:r006-e8443037-8060-4918-a147-a5ee281209b7",
                "resource_group": "e74a0a5d70754731abfc1f9c48f785a7",
                "resource_group_name": "build-labs-latam-rpa-project",
                "resource_name": "build-labs-latam-rpa-project",
                "resource_status": "available",
                "security_group": [
                  {
                    "group_id": "r006-ad678206-745a-4819-bedd-328c492e2bf6",
                    "group_name": "build-labs-latam-rpa-project-sg",
                    "rules": [
                      {
                        "code": 0,
                        "direction": "outbound",
                        "ip_version": "ipv4",
                        "port_max": 0,
                        "port_min": 0,
                        "protocol": "all",
                        "remote": "0.0.0.0/0",
                        "rule_id": "r006-0413dff9-faa4-4cf4-92e2-0f438abfeac3",
                        "type": 0
                      },
                      {
                        "code": 0,
                        "direction": "inbound",
                        "ip_version": "ipv4",
                        "port_max": 0,
                        "port_min": 0,
                        "protocol": "all",
                        "remote": "r006-ad678206-745a-4819-bedd-328c492e2bf6",
                        "rule_id": "r006-09e72cab-0f53-41d7-a207-4292384c2ab4",
                        "type": 0
                      },
                      {
                        "code": 0,
                        "direction": "inbound",
                        "ip_version": "ipv4",
                        "port_max": 0,
                        "port_min": 0,
                        "protocol": "icmp",
                        "remote": "0.0.0.0/0",
                        "rule_id": "r006-25b68a9e-344b-45c7-b87f-ef601a8be919",
                        "type": 8
                      },
                      {
                        "code": 0,
                        "direction": "inbound",
                        "ip_version": "ipv4",
                        "port_max": 22,
                        "port_min": 22,
                        "protocol": "tcp",
                        "remote": "0.0.0.0/0",
                        "rule_id": "",
                        "type": 0
                      },
                      {
                        "code": 0,
                        "direction": "inbound",
                        "ip_version": "ipv4",
                        "port_max": 3389,
                        "port_min": 3389,
                        "protocol": "tcp",
                        "remote": "0.0.0.0/0",
                        "rule_id": "",
                        "type": 0
                      }
                    ]
                  }
                ],
                "status": "available",
                "subnets": [
                  {
                    "available_ipv4_address_count": 251,
                    "id": "0717-46a894d6-94bb-478f-afe6-27a1b8d73a98",
                    "name": "sn-20220912-01",
                    "status": "available",
                    "total_ipv4_address_count": 256,
                    "zone": "us-south-1"
                  },
                  {
                    "available_ipv4_address_count": 250,
                    "id": "0727-8be5b4e6-b3b1-4998-952c-631f0a2315b4",
                    "name": "sn-20220912-02",
                    "status": "available",
                    "total_ipv4_address_count": 256,
                    "zone": "us-south-2"
                  },
                  {
                    "available_ipv4_address_count": 251,
                    "id": "0737-3d4e861d-23c0-4052-ae00-cfcffec4a68b",
                    "name": "sn-20220912-03",
                    "status": "available",
                    "total_ipv4_address_count": 256,
                    "zone": "us-south-3"
                  }
                ],
                "tags": [
                  "build-labs-latam",
                  "jrcasan",
                  "rpa-project"
                ]
              },
              {
                "classic_access": false,
                "crn": "crn:v1:bluemix:public:is:us-south:a/e65910fa61ce9072d64902d03f3d4774::vpc:r006-ed9baa33-5223-42ad-be04-cba8290fd1ac",
                "cse_source_addresses": [
                  {
                    "address": "10.16.234.120",
                    "zone_name": "us-south-1"
                  },
                  {
                    "address": "10.22.31.5",
                    "zone_name": "us-south-2"
                  },
                  {
                    "address": "10.22.37.215",
                    "zone_name": "us-south-3"
                  }
                ],
                "default_network_acl": "r006-90c6c06d-26c3-4b70-a3bd-039b4047f637",
                "default_network_acl_crn": "crn:v1:bluemix:public:is:us-south:a/e65910fa61ce9072d64902d03f3d4774::network-acl:r006-90c6c06d-26c3-4b70-a3bd-039b4047f637",
                "default_network_acl_name": "glamour-pulse-canyon-aflutter",
                "default_routing_table": "r006-c31a03e4-f2bc-49ab-98c8-c99fcefa5902",
                "default_routing_table_name": "decent-surfacing-chamber-monsieur",
                "default_security_group": "r006-4ab2b05b-41bc-4e2c-8c7d-e4f7aeb60a4d",
                "default_security_group_crn": "crn:v1:bluemix:public:is:us-south:a/e65910fa61ce9072d64902d03f3d4774::security-group:r006-4ab2b05b-41bc-4e2c-8c7d-e4f7aeb60a4d",
                "default_security_group_name": "flier-architecture-quintuple-exposable",
                "id": "r006-ed9baa33-5223-42ad-be04-cba8290fd1ac",
                "name": "aaron5-vpc",
                "resource_controller_url": "https://cloud.ibm.com/vpc-ext/network/vpcs",
                "resource_crn": "crn:v1:bluemix:public:is:us-south:a/e65910fa61ce9072d64902d03f3d4774::vpc:r006-ed9baa33-5223-42ad-be04-cba8290fd1ac",
                "resource_group": "08ec6f8ac7a84c17b7925cbf56b46886",
                "resource_group_name": "aaron5-rg",
                "resource_name": "aaron5-vpc",
                "resource_status": "available",
                "security_group": [
                  {
                    "group_id": "r006-5a0f45aa-6294-4f84-b727-603427efaa65",
                    "group_name": "kube-r006-ed9baa33-5223-42ad-be04-cba8290fd1ac",
                    "rules": [
                      {
                        "code": 0,
                        "direction": "outbound",
                        "ip_version": "ipv4",
                        "port_max": 32767,
                        "port_min": 30000,
                        "protocol": "tcp",
                        "remote": "0.0.0.0/0",
                        "rule_id": "",
                        "type": 0
                      },
                      {
                        "code": 0,
                        "direction": "outbound",
                        "ip_version": "ipv4",
                        "port_max": 32767,
                        "port_min": 30000,
                        "protocol": "udp",
                        "remote": "0.0.0.0/0",
                        "rule_id": "",
                        "type": 0
                      },
                      {
                        "code": 0,
                        "direction": "inbound",
                        "ip_version": "ipv4",
                        "port_max": 65535,
                        "port_min": 1,
                        "protocol": "tcp",
                        "remote": "0.0.0.0/0",
                        "rule_id": "",
                        "type": 0
                      },
                      {
                        "code": 0,
                        "direction": "inbound",
                        "ip_version": "ipv4",
                        "port_max": 65535,
                        "port_min": 1,
                        "protocol": "udp",
                        "remote": "0.0.0.0/0",
                        "rule_id": "",
                        "type": 0
                      }
                    ]
                  },
                  {
                    "group_id": "r006-4ab2b05b-41bc-4e2c-8c7d-e4f7aeb60a4d",
                    "group_name": "flier-architecture-quintuple-exposable",
                    "rules": [
                      {
                        "code": 0,
                        "direction": "outbound",
                        "ip_version": "ipv4",
                        "port_max": 0,
                        "port_min": 0,
                        "protocol": "all",
                        "remote": "0.0.0.0/0",
                        "rule_id": "r006-7fccc99d-d708-423b-af44-0f8d4d944836",
                        "type": 0
                      },
                      {
                        "code": 0,
                        "direction": "inbound",
                        "ip_version": "ipv4",
                        "port_max": 0,
                        "port_min": 0,
                        "protocol": "all",
                        "remote": "r006-4ab2b05b-41bc-4e2c-8c7d-e4f7aeb60a4d",
                        "rule_id": "r006-0968070f-9533-45b6-b311-2f1db587d29b",
                        "type": 0
                      },
                      {
                        "code": 0,
                        "direction": "inbound",
                        "ip_version": "ipv4",
                        "port_max": 0,
                        "port_min": 0,
                        "protocol": "icmp",
                        "remote": "0.0.0.0/0",
                        "rule_id": "r006-fa5c4ecd-b640-4d3b-9d21-b0752a71421a",
                        "type": 8
                      },
                      {
                        "code": 0,
                        "direction": "inbound",
                        "ip_version": "ipv4",
                        "port_max": 3389,
                        "port_min": 22,
                        "protocol": "tcp",
                        "remote": "0.0.0.0/0",
                        "rule_id": "",
                        "type": 0
                      }
                    ]
                  }
                ],
                "status": "available",
                "subnets": [
                  {
                    "available_ipv4_address_count": 249,
                    "id": "0717-1ecdc9cf-886c-4123-8d60-e7a353d3c834",
                    "name": "sn-20220126-01",
                    "status": "available",
                    "total_ipv4_address_count": 256,
                    "zone": "us-south-1"
                  },
                  {
                    "available_ipv4_address_count": 248,
                    "id": "0727-81a46761-270b-454f-83d3-335f7c2be068",
                    "name": "sn-20220126-02",
                    "status": "available",
                    "total_ipv4_address_count": 256,
                    "zone": "us-south-2"
                  },
                  {
                    "available_ipv4_address_count": 251,
                    "id": "0737-c93614b8-ebe5-4152-8b8f-9a5880614811",
                    "name": "sn-20220126-03",
                    "status": "available",
                    "total_ipv4_address_count": 256,
                    "zone": "us-south-3"
                  }
                ],
                "tags": [
                  "djb"
                ]
              },
              {
                "classic_access": false,
                "crn": "crn:v1:bluemix:public:is:us-south:a/e65910fa61ce9072d64902d03f3d4774::vpc:r006-f5ed6e8f-e754-4e4e-b7a4-6918e768a59d",
                "cse_source_addresses": [
                  {
                    "address": "10.16.239.247",
                    "zone_name": "us-south-1"
                  },
                  {
                    "address": "10.12.158.85",
                    "zone_name": "us-south-2"
                  },
                  {
                    "address": "10.16.255.40",
                    "zone_name": "us-south-3"
                  }
                ],
                "default_network_acl": "r006-656ae786-8a52-41f8-ac1f-30c2d5e33978",
                "default_network_acl_crn": "crn:v1:bluemix:public:is:us-south:a/e65910fa61ce9072d64902d03f3d4774::network-acl:r006-656ae786-8a52-41f8-ac1f-30c2d5e33978",
                "default_network_acl_name": "cobbler-cackermander-evident-cone",
                "default_routing_table": "r006-4d545f62-017e-456a-9f37-71644bd59a35",
                "default_routing_table_name": "angler-wince-bronchial-canning",
                "default_security_group": "r006-346883dd-5e5a-4902-8e53-c08b88ef1f47",
                "default_security_group_crn": "crn:v1:bluemix:public:is:us-south:a/e65910fa61ce9072d64902d03f3d4774::security-group:r006-346883dd-5e5a-4902-8e53-c08b88ef1f47",
                "default_security_group_name": "cornfield-relearn-backer-revenge",
                "id": "r006-f5ed6e8f-e754-4e4e-b7a4-6918e768a59d",
                "name": "kos-vpc-dxc-poc",
                "resource_controller_url": "https://cloud.ibm.com/vpc-ext/network/vpcs",
                "resource_crn": "crn:v1:bluemix:public:is:us-south:a/e65910fa61ce9072d64902d03f3d4774::vpc:r006-f5ed6e8f-e754-4e4e-b7a4-6918e768a59d",
                "resource_group": "fdd290732f7d47909181a189494e2990",
                "resource_group_name": "default",
                "resource_name": "kos-vpc-dxc-poc",
                "resource_status": "available",
                "security_group": [
                  {
                    "group_id": "r006-aa7fb8ec-7047-4dcd-80ad-403d51db0462",
                    "group_name": "kube-r006-f5ed6e8f-e754-4e4e-b7a4-6918e768a59d",
                    "rules": [
                      {
                        "code": 0,
                        "direction": "outbound",
                        "ip_version": "ipv4",
                        "port_max": 32767,
                        "port_min": 30000,
                        "protocol": "tcp",
                        "remote": "0.0.0.0/0",
                        "rule_id": "",
                        "type": 0
                      },
                      {
                        "code": 0,
                        "direction": "outbound",
                        "ip_version": "ipv4",
                        "port_max": 32767,
                        "port_min": 30000,
                        "protocol": "udp",
                        "remote": "0.0.0.0/0",
                        "rule_id": "",
                        "type": 0
                      },
                      {
                        "code": 0,
                        "direction": "inbound",
                        "ip_version": "ipv4",
                        "port_max": 65535,
                        "port_min": 1,
                        "protocol": "tcp",
                        "remote": "0.0.0.0/0",
                        "rule_id": "",
                        "type": 0
                      },
                      {
                        "code": 0,
                        "direction": "inbound",
                        "ip_version": "ipv4",
                        "port_max": 65535,
                        "port_min": 1,
                        "protocol": "udp",
                        "remote": "0.0.0.0/0",
                        "rule_id": "",
                        "type": 0
                      }
                    ]
                  },
                  {
                    "group_id": "r006-346883dd-5e5a-4902-8e53-c08b88ef1f47",
                    "group_name": "cornfield-relearn-backer-revenge",
                    "rules": [
                      {
                        "code": 0,
                        "direction": "outbound",
                        "ip_version": "ipv4",
                        "port_max": 0,
                        "port_min": 0,
                        "protocol": "all",
                        "remote": "0.0.0.0/0",
                        "rule_id": "r006-396fc2aa-d665-489f-b78d-e6f22a429ab8",
                        "type": 0
                      },
                      {
                        "code": 0,
                        "direction": "inbound",
                        "ip_version": "ipv4",
                        "port_max": 0,
                        "port_min": 0,
                        "protocol": "all",
                        "remote": "r006-346883dd-5e5a-4902-8e53-c08b88ef1f47",
                        "rule_id": "r006-b64ecec6-3b18-43a7-bb40-0553d4aa8a5f",
                        "type": 0
                      },
                      {
                        "code": 0,
                        "direction": "inbound",
                        "ip_version": "ipv4",
                        "port_max": 0,
                        "port_min": 0,
                        "protocol": "icmp",
                        "remote": "0.0.0.0/0",
                        "rule_id": "r006-57ca184f-a8e3-4123-94f9-b6afa8c4c1d5",
                        "type": 8
                      },
                      {
                        "code": 0,
                        "direction": "inbound",
                        "ip_version": "ipv4",
                        "port_max": 22,
                        "port_min": 22,
                        "protocol": "tcp",
                        "remote": "0.0.0.0/0",
                        "rule_id": "",
                        "type": 0
                      },
                      {
                        "code": 0,
                        "direction": "inbound",
                        "ip_version": "ipv4",
                        "port_max": 32767,
                        "port_min": 30000,
                        "protocol": "tcp",
                        "remote": "0.0.0.0/0",
                        "rule_id": "",
                        "type": 0
                      }
                    ]
                  }
                ],
                "status": "available",
                "subnets": [
                  {
                    "available_ipv4_address_count": 246,
                    "id": "0717-17c9f32b-9e4f-495c-ad96-7750287724b3",
                    "name": "sn-20211116-01",
                    "status": "available",
                    "total_ipv4_address_count": 256,
                    "zone": "us-south-1"
                  },
                  {
                    "available_ipv4_address_count": 248,
                    "id": "0727-04fb1c21-9b5a-4239-bbc1-befa4d210c40",
                    "name": "sn-20211116-02",
                    "status": "available",
                    "total_ipv4_address_count": 256,
                    "zone": "us-south-2"
                  },
                  {
                    "available_ipv4_address_count": 249,
                    "id": "0737-f30c0da2-f9f9-494a-85e4-b9256c4ce0c0",
                    "name": "sn-20211116-03",
                    "status": "available",
                    "total_ipv4_address_count": 256,
                    "zone": "us-south-3"
                  }
                ],
                "tags": [
                  "dxc",
                  "kos",
                  "vpc"
                ]
              },
              {
                "classic_access": false,
                "crn": "crn:v1:bluemix:public:is:us-south:a/e65910fa61ce9072d64902d03f3d4774::vpc:r006-f97bcfd4-08b3-4d60-9b52-a8f61ef393ab",
                "cse_source_addresses": [
                  {
                    "address": "10.22.23.246",
                    "zone_name": "us-south-1"
                  },
                  {
                    "address": "10.249.75.248",
                    "zone_name": "us-south-2"
                  },
                  {
                    "address": "10.249.213.246",
                    "zone_name": "us-south-3"
                  }
                ],
                "default_network_acl": "r006-987370c0-e522-411b-b720-86418c9c3e5b",
                "default_network_acl_crn": "crn:v1:bluemix:public:is:us-south:a/e65910fa61ce9072d64902d03f3d4774::network-acl:r006-987370c0-e522-411b-b720-86418c9c3e5b",
                "default_network_acl_name": "suggest-untidy-animal-unwind",
                "default_routing_table": "r006-ab4d5a57-57e4-4c48-8437-9703383ba802",
                "default_routing_table_name": "enrich-excusable-unlade-sympathy",
                "default_security_group": "r006-59431cb6-1ca6-45eb-9533-e7dff4231feb",
                "default_security_group_crn": "crn:v1:bluemix:public:is:us-south:a/e65910fa61ce9072d64902d03f3d4774::security-group:r006-59431cb6-1ca6-45eb-9533-e7dff4231feb",
                "default_security_group_name": "cylinder-obedient-spree-spousal",
                "id": "r006-f97bcfd4-08b3-4d60-9b52-a8f61ef393ab",
                "name": "build-labs-latam-paas-vpc",
                "resource_controller_url": "https://cloud.ibm.com/vpc-ext/network/vpcs",
                "resource_crn": "crn:v1:bluemix:public:is:us-south:a/e65910fa61ce9072d64902d03f3d4774::vpc:r006-f97bcfd4-08b3-4d60-9b52-a8f61ef393ab",
                "resource_group": "f9619e7c8ed0429f8de9e7b99746b2bf",
                "resource_group_name": "build-labs-latam",
                "resource_name": "build-labs-latam-paas-vpc",
                "resource_status": "available",
                "security_group": [
                  {
                    "group_id": "r006-8521e985-8405-4e33-a896-f48d06fb8f39",
                    "group_name": "kube-cds64hud0t6gjkbqa0i0",
                    "rules": [
                      {
                        "code": 0,
                        "direction": "outbound",
                        "ip_version": "ipv4",
                        "port_max": 0,
                        "port_min": 0,
                        "protocol": "all",
                        "remote": "161.26.0.0/16",
                        "rule_id": "r006-b161e7b0-72b5-4042-b989-d800a572cfae",
                        "type": 0
                      },
                      {
                        "code": 0,
                        "direction": "outbound",
                        "ip_version": "ipv4",
                        "port_max": 0,
                        "port_min": 0,
                        "protocol": "all",
                        "remote": "166.8.0.0/14",
                        "rule_id": "r006-9e0f65cf-950c-4103-b5df-d73d94d2a0b4",
                        "type": 0
                      },
                      {
                        "code": 0,
                        "direction": "inbound",
                        "ip_version": "ipv4",
                        "port_max": 0,
                        "port_min": 0,
                        "protocol": "all",
                        "remote": "172.17.0.0/18",
                        "rule_id": "r006-2861366b-75e7-4ec0-8837-9fcef28dc3de",
                        "type": 0
                      },
                      {
                        "code": 0,
                        "direction": "inbound",
                        "ip_version": "ipv4",
                        "port_max": 32767,
                        "port_min": 30000,
                        "protocol": "tcp",
                        "remote": "0.0.0.0/0",
                        "rule_id": "",
                        "type": 0
                      },
                      {
                        "code": 0,
                        "direction": "inbound",
                        "ip_version": "ipv4",
                        "port_max": 32767,
                        "port_min": 30000,
                        "protocol": "udp",
                        "remote": "0.0.0.0/0",
                        "rule_id": "",
                        "type": 0
                      },
                      {
                        "code": 0,
                        "direction": "outbound",
                        "ip_version": "ipv4",
                        "port_max": 0,
                        "port_min": 0,
                        "protocol": "all",
                        "remote": "172.17.0.0/18",
                        "rule_id": "r006-9d8c0c4e-97d0-478f-9c0c-65b244910017",
                        "type": 0
                      },
                      {
                        "code": 0,
                        "direction": "inbound",
                        "ip_version": "ipv4",
                        "port_max": 0,
                        "port_min": 0,
                        "protocol": "icmp",
                        "remote": "0.0.0.0/0",
                        "rule_id": "r006-aa2ff3e7-01b8-4e4a-a8b4-cb65376ddb35",
                        "type": 8
                      },
                      {
                        "code": 0,
                        "direction": "inbound",
                        "ip_version": "ipv4",
                        "port_max": 0,
                        "port_min": 0,
                        "protocol": "all",
                        "remote": "r006-8521e985-8405-4e33-a896-f48d06fb8f39",
                        "rule_id": "r006-25639083-4ed6-4af5-981f-66da1c5e0b91",
                        "type": 0
                      },
                      {
                        "code": 0,
                        "direction": "outbound",
                        "ip_version": "ipv4",
                        "port_max": 0,
                        "port_min": 0,
                        "protocol": "all",
                        "remote": "r006-8521e985-8405-4e33-a896-f48d06fb8f39",
                        "rule_id": "r006-9c7b5d58-3eee-4a0c-b49b-fdcb9e91705c",
                        "type": 0
                      },
                      {
                        "code": 0,
                        "direction": "outbound",
                        "ip_version": "ipv4",
                        "port_max": 30541,
                        "port_min": 30541,
                        "protocol": "tcp",
                        "remote": "10.240.0.16",
                        "rule_id": "",
                        "type": 0
                      },
                      {
                        "code": 0,
                        "direction": "outbound",
                        "ip_version": "ipv4",
                        "port_max": 30341,
                        "port_min": 30341,
                        "protocol": "tcp",
                        "remote": "10.240.0.16",
                        "rule_id": "",
                        "type": 0
                      }
                    ]
                  },
                  {
                    "group_id": "r006-bbf66bc1-aa94-4fd8-bb2d-6869b481ef18",
                    "group_name": "kube-r006-f97bcfd4-08b3-4d60-9b52-a8f61ef393ab",
                    "rules": [
                      {
                        "code": 0,
                        "direction": "outbound",
                        "ip_version": "ipv4",
                        "port_max": 32767,
                        "port_min": 30000,
                        "protocol": "tcp",
                        "remote": "0.0.0.0/0",
                        "rule_id": "",
                        "type": 0
                      },
                      {
                        "code": 0,
                        "direction": "outbound",
                        "ip_version": "ipv4",
                        "port_max": 32767,
                        "port_min": 30000,
                        "protocol": "udp",
                        "remote": "0.0.0.0/0",
                        "rule_id": "",
                        "type": 0
                      },
                      {
                        "code": 0,
                        "direction": "inbound",
                        "ip_version": "ipv4",
                        "port_max": 65535,
                        "port_min": 1,
                        "protocol": "tcp",
                        "remote": "0.0.0.0/0",
                        "rule_id": "",
                        "type": 0
                      },
                      {
                        "code": 0,
                        "direction": "inbound",
                        "ip_version": "ipv4",
                        "port_max": 65535,
                        "port_min": 1,
                        "protocol": "udp",
                        "remote": "0.0.0.0/0",
                        "rule_id": "",
                        "type": 0
                      }
                    ]
                  },
                  {
                    "group_id": "r006-59431cb6-1ca6-45eb-9533-e7dff4231feb",
                    "group_name": "cylinder-obedient-spree-spousal",
                    "rules": [
                      {
                        "code": 0,
                        "direction": "outbound",
                        "ip_version": "ipv4",
                        "port_max": 0,
                        "port_min": 0,
                        "protocol": "all",
                        "remote": "0.0.0.0/0",
                        "rule_id": "r006-068406ed-ff7f-4acb-a6b4-a2e20d416aad",
                        "type": 0
                      },
                      {
                        "code": 0,
                        "direction": "inbound",
                        "ip_version": "ipv4",
                        "port_max": 0,
                        "port_min": 0,
                        "protocol": "all",
                        "remote": "r006-59431cb6-1ca6-45eb-9533-e7dff4231feb",
                        "rule_id": "r006-bebc3d79-c2df-48dd-ad27-9df237fe4716",
                        "type": 0
                      },
                      {
                        "code": 0,
                        "direction": "inbound",
                        "ip_version": "ipv4",
                        "port_max": 0,
                        "port_min": 0,
                        "protocol": "icmp",
                        "remote": "0.0.0.0/0",
                        "rule_id": "r006-3284bc9b-ca90-4925-92cb-9b1006aef744",
                        "type": 8
                      },
                      {
                        "code": 0,
                        "direction": "inbound",
                        "ip_version": "ipv4",
                        "port_max": 22,
                        "port_min": 22,
                        "protocol": "tcp",
                        "remote": "0.0.0.0/0",
                        "rule_id": "",
                        "type": 0
                      },
                      {
                        "code": 0,
                        "direction": "inbound",
                        "ip_version": "ipv4",
                        "port_max": 80,
                        "port_min": 80,
                        "protocol": "tcp",
                        "remote": "0.0.0.0/0",
                        "rule_id": "",
                        "type": 0
                      }
                    ]
                  }
                ],
                "status": "available",
                "subnets": [
                  {
                    "available_ipv4_address_count": 249,
                    "id": "0727-e6064eaa-9217-4bd3-808b-d1c16a3908c3",
                    "name": "sn-20220816-02",
                    "status": "available",
                    "total_ipv4_address_count": 256,
                    "zone": "us-south-2"
                  },
                  {
                    "available_ipv4_address_count": 251,
                    "id": "0737-0f069409-e364-4cd5-887c-77ec89705496",
                    "name": "sn-20220816-03",
                    "status": "available",
                    "total_ipv4_address_count": 256,
                    "zone": "us-south-3"
                  },
                  {
                    "available_ipv4_address_count": 244,
                    "id": "0717-fa910486-a695-4ff4-859c-400302e54c15",
                    "name": "sn-20220816-01",
                    "status": "available",
                    "total_ipv4_address_count": 256,
                    "zone": "us-south-1"
                  }
                ],
                "tags": [
                  "build-labs-latam",
                  "jrcasan"
                ]
              },
              {
                "classic_access": false,
                "crn": "crn:v1:bluemix:public:is:us-south:a/e65910fa61ce9072d64902d03f3d4774::vpc:r006-fb3846c8-75f0-4b02-b059-20350cab2959",
                "cse_source_addresses": [
                  {
                    "address": "10.249.195.172",
                    "zone_name": "us-south-1"
                  },
                  {
                    "address": "10.249.74.183",
                    "zone_name": "us-south-2"
                  },
                  {
                    "address": "10.22.34.106",
                    "zone_name": "us-south-3"
                  }
                ],
                "default_network_acl": "r006-83611982-aabf-48e2-aa9a-65cb9af9c87a",
                "default_network_acl_crn": "crn:v1:bluemix:public:is:us-south:a/e65910fa61ce9072d64902d03f3d4774::network-acl:r006-83611982-aabf-48e2-aa9a-65cb9af9c87a",
                "default_network_acl_name": "squeamish-skinned-squint-proponent",
                "default_routing_table": "r006-a9befc49-09fa-4dee-bac6-ea26709c2f0f",
                "default_routing_table_name": "almost-derailed-deposit-festive",
                "default_security_group": "r006-913af9e8-4bd5-4c48-9e93-e86b032a5099",
                "default_security_group_crn": "crn:v1:bluemix:public:is:us-south:a/e65910fa61ce9072d64902d03f3d4774::security-group:r006-913af9e8-4bd5-4c48-9e93-e86b032a5099",
                "default_security_group_name": "foe-sack-depletion-certainty",
                "id": "r006-fb3846c8-75f0-4b02-b059-20350cab2959",
                "name": "bdoshi-vpc",
                "resource_controller_url": "https://cloud.ibm.com/vpc-ext/network/vpcs",
                "resource_crn": "crn:v1:bluemix:public:is:us-south:a/e65910fa61ce9072d64902d03f3d4774::vpc:r006-fb3846c8-75f0-4b02-b059-20350cab2959",
                "resource_group": "36e1899275f746db979eeb5510083ecf",
                "resource_group_name": "bdoshi-rg",
                "resource_name": "bdoshi-vpc",
                "resource_status": "available",
                "security_group": [
                  {
                    "group_id": "r006-913af9e8-4bd5-4c48-9e93-e86b032a5099",
                    "group_name": "foe-sack-depletion-certainty",
                    "rules": [
                      {
                        "code": 0,
                        "direction": "outbound",
                        "ip_version": "ipv4",
                        "port_max": 0,
                        "port_min": 0,
                        "protocol": "all",
                        "remote": "0.0.0.0/0",
                        "rule_id": "r006-b757b250-67ab-447a-b58e-1df5e4a42f0f",
                        "type": 0
                      },
                      {
                        "code": 0,
                        "direction": "inbound",
                        "ip_version": "ipv4",
                        "port_max": 0,
                        "port_min": 0,
                        "protocol": "all",
                        "remote": "r006-913af9e8-4bd5-4c48-9e93-e86b032a5099",
                        "rule_id": "r006-5e858550-6702-418d-8618-4f4327693bc6",
                        "type": 0
                      },
                      {
                        "code": 0,
                        "direction": "inbound",
                        "ip_version": "ipv4",
                        "port_max": 0,
                        "port_min": 0,
                        "protocol": "icmp",
                        "remote": "0.0.0.0/0",
                        "rule_id": "r006-fee7005b-5738-492a-a1da-0374daf4c1a7",
                        "type": 8
                      },
                      {
                        "code": 0,
                        "direction": "inbound",
                        "ip_version": "ipv4",
                        "port_max": 22,
                        "port_min": 22,
                        "protocol": "tcp",
                        "remote": "0.0.0.0/0",
                        "rule_id": "",
                        "type": 0
                      },
                      {
                        "code": 0,
                        "direction": "inbound",
                        "ip_version": "ipv4",
                        "port_max": 80,
                        "port_min": 80,
                        "protocol": "tcp",
                        "remote": "0.0.0.0/0",
                        "rule_id": "",
                        "type": 0
                      },
                      {
                        "code": 0,
                        "direction": "inbound",
                        "ip_version": "ipv4",
                        "port_max": 9090,
                        "port_min": 9090,
                        "protocol": "tcp",
                        "remote": "0.0.0.0/0",
                        "rule_id": "",
                        "type": 0
                      },
                      {
                        "code": 0,
                        "direction": "inbound",
                        "ip_version": "ipv4",
                        "port_max": 9100,
                        "port_min": 9100,
                        "protocol": "tcp",
                        "remote": "0.0.0.0/0",
                        "rule_id": "",
                        "type": 0
                      },
                      {
                        "code": 0,
                        "direction": "inbound",
                        "ip_version": "ipv4",
                        "port_max": 9094,
                        "port_min": 9094,
                        "protocol": "tcp",
                        "remote": "0.0.0.0/0",
                        "rule_id": "",
                        "type": 0
                      },
                      {
                        "code": 0,
                        "direction": "inbound",
                        "ip_version": "ipv4",
                        "port_max": 9093,
                        "port_min": 9093,
                        "protocol": "tcp",
                        "remote": "0.0.0.0/0",
                        "rule_id": "",
                        "type": 0
                      },
                      {
                        "code": 0,
                        "direction": "inbound",
                        "ip_version": "ipv4",
                        "port_max": 9115,
                        "port_min": 9115,
                        "protocol": "tcp",
                        "remote": "0.0.0.0/0",
                        "rule_id": "",
                        "type": 0
                      },
                      {
                        "code": 0,
                        "direction": "inbound",
                        "ip_version": "ipv4",
                        "port_max": 3000,
                        "port_min": 3000,
                        "protocol": "tcp",
                        "remote": "0.0.0.0/0",
                        "rule_id": "",
                        "type": 0
                      },
                      {
                        "code": 0,
                        "direction": "inbound",
                        "ip_version": "ipv4",
                        "port_max": 8000,
                        "port_min": 8000,
                        "protocol": "tcp",
                        "remote": "0.0.0.0/0",
                        "rule_id": "",
                        "type": 0
                      },
                      {
                        "code": 0,
                        "direction": "inbound",
                        "ip_version": "ipv4",
                        "port_max": 10901,
                        "port_min": 10901,
                        "protocol": "tcp",
                        "remote": "0.0.0.0/0",
                        "rule_id": "",
                        "type": 0
                      },
                      {
                        "code": 0,
                        "direction": "inbound",
                        "ip_version": "ipv4",
                        "port_max": 10902,
                        "port_min": 10902,
                        "protocol": "tcp",
                        "remote": "0.0.0.0/0",
                        "rule_id": "",
                        "type": 0
                      },
                      {
                        "code": 0,
                        "direction": "inbound",
                        "ip_version": "ipv4",
                        "port_max": 10903,
                        "port_min": 10903,
                        "protocol": "tcp",
                        "remote": "0.0.0.0/0",
                        "rule_id": "",
                        "type": 0
                      }
                    ]
                  }
                ],
                "status": "available",
                "subnets": [
                  {
                    "available_ipv4_address_count": 251,
                    "id": "0727-dac7d39d-005c-43a0-b49e-20fc3e96372d",
                    "name": "sn-20220805-02",
                    "status": "available",
                    "total_ipv4_address_count": 256,
                    "zone": "us-south-2"
                  },
                  {
                    "available_ipv4_address_count": 251,
                    "id": "0737-e01858f9-ebc0-49c0-8db5-9d1eda8e06dc",
                    "name": "sn-20220805-03",
                    "status": "available",
                    "total_ipv4_address_count": 256,
                    "zone": "us-south-3"
                  },
                  {
                    "available_ipv4_address_count": 251,
                    "id": "0717-bbbff450-f21c-4c59-bfaa-b054b33ab7b1",
                    "name": "sn-20220805-01",
                    "status": "available",
                    "total_ipv4_address_count": 256,
                    "zone": "us-south-1"
                  }
                ],
                "tags": []
              },
              {
                "classic_access": false,
                "crn": "crn:v1:bluemix:public:is:us-south:a/e65910fa61ce9072d64902d03f3d4774::vpc:r006-ffdc10a2-dd0a-4058-a579-827632fe512b",
                "cse_source_addresses": [
                  {
                    "address": "10.22.23.182",
                    "zone_name": "us-south-1"
                  },
                  {
                    "address": "10.16.240.34",
                    "zone_name": "us-south-2"
                  },
                  {
                    "address": "10.12.167.246",
                    "zone_name": "us-south-3"
                  }
                ],
                "default_network_acl": "r006-d0f2a9de-b5a9-414f-91e5-060bc88e2e96",
                "default_network_acl_crn": "crn:v1:bluemix:public:is:us-south:a/e65910fa61ce9072d64902d03f3d4774::network-acl:r006-d0f2a9de-b5a9-414f-91e5-060bc88e2e96",
                "default_network_acl_name": "appealing-monsieur-self-unengaged",
                "default_routing_table": "r006-2d830aff-5045-44a0-9ef7-f041e0dfbf61",
                "default_routing_table_name": "handprint-rename-trimmer-surely",
                "default_security_group": "r006-f5cf4aba-1674-4767-8ed8-4e36f5b4ef9c",
                "default_security_group_crn": "crn:v1:bluemix:public:is:us-south:a/e65910fa61ce9072d64902d03f3d4774::security-group:r006-f5cf4aba-1674-4767-8ed8-4e36f5b4ef9c",
                "default_security_group_name": "remolded-groove-depict-almanac",
                "id": "r006-ffdc10a2-dd0a-4058-a579-827632fe512b",
                "name": "seismic-poc",
                "resource_controller_url": "https://cloud.ibm.com/vpc-ext/network/vpcs",
                "resource_crn": "crn:v1:bluemix:public:is:us-south:a/e65910fa61ce9072d64902d03f3d4774::vpc:r006-ffdc10a2-dd0a-4058-a579-827632fe512b",
                "resource_group": "fdd290732f7d47909181a189494e2990",
                "resource_group_name": "default",
                "resource_name": "seismic-poc",
                "resource_status": "available",
                "security_group": [
                  {
                    "group_id": "r006-b1272955-d001-40d3-afba-fa55d48f90b4",
                    "group_name": "kube-r006-ffdc10a2-dd0a-4058-a579-827632fe512b",
                    "rules": [
                      {
                        "code": 0,
                        "direction": "outbound",
                        "ip_version": "ipv4",
                        "port_max": 32767,
                        "port_min": 30000,
                        "protocol": "tcp",
                        "remote": "0.0.0.0/0",
                        "rule_id": "",
                        "type": 0
                      },
                      {
                        "code": 0,
                        "direction": "outbound",
                        "ip_version": "ipv4",
                        "port_max": 32767,
                        "port_min": 30000,
                        "protocol": "udp",
                        "remote": "0.0.0.0/0",
                        "rule_id": "",
                        "type": 0
                      },
                      {
                        "code": 0,
                        "direction": "inbound",
                        "ip_version": "ipv4",
                        "port_max": 65535,
                        "port_min": 1,
                        "protocol": "tcp",
                        "remote": "0.0.0.0/0",
                        "rule_id": "",
                        "type": 0
                      },
                      {
                        "code": 0,
                        "direction": "inbound",
                        "ip_version": "ipv4",
                        "port_max": 65535,
                        "port_min": 1,
                        "protocol": "udp",
                        "remote": "0.0.0.0/0",
                        "rule_id": "",
                        "type": 0
                      }
                    ]
                  },
                  {
                    "group_id": "r006-914be839-930b-47d7-b9fc-9ab50b870b02",
                    "group_name": "kube-cad5ljcd0e7tqhbegkgg",
                    "rules": [
                      {
                        "code": 0,
                        "direction": "inbound",
                        "ip_version": "ipv4",
                        "port_max": 0,
                        "port_min": 0,
                        "protocol": "all",
                        "remote": "172.17.0.0/18",
                        "rule_id": "r006-8b48596d-a7db-4ab0-a4bb-95bfd8b7cadd",
                        "type": 0
                      },
                      {
                        "code": 0,
                        "direction": "inbound",
                        "ip_version": "ipv4",
                        "port_max": 32767,
                        "port_min": 30000,
                        "protocol": "tcp",
                        "remote": "0.0.0.0/0",
                        "rule_id": "",
                        "type": 0
                      },
                      {
                        "code": 0,
                        "direction": "inbound",
                        "ip_version": "ipv4",
                        "port_max": 32767,
                        "port_min": 30000,
                        "protocol": "udp",
                        "remote": "0.0.0.0/0",
                        "rule_id": "",
                        "type": 0
                      },
                      {
                        "code": 0,
                        "direction": "outbound",
                        "ip_version": "ipv4",
                        "port_max": 0,
                        "port_min": 0,
                        "protocol": "all",
                        "remote": "172.17.0.0/18",
                        "rule_id": "r006-1c6e44cb-c416-4f39-90e7-f3c5b6422ab3",
                        "type": 0
                      }
                    ]
                  },
                  {
                    "group_id": "r006-f5cf4aba-1674-4767-8ed8-4e36f5b4ef9c",
                    "group_name": "remolded-groove-depict-almanac",
                    "rules": [
                      {
                        "code": 0,
                        "direction": "outbound",
                        "ip_version": "ipv4",
                        "port_max": 0,
                        "port_min": 0,
                        "protocol": "all",
                        "remote": "0.0.0.0/0",
                        "rule_id": "r006-13e8602a-c92a-4dbe-aa2b-dde9dcffcbbe",
                        "type": 0
                      },
                      {
                        "code": 0,
                        "direction": "inbound",
                        "ip_version": "ipv4",
                        "port_max": 0,
                        "port_min": 0,
                        "protocol": "all",
                        "remote": "r006-f5cf4aba-1674-4767-8ed8-4e36f5b4ef9c",
                        "rule_id": "r006-f68c8f68-5c4a-4b23-8278-0fdd234efd4b",
                        "type": 0
                      },
                      {
                        "code": 0,
                        "direction": "inbound",
                        "ip_version": "ipv4",
                        "port_max": 0,
                        "port_min": 0,
                        "protocol": "icmp",
                        "remote": "0.0.0.0/0",
                        "rule_id": "r006-ec16d006-c642-4ae5-9608-dafaaeceecce",
                        "type": 8
                      },
                      {
                        "code": 0,
                        "direction": "inbound",
                        "ip_version": "ipv4",
                        "port_max": 22,
                        "port_min": 22,
                        "protocol": "tcp",
                        "remote": "0.0.0.0/0",
                        "rule_id": "",
                        "type": 0
                      }
                    ]
                  }
                ],
                "status": "available",
                "subnets": [
                  {
                    "available_ipv4_address_count": 246,
                    "id": "0727-f14a757b-5311-4a05-b89a-fe718c40636a",
                    "name": "sn-20220603-02",
                    "status": "available",
                    "total_ipv4_address_count": 256,
                    "zone": "us-south-2"
                  }
                ],
                "tags": []
              }
            ]
          },
          "sensitive_attributes": []
        }
      ]
    },
    {
      "module": "module.landing_zone.module.landing_zone.module.vsi[\"jaffasx-01-workload-server\"]",
      "mode": "managed",
      "type": "ibm_is_instance",
      "name": "vsi",
      "provider": "module.landing_zone.provider[\"registry.terraform.io/ibm-cloud/ibm\"]",
      "instances": [
        {
          "index_key": "jaffasx-01-workload-server-1",
          "schema_version": 0,
          "attributes": {
            "action": null,
            "auto_delete_volume": null,
            "availability_policy_host_failure": "restart",
            "bandwidth": 8000,
            "boot_volume": [
              {
                "encryption": "crn:v1:bluemix:public:kms:us-south:a/e65910fa61ce9072d64902d03f3d4774:1628d3b4-92f6-4553-9998-4e433b56286d:key:6d5df0d6-5041-42b8-8bd3-eb04b5f18fea",
                "iops": 3000,
                "name": "unbolted-fall-passcode-claim",
                "profile": "general-purpose",
                "size": 100,
                "snapshot": "",
                "volume_id": "r006-bf5809cd-0b5e-4565-a15b-2d25adfe887b"
              }
            ],
            "crn": "crn:v1:bluemix:public:is:us-south-1:a/e65910fa61ce9072d64902d03f3d4774::instance:0717_0030338f-8d9a-4ffd-a0a3-996a49fd4aed",
            "dedicated_host": null,
            "dedicated_host_group": null,
            "default_trusted_profile_auto_link": null,
            "default_trusted_profile_target": null,
            "disks": [],
            "force_action": false,
            "force_recovery_time": null,
            "gpu": [],
            "id": "0717_0030338f-8d9a-4ffd-a0a3-996a49fd4aed",
            "image": "r006-35668c13-c034-43b2-b0a1-2994b9044cec",
            "instance_template": null,
            "keys": [
              "r006-ab06633d-2aba-4f51-bcee-c5a6f48652f1"
            ],
            "memory": 8,
            "metadata_service_enabled": false,
            "name": "jaffasx-01-workload-server-1",
            "network_interfaces": [],
            "placement_group": null,
            "placement_target": [],
            "primary_network_interface": [
              {
                "allow_ip_spoofing": false,
                "id": "0717-4ce727f5-c965-449d-8f15-b698336eebcc",
                "name": "uncross-dweller-broadness-pretender",
                "port_speed": 6000,
                "primary_ip": [
                  {
                    "address": "10.40.10.4",
                    "auto_delete": true,
                    "href": "https://us-south.iaas.cloud.ibm.com/v1/subnets/0717-d4b1df46-d0fe-403d-92f5-b2dde5988977/reserved_ips/0717-d570d27e-abda-42ac-a699-d5d2be543657",
                    "name": "cradle-unharmed-said-quirk",
                    "reserved_ip": "0717-d570d27e-abda-42ac-a699-d5d2be543657",
                    "resource_type": "subnet_reserved_ip"
                  }
                ],
                "primary_ipv4_address": "10.40.10.4",
                "security_groups": [
                  "r006-66724d66-150e-4cdf-87dc-66cc084ec2b0"
                ],
                "subnet": "0717-d4b1df46-d0fe-403d-92f5-b2dde5988977"
              }
            ],
            "profile": "cx2-4x8",
            "resource_controller_url": "https://cloud.ibm.com/vpc-ext/compute/vs",
            "resource_crn": "crn:v1:bluemix:public:is:us-south-1:a/e65910fa61ce9072d64902d03f3d4774::instance:0717_0030338f-8d9a-4ffd-a0a3-996a49fd4aed",
            "resource_group": "045fcf0192ad49c9890b499875af4a82",
            "resource_group_name": "jaffasx-01-workload-rg",
            "resource_name": "jaffasx-01-workload-server-1",
            "resource_status": "running",
            "status": "running",
            "status_reasons": [],
            "tags": [],
            "timeouts": null,
            "total_network_bandwidth": 6000,
            "total_volume_bandwidth": 2000,
            "user_data": null,
            "vcpu": [
              {
                "architecture": "amd64",
                "count": 4
              }
            ],
            "volume_attachments": [
              {
                "id": "0717-9413f8ce-c128-4420-9325-8ca6aeaa4e7f",
                "name": "doorframe-trouble-hardcore-unshattered",
                "volume_crn": "crn:v1:bluemix:public:is:us-south-1:a/e65910fa61ce9072d64902d03f3d4774::volume:r006-bf5809cd-0b5e-4565-a15b-2d25adfe887b",
                "volume_id": "r006-bf5809cd-0b5e-4565-a15b-2d25adfe887b",
                "volume_name": "unbolted-fall-passcode-claim"
              }
            ],
            "volumes": null,
            "vpc": "r006-d8465333-260c-4e38-9519-e9f1eec2f3d5",
            "wait_before_delete": true,
            "zone": "us-south-1"
          },
          "sensitive_attributes": [],
          "private": "eyJlMmJmYjczMC1lY2FhLTExZTYtOGY4OC0zNDM2M2JjN2M0YzAiOnsiY3JlYXRlIjoxODAwMDAwMDAwMDAwLCJkZWxldGUiOjE4MDAwMDAwMDAwMDAsInVwZGF0ZSI6MTgwMDAwMDAwMDAwMH19",
          "dependencies": [
            "module.landing_zone.module.landing_zone.data.ibm_is_image.image",
            "module.landing_zone.module.landing_zone.data.ibm_resource_group.resource_groups",
            "module.landing_zone.module.landing_zone.ibm_is_security_group.security_group",
            "module.landing_zone.module.landing_zone.ibm_resource_group.resource_groups",
            "module.landing_zone.module.landing_zone.module.key_management.data.ibm_resource_instance.hpcs_instance",
            "module.landing_zone.module.landing_zone.module.key_management.data.ibm_resource_instance.kms",
            "module.landing_zone.module.landing_zone.module.key_management.ibm_kms_key.key",
            "module.landing_zone.module.landing_zone.module.key_management.ibm_kms_key_rings.rings",
            "module.landing_zone.module.landing_zone.module.key_management.ibm_resource_instance.kms",
            "module.landing_zone.module.landing_zone.module.ssh_keys.data.ibm_is_ssh_key.ssh_key",
            "module.landing_zone.module.landing_zone.module.ssh_keys.ibm_is_ssh_key.ssh_key",
            "module.landing_zone.module.landing_zone.module.vpc.ibm_is_network_acl.network_acl",
            "module.landing_zone.module.landing_zone.module.vpc.ibm_is_public_gateway.gateway",
            "module.landing_zone.module.landing_zone.module.vpc.ibm_is_security_group_rule.default_vpc_rule",
            "module.landing_zone.module.landing_zone.module.vpc.ibm_is_subnet.subnet",
            "module.landing_zone.module.landing_zone.module.vpc.ibm_is_vpc.vpc",
            "module.landing_zone.module.landing_zone.module.vpc.ibm_is_vpc_address_prefix.address_prefixes",
            "module.landing_zone.module.landing_zone.module.vpc.ibm_is_vpc_address_prefix.subnet_prefix",
            "module.landing_zone.module.landing_zone.module.vpc.ibm_is_vpc_route.route",
            "module.landing_zone.module.landing_zone.module.vsi.data.ibm_is_vpc.vpc",
            "module.landing_zone.module.landing_zone.module.vsi.data.ibm_is_vpcs.vpcs",
            "module.landing_zone.module.landing_zone.module.vsi.ibm_is_security_group.security_group",
            "module.landing_zone.module.landing_zone.module.vsi.ibm_is_volume.volume"
          ]
        },
        {
          "index_key": "jaffasx-01-workload-server-2",
          "schema_version": 0,
          "attributes": {
            "action": null,
            "auto_delete_volume": null,
            "availability_policy_host_failure": "restart",
            "bandwidth": 8000,
            "boot_volume": [
              {
                "encryption": "crn:v1:bluemix:public:kms:us-south:a/e65910fa61ce9072d64902d03f3d4774:1628d3b4-92f6-4553-9998-4e433b56286d:key:6d5df0d6-5041-42b8-8bd3-eb04b5f18fea",
                "iops": 3000,
                "name": "chair-snazzy-overall-expansive",
                "profile": "general-purpose",
                "size": 100,
                "snapshot": "",
                "volume_id": "r006-4efb34be-492e-4ae5-93e8-9cc436e7e73d"
              }
            ],
            "crn": "crn:v1:bluemix:public:is:us-south-2:a/e65910fa61ce9072d64902d03f3d4774::instance:0727_78e4b2cd-44e3-4adc-abbe-908f6a098fd4",
            "dedicated_host": null,
            "dedicated_host_group": null,
            "default_trusted_profile_auto_link": null,
            "default_trusted_profile_target": null,
            "disks": [],
            "force_action": false,
            "force_recovery_time": null,
            "gpu": [],
            "id": "0727_78e4b2cd-44e3-4adc-abbe-908f6a098fd4",
            "image": "r006-35668c13-c034-43b2-b0a1-2994b9044cec",
            "instance_template": null,
            "keys": [
              "r006-ab06633d-2aba-4f51-bcee-c5a6f48652f1"
            ],
            "memory": 8,
            "metadata_service_enabled": false,
            "name": "jaffasx-01-workload-server-2",
            "network_interfaces": [],
            "placement_group": null,
            "placement_target": [],
            "primary_network_interface": [
              {
                "allow_ip_spoofing": false,
                "id": "0727-b24e6c17-f48d-4276-9415-ee94a6a17fd2",
                "name": "engraved-obtuse-fence-snaking",
                "port_speed": 6000,
                "primary_ip": [
                  {
                    "address": "10.50.10.4",
                    "auto_delete": true,
                    "href": "https://us-south.iaas.cloud.ibm.com/v1/subnets/0727-f36b3bab-b2e1-4797-9a4a-22bd59bdc4b0/reserved_ips/0727-7972cdea-4dc3-4dd5-8ba4-8d5d6d8b660b",
                    "name": "unrivaled-expectant-slacks-lather",
                    "reserved_ip": "0727-7972cdea-4dc3-4dd5-8ba4-8d5d6d8b660b",
                    "resource_type": "subnet_reserved_ip"
                  }
                ],
                "primary_ipv4_address": "10.50.10.4",
                "security_groups": [
                  "r006-66724d66-150e-4cdf-87dc-66cc084ec2b0"
                ],
                "subnet": "0727-f36b3bab-b2e1-4797-9a4a-22bd59bdc4b0"
              }
            ],
            "profile": "cx2-4x8",
            "resource_controller_url": "https://cloud.ibm.com/vpc-ext/compute/vs",
            "resource_crn": "crn:v1:bluemix:public:is:us-south-2:a/e65910fa61ce9072d64902d03f3d4774::instance:0727_78e4b2cd-44e3-4adc-abbe-908f6a098fd4",
            "resource_group": "045fcf0192ad49c9890b499875af4a82",
            "resource_group_name": "jaffasx-01-workload-rg",
            "resource_name": "jaffasx-01-workload-server-2",
            "resource_status": "running",
            "status": "running",
            "status_reasons": [],
            "tags": [],
            "timeouts": null,
            "total_network_bandwidth": 6000,
            "total_volume_bandwidth": 2000,
            "user_data": null,
            "vcpu": [
              {
                "architecture": "amd64",
                "count": 4
              }
            ],
            "volume_attachments": [
              {
                "id": "0727-71dcc252-79ce-418d-a771-abb7248afea9",
                "name": "dipper-railway-widen-refinery",
                "volume_crn": "crn:v1:bluemix:public:is:us-south-2:a/e65910fa61ce9072d64902d03f3d4774::volume:r006-4efb34be-492e-4ae5-93e8-9cc436e7e73d",
                "volume_id": "r006-4efb34be-492e-4ae5-93e8-9cc436e7e73d",
                "volume_name": "chair-snazzy-overall-expansive"
              }
            ],
            "volumes": null,
            "vpc": "r006-d8465333-260c-4e38-9519-e9f1eec2f3d5",
            "wait_before_delete": true,
            "zone": "us-south-2"
          },
          "sensitive_attributes": [],
          "private": "eyJlMmJmYjczMC1lY2FhLTExZTYtOGY4OC0zNDM2M2JjN2M0YzAiOnsiY3JlYXRlIjoxODAwMDAwMDAwMDAwLCJkZWxldGUiOjE4MDAwMDAwMDAwMDAsInVwZGF0ZSI6MTgwMDAwMDAwMDAwMH19",
          "dependencies": [
            "module.landing_zone.module.landing_zone.data.ibm_is_image.image",
            "module.landing_zone.module.landing_zone.data.ibm_resource_group.resource_groups",
            "module.landing_zone.module.landing_zone.ibm_is_security_group.security_group",
            "module.landing_zone.module.landing_zone.ibm_resource_group.resource_groups",
            "module.landing_zone.module.landing_zone.module.key_management.data.ibm_resource_instance.hpcs_instance",
            "module.landing_zone.module.landing_zone.module.key_management.data.ibm_resource_instance.kms",
            "module.landing_zone.module.landing_zone.module.key_management.ibm_kms_key.key",
            "module.landing_zone.module.landing_zone.module.key_management.ibm_kms_key_rings.rings",
            "module.landing_zone.module.landing_zone.module.key_management.ibm_resource_instance.kms",
            "module.landing_zone.module.landing_zone.module.ssh_keys.data.ibm_is_ssh_key.ssh_key",
            "module.landing_zone.module.landing_zone.module.ssh_keys.ibm_is_ssh_key.ssh_key",
            "module.landing_zone.module.landing_zone.module.vpc.ibm_is_network_acl.network_acl",
            "module.landing_zone.module.landing_zone.module.vpc.ibm_is_public_gateway.gateway",
            "module.landing_zone.module.landing_zone.module.vpc.ibm_is_security_group_rule.default_vpc_rule",
            "module.landing_zone.module.landing_zone.module.vpc.ibm_is_subnet.subnet",
            "module.landing_zone.module.landing_zone.module.vpc.ibm_is_vpc.vpc",
            "module.landing_zone.module.landing_zone.module.vpc.ibm_is_vpc_address_prefix.address_prefixes",
            "module.landing_zone.module.landing_zone.module.vpc.ibm_is_vpc_address_prefix.subnet_prefix",
            "module.landing_zone.module.landing_zone.module.vpc.ibm_is_vpc_route.route",
            "module.landing_zone.module.landing_zone.module.vsi.data.ibm_is_vpc.vpc",
            "module.landing_zone.module.landing_zone.module.vsi.data.ibm_is_vpcs.vpcs",
            "module.landing_zone.module.landing_zone.module.vsi.ibm_is_security_group.security_group",
            "module.landing_zone.module.landing_zone.module.vsi.ibm_is_volume.volume"
          ]
        },
        {
          "index_key": "jaffasx-01-workload-server-3",
          "schema_version": 0,
          "attributes": {
            "action": null,
            "auto_delete_volume": null,
            "availability_policy_host_failure": "restart",
            "bandwidth": 8000,
            "boot_volume": [
              {
                "encryption": "crn:v1:bluemix:public:kms:us-south:a/e65910fa61ce9072d64902d03f3d4774:1628d3b4-92f6-4553-9998-4e433b56286d:key:6d5df0d6-5041-42b8-8bd3-eb04b5f18fea",
                "iops": 3000,
                "name": "autoalarm-straggler-thorax-nutmeg",
                "profile": "general-purpose",
                "size": 100,
                "snapshot": "",
                "volume_id": "r006-669fefd9-cd24-4e3f-bef7-bf4243964770"
              }
            ],
            "crn": "crn:v1:bluemix:public:is:us-south-3:a/e65910fa61ce9072d64902d03f3d4774::instance:0737_13e38d9e-cd4e-44ca-b14e-749b701485ed",
            "dedicated_host": null,
            "dedicated_host_group": null,
            "default_trusted_profile_auto_link": null,
            "default_trusted_profile_target": null,
            "disks": [],
            "force_action": false,
            "force_recovery_time": null,
            "gpu": [],
            "id": "0737_13e38d9e-cd4e-44ca-b14e-749b701485ed",
            "image": "r006-35668c13-c034-43b2-b0a1-2994b9044cec",
            "instance_template": null,
            "keys": [
              "r006-ab06633d-2aba-4f51-bcee-c5a6f48652f1"
            ],
            "memory": 8,
            "metadata_service_enabled": false,
            "name": "jaffasx-01-workload-server-3",
            "network_interfaces": [],
            "placement_group": null,
            "placement_target": [],
            "primary_network_interface": [
              {
                "allow_ip_spoofing": false,
                "id": "0737-f4040c6b-7efe-49d4-ba72-1cfab4af1f2f",
                "name": "snugness-idealness-buddy-zipping",
                "port_speed": 6000,
                "primary_ip": [
                  {
                    "address": "10.60.10.4",
                    "auto_delete": true,
                    "href": "https://us-south.iaas.cloud.ibm.com/v1/subnets/0737-349473c8-dbf4-48c4-89b1-c6f478bbfc73/reserved_ips/0737-16f64ae8-9727-4fd2-82b5-6a4ea8494e25",
                    "name": "swooned-headstand-fall-deduce",
                    "reserved_ip": "0737-16f64ae8-9727-4fd2-82b5-6a4ea8494e25",
                    "resource_type": "subnet_reserved_ip"
                  }
                ],
                "primary_ipv4_address": "10.60.10.4",
                "security_groups": [
                  "r006-66724d66-150e-4cdf-87dc-66cc084ec2b0"
                ],
                "subnet": "0737-349473c8-dbf4-48c4-89b1-c6f478bbfc73"
              }
            ],
            "profile": "cx2-4x8",
            "resource_controller_url": "https://cloud.ibm.com/vpc-ext/compute/vs",
            "resource_crn": "crn:v1:bluemix:public:is:us-south-3:a/e65910fa61ce9072d64902d03f3d4774::instance:0737_13e38d9e-cd4e-44ca-b14e-749b701485ed",
            "resource_group": "045fcf0192ad49c9890b499875af4a82",
            "resource_group_name": "jaffasx-01-workload-rg",
            "resource_name": "jaffasx-01-workload-server-3",
            "resource_status": "running",
            "status": "running",
            "status_reasons": [],
            "tags": [],
            "timeouts": null,
            "total_network_bandwidth": 6000,
            "total_volume_bandwidth": 2000,
            "user_data": null,
            "vcpu": [
              {
                "architecture": "amd64",
                "count": 4
              }
            ],
            "volume_attachments": [
              {
                "id": "0737-ced4bd52-f8e7-4e94-84fc-4a409c2a78dd",
                "name": "endurance-reliant-cabin-unpack",
                "volume_crn": "crn:v1:bluemix:public:is:us-south-3:a/e65910fa61ce9072d64902d03f3d4774::volume:r006-669fefd9-cd24-4e3f-bef7-bf4243964770",
                "volume_id": "r006-669fefd9-cd24-4e3f-bef7-bf4243964770",
                "volume_name": "autoalarm-straggler-thorax-nutmeg"
              }
            ],
            "volumes": null,
            "vpc": "r006-d8465333-260c-4e38-9519-e9f1eec2f3d5",
            "wait_before_delete": true,
            "zone": "us-south-3"
          },
          "sensitive_attributes": [],
          "private": "eyJlMmJmYjczMC1lY2FhLTExZTYtOGY4OC0zNDM2M2JjN2M0YzAiOnsiY3JlYXRlIjoxODAwMDAwMDAwMDAwLCJkZWxldGUiOjE4MDAwMDAwMDAwMDAsInVwZGF0ZSI6MTgwMDAwMDAwMDAwMH19",
          "dependencies": [
            "module.landing_zone.module.landing_zone.data.ibm_is_image.image",
            "module.landing_zone.module.landing_zone.data.ibm_resource_group.resource_groups",
            "module.landing_zone.module.landing_zone.ibm_is_security_group.security_group",
            "module.landing_zone.module.landing_zone.ibm_resource_group.resource_groups",
            "module.landing_zone.module.landing_zone.module.key_management.data.ibm_resource_instance.hpcs_instance",
            "module.landing_zone.module.landing_zone.module.key_management.data.ibm_resource_instance.kms",
            "module.landing_zone.module.landing_zone.module.key_management.ibm_kms_key.key",
            "module.landing_zone.module.landing_zone.module.key_management.ibm_kms_key_rings.rings",
            "module.landing_zone.module.landing_zone.module.key_management.ibm_resource_instance.kms",
            "module.landing_zone.module.landing_zone.module.ssh_keys.data.ibm_is_ssh_key.ssh_key",
            "module.landing_zone.module.landing_zone.module.ssh_keys.ibm_is_ssh_key.ssh_key",
            "module.landing_zone.module.landing_zone.module.vpc.ibm_is_network_acl.network_acl",
            "module.landing_zone.module.landing_zone.module.vpc.ibm_is_public_gateway.gateway",
            "module.landing_zone.module.landing_zone.module.vpc.ibm_is_security_group_rule.default_vpc_rule",
            "module.landing_zone.module.landing_zone.module.vpc.ibm_is_subnet.subnet",
            "module.landing_zone.module.landing_zone.module.vpc.ibm_is_vpc.vpc",
            "module.landing_zone.module.landing_zone.module.vpc.ibm_is_vpc_address_prefix.address_prefixes",
            "module.landing_zone.module.landing_zone.module.vpc.ibm_is_vpc_address_prefix.subnet_prefix",
            "module.landing_zone.module.landing_zone.module.vpc.ibm_is_vpc_route.route",
            "module.landing_zone.module.landing_zone.module.vsi.data.ibm_is_vpc.vpc",
            "module.landing_zone.module.landing_zone.module.vsi.data.ibm_is_vpcs.vpcs",
            "module.landing_zone.module.landing_zone.module.vsi.ibm_is_security_group.security_group",
            "module.landing_zone.module.landing_zone.module.vsi.ibm_is_volume.volume"
          ]
        }
      ]
    },
    {
      "module": "module.landing_zone.module.landing_zone.module.vsi[\"jaffasx-01-workload-server\"]",
      "mode": "managed",
      "type": "ibm_is_security_group",
      "name": "security_group",
      "provider": "module.landing_zone.provider[\"registry.terraform.io/ibm-cloud/ibm\"]",
      "instances": [
        {
          "index_key": "jaffasx-01-workload",
          "schema_version": 0,
          "attributes": {
            "crn": "crn:v1:bluemix:public:is:us-south:a/e65910fa61ce9072d64902d03f3d4774::security-group:r006-66724d66-150e-4cdf-87dc-66cc084ec2b0",
            "id": "r006-66724d66-150e-4cdf-87dc-66cc084ec2b0",
            "name": "jaffasx-01-workload",
            "resource_controller_url": "https://cloud.ibm.com/vpc-ext/network/securityGroups",
            "resource_crn": "crn:v1:bluemix:public:is:us-south:a/e65910fa61ce9072d64902d03f3d4774::security-group:r006-66724d66-150e-4cdf-87dc-66cc084ec2b0",
            "resource_group": "045fcf0192ad49c9890b499875af4a82",
            "resource_group_name": "jaffasx-01-workload-rg",
            "resource_name": "jaffasx-01-workload",
            "rules": [],
            "tags": [],
            "timeouts": null,
            "vpc": "r006-d8465333-260c-4e38-9519-e9f1eec2f3d5"
          },
          "sensitive_attributes": [],
          "private": "eyJlMmJmYjczMC1lY2FhLTExZTYtOGY4OC0zNDM2M2JjN2M0YzAiOnsiY3JlYXRlIjo2MDAwMDAwMDAwMDAsImRlbGV0ZSI6NjAwMDAwMDAwMDAwfX0=",
          "dependencies": [
            "module.landing_zone.module.landing_zone.data.ibm_resource_group.resource_groups",
            "module.landing_zone.module.landing_zone.ibm_resource_group.resource_groups",
            "module.landing_zone.module.landing_zone.module.ssh_keys.data.ibm_is_ssh_key.ssh_key",
            "module.landing_zone.module.landing_zone.module.ssh_keys.ibm_is_ssh_key.ssh_key",
            "module.landing_zone.module.landing_zone.module.vpc.ibm_is_network_acl.network_acl",
            "module.landing_zone.module.landing_zone.module.vpc.ibm_is_public_gateway.gateway",
            "module.landing_zone.module.landing_zone.module.vpc.ibm_is_security_group_rule.default_vpc_rule",
            "module.landing_zone.module.landing_zone.module.vpc.ibm_is_subnet.subnet",
            "module.landing_zone.module.landing_zone.module.vpc.ibm_is_vpc.vpc",
            "module.landing_zone.module.landing_zone.module.vpc.ibm_is_vpc_address_prefix.address_prefixes",
            "module.landing_zone.module.landing_zone.module.vpc.ibm_is_vpc_address_prefix.subnet_prefix",
            "module.landing_zone.module.landing_zone.module.vpc.ibm_is_vpc_route.route"
          ]
        }
      ]
    },
    {
      "module": "module.landing_zone.module.landing_zone.module.vsi[\"jaffasx-01-workload-server\"]",
      "mode": "managed",
      "type": "ibm_is_security_group_rule",
      "name": "security_group_rules",
      "provider": "module.landing_zone.provider[\"registry.terraform.io/ibm-cloud/ibm\"]",
      "instances": [
        {
          "index_key": "jaffasx-01-workload-allow-ibm-inbound",
          "schema_version": 0,
          "attributes": {
            "direction": "inbound",
            "group": "r006-66724d66-150e-4cdf-87dc-66cc084ec2b0",
            "icmp": [],
            "id": "r006-66724d66-150e-4cdf-87dc-66cc084ec2b0.r006-4725e935-c43d-4847-87ad-a97e4c01deed",
            "ip_version": "ipv4",
            "protocol": "all",
            "related_crn": "crn:v1:bluemix:public:is:us-south:a/e65910fa61ce9072d64902d03f3d4774::security-group:r006-66724d66-150e-4cdf-87dc-66cc084ec2b0",
            "remote": "161.26.0.0/16",
            "rule_id": "r006-4725e935-c43d-4847-87ad-a97e4c01deed",
            "tcp": [],
            "udp": []
          },
          "sensitive_attributes": [],
          "private": "bnVsbA==",
          "dependencies": [
            "module.landing_zone.module.landing_zone.data.ibm_resource_group.resource_groups",
            "module.landing_zone.module.landing_zone.ibm_resource_group.resource_groups",
            "module.landing_zone.module.landing_zone.module.ssh_keys.data.ibm_is_ssh_key.ssh_key",
            "module.landing_zone.module.landing_zone.module.ssh_keys.ibm_is_ssh_key.ssh_key",
            "module.landing_zone.module.landing_zone.module.vpc.ibm_is_network_acl.network_acl",
            "module.landing_zone.module.landing_zone.module.vpc.ibm_is_public_gateway.gateway",
            "module.landing_zone.module.landing_zone.module.vpc.ibm_is_security_group_rule.default_vpc_rule",
            "module.landing_zone.module.landing_zone.module.vpc.ibm_is_subnet.subnet",
            "module.landing_zone.module.landing_zone.module.vpc.ibm_is_vpc.vpc",
            "module.landing_zone.module.landing_zone.module.vpc.ibm_is_vpc_address_prefix.address_prefixes",
            "module.landing_zone.module.landing_zone.module.vpc.ibm_is_vpc_address_prefix.subnet_prefix",
            "module.landing_zone.module.landing_zone.module.vpc.ibm_is_vpc_route.route",
            "module.landing_zone.module.landing_zone.module.vsi.ibm_is_security_group.security_group"
          ]
        },
        {
          "index_key": "jaffasx-01-workload-allow-ibm-tcp-443-outbound",
          "schema_version": 0,
          "attributes": {
            "direction": "outbound",
            "group": "r006-66724d66-150e-4cdf-87dc-66cc084ec2b0",
            "icmp": [],
            "id": "r006-66724d66-150e-4cdf-87dc-66cc084ec2b0.r006-95145902-dec3-4e9a-a4d8-c3b6282913b2",
            "ip_version": "ipv4",
            "protocol": "tcp",
            "related_crn": "crn:v1:bluemix:public:is:us-south:a/e65910fa61ce9072d64902d03f3d4774::security-group:r006-66724d66-150e-4cdf-87dc-66cc084ec2b0",
            "remote": "161.26.0.0/16",
            "rule_id": "r006-95145902-dec3-4e9a-a4d8-c3b6282913b2",
            "tcp": [
              {
                "port_max": 443,
                "port_min": 443
              }
            ],
            "udp": []
          },
          "sensitive_attributes": [],
          "private": "bnVsbA==",
          "dependencies": [
            "module.landing_zone.module.landing_zone.data.ibm_resource_group.resource_groups",
            "module.landing_zone.module.landing_zone.ibm_resource_group.resource_groups",
            "module.landing_zone.module.landing_zone.module.ssh_keys.data.ibm_is_ssh_key.ssh_key",
            "module.landing_zone.module.landing_zone.module.ssh_keys.ibm_is_ssh_key.ssh_key",
            "module.landing_zone.module.landing_zone.module.vpc.ibm_is_network_acl.network_acl",
            "module.landing_zone.module.landing_zone.module.vpc.ibm_is_public_gateway.gateway",
            "module.landing_zone.module.landing_zone.module.vpc.ibm_is_security_group_rule.default_vpc_rule",
            "module.landing_zone.module.landing_zone.module.vpc.ibm_is_subnet.subnet",
            "module.landing_zone.module.landing_zone.module.vpc.ibm_is_vpc.vpc",
            "module.landing_zone.module.landing_zone.module.vpc.ibm_is_vpc_address_prefix.address_prefixes",
            "module.landing_zone.module.landing_zone.module.vpc.ibm_is_vpc_address_prefix.subnet_prefix",
            "module.landing_zone.module.landing_zone.module.vpc.ibm_is_vpc_route.route",
            "module.landing_zone.module.landing_zone.module.vsi.ibm_is_security_group.security_group"
          ]
        },
        {
          "index_key": "jaffasx-01-workload-allow-ibm-tcp-53-outbound",
          "schema_version": 0,
          "attributes": {
            "direction": "outbound",
            "group": "r006-66724d66-150e-4cdf-87dc-66cc084ec2b0",
            "icmp": [],
            "id": "r006-66724d66-150e-4cdf-87dc-66cc084ec2b0.r006-d5999a67-8219-4b37-879a-d37b41a04522",
            "ip_version": "ipv4",
            "protocol": "tcp",
            "related_crn": "crn:v1:bluemix:public:is:us-south:a/e65910fa61ce9072d64902d03f3d4774::security-group:r006-66724d66-150e-4cdf-87dc-66cc084ec2b0",
            "remote": "161.26.0.0/16",
            "rule_id": "r006-d5999a67-8219-4b37-879a-d37b41a04522",
            "tcp": [
              {
                "port_max": 53,
                "port_min": 53
              }
            ],
            "udp": []
          },
          "sensitive_attributes": [],
          "private": "bnVsbA==",
          "dependencies": [
            "module.landing_zone.module.landing_zone.data.ibm_resource_group.resource_groups",
            "module.landing_zone.module.landing_zone.ibm_resource_group.resource_groups",
            "module.landing_zone.module.landing_zone.module.ssh_keys.data.ibm_is_ssh_key.ssh_key",
            "module.landing_zone.module.landing_zone.module.ssh_keys.ibm_is_ssh_key.ssh_key",
            "module.landing_zone.module.landing_zone.module.vpc.ibm_is_network_acl.network_acl",
            "module.landing_zone.module.landing_zone.module.vpc.ibm_is_public_gateway.gateway",
            "module.landing_zone.module.landing_zone.module.vpc.ibm_is_security_group_rule.default_vpc_rule",
            "module.landing_zone.module.landing_zone.module.vpc.ibm_is_subnet.subnet",
            "module.landing_zone.module.landing_zone.module.vpc.ibm_is_vpc.vpc",
            "module.landing_zone.module.landing_zone.module.vpc.ibm_is_vpc_address_prefix.address_prefixes",
            "module.landing_zone.module.landing_zone.module.vpc.ibm_is_vpc_address_prefix.subnet_prefix",
            "module.landing_zone.module.landing_zone.module.vpc.ibm_is_vpc_route.route",
            "module.landing_zone.module.landing_zone.module.vsi.ibm_is_security_group.security_group"
          ]
        },
        {
          "index_key": "jaffasx-01-workload-allow-ibm-tcp-80-outbound",
          "schema_version": 0,
          "attributes": {
            "direction": "outbound",
            "group": "r006-66724d66-150e-4cdf-87dc-66cc084ec2b0",
            "icmp": [],
            "id": "r006-66724d66-150e-4cdf-87dc-66cc084ec2b0.r006-52474b00-1f4e-4cec-989e-10d4e42b65fd",
            "ip_version": "ipv4",
            "protocol": "tcp",
            "related_crn": "crn:v1:bluemix:public:is:us-south:a/e65910fa61ce9072d64902d03f3d4774::security-group:r006-66724d66-150e-4cdf-87dc-66cc084ec2b0",
            "remote": "161.26.0.0/16",
            "rule_id": "r006-52474b00-1f4e-4cec-989e-10d4e42b65fd",
            "tcp": [
              {
                "port_max": 80,
                "port_min": 80
              }
            ],
            "udp": []
          },
          "sensitive_attributes": [],
          "private": "bnVsbA==",
          "dependencies": [
            "module.landing_zone.module.landing_zone.data.ibm_resource_group.resource_groups",
            "module.landing_zone.module.landing_zone.ibm_resource_group.resource_groups",
            "module.landing_zone.module.landing_zone.module.ssh_keys.data.ibm_is_ssh_key.ssh_key",
            "module.landing_zone.module.landing_zone.module.ssh_keys.ibm_is_ssh_key.ssh_key",
            "module.landing_zone.module.landing_zone.module.vpc.ibm_is_network_acl.network_acl",
            "module.landing_zone.module.landing_zone.module.vpc.ibm_is_public_gateway.gateway",
            "module.landing_zone.module.landing_zone.module.vpc.ibm_is_security_group_rule.default_vpc_rule",
            "module.landing_zone.module.landing_zone.module.vpc.ibm_is_subnet.subnet",
            "module.landing_zone.module.landing_zone.module.vpc.ibm_is_vpc.vpc",
            "module.landing_zone.module.landing_zone.module.vpc.ibm_is_vpc_address_prefix.address_prefixes",
            "module.landing_zone.module.landing_zone.module.vpc.ibm_is_vpc_address_prefix.subnet_prefix",
            "module.landing_zone.module.landing_zone.module.vpc.ibm_is_vpc_route.route",
            "module.landing_zone.module.landing_zone.module.vsi.ibm_is_security_group.security_group"
          ]
        },
        {
          "index_key": "jaffasx-01-workload-allow-vpc-inbound",
          "schema_version": 0,
          "attributes": {
            "direction": "inbound",
            "group": "r006-66724d66-150e-4cdf-87dc-66cc084ec2b0",
            "icmp": [],
            "id": "r006-66724d66-150e-4cdf-87dc-66cc084ec2b0.r006-a051f7f4-f6de-43b6-806e-71cdf785d6c6",
            "ip_version": "ipv4",
            "protocol": "all",
            "related_crn": "crn:v1:bluemix:public:is:us-south:a/e65910fa61ce9072d64902d03f3d4774::security-group:r006-66724d66-150e-4cdf-87dc-66cc084ec2b0",
            "remote": "10.0.0.0/8",
            "rule_id": "r006-a051f7f4-f6de-43b6-806e-71cdf785d6c6",
            "tcp": [],
            "udp": []
          },
          "sensitive_attributes": [],
          "private": "bnVsbA==",
          "dependencies": [
            "module.landing_zone.module.landing_zone.data.ibm_resource_group.resource_groups",
            "module.landing_zone.module.landing_zone.ibm_resource_group.resource_groups",
            "module.landing_zone.module.landing_zone.module.ssh_keys.data.ibm_is_ssh_key.ssh_key",
            "module.landing_zone.module.landing_zone.module.ssh_keys.ibm_is_ssh_key.ssh_key",
            "module.landing_zone.module.landing_zone.module.vpc.ibm_is_network_acl.network_acl",
            "module.landing_zone.module.landing_zone.module.vpc.ibm_is_public_gateway.gateway",
            "module.landing_zone.module.landing_zone.module.vpc.ibm_is_security_group_rule.default_vpc_rule",
            "module.landing_zone.module.landing_zone.module.vpc.ibm_is_subnet.subnet",
            "module.landing_zone.module.landing_zone.module.vpc.ibm_is_vpc.vpc",
            "module.landing_zone.module.landing_zone.module.vpc.ibm_is_vpc_address_prefix.address_prefixes",
            "module.landing_zone.module.landing_zone.module.vpc.ibm_is_vpc_address_prefix.subnet_prefix",
            "module.landing_zone.module.landing_zone.module.vpc.ibm_is_vpc_route.route",
            "module.landing_zone.module.landing_zone.module.vsi.ibm_is_security_group.security_group"
          ]
        },
        {
          "index_key": "jaffasx-01-workload-allow-vpc-outbound",
          "schema_version": 0,
          "attributes": {
            "direction": "outbound",
            "group": "r006-66724d66-150e-4cdf-87dc-66cc084ec2b0",
            "icmp": [],
            "id": "r006-66724d66-150e-4cdf-87dc-66cc084ec2b0.r006-d7d15763-59f3-4833-998e-9b57c395c9f5",
            "ip_version": "ipv4",
            "protocol": "all",
            "related_crn": "crn:v1:bluemix:public:is:us-south:a/e65910fa61ce9072d64902d03f3d4774::security-group:r006-66724d66-150e-4cdf-87dc-66cc084ec2b0",
            "remote": "10.0.0.0/8",
            "rule_id": "r006-d7d15763-59f3-4833-998e-9b57c395c9f5",
            "tcp": [],
            "udp": []
          },
          "sensitive_attributes": [],
          "private": "bnVsbA==",
          "dependencies": [
            "module.landing_zone.module.landing_zone.data.ibm_resource_group.resource_groups",
            "module.landing_zone.module.landing_zone.ibm_resource_group.resource_groups",
            "module.landing_zone.module.landing_zone.module.ssh_keys.data.ibm_is_ssh_key.ssh_key",
            "module.landing_zone.module.landing_zone.module.ssh_keys.ibm_is_ssh_key.ssh_key",
            "module.landing_zone.module.landing_zone.module.vpc.ibm_is_network_acl.network_acl",
            "module.landing_zone.module.landing_zone.module.vpc.ibm_is_public_gateway.gateway",
            "module.landing_zone.module.landing_zone.module.vpc.ibm_is_security_group_rule.default_vpc_rule",
            "module.landing_zone.module.landing_zone.module.vpc.ibm_is_subnet.subnet",
            "module.landing_zone.module.landing_zone.module.vpc.ibm_is_vpc.vpc",
            "module.landing_zone.module.landing_zone.module.vpc.ibm_is_vpc_address_prefix.address_prefixes",
            "module.landing_zone.module.landing_zone.module.vpc.ibm_is_vpc_address_prefix.subnet_prefix",
            "module.landing_zone.module.landing_zone.module.vpc.ibm_is_vpc_route.route",
            "module.landing_zone.module.landing_zone.module.vsi.ibm_is_security_group.security_group"
          ]
        }
      ]
    }
  ]
}
